{
  "version": 4,
  "terraform_version": "1.3.4",
  "serial": 5265,
  "lineage": "bcce0505-4f3a-b984-70b8-9e80adea4655",
  "outputs": {
    "publicIP": {
      "value": [
        [
          "13.230.4.51",
          "52.194.251.75",
          "3.113.32.108"
        ]
      ],
      "type": [
        "tuple",
        [
          [
            "tuple",
            [
              "string",
              "string",
              "string"
            ]
          ]
        ]
      ]
    }
  },
  "resources": [
    {
      "mode": "data",
      "type": "aws_ami_ids",
      "name": "ami",
      "provider": "provider[\"registry.terraform.io/hashicorp/aws\"]",
      "instances": [
        {
          "schema_version": 0,
          "attributes": {
            "executable_users": null,
            "filter": [
              {
                "name": "name",
                "values": [
                  "*ubuntu-focal-20.04-amd64-server-20211021*"
                ]
              }
            ],
            "id": "2862058812",
            "ids": [
              "ami-036d0684fc96830ca"
            ],
            "name_regex": null,
            "owners": [
              "self",
              "amazon",
              "099720109477"
            ],
            "sort_ascending": false,
            "timeouts": null
          },
          "sensitive_attributes": []
        }
      ]
    },
    {
      "mode": "data",
      "type": "aws_ami_ids",
      "name": "ami_centos",
      "provider": "provider[\"registry.terraform.io/hashicorp/aws\"]",
      "instances": [
        {
          "schema_version": 0,
          "attributes": {
            "executable_users": null,
            "filter": [
              {
                "name": "name",
                "values": [
                  "ap-northeast-1 image for x86_64 CentOS_7"
                ]
              }
            ],
            "id": "2201397963",
            "ids": [
              "ami-0cb83351d45de1ebd",
              "ami-045974a5d6191f907",
              "ami-006722751f5756768",
              "ami-0aa9a304ded9c7550",
              "ami-0dd77eadd3aed652f",
              "ami-0d8b29312bdb54a23",
              "ami-0e055011597ed418d",
              "ami-02df07b77251846c0",
              "ami-0d17f79b3f0d13887",
              "ami-05d842249858780de",
              "ami-0ff61719b075b17bb",
              "ami-0dc3bdf8061e07f1d",
              "ami-028117c28076fd520",
              "ami-0f5078348105dd778",
              "ami-0bb147ce862b51798",
              "ami-0ce4138d5747ffc58",
              "ami-0ad98eaa9d7f3b549",
              "ami-0d6cd551542e6a03c",
              "ami-0348287f2263b48dc",
              "ami-08571602de6714f2b",
              "ami-061f2d3bbacbdf0e5",
              "ami-0da429dc075956fb8",
              "ami-09e439f60aba3366a",
              "ami-0842f9c497f23f20e",
              "ami-0720e732511a4b59b",
              "ami-07bf81b009b7b1847",
              "ami-01858216a830bd9bc",
              "ami-0c7a7cb4e11332368",
              "ami-0d53953551ecc85f8",
              "ami-07cdec9cf8b22e179",
              "ami-06fe8f6b7b9f20d6d",
              "ami-0774f28bc6b7ffe00",
              "ami-074887a6872067ddc",
              "ami-0634359f29d9e90d5",
              "ami-067cffb02901695d1",
              "ami-00de7f69d9d82f8af",
              "ami-02d71524ec1e5fcfe",
              "ami-0f8fc0fdee380d0bd",
              "ami-07e0d5ad7f79aa566",
              "ami-0503fef7782573fe3",
              "ami-00457c8149dc336f7",
              "ami-00236785211783cac",
              "ami-0f70c2f8c81292ec9",
              "ami-05416b1a5e5101d17",
              "ami-063668836967aa74b",
              "ami-0b111d99ac34363c1",
              "ami-03efa8a5c0f788397",
              "ami-0759be5d2183c271e",
              "ami-01e2b45b78450d002",
              "ami-0dd0cb3ebc2ee2147",
              "ami-01b492a196b8abf3e",
              "ami-0f13103de2f3ca8da",
              "ami-0a238498004eb3cc1",
              "ami-09b68ef567047a8b3",
              "ami-012348a738ccfb175",
              "ami-0299cd54889b2965d",
              "ami-06acf6261a4d44dd5",
              "ami-021a9e45575736269",
              "ami-02403495b27ddef55",
              "ami-05948a118cdbe4fdc",
              "ami-0163115f0e377dfd3",
              "ami-037e05088051fb13e",
              "ami-03e3897a64aee0e37",
              "ami-08f8f360d650f360a",
              "ami-00fe6743c09d03339",
              "ami-0322b7d70e011a10e",
              "ami-04dbcf657e88fde8d",
              "ami-01422c3c01b8a1a91",
              "ami-054af393c48b506b1",
              "ami-0656ba7e14f5cb5ed",
              "ami-04384ccbc5e106e6d",
              "ami-0172091530535cc29",
              "ami-0be8a1f87b2cacde3",
              "ami-02a4671a12c4cc6b4",
              "ami-01f9271ea850c18f8",
              "ami-0d17543b3cd3bc26a",
              "ami-065e6b9c7af65f146",
              "ami-09b1a6c4e98a7274e",
              "ami-0b45946c431f487cb",
              "ami-02e49fee297506c33",
              "ami-00c4ba85be2774553",
              "ami-06269ecd8decec816",
              "ami-053b27a2cf096bf81",
              "ami-084f41ca118f75165",
              "ami-085bbe4c51983a693",
              "ami-0e7b4f9e98f81d0da",
              "ami-0bbd0ec6229c3f70a",
              "ami-028392fd40f6ec7e7",
              "ami-080407a3b2815fa28",
              "ami-051cea63cf6c680be",
              "ami-0ec24b9f5b3c69c28",
              "ami-0fd38cfa30d9e5d5b",
              "ami-013daf4e29a12590f",
              "ami-06e603ab84c2cf1bd",
              "ami-0b8fc1524f19d3688",
              "ami-06a4278a39f5c250b",
              "ami-0b850ba00bb0c977a",
              "ami-093a76edcf198fe1f",
              "ami-0de2979627cc7165f",
              "ami-0e0f4544ef076fc27",
              "ami-01951ffb0fbf892f1",
              "ami-0f7ba4ec7e8b9ab10",
              "ami-0c458565238156367",
              "ami-01061b67998059af4",
              "ami-0c991372cc3f17029",
              "ami-02fabda7e3b5914e5",
              "ami-03af3eed2a30fa9b9",
              "ami-04e91b9e2010394ef",
              "ami-03cec49b19f60692e",
              "ami-0f4dc5d9aee242ff2",
              "ami-04d7ab89d4f0b993d",
              "ami-0ce3d7961097c5066",
              "ami-0f341f9835daa0639",
              "ami-0a8a8b5a55e3335bf",
              "ami-0a4059607e3966087",
              "ami-0c93fd790c289a3de",
              "ami-0dfa74e784ca73368",
              "ami-062927fa030ef70f3",
              "ami-049dbb75388a9fbb7",
              "ami-0d8b91ab061bbb0c2",
              "ami-05c9af286cadc65ae",
              "ami-03b7086c2999a9bf2",
              "ami-0ec5463ae6bfd173f",
              "ami-0c610968bae528e24",
              "ami-0021e35558e3c9b52",
              "ami-05bb7bf5612753032",
              "ami-02646a14697229c68"
            ],
            "name_regex": null,
            "owners": [
              "self",
              "amazon",
              "125523088429",
              "374168611083"
            ],
            "sort_ascending": false,
            "timeouts": null
          },
          "sensitive_attributes": []
        }
      ]
    },
    {
      "mode": "data",
      "type": "aws_availability_zones",
      "name": "available",
      "provider": "provider[\"registry.terraform.io/hashicorp/aws\"]",
      "instances": [
        {
          "schema_version": 0,
          "attributes": {
            "all_availability_zones": null,
            "exclude_names": null,
            "exclude_zone_ids": null,
            "filter": null,
            "group_names": [
              "ap-northeast-1"
            ],
            "id": "ap-northeast-1",
            "names": [
              "ap-northeast-1a",
              "ap-northeast-1c",
              "ap-northeast-1d"
            ],
            "state": "available",
            "timeouts": null,
            "zone_ids": [
              "apne1-az4",
              "apne1-az1",
              "apne1-az2"
            ]
          },
          "sensitive_attributes": []
        }
      ]
    },
    {
      "mode": "managed",
      "type": "aws_ebs_volume",
      "name": "ebs",
      "provider": "provider[\"registry.terraform.io/hashicorp/aws\"]",
      "instances": [
        {
          "index_key": 0,
          "schema_version": 0,
          "attributes": {
            "arn": "arn:aws:ec2:ap-northeast-1:067494042988:volume/vol-0701fc8e30b99c2f3",
            "availability_zone": "ap-northeast-1a",
            "encrypted": false,
            "final_snapshot": false,
            "id": "vol-0701fc8e30b99c2f3",
            "iops": 100,
            "kms_key_id": "",
            "multi_attach_enabled": false,
            "outpost_arn": "",
            "size": 24,
            "snapshot_id": "",
            "tags": null,
            "tags_all": {},
            "throughput": 0,
            "timeouts": null,
            "type": "gp2"
          },
          "sensitive_attributes": [],
          "private": "eyJlMmJmYjczMC1lY2FhLTExZTYtOGY4OC0zNDM2M2JjN2M0YzAiOnsiY3JlYXRlIjozMDAwMDAwMDAwMDAsImRlbGV0ZSI6MzAwMDAwMDAwMDAwLCJ1cGRhdGUiOjMwMDAwMDAwMDAwMH19",
          "dependencies": [
            "data.aws_availability_zones.available"
          ]
        },
        {
          "index_key": 1,
          "schema_version": 0,
          "attributes": {
            "arn": "arn:aws:ec2:ap-northeast-1:067494042988:volume/vol-050e8271d3a4fe534",
            "availability_zone": "ap-northeast-1a",
            "encrypted": false,
            "final_snapshot": false,
            "id": "vol-050e8271d3a4fe534",
            "iops": 100,
            "kms_key_id": "",
            "multi_attach_enabled": false,
            "outpost_arn": "",
            "size": 24,
            "snapshot_id": "",
            "tags": null,
            "tags_all": {},
            "throughput": 0,
            "timeouts": null,
            "type": "gp2"
          },
          "sensitive_attributes": [],
          "private": "eyJlMmJmYjczMC1lY2FhLTExZTYtOGY4OC0zNDM2M2JjN2M0YzAiOnsiY3JlYXRlIjozMDAwMDAwMDAwMDAsImRlbGV0ZSI6MzAwMDAwMDAwMDAwLCJ1cGRhdGUiOjMwMDAwMDAwMDAwMH19",
          "dependencies": [
            "data.aws_availability_zones.available"
          ]
        },
        {
          "index_key": 2,
          "schema_version": 0,
          "attributes": {
            "arn": "arn:aws:ec2:ap-northeast-1:067494042988:volume/vol-0dd4d93bfc3b4f43d",
            "availability_zone": "ap-northeast-1a",
            "encrypted": false,
            "final_snapshot": false,
            "id": "vol-0dd4d93bfc3b4f43d",
            "iops": 100,
            "kms_key_id": "",
            "multi_attach_enabled": false,
            "outpost_arn": "",
            "size": 24,
            "snapshot_id": "",
            "tags": null,
            "tags_all": {},
            "throughput": 0,
            "timeouts": null,
            "type": "gp2"
          },
          "sensitive_attributes": [],
          "private": "eyJlMmJmYjczMC1lY2FhLTExZTYtOGY4OC0zNDM2M2JjN2M0YzAiOnsiY3JlYXRlIjozMDAwMDAwMDAwMDAsImRlbGV0ZSI6MzAwMDAwMDAwMDAwLCJ1cGRhdGUiOjMwMDAwMDAwMDAwMH19",
          "dependencies": [
            "data.aws_availability_zones.available"
          ]
        }
      ]
    },
    {
      "mode": "managed",
      "type": "aws_instance",
      "name": "instances",
      "provider": "provider[\"registry.terraform.io/hashicorp/aws\"]",
      "instances": [
        {
          "index_key": 0,
          "schema_version": 1,
          "attributes": {
            "ami": "ami-0cb83351d45de1ebd",
            "arn": "arn:aws:ec2:ap-northeast-1:067494042988:instance/i-00d4bb0f861af009f",
            "associate_public_ip_address": true,
            "availability_zone": "ap-northeast-1a",
            "capacity_reservation_specification": [
              {
                "capacity_reservation_preference": "open",
                "capacity_reservation_target": []
              }
            ],
            "cpu_core_count": 1,
            "cpu_threads_per_core": 2,
            "credit_specification": [
              {
                "cpu_credits": "unlimited"
              }
            ],
            "disable_api_stop": false,
            "disable_api_termination": false,
            "ebs_block_device": [],
            "ebs_optimized": false,
            "enclave_options": [
              {
                "enabled": false
              }
            ],
            "ephemeral_block_device": [],
            "get_password_data": false,
            "hibernation": false,
            "host_id": null,
            "host_resource_group_arn": null,
            "iam_instance_profile": "",
            "id": "i-00d4bb0f861af009f",
            "instance_initiated_shutdown_behavior": "stop",
            "instance_state": "running",
            "instance_type": "t3.medium",
            "ipv6_address_count": 0,
            "ipv6_addresses": [],
            "key_name": "bd",
            "launch_template": [],
            "maintenance_options": [
              {
                "auto_recovery": "default"
              }
            ],
            "metadata_options": [
              {
                "http_endpoint": "enabled",
                "http_put_response_hop_limit": 1,
                "http_tokens": "optional",
                "instance_metadata_tags": "disabled"
              }
            ],
            "monitoring": false,
            "network_interface": [],
            "outpost_arn": "",
            "password_data": "",
            "placement_group": "",
            "placement_partition_number": null,
            "primary_network_interface_id": "eni-0c40abb626b3b08c1",
            "private_dns": "ip-10-0-0-22.ap-northeast-1.compute.internal",
            "private_dns_name_options": [
              {
                "enable_resource_name_dns_a_record": false,
                "enable_resource_name_dns_aaaa_record": false,
                "hostname_type": "ip-name"
              }
            ],
            "private_ip": "10.0.0.22",
            "public_dns": "",
            "public_ip": "13.230.4.51",
            "root_block_device": [
              {
                "delete_on_termination": true,
                "device_name": "/dev/sda1",
                "encrypted": false,
                "iops": 180,
                "kms_key_id": "",
                "tags": {
                  "Author": "Jason.SC.Cheng",
                  "Name": "bd-wrk1-ebs",
                  "Team": "COD",
                  "terraform": "true"
                },
                "throughput": 0,
                "volume_id": "vol-05b3ead39935b2bdd",
                "volume_size": 60,
                "volume_type": "gp2"
              }
            ],
            "secondary_private_ips": [],
            "security_groups": [],
            "source_dest_check": true,
            "subnet_id": "subnet-0a6b66004e53d7d6e",
            "tags": {
              "Author": "Jason.SC.Cheng",
              "Name": "bd1",
              "Team": "COD",
              "terraform": "true"
            },
            "tags_all": {
              "Author": "Jason.SC.Cheng",
              "Name": "bd1",
              "Team": "COD",
              "terraform": "true"
            },
            "tenancy": "default",
            "timeouts": null,
            "user_data": null,
            "user_data_base64": null,
            "user_data_replace_on_change": false,
            "volume_tags": null,
            "vpc_security_group_ids": [
              "sg-0cde40960862c932c"
            ]
          },
          "sensitive_attributes": [],
          "private": "eyJlMmJmYjczMC1lY2FhLTExZTYtOGY4OC0zNDM2M2JjN2M0YzAiOnsiY3JlYXRlIjo2MDAwMDAwMDAwMDAsImRlbGV0ZSI6MTIwMDAwMDAwMDAwMCwidXBkYXRlIjo2MDAwMDAwMDAwMDB9LCJzY2hlbWFfdmVyc2lvbiI6IjEifQ==",
          "dependencies": [
            "aws_key_pair.aws_key",
            "aws_security_group.sg-all",
            "data.aws_ami_ids.ami",
            "data.aws_ami_ids.ami_centos",
            "data.aws_availability_zones.available",
            "module.vpc.aws_subnet.public",
            "module.vpc.aws_vpc.this",
            "module.vpc.aws_vpc_ipv4_cidr_block_association.this",
            "tls_private_key.key"
          ]
        },
        {
          "index_key": 1,
          "schema_version": 1,
          "attributes": {
            "ami": "ami-0cb83351d45de1ebd",
            "arn": "arn:aws:ec2:ap-northeast-1:067494042988:instance/i-07a9b09c4c987b972",
            "associate_public_ip_address": true,
            "availability_zone": "ap-northeast-1a",
            "capacity_reservation_specification": [
              {
                "capacity_reservation_preference": "open",
                "capacity_reservation_target": []
              }
            ],
            "cpu_core_count": 1,
            "cpu_threads_per_core": 2,
            "credit_specification": [
              {
                "cpu_credits": "unlimited"
              }
            ],
            "disable_api_stop": false,
            "disable_api_termination": false,
            "ebs_block_device": [],
            "ebs_optimized": false,
            "enclave_options": [
              {
                "enabled": false
              }
            ],
            "ephemeral_block_device": [],
            "get_password_data": false,
            "hibernation": false,
            "host_id": null,
            "host_resource_group_arn": null,
            "iam_instance_profile": "",
            "id": "i-07a9b09c4c987b972",
            "instance_initiated_shutdown_behavior": "stop",
            "instance_state": "running",
            "instance_type": "t3.medium",
            "ipv6_address_count": 0,
            "ipv6_addresses": [],
            "key_name": "bd",
            "launch_template": [],
            "maintenance_options": [
              {
                "auto_recovery": "default"
              }
            ],
            "metadata_options": [
              {
                "http_endpoint": "enabled",
                "http_put_response_hop_limit": 1,
                "http_tokens": "optional",
                "instance_metadata_tags": "disabled"
              }
            ],
            "monitoring": false,
            "network_interface": [],
            "outpost_arn": "",
            "password_data": "",
            "placement_group": "",
            "placement_partition_number": null,
            "primary_network_interface_id": "eni-0698a3e2bdbea8ecb",
            "private_dns": "ip-10-0-0-36.ap-northeast-1.compute.internal",
            "private_dns_name_options": [
              {
                "enable_resource_name_dns_a_record": false,
                "enable_resource_name_dns_aaaa_record": false,
                "hostname_type": "ip-name"
              }
            ],
            "private_ip": "10.0.0.36",
            "public_dns": "",
            "public_ip": "52.194.251.75",
            "root_block_device": [
              {
                "delete_on_termination": true,
                "device_name": "/dev/sda1",
                "encrypted": false,
                "iops": 180,
                "kms_key_id": "",
                "tags": {
                  "Author": "Jason.SC.Cheng",
                  "Name": "bd-wrk2-ebs",
                  "Team": "COD",
                  "terraform": "true"
                },
                "throughput": 0,
                "volume_id": "vol-07022e049d769189f",
                "volume_size": 60,
                "volume_type": "gp2"
              }
            ],
            "secondary_private_ips": [],
            "security_groups": [],
            "source_dest_check": true,
            "subnet_id": "subnet-0a6b66004e53d7d6e",
            "tags": {
              "Author": "Jason.SC.Cheng",
              "Name": "bd2",
              "Team": "COD",
              "terraform": "true"
            },
            "tags_all": {
              "Author": "Jason.SC.Cheng",
              "Name": "bd2",
              "Team": "COD",
              "terraform": "true"
            },
            "tenancy": "default",
            "timeouts": null,
            "user_data": null,
            "user_data_base64": null,
            "user_data_replace_on_change": false,
            "volume_tags": null,
            "vpc_security_group_ids": [
              "sg-0cde40960862c932c"
            ]
          },
          "sensitive_attributes": [],
          "private": "eyJlMmJmYjczMC1lY2FhLTExZTYtOGY4OC0zNDM2M2JjN2M0YzAiOnsiY3JlYXRlIjo2MDAwMDAwMDAwMDAsImRlbGV0ZSI6MTIwMDAwMDAwMDAwMCwidXBkYXRlIjo2MDAwMDAwMDAwMDB9LCJzY2hlbWFfdmVyc2lvbiI6IjEifQ==",
          "dependencies": [
            "aws_key_pair.aws_key",
            "aws_security_group.sg-all",
            "data.aws_ami_ids.ami",
            "data.aws_ami_ids.ami_centos",
            "data.aws_availability_zones.available",
            "module.vpc.aws_subnet.public",
            "module.vpc.aws_vpc.this",
            "module.vpc.aws_vpc_ipv4_cidr_block_association.this",
            "tls_private_key.key"
          ]
        },
        {
          "index_key": 2,
          "schema_version": 1,
          "attributes": {
            "ami": "ami-0cb83351d45de1ebd",
            "arn": "arn:aws:ec2:ap-northeast-1:067494042988:instance/i-05cb42133e40ac8d7",
            "associate_public_ip_address": true,
            "availability_zone": "ap-northeast-1a",
            "capacity_reservation_specification": [
              {
                "capacity_reservation_preference": "open",
                "capacity_reservation_target": []
              }
            ],
            "cpu_core_count": 1,
            "cpu_threads_per_core": 2,
            "credit_specification": [
              {
                "cpu_credits": "unlimited"
              }
            ],
            "disable_api_stop": false,
            "disable_api_termination": false,
            "ebs_block_device": [],
            "ebs_optimized": false,
            "enclave_options": [
              {
                "enabled": false
              }
            ],
            "ephemeral_block_device": [],
            "get_password_data": false,
            "hibernation": false,
            "host_id": null,
            "host_resource_group_arn": null,
            "iam_instance_profile": "",
            "id": "i-05cb42133e40ac8d7",
            "instance_initiated_shutdown_behavior": "stop",
            "instance_state": "running",
            "instance_type": "t3.medium",
            "ipv6_address_count": 0,
            "ipv6_addresses": [],
            "key_name": "bd",
            "launch_template": [],
            "maintenance_options": [
              {
                "auto_recovery": "default"
              }
            ],
            "metadata_options": [
              {
                "http_endpoint": "enabled",
                "http_put_response_hop_limit": 1,
                "http_tokens": "optional",
                "instance_metadata_tags": "disabled"
              }
            ],
            "monitoring": false,
            "network_interface": [],
            "outpost_arn": "",
            "password_data": "",
            "placement_group": "",
            "placement_partition_number": null,
            "primary_network_interface_id": "eni-0ed2132d1c0b5a3cd",
            "private_dns": "ip-10-0-0-24.ap-northeast-1.compute.internal",
            "private_dns_name_options": [
              {
                "enable_resource_name_dns_a_record": false,
                "enable_resource_name_dns_aaaa_record": false,
                "hostname_type": "ip-name"
              }
            ],
            "private_ip": "10.0.0.24",
            "public_dns": "",
            "public_ip": "3.113.32.108",
            "root_block_device": [
              {
                "delete_on_termination": true,
                "device_name": "/dev/sda1",
                "encrypted": false,
                "iops": 180,
                "kms_key_id": "",
                "tags": {
                  "Author": "Jason.SC.Cheng",
                  "Name": "bd-wrk3-ebs",
                  "Team": "COD",
                  "terraform": "true"
                },
                "throughput": 0,
                "volume_id": "vol-03231d6e123e5df15",
                "volume_size": 60,
                "volume_type": "gp2"
              }
            ],
            "secondary_private_ips": [],
            "security_groups": [],
            "source_dest_check": true,
            "subnet_id": "subnet-0a6b66004e53d7d6e",
            "tags": {
              "Author": "Jason.SC.Cheng",
              "Name": "bd3",
              "Team": "COD",
              "terraform": "true"
            },
            "tags_all": {
              "Author": "Jason.SC.Cheng",
              "Name": "bd3",
              "Team": "COD",
              "terraform": "true"
            },
            "tenancy": "default",
            "timeouts": null,
            "user_data": null,
            "user_data_base64": null,
            "user_data_replace_on_change": false,
            "volume_tags": null,
            "vpc_security_group_ids": [
              "sg-0cde40960862c932c"
            ]
          },
          "sensitive_attributes": [],
          "private": "eyJlMmJmYjczMC1lY2FhLTExZTYtOGY4OC0zNDM2M2JjN2M0YzAiOnsiY3JlYXRlIjo2MDAwMDAwMDAwMDAsImRlbGV0ZSI6MTIwMDAwMDAwMDAwMCwidXBkYXRlIjo2MDAwMDAwMDAwMDB9LCJzY2hlbWFfdmVyc2lvbiI6IjEifQ==",
          "dependencies": [
            "aws_key_pair.aws_key",
            "aws_security_group.sg-all",
            "data.aws_ami_ids.ami",
            "data.aws_ami_ids.ami_centos",
            "data.aws_availability_zones.available",
            "module.vpc.aws_subnet.public",
            "module.vpc.aws_vpc.this",
            "module.vpc.aws_vpc_ipv4_cidr_block_association.this",
            "tls_private_key.key"
          ]
        }
      ]
    },
    {
      "mode": "managed",
      "type": "aws_key_pair",
      "name": "aws_key",
      "provider": "provider[\"registry.terraform.io/hashicorp/aws\"]",
      "instances": [
        {
          "schema_version": 1,
          "attributes": {
            "arn": "arn:aws:ec2:ap-northeast-1:067494042988:key-pair/bd",
            "fingerprint": "71:af:e8:74:cb:b5:ca:36:f4:be:1f:78:28:49:1d:ba",
            "id": "bd",
            "key_name": "bd",
            "key_name_prefix": "",
            "key_pair_id": "key-0e577f6d01d5cc34c",
            "key_type": "rsa",
            "public_key": "ssh-rsa AAAAB3NzaC1yc2EAAAADAQABAAACAQCqDamBMmwtoVdIgdqdCkp/oM6Ahfvq72eCUNUgw/FvqlIIQh7TM7hIcjA7ngczQM7usllyQPnjA0dyhsl5mrIh11xN9FxxrGj2Uw9Da398a1R74hj5TONACxNUB1JKTlptpBzIJBZZ8vPToMyCh0p5lVvhAhgVXtt7vD/0UBM27uFSLQH40h1maHoPfQt+kCu6Psf7nxFYoEFLPQPmyMedDUHoTedQ/77Nm5188f4HXVzqBT7c269TOHOxCyXhlBms6pEXkFhnlCqKwlN2Dr4DYjO9PE88aJc7TNBQoZ16nrU4EaW4Vr050rH8ejtIra+NaxNAufn8m4AY7wI+hE7ZBy4skzUEjW64PPj78rj77l7MMLXUhYQ9gic5OS40pwxsEkoBxub9VeVimyR4/C1RM1u1zxoU0nZqxXSMSJp9LFBlO4vzPQcw0czZS2aBGR/mVZ6VOqKyvtOelVIoZybu+Qm4Gydl/nR0O39nDhjyOu6b5isSX+kAjD7PcmWMbbrvTzLFAlIqgs6W1dggecN8YBOH3YyeRWlNj0ywFi62KB005yzrzN1yOsl2aEFQEPuu9zGFbZA+3nGPycqalev+2gb0F5KxXbox1qY8uAvWGqiLfxeA40AEDPi+MthMlFxtf+1x0Eg94Krsm0CUzjf0s7MhJgVcHtFovv/PNFixnw==",
            "tags": {
              "Author": "Jason.SC.Cheng",
              "Team": "COD",
              "terraform": "true"
            },
            "tags_all": {
              "Author": "Jason.SC.Cheng",
              "Team": "COD",
              "terraform": "true"
            }
          },
          "sensitive_attributes": [],
          "private": "eyJzY2hlbWFfdmVyc2lvbiI6IjEifQ==",
          "dependencies": [
            "tls_private_key.key"
          ]
        }
      ]
    },
    {
      "mode": "managed",
      "type": "aws_security_group",
      "name": "sg-all",
      "provider": "provider[\"registry.terraform.io/hashicorp/aws\"]",
      "instances": [
        {
          "schema_version": 1,
          "attributes": {
            "arn": "arn:aws:ec2:ap-northeast-1:067494042988:security-group/sg-0cde40960862c932c",
            "description": "Managed by Terraform",
            "egress": [
              {
                "cidr_blocks": [
                  "0.0.0.0/0"
                ],
                "description": "outbound",
                "from_port": 0,
                "ipv6_cidr_blocks": [
                  "::/0"
                ],
                "prefix_list_ids": [],
                "protocol": "-1",
                "security_groups": [],
                "self": false,
                "to_port": 0
              }
            ],
            "id": "sg-0cde40960862c932c",
            "ingress": [
              {
                "cidr_blocks": [
                  "10.0.0.0/26",
                  "10.0.0.64/26"
                ],
                "description": "internal",
                "from_port": 0,
                "ipv6_cidr_blocks": [],
                "prefix_list_ids": [],
                "protocol": "tcp",
                "security_groups": [],
                "self": false,
                "to_port": 65535
              },
              {
                "cidr_blocks": [
                  "118.163.108.246/32",
                  "220.130.164.120/32",
                  "61.216.155.110/32",
                  "118.163.58.7/32",
                  "61.216.155.110/32",
                  "123.194.138.73/32",
                  "3.73.140.118/32",
                  "59.124.119.126/32",
                  "220.130.164.120/32",
                  "220.130.164.120/32"
                ],
                "description": "all public",
                "from_port": 0,
                "ipv6_cidr_blocks": [],
                "prefix_list_ids": [],
                "protocol": "-1",
                "security_groups": [],
                "self": false,
                "to_port": 65535
              }
            ],
            "name": "bd-sg",
            "name_prefix": "",
            "owner_id": "067494042988",
            "revoke_rules_on_delete": false,
            "tags": {
              "Author": "Jason.SC.Cheng",
              "Name": "bd-sg",
              "Team": "COD",
              "terraform": "true"
            },
            "tags_all": {
              "Author": "Jason.SC.Cheng",
              "Name": "bd-sg",
              "Team": "COD",
              "terraform": "true"
            },
            "timeouts": null,
            "vpc_id": "vpc-034cf94ca227c1652"
          },
          "sensitive_attributes": [],
          "private": "eyJlMmJmYjczMC1lY2FhLTExZTYtOGY4OC0zNDM2M2JjN2M0YzAiOnsiY3JlYXRlIjo2MDAwMDAwMDAwMDAsImRlbGV0ZSI6OTAwMDAwMDAwMDAwfSwic2NoZW1hX3ZlcnNpb24iOiIxIn0=",
          "dependencies": [
            "data.aws_availability_zones.available",
            "module.vpc.aws_subnet.public",
            "module.vpc.aws_vpc.this",
            "module.vpc.aws_vpc_ipv4_cidr_block_association.this"
          ]
        }
      ]
    },
    {
      "mode": "managed",
      "type": "aws_volume_attachment",
      "name": "ebs_att",
      "provider": "provider[\"registry.terraform.io/hashicorp/aws\"]",
      "instances": [
        {
          "index_key": 0,
          "schema_version": 0,
          "attributes": {
            "device_name": "/dev/sdh",
            "force_detach": true,
            "id": "vai-2273252839",
            "instance_id": "i-00d4bb0f861af009f",
            "skip_destroy": null,
            "stop_instance_before_detaching": null,
            "timeouts": null,
            "volume_id": "vol-0701fc8e30b99c2f3"
          },
          "sensitive_attributes": [],
          "private": "eyJlMmJmYjczMC1lY2FhLTExZTYtOGY4OC0zNDM2M2JjN2M0YzAiOnsiY3JlYXRlIjozMDAwMDAwMDAwMDAsImRlbGV0ZSI6MzAwMDAwMDAwMDAwfX0=",
          "dependencies": [
            "aws_ebs_volume.ebs",
            "aws_instance.instances",
            "aws_key_pair.aws_key",
            "aws_security_group.sg-all",
            "data.aws_ami_ids.ami",
            "data.aws_ami_ids.ami_centos",
            "data.aws_availability_zones.available",
            "module.vpc.aws_subnet.public",
            "module.vpc.aws_vpc.this",
            "module.vpc.aws_vpc_ipv4_cidr_block_association.this",
            "tls_private_key.key"
          ]
        },
        {
          "index_key": 1,
          "schema_version": 0,
          "attributes": {
            "device_name": "/dev/sdh",
            "force_detach": true,
            "id": "vai-1306751895",
            "instance_id": "i-07a9b09c4c987b972",
            "skip_destroy": null,
            "stop_instance_before_detaching": null,
            "timeouts": null,
            "volume_id": "vol-050e8271d3a4fe534"
          },
          "sensitive_attributes": [],
          "private": "eyJlMmJmYjczMC1lY2FhLTExZTYtOGY4OC0zNDM2M2JjN2M0YzAiOnsiY3JlYXRlIjozMDAwMDAwMDAwMDAsImRlbGV0ZSI6MzAwMDAwMDAwMDAwfX0=",
          "dependencies": [
            "aws_ebs_volume.ebs",
            "aws_instance.instances",
            "aws_key_pair.aws_key",
            "aws_security_group.sg-all",
            "data.aws_ami_ids.ami",
            "data.aws_ami_ids.ami_centos",
            "data.aws_availability_zones.available",
            "module.vpc.aws_subnet.public",
            "module.vpc.aws_vpc.this",
            "module.vpc.aws_vpc_ipv4_cidr_block_association.this",
            "tls_private_key.key"
          ]
        },
        {
          "index_key": 2,
          "schema_version": 0,
          "attributes": {
            "device_name": "/dev/sdh",
            "force_detach": true,
            "id": "vai-3309579594",
            "instance_id": "i-05cb42133e40ac8d7",
            "skip_destroy": null,
            "stop_instance_before_detaching": null,
            "timeouts": null,
            "volume_id": "vol-0dd4d93bfc3b4f43d"
          },
          "sensitive_attributes": [],
          "private": "eyJlMmJmYjczMC1lY2FhLTExZTYtOGY4OC0zNDM2M2JjN2M0YzAiOnsiY3JlYXRlIjozMDAwMDAwMDAwMDAsImRlbGV0ZSI6MzAwMDAwMDAwMDAwfX0=",
          "dependencies": [
            "aws_ebs_volume.ebs",
            "aws_instance.instances",
            "aws_key_pair.aws_key",
            "aws_security_group.sg-all",
            "data.aws_ami_ids.ami",
            "data.aws_ami_ids.ami_centos",
            "data.aws_availability_zones.available",
            "module.vpc.aws_subnet.public",
            "module.vpc.aws_vpc.this",
            "module.vpc.aws_vpc_ipv4_cidr_block_association.this",
            "tls_private_key.key"
          ]
        }
      ]
    },
    {
      "mode": "managed",
      "type": "local_file",
      "name": "ansible_cfg",
      "provider": "provider[\"registry.terraform.io/hashicorp/local\"]",
      "instances": [
        {
          "schema_version": 0,
          "attributes": {
            "content": "[defaults]\nprivate_key_file = ../terraform/bd.pem\ninventory = inventory/bd.inv\nhost_key_checking = False\nremote_User = centos\npipelining = true\n\n[privilege_escalation]\nbecome_ask_pass = false\ntimeout = 30",
            "content_base64": null,
            "directory_permission": "0777",
            "file_permission": "0777",
            "filename": "../ansible/ansible.cfg",
            "id": "7a40d040440dee5d6f3b5a7b2bfe827d2aacb424",
            "sensitive_content": null,
            "source": null
          },
          "sensitive_attributes": [],
          "private": "bnVsbA==",
          "dependencies": [
            "aws_instance.instances",
            "aws_key_pair.aws_key",
            "aws_security_group.sg-all",
            "data.aws_ami_ids.ami",
            "data.aws_ami_ids.ami_centos",
            "data.aws_availability_zones.available",
            "module.vpc.aws_subnet.public",
            "module.vpc.aws_vpc.this",
            "module.vpc.aws_vpc_ipv4_cidr_block_association.this",
            "tls_private_key.key"
          ]
        }
      ]
    },
    {
      "mode": "managed",
      "type": "local_file",
      "name": "ansible_groups_vars",
      "provider": "provider[\"registry.terraform.io/hashicorp/local\"]",
      "instances": [
        {
          "schema_version": 0,
          "attributes": {
            "content": "BASE_DIR: '/usr/local'\nRESOURCE_PREFIX: 'bd'\nENV_FILE_SOURCE: '/etc/profile'\nJAVA_HOME: '/usr/lib/jvm/java-11-openjdk-amd64'\nDOWNLOAD_URL_HBASE: 'https://dlcdn.apache.org/hbase/2.5.0/hbase-2.5.0-bin.tar.gz'\nDOWNLOAD_URL_HADOOP: 'https://downloads.apache.org/hadoop/common/hadoop-3.3.4/hadoop-3.3.4.tar.gz'\nDOWNLOAD_URL_ZK: 'https://dlcdn.apache.org/zookeeper/zookeeper-3.8.0/apache-zookeeper-3.8.0-bin.tar.gz'\nDOWNLOAD_URL_KAFKA: 'https://downloads.apache.org/kafka/3.3.1/kafka_2.12-3.3.1.tgz'\nHADOOP_HOME: '{{ BASE_DIR }}/hadoop'\nHBASE_HOME: '{{ BASE_DIR }}/hbase'\nZK_HOME: '{{ BASE_DIR }}/zk'\nKAFKA_HOME: '{{ BASE_DIR }}/kafka'\nCEPH_HOME: '/etc/ceph'\nCEPH_DATA: '/dev/ceph'\nKAFKA_UI_INTERNAL_PORT: '8087'\nKAFKA_UI_PORT: '30378'\nDATA_PATH: '/opt/data'\nDIR_DATA: '{{ DATA_PATH }}/dn'\nDIR_NAME: '{{ DATA_PATH }}/nn'\n# TEST_HBASE_SERVER: '{{ RESOURCE_PREFIX }}1'\nK8S_JOIN_COMMAND_FILE: '/tmp/k8s_join_command'\n# K8S_USER: 'kube'\nK8S_USER: 'centos'\nOS_USER: 'centos'\n# K8S_DEFAULE_NAMESPACE: \"{{ lookup('env', 'USER') }}\"\nK8S_DEFAULE_NAMESPACE: 'default'\n# 如果自裝zk, 使用false; 或者用true, hbase會負責跑zookeeper\nHBASE_MANAGES_ZK: 'false'\nKAFKA_BROKER: 2\nDOCKER_REGISTRY: 'jasoncheng'\nDOCKER_USER: 'jasoncheng'\nDOCKER_PASS: 'dckr_pat_rfPcLh1ogXsajGfe8Es8trWUuis'\n# Ceph\nCEPHFS: 'cephfs'\nCEPHFS_CLIENT_FS: 'fs'\nCEPHFS_DATA: 'rbd'\nCEPHFS_CLIENT: 'csi'\nCEPH_RBD: 'k8s'\nCEPHFS_METADATA: 'rbd_metadata'",
            "content_base64": null,
            "directory_permission": "0777",
            "file_permission": "0777",
            "filename": "../ansible/group_vars/bd.yml",
            "id": "3f1e653ac7e63371f32c2a23dfff6f216e02f70d",
            "sensitive_content": null,
            "source": null
          },
          "sensitive_attributes": [],
          "private": "bnVsbA==",
          "dependencies": [
            "aws_instance.instances",
            "aws_key_pair.aws_key",
            "aws_security_group.sg-all",
            "data.aws_ami_ids.ami",
            "data.aws_ami_ids.ami_centos",
            "data.aws_availability_zones.available",
            "module.vpc.aws_subnet.public",
            "module.vpc.aws_vpc.this",
            "module.vpc.aws_vpc_ipv4_cidr_block_association.this",
            "tls_private_key.key"
          ]
        }
      ]
    },
    {
      "mode": "managed",
      "type": "local_file",
      "name": "ansible_inventory",
      "provider": "provider[\"registry.terraform.io/hashicorp/local\"]",
      "instances": [
        {
          "schema_version": 0,
          "attributes": {
            "content": "[bd:children]\nnamenode\ndatanode\nexternal\nceph\nceph_adm\nceph_osd\nceph_mon\n\n[nodes]\nbd1 ansible_host=13.230.4.51 hostname='bd1' ansible_python_interpreter=/usr/bin/python3\nbd2 ansible_host=52.194.251.75 hostname='bd2' ansible_python_interpreter=/usr/bin/python3\nbd3 ansible_host=3.113.32.108 hostname='bd3' ansible_python_interpreter=/usr/bin/python3\n\n[external]\n\n[namenode]\nbd1\n\n[datanode]\nbd1\nbd2\nbd3\n\n[regionservers]\nbd[1:3]\n\n[k8sM]\nbd[1:1]\n\n[k8sS]\n\nbd[2:3]\n\n\n[kafkaBroker]\nbd[1:3]\n\n[zk]\nbd[1:3]\n\n[builder]\nbd3\n\n[ceph]\nbd[1:3]\n\n[ceph_adm]\nbd1\n\n[ceph_mon]\nbd[1:3]\n\n[ceph_osd]\nbd[1:3]",
            "content_base64": null,
            "directory_permission": "0777",
            "file_permission": "0777",
            "filename": "../ansible/inventory/bd.inv",
            "id": "fe1a0c5351d0b7bcbb7848c90ee28b4279355601",
            "sensitive_content": null,
            "source": null
          },
          "sensitive_attributes": [],
          "private": "bnVsbA==",
          "dependencies": [
            "aws_instance.instances",
            "aws_key_pair.aws_key",
            "aws_security_group.sg-all",
            "data.aws_ami_ids.ami",
            "data.aws_ami_ids.ami_centos",
            "data.aws_availability_zones.available",
            "module.vpc.aws_subnet.public",
            "module.vpc.aws_vpc.this",
            "module.vpc.aws_vpc_ipv4_cidr_block_association.this",
            "tls_private_key.key"
          ]
        }
      ]
    },
    {
      "mode": "managed",
      "type": "local_file",
      "name": "pemFile",
      "provider": "provider[\"registry.terraform.io/hashicorp/local\"]",
      "instances": [
        {
          "schema_version": 0,
          "attributes": {
            "content": "-----BEGIN RSA PRIVATE KEY-----\nMIIJKAIBAAKCAgEAqg2pgTJsLaFXSIHanQpKf6DOgIX76u9nglDVIMPxb6pSCEIe\n0zO4SHIwO54HM0DO7rJZckD54wNHcobJeZqyIddcTfRccaxo9lMPQ2t/fGtUe+IY\n+UzjQAsTVAdSSk5abaQcyCQWWfLz06DMgodKeZVb4QIYFV7be7w/9FATNu7hUi0B\n+NIdZmh6D30LfpAruj7H+58RWKBBSz0D5sjHnQ1B6E3nUP++zZudfPH+B11c6gU+\n3NuvUzhzsQsl4ZQZrOqRF5BYZ5QqisJTdg6+A2IzvTxPPGiXO0zQUKGdep61OBGl\nuFa9OdKx/Ho7SK2vjWsTQLn5/JuAGO8CPoRO2QcuLJM1BI1uuDz4+/K4++5ezDC1\n1IWEPYInOTkuNKcMbBJKAcbm/VXlYpskePwtUTNbtc8aFNJ2asV0jEiafSxQZTuL\n8z0HMNHM2UtmgRkf5lWelTqisr7TnpVSKGcm7vkJuBsnZf50dDt/Zw4Y8jrum+Yr\nEl/pAIw+z3JljG26708yxQJSKoLOltXYIHnDfGATh92MnkVpTY9MsBYutigdNOcs\n68zdcjrJdmhBUBD7rvcxhW2QPt5xj8nKmpXr/toG9BeSsV26MdamPLgL1hqoi38X\ngONABAz4vjLYTJRcbX/tcdBIPeCq7JtAlM439LOzISYFXB7RaL7/zzRYsZ8CAwEA\nAQKCAgAQLv6rsf3DlfA1kU4Z1enjHY2pg5bG9AO4zjKKTLuEcgQejxRZ6zklg+B9\nO/vZb9iBtO14RyDA7wX0q0kvTn6XY+R/8rp9gvf2QU9ZjjhywdAnfgv8ZcnWxXcQ\nbyXwtmY6uvyWO4D5DHsR7+KmpXN8AK/eyRE7r2xZ6T9448oAV1mQNYJTiMONhHHh\nWXgnklbnAaSMmMXQ1meAXo0pgIAmvSVBk3BpL/2bmayyQGF5l/QIvXkPEcUsuVmh\nRrtTLYIIB8bJJE6VhO9Lh1TkDmEc91KPNtcfm6CQ3y2QDuFq0wHSFTPdSDv37cpM\nieFseEMVxVPuvARDexUEynI/Ot4595LuhSFFDTorCeQicFjXs0NX8doyvM1UhGlx\nA8qkT7q/ylScDNta2v7z3+CFHjMsiTtYf6g8TkoF9GbOi0TPsmGGfduYX79TsoTp\noV9yG1toHnQVACXZeCgOayggOdFenYtbmm8ABW9FzWUakg72Xa+QossSfyZjlG/C\nPqrXM+nFblPCLOogwe2x46EzjQV3teD7qT+iaeerOE6+9E3CYzd67/TMkJRP46Ag\nOlvZ4X1O+4RmPqSGgbq7uy7yb3rTdAF7oD6j+R89CsH4zLmnaQa9EDqpQUNxYzON\nN+4DsgMMFPUIKqALUTGhQmhuMzuU+MNtyBOhmADIiBb2Rwt3EQKCAQEA0nOA7pr1\nFZokq+VOuOD6EGw10Q0RRNY4mqfLoGRwR/XwgvJfH9Fu8Qv/7Jxjk2FtUBjp/7cK\nMBkhw6lFx5osZisdNfpl9CH+AjSY7jkBmMCH2/nCODqxajf16sj6JoRHP0+Jg9Jx\ntFJBEEDqyTHDOljAb2sYZFKUVG+ibHfVDH/TENmKx1w6kBqWuPA94L9Vlsc1mdJE\nWlOCgR00bR6XGl6f7z5WzoYHbkHzceE3Z6UILyq1ucU4nzLrm8I8bZ4ESsK1L6hD\nC45s6V/BiacmHKcfODKGa0YwGsdh+0Wdjzqxbln28lsQKdl4YTCZHNwFKlkc6Fok\nEqjxZXKrrFy11wKCAQEAztvUzxem3TQT/si22hLIRqcOLVTsgNS2OxvgJRhn4YcM\nfOWDeucay7d8wKhN8LoL2Wo19A0ilUxn0IykdCOys0vziN6AoPMtPCz+ZHCL576o\nKEieIi55rOAET82g74FZfx2WfEyadubrrnhR3NTHIYGw2BSZo+DZXWSYF9IjoGaa\ns0dvJrZ+npUkTTZlxQQfGLvHRoHDdwFjdTX1HJOPruTe9JO6KkPcQDxSjM2tel/z\nDQIZ1BrvAUGeZVWB+PfzTS+n88RU9vWfqGaOR54auSqWeRAt5s+QxPabaD5EyyUt\nuR5fVutqfhh8JaJy/AeUPMkaoYPpNt7ul4JzsUlZeQKCAQBhdMWXOUEXsNsck0MC\nUITcyA+f8Io3s3BhBiVA8GIioNyw9yZf6K+UhrcMTlu6a1qgxfjOx2e7YFgHcML0\nrQu0gHC1h3BhPsCPKuZLIzD/GOGRV7a+LUftZV7HTCyzW3xW8DFBT1oCZDjnGvjf\nFOFQirsKnbCc/LTd6RhxXIjXkfYfDm665ZXlF7sGh5JQGqq6+SN0STAIGDYOLoUR\npyHYP0uXEepHF0Anqfjfmqj6oS0KEqA3GAKhjoYXCjrLlGpuaH5ZRHVPy7PZ2tMY\nOMRobmgBsTwYP1eVfxF7uAA/zLFP5e96yfrRNnkNoOC2wZjOxJejbeLYlU28af7g\nAcrfAoIBAGQq0S8C/ftJd5E9skWBKNgFlvjekbOEzUVsJyrvWYY89hAYt4UxGami\nDVfhZ/R0sr4yDzRBlAiFuhOjtxLCIott8NzLGbBWcQYdp4YNdcHfceAn4eMdbDAJ\nPi1Cnna7xRGnyzIfigCfq2qNut5bbp3MBk1sFEXl4Hu39Wo7iKLobGr54Vn2rvOt\ntqlo+PjhGQnKDCIZPgSHeJjOawXOcpo3G7uFOXWz7JhyXWrvQdzrT29yH/20mR2b\nn87kDA76SieLNyH0ZUw8/nX2S1lktv4JIFo5OnD0+95UqEZfOMLCGxT0Hyig0K2E\nv8Edm95s8RxKKYoirTCz3Qci1VD4+skCggEBAKxmLZT2aISPojXwDg6nVsLpiXvE\nc/JuxCQrRrQY67LbZzDubX5ld3vmQdj+1AlmqKZHx0wllQ1HvHQU9t0DoKBBMS3F\nDIMdszeOBb7boPB5JoeNHrht3t+f08r40fRP+MJic0b9333euxowxee3Re/p9l2T\npcO4hPfE/g1k+1OG/3uzWfuurln2J6yyqDG0CEsscyerokhiiZEuwGSJvGvC4U86\nnDlmnIf8W0QWQYB1ebeeSgkCkNafBoEfqO1Rynyaj8sv2wpBDMgrX6BMC5e0s1Yb\nuRY9n/FVeyqYz8MpdvAH6SFYXWoaU/1v/HFtNakwfckaBTxYHJVLzNZ/dm8=\n-----END RSA PRIVATE KEY-----\n",
            "content_base64": null,
            "directory_permission": "0777",
            "file_permission": "600",
            "filename": "bd.pem",
            "id": "3d304eaab8629b5037402cd65dce77ac9b1e6299",
            "sensitive_content": null,
            "source": null
          },
          "sensitive_attributes": [
            [
              {
                "type": "get_attr",
                "value": "content"
              }
            ]
          ],
          "private": "bnVsbA==",
          "dependencies": [
            "tls_private_key.key"
          ]
        }
      ]
    },
    {
      "mode": "managed",
      "type": "local_file",
      "name": "publicKey",
      "provider": "provider[\"registry.terraform.io/hashicorp/local\"]",
      "instances": [
        {
          "schema_version": 0,
          "attributes": {
            "content": "ssh-rsa AAAAB3NzaC1yc2EAAAADAQABAAACAQCqDamBMmwtoVdIgdqdCkp/oM6Ahfvq72eCUNUgw/FvqlIIQh7TM7hIcjA7ngczQM7usllyQPnjA0dyhsl5mrIh11xN9FxxrGj2Uw9Da398a1R74hj5TONACxNUB1JKTlptpBzIJBZZ8vPToMyCh0p5lVvhAhgVXtt7vD/0UBM27uFSLQH40h1maHoPfQt+kCu6Psf7nxFYoEFLPQPmyMedDUHoTedQ/77Nm5188f4HXVzqBT7c269TOHOxCyXhlBms6pEXkFhnlCqKwlN2Dr4DYjO9PE88aJc7TNBQoZ16nrU4EaW4Vr050rH8ejtIra+NaxNAufn8m4AY7wI+hE7ZBy4skzUEjW64PPj78rj77l7MMLXUhYQ9gic5OS40pwxsEkoBxub9VeVimyR4/C1RM1u1zxoU0nZqxXSMSJp9LFBlO4vzPQcw0czZS2aBGR/mVZ6VOqKyvtOelVIoZybu+Qm4Gydl/nR0O39nDhjyOu6b5isSX+kAjD7PcmWMbbrvTzLFAlIqgs6W1dggecN8YBOH3YyeRWlNj0ywFi62KB005yzrzN1yOsl2aEFQEPuu9zGFbZA+3nGPycqalev+2gb0F5KxXbox1qY8uAvWGqiLfxeA40AEDPi+MthMlFxtf+1x0Eg94Krsm0CUzjf0s7MhJgVcHtFovv/PNFixnw==\n",
            "content_base64": null,
            "directory_permission": "0777",
            "file_permission": "600",
            "filename": "bd.pub",
            "id": "88c3d17974475850db916516557b15b59f964804",
            "sensitive_content": null,
            "source": null
          },
          "sensitive_attributes": [],
          "private": "bnVsbA==",
          "dependencies": [
            "tls_private_key.key"
          ]
        }
      ]
    },
    {
      "mode": "managed",
      "type": "tls_private_key",
      "name": "key",
      "provider": "provider[\"registry.terraform.io/hashicorp/tls\"]",
      "instances": [
        {
          "schema_version": 1,
          "attributes": {
            "algorithm": "RSA",
            "ecdsa_curve": "P224",
            "id": "7756c825bd6ab217a36c8f070a06bf715154ed7d",
            "private_key_openssh": "-----BEGIN OPENSSH PRIVATE KEY-----\nb3BlbnNzaC1rZXktdjEAAAAABG5vbmUAAAAEbm9uZQAAAAAAAAABAAACFwAAAAdz\nc2gtcnNhAAAAAwEAAQAAAgEAqg2pgTJsLaFXSIHanQpKf6DOgIX76u9nglDVIMPx\nb6pSCEIe0zO4SHIwO54HM0DO7rJZckD54wNHcobJeZqyIddcTfRccaxo9lMPQ2t/\nfGtUe+IY+UzjQAsTVAdSSk5abaQcyCQWWfLz06DMgodKeZVb4QIYFV7be7w/9FAT\nNu7hUi0B+NIdZmh6D30LfpAruj7H+58RWKBBSz0D5sjHnQ1B6E3nUP++zZudfPH+\nB11c6gU+3NuvUzhzsQsl4ZQZrOqRF5BYZ5QqisJTdg6+A2IzvTxPPGiXO0zQUKGd\nep61OBGluFa9OdKx/Ho7SK2vjWsTQLn5/JuAGO8CPoRO2QcuLJM1BI1uuDz4+/K4\n++5ezDC11IWEPYInOTkuNKcMbBJKAcbm/VXlYpskePwtUTNbtc8aFNJ2asV0jEia\nfSxQZTuL8z0HMNHM2UtmgRkf5lWelTqisr7TnpVSKGcm7vkJuBsnZf50dDt/Zw4Y\n8jrum+YrEl/pAIw+z3JljG26708yxQJSKoLOltXYIHnDfGATh92MnkVpTY9MsBYu\ntigdNOcs68zdcjrJdmhBUBD7rvcxhW2QPt5xj8nKmpXr/toG9BeSsV26MdamPLgL\n1hqoi38XgONABAz4vjLYTJRcbX/tcdBIPeCq7JtAlM439LOzISYFXB7RaL7/zzRY\nsZ8AAAc4Q7byDkO28g4AAAAHc3NoLXJzYQAAAgEAqg2pgTJsLaFXSIHanQpKf6DO\ngIX76u9nglDVIMPxb6pSCEIe0zO4SHIwO54HM0DO7rJZckD54wNHcobJeZqyIddc\nTfRccaxo9lMPQ2t/fGtUe+IY+UzjQAsTVAdSSk5abaQcyCQWWfLz06DMgodKeZVb\n4QIYFV7be7w/9FATNu7hUi0B+NIdZmh6D30LfpAruj7H+58RWKBBSz0D5sjHnQ1B\n6E3nUP++zZudfPH+B11c6gU+3NuvUzhzsQsl4ZQZrOqRF5BYZ5QqisJTdg6+A2Iz\nvTxPPGiXO0zQUKGdep61OBGluFa9OdKx/Ho7SK2vjWsTQLn5/JuAGO8CPoRO2Qcu\nLJM1BI1uuDz4+/K4++5ezDC11IWEPYInOTkuNKcMbBJKAcbm/VXlYpskePwtUTNb\ntc8aFNJ2asV0jEiafSxQZTuL8z0HMNHM2UtmgRkf5lWelTqisr7TnpVSKGcm7vkJ\nuBsnZf50dDt/Zw4Y8jrum+YrEl/pAIw+z3JljG26708yxQJSKoLOltXYIHnDfGAT\nh92MnkVpTY9MsBYutigdNOcs68zdcjrJdmhBUBD7rvcxhW2QPt5xj8nKmpXr/toG\n9BeSsV26MdamPLgL1hqoi38XgONABAz4vjLYTJRcbX/tcdBIPeCq7JtAlM439LOz\nISYFXB7RaL7/zzRYsZ8AAAADAQABAAACABAu/qux/cOV8DWRThnV6eMdjamDlsb0\nA7jOMopMu4RyBB6PFFnrOSWD4H07+9lv2IG07XhHIMDvBfSrSS9Ofpdj5H/yun2C\n9/ZBT1mOOHLB0Cd+C/xlydbFdxBvJfC2Zjq6/JY7gPkMexHv4qalc3wAr97JETuv\nbFnpP3jjygBXWZA1glOIw42EceFZeCeSVucBpIyYxdDWZ4BejSmAgCa9JUGTcGkv\n/ZuZrLJAYXmX9Ai9eQ8RxSy5WaFGu1MtgggHxskkTpWE70uHVOQOYRz3Uo821x+b\noJDfLZAO4WrTAdIVM91IO/ftykyJ4Wx4QxXFU+68BEN7FQTKcj863jn3ku6FIUUN\nOisJ5CJwWNezQ1fx2jK8zVSEaXEDyqRPur/KVJwM21ra/vPf4IUeMyyJO1h/qDxO\nSgX0Zs6LRM+yYYZ925hfv1OyhOmhX3IbW2gedBUAJdl4KA5rKCA50V6di1uabwAF\nb0XNZRqSDvZdr5CiyxJ/JmOUb8I+qtcz6cVuU8Is6iDB7bHjoTONBXe14PupP6Jp\n56s4Tr70TcJjN3rv9MyQlE/joCA6W9nhfU77hGY+pIaBuru7LvJvetN0AXugPqP5\nHz0KwfjMuadpBr0QOqlBQ3FjM4037gOyAwwU9QgqoAtRMaFCaG4zO5T4w23IE6GY\nAMiIFvZHC3cRAAABAQCsZi2U9miEj6I18A4Op1bC6Yl7xHPybsQkK0a0GOuy22cw\n7m1+ZXd75kHY/tQJZqimR8dMJZUNR7x0FPbdA6CgQTEtxQyDHbM3jgW+26DweSaH\njR64bd7fn9PK+NH0T/jCYnNG/d993rsaMMXnt0Xv6fZdk6XDuIT3xP4NZPtThv97\ns1n7rq5Z9iessqgxtAhLLHMnq6JIYomRLsBkibxrwuFPOpw5ZpyH/FtEFkGAdXm3\nnkoJApDWnwaBH6jtUcp8mo/LL9sKQQzIK1+gTAuXtLNWG7kWPZ/xVXsqmM/DKXbw\nB+khWF1qGlP9b/xxbTWpMH3JGgU8WByVS8zWf3ZvAAABAQDSc4DumvUVmiSr5U64\n4PoQbDXRDRFE1jiap8ugZHBH9fCC8l8f0W7xC//snGOTYW1QGOn/twowGSHDqUXH\nmixmKx01+mX0If4CNJjuOQGYwIfb+cI4OrFqN/XqyPomhEc/T4mD0nG0UkEQQOrJ\nMcM6WMBvaxhkUpRUb6Jsd9UMf9MQ2YrHXDqQGpa48D3gv1WWxzWZ0kRaU4KBHTRt\nHpcaXp/vPlbOhgduQfNx4TdnpQgvKrW5xTifMuubwjxtngRKwrUvqEMLjmzpX8GJ\npyYcpx84MoZrRjAax2H7RZ2POrFuWfbyWxAp2XhhMJkc3AUqWRzoWiQSqPFlcqus\nXLXXAAABAQDO29TPF6bdNBP+yLbaEshGpw4tVOyA1LY7G+AlGGfhhwx85YN65xrL\nt3zAqE3wugvZajX0DSKVTGfQjKR0I7KzS/OI3oCg8y08LP5kcIvnvqgoSJ4iLnms\n4ARPzaDvgVl/HZZ8TJp25uuueFHc1MchgbDYFJmj4NldZJgX0iOgZpqzR28mtn6e\nlSRNNmXFBB8Yu8dGgcN3AWN1NfUck4+u5N70k7oqQ9xAPFKMza16X/MNAhnUGu8B\nQZ5lVYH49/NNL6fzxFT29Z+oZo5Hnhq5KpZ5EC3mz5DE9ptoPkTLJS25Hl9W62p+\nGHwlonL8B5Q8yRqhg+k23u6XgnOxSVl5AAAAAAEC\n-----END OPENSSH PRIVATE KEY-----\n",
            "private_key_pem": "-----BEGIN RSA PRIVATE KEY-----\nMIIJKAIBAAKCAgEAqg2pgTJsLaFXSIHanQpKf6DOgIX76u9nglDVIMPxb6pSCEIe\n0zO4SHIwO54HM0DO7rJZckD54wNHcobJeZqyIddcTfRccaxo9lMPQ2t/fGtUe+IY\n+UzjQAsTVAdSSk5abaQcyCQWWfLz06DMgodKeZVb4QIYFV7be7w/9FATNu7hUi0B\n+NIdZmh6D30LfpAruj7H+58RWKBBSz0D5sjHnQ1B6E3nUP++zZudfPH+B11c6gU+\n3NuvUzhzsQsl4ZQZrOqRF5BYZ5QqisJTdg6+A2IzvTxPPGiXO0zQUKGdep61OBGl\nuFa9OdKx/Ho7SK2vjWsTQLn5/JuAGO8CPoRO2QcuLJM1BI1uuDz4+/K4++5ezDC1\n1IWEPYInOTkuNKcMbBJKAcbm/VXlYpskePwtUTNbtc8aFNJ2asV0jEiafSxQZTuL\n8z0HMNHM2UtmgRkf5lWelTqisr7TnpVSKGcm7vkJuBsnZf50dDt/Zw4Y8jrum+Yr\nEl/pAIw+z3JljG26708yxQJSKoLOltXYIHnDfGATh92MnkVpTY9MsBYutigdNOcs\n68zdcjrJdmhBUBD7rvcxhW2QPt5xj8nKmpXr/toG9BeSsV26MdamPLgL1hqoi38X\ngONABAz4vjLYTJRcbX/tcdBIPeCq7JtAlM439LOzISYFXB7RaL7/zzRYsZ8CAwEA\nAQKCAgAQLv6rsf3DlfA1kU4Z1enjHY2pg5bG9AO4zjKKTLuEcgQejxRZ6zklg+B9\nO/vZb9iBtO14RyDA7wX0q0kvTn6XY+R/8rp9gvf2QU9ZjjhywdAnfgv8ZcnWxXcQ\nbyXwtmY6uvyWO4D5DHsR7+KmpXN8AK/eyRE7r2xZ6T9448oAV1mQNYJTiMONhHHh\nWXgnklbnAaSMmMXQ1meAXo0pgIAmvSVBk3BpL/2bmayyQGF5l/QIvXkPEcUsuVmh\nRrtTLYIIB8bJJE6VhO9Lh1TkDmEc91KPNtcfm6CQ3y2QDuFq0wHSFTPdSDv37cpM\nieFseEMVxVPuvARDexUEynI/Ot4595LuhSFFDTorCeQicFjXs0NX8doyvM1UhGlx\nA8qkT7q/ylScDNta2v7z3+CFHjMsiTtYf6g8TkoF9GbOi0TPsmGGfduYX79TsoTp\noV9yG1toHnQVACXZeCgOayggOdFenYtbmm8ABW9FzWUakg72Xa+QossSfyZjlG/C\nPqrXM+nFblPCLOogwe2x46EzjQV3teD7qT+iaeerOE6+9E3CYzd67/TMkJRP46Ag\nOlvZ4X1O+4RmPqSGgbq7uy7yb3rTdAF7oD6j+R89CsH4zLmnaQa9EDqpQUNxYzON\nN+4DsgMMFPUIKqALUTGhQmhuMzuU+MNtyBOhmADIiBb2Rwt3EQKCAQEA0nOA7pr1\nFZokq+VOuOD6EGw10Q0RRNY4mqfLoGRwR/XwgvJfH9Fu8Qv/7Jxjk2FtUBjp/7cK\nMBkhw6lFx5osZisdNfpl9CH+AjSY7jkBmMCH2/nCODqxajf16sj6JoRHP0+Jg9Jx\ntFJBEEDqyTHDOljAb2sYZFKUVG+ibHfVDH/TENmKx1w6kBqWuPA94L9Vlsc1mdJE\nWlOCgR00bR6XGl6f7z5WzoYHbkHzceE3Z6UILyq1ucU4nzLrm8I8bZ4ESsK1L6hD\nC45s6V/BiacmHKcfODKGa0YwGsdh+0Wdjzqxbln28lsQKdl4YTCZHNwFKlkc6Fok\nEqjxZXKrrFy11wKCAQEAztvUzxem3TQT/si22hLIRqcOLVTsgNS2OxvgJRhn4YcM\nfOWDeucay7d8wKhN8LoL2Wo19A0ilUxn0IykdCOys0vziN6AoPMtPCz+ZHCL576o\nKEieIi55rOAET82g74FZfx2WfEyadubrrnhR3NTHIYGw2BSZo+DZXWSYF9IjoGaa\ns0dvJrZ+npUkTTZlxQQfGLvHRoHDdwFjdTX1HJOPruTe9JO6KkPcQDxSjM2tel/z\nDQIZ1BrvAUGeZVWB+PfzTS+n88RU9vWfqGaOR54auSqWeRAt5s+QxPabaD5EyyUt\nuR5fVutqfhh8JaJy/AeUPMkaoYPpNt7ul4JzsUlZeQKCAQBhdMWXOUEXsNsck0MC\nUITcyA+f8Io3s3BhBiVA8GIioNyw9yZf6K+UhrcMTlu6a1qgxfjOx2e7YFgHcML0\nrQu0gHC1h3BhPsCPKuZLIzD/GOGRV7a+LUftZV7HTCyzW3xW8DFBT1oCZDjnGvjf\nFOFQirsKnbCc/LTd6RhxXIjXkfYfDm665ZXlF7sGh5JQGqq6+SN0STAIGDYOLoUR\npyHYP0uXEepHF0Anqfjfmqj6oS0KEqA3GAKhjoYXCjrLlGpuaH5ZRHVPy7PZ2tMY\nOMRobmgBsTwYP1eVfxF7uAA/zLFP5e96yfrRNnkNoOC2wZjOxJejbeLYlU28af7g\nAcrfAoIBAGQq0S8C/ftJd5E9skWBKNgFlvjekbOEzUVsJyrvWYY89hAYt4UxGami\nDVfhZ/R0sr4yDzRBlAiFuhOjtxLCIott8NzLGbBWcQYdp4YNdcHfceAn4eMdbDAJ\nPi1Cnna7xRGnyzIfigCfq2qNut5bbp3MBk1sFEXl4Hu39Wo7iKLobGr54Vn2rvOt\ntqlo+PjhGQnKDCIZPgSHeJjOawXOcpo3G7uFOXWz7JhyXWrvQdzrT29yH/20mR2b\nn87kDA76SieLNyH0ZUw8/nX2S1lktv4JIFo5OnD0+95UqEZfOMLCGxT0Hyig0K2E\nv8Edm95s8RxKKYoirTCz3Qci1VD4+skCggEBAKxmLZT2aISPojXwDg6nVsLpiXvE\nc/JuxCQrRrQY67LbZzDubX5ld3vmQdj+1AlmqKZHx0wllQ1HvHQU9t0DoKBBMS3F\nDIMdszeOBb7boPB5JoeNHrht3t+f08r40fRP+MJic0b9333euxowxee3Re/p9l2T\npcO4hPfE/g1k+1OG/3uzWfuurln2J6yyqDG0CEsscyerokhiiZEuwGSJvGvC4U86\nnDlmnIf8W0QWQYB1ebeeSgkCkNafBoEfqO1Rynyaj8sv2wpBDMgrX6BMC5e0s1Yb\nuRY9n/FVeyqYz8MpdvAH6SFYXWoaU/1v/HFtNakwfckaBTxYHJVLzNZ/dm8=\n-----END RSA PRIVATE KEY-----\n",
            "private_key_pem_pkcs8": "-----BEGIN PRIVATE KEY-----\nMIIJQgIBADANBgkqhkiG9w0BAQEFAASCCSwwggkoAgEAAoICAQCqDamBMmwtoVdI\ngdqdCkp/oM6Ahfvq72eCUNUgw/FvqlIIQh7TM7hIcjA7ngczQM7usllyQPnjA0dy\nhsl5mrIh11xN9FxxrGj2Uw9Da398a1R74hj5TONACxNUB1JKTlptpBzIJBZZ8vPT\noMyCh0p5lVvhAhgVXtt7vD/0UBM27uFSLQH40h1maHoPfQt+kCu6Psf7nxFYoEFL\nPQPmyMedDUHoTedQ/77Nm5188f4HXVzqBT7c269TOHOxCyXhlBms6pEXkFhnlCqK\nwlN2Dr4DYjO9PE88aJc7TNBQoZ16nrU4EaW4Vr050rH8ejtIra+NaxNAufn8m4AY\n7wI+hE7ZBy4skzUEjW64PPj78rj77l7MMLXUhYQ9gic5OS40pwxsEkoBxub9VeVi\nmyR4/C1RM1u1zxoU0nZqxXSMSJp9LFBlO4vzPQcw0czZS2aBGR/mVZ6VOqKyvtOe\nlVIoZybu+Qm4Gydl/nR0O39nDhjyOu6b5isSX+kAjD7PcmWMbbrvTzLFAlIqgs6W\n1dggecN8YBOH3YyeRWlNj0ywFi62KB005yzrzN1yOsl2aEFQEPuu9zGFbZA+3nGP\nycqalev+2gb0F5KxXbox1qY8uAvWGqiLfxeA40AEDPi+MthMlFxtf+1x0Eg94Krs\nm0CUzjf0s7MhJgVcHtFovv/PNFixnwIDAQABAoICABAu/qux/cOV8DWRThnV6eMd\njamDlsb0A7jOMopMu4RyBB6PFFnrOSWD4H07+9lv2IG07XhHIMDvBfSrSS9Ofpdj\n5H/yun2C9/ZBT1mOOHLB0Cd+C/xlydbFdxBvJfC2Zjq6/JY7gPkMexHv4qalc3wA\nr97JETuvbFnpP3jjygBXWZA1glOIw42EceFZeCeSVucBpIyYxdDWZ4BejSmAgCa9\nJUGTcGkv/ZuZrLJAYXmX9Ai9eQ8RxSy5WaFGu1MtgggHxskkTpWE70uHVOQOYRz3\nUo821x+boJDfLZAO4WrTAdIVM91IO/ftykyJ4Wx4QxXFU+68BEN7FQTKcj863jn3\nku6FIUUNOisJ5CJwWNezQ1fx2jK8zVSEaXEDyqRPur/KVJwM21ra/vPf4IUeMyyJ\nO1h/qDxOSgX0Zs6LRM+yYYZ925hfv1OyhOmhX3IbW2gedBUAJdl4KA5rKCA50V6d\ni1uabwAFb0XNZRqSDvZdr5CiyxJ/JmOUb8I+qtcz6cVuU8Is6iDB7bHjoTONBXe1\n4PupP6Jp56s4Tr70TcJjN3rv9MyQlE/joCA6W9nhfU77hGY+pIaBuru7LvJvetN0\nAXugPqP5Hz0KwfjMuadpBr0QOqlBQ3FjM4037gOyAwwU9QgqoAtRMaFCaG4zO5T4\nw23IE6GYAMiIFvZHC3cRAoIBAQDSc4DumvUVmiSr5U644PoQbDXRDRFE1jiap8ug\nZHBH9fCC8l8f0W7xC//snGOTYW1QGOn/twowGSHDqUXHmixmKx01+mX0If4CNJju\nOQGYwIfb+cI4OrFqN/XqyPomhEc/T4mD0nG0UkEQQOrJMcM6WMBvaxhkUpRUb6Js\nd9UMf9MQ2YrHXDqQGpa48D3gv1WWxzWZ0kRaU4KBHTRtHpcaXp/vPlbOhgduQfNx\n4TdnpQgvKrW5xTifMuubwjxtngRKwrUvqEMLjmzpX8GJpyYcpx84MoZrRjAax2H7\nRZ2POrFuWfbyWxAp2XhhMJkc3AUqWRzoWiQSqPFlcqusXLXXAoIBAQDO29TPF6bd\nNBP+yLbaEshGpw4tVOyA1LY7G+AlGGfhhwx85YN65xrLt3zAqE3wugvZajX0DSKV\nTGfQjKR0I7KzS/OI3oCg8y08LP5kcIvnvqgoSJ4iLnms4ARPzaDvgVl/HZZ8TJp2\n5uuueFHc1MchgbDYFJmj4NldZJgX0iOgZpqzR28mtn6elSRNNmXFBB8Yu8dGgcN3\nAWN1NfUck4+u5N70k7oqQ9xAPFKMza16X/MNAhnUGu8BQZ5lVYH49/NNL6fzxFT2\n9Z+oZo5Hnhq5KpZ5EC3mz5DE9ptoPkTLJS25Hl9W62p+GHwlonL8B5Q8yRqhg+k2\n3u6XgnOxSVl5AoIBAGF0xZc5QRew2xyTQwJQhNzID5/wijezcGEGJUDwYiKg3LD3\nJl/or5SGtwxOW7prWqDF+M7HZ7tgWAdwwvStC7SAcLWHcGE+wI8q5ksjMP8Y4ZFX\ntr4tR+1lXsdMLLNbfFbwMUFPWgJkOOca+N8U4VCKuwqdsJz8tN3pGHFciNeR9h8O\nbrrlleUXuwaHklAaqrr5I3RJMAgYNg4uhRGnIdg/S5cR6kcXQCep+N+aqPqhLQoS\noDcYAqGOhhcKOsuUam5ofllEdU/Ls9na0xg4xGhuaAGxPBg/V5V/EXu4AD/MsU/l\n73rJ+tE2eQ2g4LbBmM7El6Nt4tiVTbxp/uAByt8CggEAZCrRLwL9+0l3kT2yRYEo\n2AWW+N6Rs4TNRWwnKu9Zhjz2EBi3hTEZqaINV+Fn9HSyvjIPNEGUCIW6E6O3EsIi\ni23w3MsZsFZxBh2nhg11wd9x4Cfh4x1sMAk+LUKedrvFEafLMh+KAJ+rao263ltu\nncwGTWwUReXge7f1ajuIouhsavnhWfau8622qWj4+OEZCcoMIhk+BId4mM5rBc5y\nmjcbu4U5dbPsmHJdau9B3OtPb3If/bSZHZufzuQMDvpKJ4s3IfRlTDz+dfZLWWS2\n/gkgWjk6cPT73lSoRl84wsIbFPQfKKDQrYS/wR2b3mzxHEopiiKtMLPdByLVUPj6\nyQKCAQEArGYtlPZohI+iNfAODqdWwumJe8Rz8m7EJCtGtBjrsttnMO5tfmV3e+ZB\n2P7UCWaopkfHTCWVDUe8dBT23QOgoEExLcUMgx2zN44Fvtug8Hkmh40euG3e35/T\nyvjR9E/4wmJzRv3ffd67GjDF57dF7+n2XZOlw7iE98T+DWT7U4b/e7NZ+66uWfYn\nrLKoMbQISyxzJ6uiSGKJkS7AZIm8a8LhTzqcOWach/xbRBZBgHV5t55KCQKQ1p8G\ngR+o7VHKfJqPyy/bCkEMyCtfoEwLl7SzVhu5Fj2f8VV7KpjPwyl28AfpIVhdahpT\n/W/8cW01qTB9yRoFPFgclUvM1n92bw==\n-----END PRIVATE KEY-----\n",
            "public_key_fingerprint_md5": "f6:f8:ec:37:da:9c:5e:c7:1d:37:18:ec:7b:eb:09:1b",
            "public_key_fingerprint_sha256": "SHA256:HQbOiUtinu9AaJl4jIk9mXxQIitsGr6W98vUDAb45ZM",
            "public_key_openssh": "ssh-rsa AAAAB3NzaC1yc2EAAAADAQABAAACAQCqDamBMmwtoVdIgdqdCkp/oM6Ahfvq72eCUNUgw/FvqlIIQh7TM7hIcjA7ngczQM7usllyQPnjA0dyhsl5mrIh11xN9FxxrGj2Uw9Da398a1R74hj5TONACxNUB1JKTlptpBzIJBZZ8vPToMyCh0p5lVvhAhgVXtt7vD/0UBM27uFSLQH40h1maHoPfQt+kCu6Psf7nxFYoEFLPQPmyMedDUHoTedQ/77Nm5188f4HXVzqBT7c269TOHOxCyXhlBms6pEXkFhnlCqKwlN2Dr4DYjO9PE88aJc7TNBQoZ16nrU4EaW4Vr050rH8ejtIra+NaxNAufn8m4AY7wI+hE7ZBy4skzUEjW64PPj78rj77l7MMLXUhYQ9gic5OS40pwxsEkoBxub9VeVimyR4/C1RM1u1zxoU0nZqxXSMSJp9LFBlO4vzPQcw0czZS2aBGR/mVZ6VOqKyvtOelVIoZybu+Qm4Gydl/nR0O39nDhjyOu6b5isSX+kAjD7PcmWMbbrvTzLFAlIqgs6W1dggecN8YBOH3YyeRWlNj0ywFi62KB005yzrzN1yOsl2aEFQEPuu9zGFbZA+3nGPycqalev+2gb0F5KxXbox1qY8uAvWGqiLfxeA40AEDPi+MthMlFxtf+1x0Eg94Krsm0CUzjf0s7MhJgVcHtFovv/PNFixnw==\n",
            "public_key_pem": "-----BEGIN PUBLIC KEY-----\nMIICIjANBgkqhkiG9w0BAQEFAAOCAg8AMIICCgKCAgEAqg2pgTJsLaFXSIHanQpK\nf6DOgIX76u9nglDVIMPxb6pSCEIe0zO4SHIwO54HM0DO7rJZckD54wNHcobJeZqy\nIddcTfRccaxo9lMPQ2t/fGtUe+IY+UzjQAsTVAdSSk5abaQcyCQWWfLz06DMgodK\neZVb4QIYFV7be7w/9FATNu7hUi0B+NIdZmh6D30LfpAruj7H+58RWKBBSz0D5sjH\nnQ1B6E3nUP++zZudfPH+B11c6gU+3NuvUzhzsQsl4ZQZrOqRF5BYZ5QqisJTdg6+\nA2IzvTxPPGiXO0zQUKGdep61OBGluFa9OdKx/Ho7SK2vjWsTQLn5/JuAGO8CPoRO\n2QcuLJM1BI1uuDz4+/K4++5ezDC11IWEPYInOTkuNKcMbBJKAcbm/VXlYpskePwt\nUTNbtc8aFNJ2asV0jEiafSxQZTuL8z0HMNHM2UtmgRkf5lWelTqisr7TnpVSKGcm\n7vkJuBsnZf50dDt/Zw4Y8jrum+YrEl/pAIw+z3JljG26708yxQJSKoLOltXYIHnD\nfGATh92MnkVpTY9MsBYutigdNOcs68zdcjrJdmhBUBD7rvcxhW2QPt5xj8nKmpXr\n/toG9BeSsV26MdamPLgL1hqoi38XgONABAz4vjLYTJRcbX/tcdBIPeCq7JtAlM43\n9LOzISYFXB7RaL7/zzRYsZ8CAwEAAQ==\n-----END PUBLIC KEY-----\n",
            "rsa_bits": 4096
          },
          "sensitive_attributes": []
        }
      ]
    },
    {
      "module": "module.vpc",
      "mode": "managed",
      "type": "aws_internet_gateway",
      "name": "this",
      "provider": "provider[\"registry.terraform.io/hashicorp/aws\"]",
      "instances": [
        {
          "index_key": 0,
          "schema_version": 0,
          "attributes": {
            "arn": "arn:aws:ec2:ap-northeast-1:067494042988:internet-gateway/igw-07a64b729e1418e3a",
            "id": "igw-07a64b729e1418e3a",
            "owner_id": "067494042988",
            "tags": {
              "Name": "bd-vpc"
            },
            "tags_all": {
              "Name": "bd-vpc"
            },
            "timeouts": null,
            "vpc_id": "vpc-034cf94ca227c1652"
          },
          "sensitive_attributes": [],
          "private": "eyJlMmJmYjczMC1lY2FhLTExZTYtOGY4OC0zNDM2M2JjN2M0YzAiOnsiY3JlYXRlIjoxMjAwMDAwMDAwMDAwLCJkZWxldGUiOjEyMDAwMDAwMDAwMDAsInVwZGF0ZSI6MTIwMDAwMDAwMDAwMH19",
          "dependencies": [
            "module.vpc.aws_vpc.this",
            "module.vpc.aws_vpc_ipv4_cidr_block_association.this"
          ]
        }
      ]
    },
    {
      "module": "module.vpc",
      "mode": "managed",
      "type": "aws_route",
      "name": "public_internet_gateway",
      "provider": "provider[\"registry.terraform.io/hashicorp/aws\"]",
      "instances": [
        {
          "index_key": 0,
          "schema_version": 0,
          "attributes": {
            "carrier_gateway_id": "",
            "core_network_arn": "",
            "destination_cidr_block": "0.0.0.0/0",
            "destination_ipv6_cidr_block": "",
            "destination_prefix_list_id": "",
            "egress_only_gateway_id": "",
            "gateway_id": "igw-07a64b729e1418e3a",
            "id": "r-rtb-0bda5e8029874b03a1080289494",
            "instance_id": "",
            "instance_owner_id": "",
            "local_gateway_id": "",
            "nat_gateway_id": "",
            "network_interface_id": "",
            "origin": "CreateRoute",
            "route_table_id": "rtb-0bda5e8029874b03a",
            "state": "active",
            "timeouts": {
              "create": "5m",
              "delete": null,
              "update": null
            },
            "transit_gateway_id": "",
            "vpc_endpoint_id": "",
            "vpc_peering_connection_id": ""
          },
          "sensitive_attributes": [],
          "private": "eyJlMmJmYjczMC1lY2FhLTExZTYtOGY4OC0zNDM2M2JjN2M0YzAiOnsiY3JlYXRlIjozMDAwMDAwMDAwMDAsImRlbGV0ZSI6MzAwMDAwMDAwMDAwLCJ1cGRhdGUiOjEyMDAwMDAwMDAwMH19",
          "dependencies": [
            "module.vpc.aws_internet_gateway.this",
            "module.vpc.aws_route_table.public",
            "module.vpc.aws_vpc.this",
            "module.vpc.aws_vpc_ipv4_cidr_block_association.this"
          ]
        }
      ]
    },
    {
      "module": "module.vpc",
      "mode": "managed",
      "type": "aws_route_table",
      "name": "private",
      "provider": "provider[\"registry.terraform.io/hashicorp/aws\"]",
      "instances": [
        {
          "index_key": 0,
          "schema_version": 0,
          "attributes": {
            "arn": "arn:aws:ec2:ap-northeast-1:067494042988:route-table/rtb-067fe5927d3ff452d",
            "id": "rtb-067fe5927d3ff452d",
            "owner_id": "067494042988",
            "propagating_vgws": [],
            "route": [],
            "tags": {
              "Name": "bd-vpc-private-ap-northeast-1a"
            },
            "tags_all": {
              "Name": "bd-vpc-private-ap-northeast-1a"
            },
            "timeouts": null,
            "vpc_id": "vpc-034cf94ca227c1652"
          },
          "sensitive_attributes": [],
          "private": "eyJlMmJmYjczMC1lY2FhLTExZTYtOGY4OC0zNDM2M2JjN2M0YzAiOnsiY3JlYXRlIjozMDAwMDAwMDAwMDAsImRlbGV0ZSI6MzAwMDAwMDAwMDAwLCJ1cGRhdGUiOjEyMDAwMDAwMDAwMH19",
          "dependencies": [
            "data.aws_availability_zones.available",
            "module.vpc.aws_vpc.this",
            "module.vpc.aws_vpc_ipv4_cidr_block_association.this"
          ]
        },
        {
          "index_key": 1,
          "schema_version": 0,
          "attributes": {
            "arn": "arn:aws:ec2:ap-northeast-1:067494042988:route-table/rtb-0f4c97cea8f3eca0d",
            "id": "rtb-0f4c97cea8f3eca0d",
            "owner_id": "067494042988",
            "propagating_vgws": [],
            "route": [],
            "tags": {
              "Name": "bd-vpc-private-ap-northeast-1c"
            },
            "tags_all": {
              "Name": "bd-vpc-private-ap-northeast-1c"
            },
            "timeouts": null,
            "vpc_id": "vpc-034cf94ca227c1652"
          },
          "sensitive_attributes": [],
          "private": "eyJlMmJmYjczMC1lY2FhLTExZTYtOGY4OC0zNDM2M2JjN2M0YzAiOnsiY3JlYXRlIjozMDAwMDAwMDAwMDAsImRlbGV0ZSI6MzAwMDAwMDAwMDAwLCJ1cGRhdGUiOjEyMDAwMDAwMDAwMH19",
          "dependencies": [
            "data.aws_availability_zones.available",
            "module.vpc.aws_vpc.this",
            "module.vpc.aws_vpc_ipv4_cidr_block_association.this"
          ]
        }
      ]
    },
    {
      "module": "module.vpc",
      "mode": "managed",
      "type": "aws_route_table",
      "name": "public",
      "provider": "provider[\"registry.terraform.io/hashicorp/aws\"]",
      "instances": [
        {
          "index_key": 0,
          "schema_version": 0,
          "attributes": {
            "arn": "arn:aws:ec2:ap-northeast-1:067494042988:route-table/rtb-0bda5e8029874b03a",
            "id": "rtb-0bda5e8029874b03a",
            "owner_id": "067494042988",
            "propagating_vgws": [],
            "route": [],
            "tags": {
              "Name": "bd-vpc-public"
            },
            "tags_all": {
              "Name": "bd-vpc-public"
            },
            "timeouts": null,
            "vpc_id": "vpc-034cf94ca227c1652"
          },
          "sensitive_attributes": [],
          "private": "eyJlMmJmYjczMC1lY2FhLTExZTYtOGY4OC0zNDM2M2JjN2M0YzAiOnsiY3JlYXRlIjozMDAwMDAwMDAwMDAsImRlbGV0ZSI6MzAwMDAwMDAwMDAwLCJ1cGRhdGUiOjEyMDAwMDAwMDAwMH19",
          "dependencies": [
            "module.vpc.aws_vpc.this",
            "module.vpc.aws_vpc_ipv4_cidr_block_association.this"
          ]
        }
      ]
    },
    {
      "module": "module.vpc",
      "mode": "managed",
      "type": "aws_route_table_association",
      "name": "private",
      "provider": "provider[\"registry.terraform.io/hashicorp/aws\"]",
      "instances": [
        {
          "index_key": 0,
          "schema_version": 0,
          "attributes": {
            "gateway_id": "",
            "id": "rtbassoc-05cee2ddc053a58b7",
            "route_table_id": "rtb-067fe5927d3ff452d",
            "subnet_id": "subnet-0a844bcfbfb61da7b"
          },
          "sensitive_attributes": [],
          "private": "bnVsbA==",
          "dependencies": [
            "data.aws_availability_zones.available",
            "module.vpc.aws_route_table.private",
            "module.vpc.aws_subnet.private",
            "module.vpc.aws_vpc.this",
            "module.vpc.aws_vpc_ipv4_cidr_block_association.this"
          ]
        },
        {
          "index_key": 1,
          "schema_version": 0,
          "attributes": {
            "gateway_id": "",
            "id": "rtbassoc-0d89ffa64a7ca5e06",
            "route_table_id": "rtb-0f4c97cea8f3eca0d",
            "subnet_id": "subnet-05088f63fbf041670"
          },
          "sensitive_attributes": [],
          "private": "bnVsbA==",
          "dependencies": [
            "data.aws_availability_zones.available",
            "module.vpc.aws_route_table.private",
            "module.vpc.aws_subnet.private",
            "module.vpc.aws_vpc.this",
            "module.vpc.aws_vpc_ipv4_cidr_block_association.this"
          ]
        }
      ]
    },
    {
      "module": "module.vpc",
      "mode": "managed",
      "type": "aws_route_table_association",
      "name": "public",
      "provider": "provider[\"registry.terraform.io/hashicorp/aws\"]",
      "instances": [
        {
          "index_key": 0,
          "schema_version": 0,
          "attributes": {
            "gateway_id": "",
            "id": "rtbassoc-078b2a37b5115113f",
            "route_table_id": "rtb-0bda5e8029874b03a",
            "subnet_id": "subnet-0a6b66004e53d7d6e"
          },
          "sensitive_attributes": [],
          "private": "bnVsbA==",
          "dependencies": [
            "data.aws_availability_zones.available",
            "module.vpc.aws_route_table.public",
            "module.vpc.aws_subnet.public",
            "module.vpc.aws_vpc.this",
            "module.vpc.aws_vpc_ipv4_cidr_block_association.this"
          ]
        },
        {
          "index_key": 1,
          "schema_version": 0,
          "attributes": {
            "gateway_id": "",
            "id": "rtbassoc-043f44fac4618cf38",
            "route_table_id": "rtb-0bda5e8029874b03a",
            "subnet_id": "subnet-0b4d23c6a8bef1fa3"
          },
          "sensitive_attributes": [],
          "private": "bnVsbA==",
          "dependencies": [
            "data.aws_availability_zones.available",
            "module.vpc.aws_route_table.public",
            "module.vpc.aws_subnet.public",
            "module.vpc.aws_vpc.this",
            "module.vpc.aws_vpc_ipv4_cidr_block_association.this"
          ]
        }
      ]
    },
    {
      "module": "module.vpc",
      "mode": "managed",
      "type": "aws_subnet",
      "name": "private",
      "provider": "provider[\"registry.terraform.io/hashicorp/aws\"]",
      "instances": [
        {
          "index_key": 0,
          "schema_version": 1,
          "attributes": {
            "arn": "arn:aws:ec2:ap-northeast-1:067494042988:subnet/subnet-0a844bcfbfb61da7b",
            "assign_ipv6_address_on_creation": false,
            "availability_zone": "ap-northeast-1a",
            "availability_zone_id": "apne1-az4",
            "cidr_block": "10.0.0.128/26",
            "customer_owned_ipv4_pool": "",
            "enable_dns64": false,
            "enable_resource_name_dns_a_record_on_launch": false,
            "enable_resource_name_dns_aaaa_record_on_launch": false,
            "id": "subnet-0a844bcfbfb61da7b",
            "ipv6_cidr_block": "",
            "ipv6_cidr_block_association_id": "",
            "ipv6_native": false,
            "map_customer_owned_ip_on_launch": false,
            "map_public_ip_on_launch": false,
            "outpost_arn": "",
            "owner_id": "067494042988",
            "private_dns_hostname_type_on_launch": "ip-name",
            "tags": {
              "Name": "bd-vpc-private-ap-northeast-1a"
            },
            "tags_all": {
              "Name": "bd-vpc-private-ap-northeast-1a"
            },
            "timeouts": null,
            "vpc_id": "vpc-034cf94ca227c1652"
          },
          "sensitive_attributes": [],
          "private": "eyJlMmJmYjczMC1lY2FhLTExZTYtOGY4OC0zNDM2M2JjN2M0YzAiOnsiY3JlYXRlIjo2MDAwMDAwMDAwMDAsImRlbGV0ZSI6MTIwMDAwMDAwMDAwMH0sInNjaGVtYV92ZXJzaW9uIjoiMSJ9",
          "dependencies": [
            "data.aws_availability_zones.available",
            "module.vpc.aws_vpc.this",
            "module.vpc.aws_vpc_ipv4_cidr_block_association.this"
          ]
        },
        {
          "index_key": 1,
          "schema_version": 1,
          "attributes": {
            "arn": "arn:aws:ec2:ap-northeast-1:067494042988:subnet/subnet-05088f63fbf041670",
            "assign_ipv6_address_on_creation": false,
            "availability_zone": "ap-northeast-1c",
            "availability_zone_id": "apne1-az1",
            "cidr_block": "10.0.0.192/26",
            "customer_owned_ipv4_pool": "",
            "enable_dns64": false,
            "enable_resource_name_dns_a_record_on_launch": false,
            "enable_resource_name_dns_aaaa_record_on_launch": false,
            "id": "subnet-05088f63fbf041670",
            "ipv6_cidr_block": "",
            "ipv6_cidr_block_association_id": "",
            "ipv6_native": false,
            "map_customer_owned_ip_on_launch": false,
            "map_public_ip_on_launch": false,
            "outpost_arn": "",
            "owner_id": "067494042988",
            "private_dns_hostname_type_on_launch": "ip-name",
            "tags": {
              "Name": "bd-vpc-private-ap-northeast-1c"
            },
            "tags_all": {
              "Name": "bd-vpc-private-ap-northeast-1c"
            },
            "timeouts": null,
            "vpc_id": "vpc-034cf94ca227c1652"
          },
          "sensitive_attributes": [],
          "private": "eyJlMmJmYjczMC1lY2FhLTExZTYtOGY4OC0zNDM2M2JjN2M0YzAiOnsiY3JlYXRlIjo2MDAwMDAwMDAwMDAsImRlbGV0ZSI6MTIwMDAwMDAwMDAwMH0sInNjaGVtYV92ZXJzaW9uIjoiMSJ9",
          "dependencies": [
            "data.aws_availability_zones.available",
            "module.vpc.aws_vpc.this",
            "module.vpc.aws_vpc_ipv4_cidr_block_association.this"
          ]
        }
      ]
    },
    {
      "module": "module.vpc",
      "mode": "managed",
      "type": "aws_subnet",
      "name": "public",
      "provider": "provider[\"registry.terraform.io/hashicorp/aws\"]",
      "instances": [
        {
          "index_key": 0,
          "schema_version": 1,
          "attributes": {
            "arn": "arn:aws:ec2:ap-northeast-1:067494042988:subnet/subnet-0a6b66004e53d7d6e",
            "assign_ipv6_address_on_creation": false,
            "availability_zone": "ap-northeast-1a",
            "availability_zone_id": "apne1-az4",
            "cidr_block": "10.0.0.0/26",
            "customer_owned_ipv4_pool": "",
            "enable_dns64": false,
            "enable_resource_name_dns_a_record_on_launch": false,
            "enable_resource_name_dns_aaaa_record_on_launch": false,
            "id": "subnet-0a6b66004e53d7d6e",
            "ipv6_cidr_block": "",
            "ipv6_cidr_block_association_id": "",
            "ipv6_native": false,
            "map_customer_owned_ip_on_launch": false,
            "map_public_ip_on_launch": true,
            "outpost_arn": "",
            "owner_id": "067494042988",
            "private_dns_hostname_type_on_launch": "ip-name",
            "tags": {
              "Name": "bd-vpc-public-ap-northeast-1a"
            },
            "tags_all": {
              "Name": "bd-vpc-public-ap-northeast-1a"
            },
            "timeouts": null,
            "vpc_id": "vpc-034cf94ca227c1652"
          },
          "sensitive_attributes": [],
          "private": "eyJlMmJmYjczMC1lY2FhLTExZTYtOGY4OC0zNDM2M2JjN2M0YzAiOnsiY3JlYXRlIjo2MDAwMDAwMDAwMDAsImRlbGV0ZSI6MTIwMDAwMDAwMDAwMH0sInNjaGVtYV92ZXJzaW9uIjoiMSJ9",
          "dependencies": [
            "data.aws_availability_zones.available",
            "module.vpc.aws_vpc.this",
            "module.vpc.aws_vpc_ipv4_cidr_block_association.this"
          ]
        },
        {
          "index_key": 1,
          "schema_version": 1,
          "attributes": {
            "arn": "arn:aws:ec2:ap-northeast-1:067494042988:subnet/subnet-0b4d23c6a8bef1fa3",
            "assign_ipv6_address_on_creation": false,
            "availability_zone": "ap-northeast-1c",
            "availability_zone_id": "apne1-az1",
            "cidr_block": "10.0.0.64/26",
            "customer_owned_ipv4_pool": "",
            "enable_dns64": false,
            "enable_resource_name_dns_a_record_on_launch": false,
            "enable_resource_name_dns_aaaa_record_on_launch": false,
            "id": "subnet-0b4d23c6a8bef1fa3",
            "ipv6_cidr_block": "",
            "ipv6_cidr_block_association_id": "",
            "ipv6_native": false,
            "map_customer_owned_ip_on_launch": false,
            "map_public_ip_on_launch": true,
            "outpost_arn": "",
            "owner_id": "067494042988",
            "private_dns_hostname_type_on_launch": "ip-name",
            "tags": {
              "Name": "bd-vpc-public-ap-northeast-1c"
            },
            "tags_all": {
              "Name": "bd-vpc-public-ap-northeast-1c"
            },
            "timeouts": null,
            "vpc_id": "vpc-034cf94ca227c1652"
          },
          "sensitive_attributes": [],
          "private": "eyJlMmJmYjczMC1lY2FhLTExZTYtOGY4OC0zNDM2M2JjN2M0YzAiOnsiY3JlYXRlIjo2MDAwMDAwMDAwMDAsImRlbGV0ZSI6MTIwMDAwMDAwMDAwMH0sInNjaGVtYV92ZXJzaW9uIjoiMSJ9",
          "dependencies": [
            "data.aws_availability_zones.available",
            "module.vpc.aws_vpc.this",
            "module.vpc.aws_vpc_ipv4_cidr_block_association.this"
          ]
        }
      ]
    },
    {
      "module": "module.vpc",
      "mode": "managed",
      "type": "aws_vpc",
      "name": "this",
      "provider": "provider[\"registry.terraform.io/hashicorp/aws\"]",
      "instances": [
        {
          "index_key": 0,
          "schema_version": 1,
          "attributes": {
            "arn": "arn:aws:ec2:ap-northeast-1:067494042988:vpc/vpc-034cf94ca227c1652",
            "assign_generated_ipv6_cidr_block": false,
            "cidr_block": "10.0.0.0/16",
            "default_network_acl_id": "acl-00b5fa1aa9c730441",
            "default_route_table_id": "rtb-09e9cf3b1be6ff47f",
            "default_security_group_id": "sg-04f57be2534fe7c10",
            "dhcp_options_id": "dopt-820244e5",
            "enable_classiclink": false,
            "enable_classiclink_dns_support": false,
            "enable_dns_hostnames": false,
            "enable_dns_support": true,
            "enable_network_address_usage_metrics": false,
            "id": "vpc-034cf94ca227c1652",
            "instance_tenancy": "default",
            "ipv4_ipam_pool_id": null,
            "ipv4_netmask_length": null,
            "ipv6_association_id": "",
            "ipv6_cidr_block": "",
            "ipv6_cidr_block_network_border_group": "",
            "ipv6_ipam_pool_id": "",
            "ipv6_netmask_length": 0,
            "main_route_table_id": "rtb-09e9cf3b1be6ff47f",
            "owner_id": "067494042988",
            "tags": {
              "Name": "bd-vpc"
            },
            "tags_all": {
              "Name": "bd-vpc"
            }
          },
          "sensitive_attributes": [],
          "private": "eyJzY2hlbWFfdmVyc2lvbiI6IjEifQ=="
        }
      ]
    }
  ],
  "check_results": null
}
