{
  "version": 4,
  "terraform_version": "1.3.4",
  "serial": 5437,
  "lineage": "bcce0505-4f3a-b984-70b8-9e80adea4655",
  "outputs": {
    "publicIP": {
      "value": [
        [
          "54.250.169.73",
          "54.249.194.63",
          "18.179.13.32"
        ]
      ],
      "type": [
        "tuple",
        [
          [
            "tuple",
            [
              "string",
              "string",
              "string"
            ]
          ]
        ]
      ]
    }
  },
  "resources": [
    {
      "mode": "data",
      "type": "aws_ami_ids",
      "name": "ami",
      "provider": "provider[\"registry.terraform.io/hashicorp/aws\"]",
      "instances": [
        {
          "schema_version": 0,
          "attributes": {
            "executable_users": null,
            "filter": [
              {
                "name": "name",
                "values": [
                  "*ubuntu-focal-20.04-amd64-server-20211021*"
                ]
              }
            ],
            "id": "2862058812",
            "ids": [
              "ami-036d0684fc96830ca"
            ],
            "name_regex": null,
            "owners": [
              "self",
              "amazon",
              "099720109477"
            ],
            "sort_ascending": false,
            "timeouts": null
          },
          "sensitive_attributes": []
        }
      ]
    },
    {
      "mode": "data",
      "type": "aws_ami_ids",
      "name": "ami_centos",
      "provider": "provider[\"registry.terraform.io/hashicorp/aws\"]",
      "instances": [
        {
          "schema_version": 0,
          "attributes": {
            "executable_users": null,
            "filter": [
              {
                "name": "name",
                "values": [
                  "ap-northeast-1 image for x86_64 CentOS_7"
                ]
              }
            ],
            "id": "2201397963",
            "ids": [
              "ami-099bba1e44a980c71",
              "ami-03ecbec8dedcc7c20",
              "ami-02771abb87b5dff38",
              "ami-00301a9bb8306a45d",
              "ami-023f581b8f313e537",
              "ami-0647fd64d4bbb3f4e",
              "ami-01a55552901d6526f",
              "ami-0cb83351d45de1ebd",
              "ami-045974a5d6191f907",
              "ami-006722751f5756768",
              "ami-0aa9a304ded9c7550",
              "ami-0dd77eadd3aed652f",
              "ami-0d8b29312bdb54a23",
              "ami-0e055011597ed418d",
              "ami-02df07b77251846c0",
              "ami-0d17f79b3f0d13887",
              "ami-05d842249858780de",
              "ami-0ff61719b075b17bb",
              "ami-0dc3bdf8061e07f1d",
              "ami-028117c28076fd520",
              "ami-0f5078348105dd778",
              "ami-0bb147ce862b51798",
              "ami-0ce4138d5747ffc58",
              "ami-0ad98eaa9d7f3b549",
              "ami-0d6cd551542e6a03c",
              "ami-0348287f2263b48dc",
              "ami-08571602de6714f2b",
              "ami-061f2d3bbacbdf0e5",
              "ami-0da429dc075956fb8",
              "ami-09e439f60aba3366a",
              "ami-0842f9c497f23f20e",
              "ami-0720e732511a4b59b",
              "ami-07bf81b009b7b1847",
              "ami-01858216a830bd9bc",
              "ami-0c7a7cb4e11332368",
              "ami-0d53953551ecc85f8",
              "ami-07cdec9cf8b22e179",
              "ami-06fe8f6b7b9f20d6d",
              "ami-0774f28bc6b7ffe00",
              "ami-074887a6872067ddc",
              "ami-0634359f29d9e90d5",
              "ami-067cffb02901695d1",
              "ami-00de7f69d9d82f8af",
              "ami-02d71524ec1e5fcfe",
              "ami-0f8fc0fdee380d0bd",
              "ami-07e0d5ad7f79aa566",
              "ami-0503fef7782573fe3",
              "ami-00457c8149dc336f7",
              "ami-00236785211783cac",
              "ami-0f70c2f8c81292ec9",
              "ami-05416b1a5e5101d17",
              "ami-063668836967aa74b",
              "ami-0b111d99ac34363c1",
              "ami-03efa8a5c0f788397",
              "ami-0759be5d2183c271e",
              "ami-01e2b45b78450d002",
              "ami-0dd0cb3ebc2ee2147",
              "ami-01b492a196b8abf3e",
              "ami-0f13103de2f3ca8da",
              "ami-0a238498004eb3cc1",
              "ami-09b68ef567047a8b3",
              "ami-012348a738ccfb175",
              "ami-0299cd54889b2965d",
              "ami-06acf6261a4d44dd5",
              "ami-021a9e45575736269",
              "ami-02403495b27ddef55",
              "ami-05948a118cdbe4fdc",
              "ami-0163115f0e377dfd3",
              "ami-037e05088051fb13e",
              "ami-03e3897a64aee0e37",
              "ami-08f8f360d650f360a",
              "ami-00fe6743c09d03339",
              "ami-0322b7d70e011a10e",
              "ami-04dbcf657e88fde8d",
              "ami-01422c3c01b8a1a91",
              "ami-054af393c48b506b1",
              "ami-0656ba7e14f5cb5ed",
              "ami-04384ccbc5e106e6d",
              "ami-0172091530535cc29",
              "ami-0be8a1f87b2cacde3",
              "ami-02a4671a12c4cc6b4",
              "ami-01f9271ea850c18f8",
              "ami-0d17543b3cd3bc26a",
              "ami-065e6b9c7af65f146",
              "ami-09b1a6c4e98a7274e",
              "ami-0b45946c431f487cb",
              "ami-02e49fee297506c33",
              "ami-00c4ba85be2774553",
              "ami-06269ecd8decec816",
              "ami-053b27a2cf096bf81",
              "ami-084f41ca118f75165",
              "ami-085bbe4c51983a693",
              "ami-0e7b4f9e98f81d0da",
              "ami-0bbd0ec6229c3f70a",
              "ami-028392fd40f6ec7e7",
              "ami-080407a3b2815fa28",
              "ami-051cea63cf6c680be",
              "ami-0ec24b9f5b3c69c28",
              "ami-0fd38cfa30d9e5d5b",
              "ami-013daf4e29a12590f",
              "ami-06e603ab84c2cf1bd",
              "ami-0b8fc1524f19d3688",
              "ami-06a4278a39f5c250b",
              "ami-0b850ba00bb0c977a",
              "ami-093a76edcf198fe1f",
              "ami-0de2979627cc7165f",
              "ami-0e0f4544ef076fc27",
              "ami-01951ffb0fbf892f1",
              "ami-0f7ba4ec7e8b9ab10",
              "ami-0c458565238156367",
              "ami-01061b67998059af4",
              "ami-0c991372cc3f17029",
              "ami-02fabda7e3b5914e5",
              "ami-03af3eed2a30fa9b9",
              "ami-04e91b9e2010394ef",
              "ami-03cec49b19f60692e",
              "ami-0f4dc5d9aee242ff2",
              "ami-04d7ab89d4f0b993d",
              "ami-0ce3d7961097c5066"
            ],
            "name_regex": null,
            "owners": [
              "self",
              "amazon",
              "125523088429",
              "374168611083"
            ],
            "sort_ascending": false,
            "timeouts": null
          },
          "sensitive_attributes": []
        }
      ]
    },
    {
      "mode": "data",
      "type": "aws_availability_zones",
      "name": "available",
      "provider": "provider[\"registry.terraform.io/hashicorp/aws\"]",
      "instances": [
        {
          "schema_version": 0,
          "attributes": {
            "all_availability_zones": null,
            "exclude_names": null,
            "exclude_zone_ids": null,
            "filter": null,
            "group_names": [
              "ap-northeast-1"
            ],
            "id": "ap-northeast-1",
            "names": [
              "ap-northeast-1a",
              "ap-northeast-1c",
              "ap-northeast-1d"
            ],
            "state": "available",
            "timeouts": null,
            "zone_ids": [
              "apne1-az4",
              "apne1-az1",
              "apne1-az2"
            ]
          },
          "sensitive_attributes": []
        }
      ]
    },
    {
      "mode": "managed",
      "type": "aws_ebs_volume",
      "name": "ebs",
      "provider": "provider[\"registry.terraform.io/hashicorp/aws\"]",
      "instances": [
        {
          "index_key": 0,
          "schema_version": 0,
          "attributes": {
            "arn": "arn:aws:ec2:ap-northeast-1:067494042988:volume/vol-0e56b900864351133",
            "availability_zone": "ap-northeast-1a",
            "encrypted": false,
            "final_snapshot": false,
            "id": "vol-0e56b900864351133",
            "iops": 100,
            "kms_key_id": "",
            "multi_attach_enabled": false,
            "outpost_arn": "",
            "size": 24,
            "snapshot_id": "",
            "tags": {},
            "tags_all": {},
            "throughput": 0,
            "timeouts": null,
            "type": "gp2"
          },
          "sensitive_attributes": [],
          "private": "eyJlMmJmYjczMC1lY2FhLTExZTYtOGY4OC0zNDM2M2JjN2M0YzAiOnsiY3JlYXRlIjozMDAwMDAwMDAwMDAsImRlbGV0ZSI6MzAwMDAwMDAwMDAwLCJ1cGRhdGUiOjMwMDAwMDAwMDAwMH19",
          "dependencies": [
            "data.aws_availability_zones.available"
          ]
        },
        {
          "index_key": 1,
          "schema_version": 0,
          "attributes": {
            "arn": "arn:aws:ec2:ap-northeast-1:067494042988:volume/vol-000006d0052aa1b6d",
            "availability_zone": "ap-northeast-1a",
            "encrypted": false,
            "final_snapshot": false,
            "id": "vol-000006d0052aa1b6d",
            "iops": 100,
            "kms_key_id": "",
            "multi_attach_enabled": false,
            "outpost_arn": "",
            "size": 24,
            "snapshot_id": "",
            "tags": {},
            "tags_all": {},
            "throughput": 0,
            "timeouts": null,
            "type": "gp2"
          },
          "sensitive_attributes": [],
          "private": "eyJlMmJmYjczMC1lY2FhLTExZTYtOGY4OC0zNDM2M2JjN2M0YzAiOnsiY3JlYXRlIjozMDAwMDAwMDAwMDAsImRlbGV0ZSI6MzAwMDAwMDAwMDAwLCJ1cGRhdGUiOjMwMDAwMDAwMDAwMH19",
          "dependencies": [
            "data.aws_availability_zones.available"
          ]
        },
        {
          "index_key": 2,
          "schema_version": 0,
          "attributes": {
            "arn": "arn:aws:ec2:ap-northeast-1:067494042988:volume/vol-038296788a131d57f",
            "availability_zone": "ap-northeast-1a",
            "encrypted": false,
            "final_snapshot": false,
            "id": "vol-038296788a131d57f",
            "iops": 100,
            "kms_key_id": "",
            "multi_attach_enabled": false,
            "outpost_arn": "",
            "size": 24,
            "snapshot_id": "",
            "tags": {},
            "tags_all": {},
            "throughput": 0,
            "timeouts": null,
            "type": "gp2"
          },
          "sensitive_attributes": [],
          "private": "eyJlMmJmYjczMC1lY2FhLTExZTYtOGY4OC0zNDM2M2JjN2M0YzAiOnsiY3JlYXRlIjozMDAwMDAwMDAwMDAsImRlbGV0ZSI6MzAwMDAwMDAwMDAwLCJ1cGRhdGUiOjMwMDAwMDAwMDAwMH19",
          "dependencies": [
            "data.aws_availability_zones.available"
          ]
        }
      ]
    },
    {
      "mode": "managed",
      "type": "aws_instance",
      "name": "instances",
      "provider": "provider[\"registry.terraform.io/hashicorp/aws\"]",
      "instances": [
        {
          "index_key": 0,
          "schema_version": 1,
          "attributes": {
            "ami": "ami-036d0684fc96830ca",
            "arn": "arn:aws:ec2:ap-northeast-1:067494042988:instance/i-0a6c154c52a2e2b63",
            "associate_public_ip_address": true,
            "availability_zone": "ap-northeast-1a",
            "capacity_reservation_specification": [
              {
                "capacity_reservation_preference": "open",
                "capacity_reservation_target": []
              }
            ],
            "cpu_core_count": 1,
            "cpu_threads_per_core": 2,
            "credit_specification": [
              {
                "cpu_credits": "unlimited"
              }
            ],
            "disable_api_stop": false,
            "disable_api_termination": false,
            "ebs_block_device": [
              {
                "delete_on_termination": false,
                "device_name": "/dev/sdh",
                "encrypted": false,
                "iops": 100,
                "kms_key_id": "",
                "snapshot_id": "",
                "tags": {},
                "throughput": 0,
                "volume_id": "vol-0e56b900864351133",
                "volume_size": 24,
                "volume_type": "gp2"
              }
            ],
            "ebs_optimized": false,
            "enclave_options": [
              {
                "enabled": false
              }
            ],
            "ephemeral_block_device": [],
            "get_password_data": false,
            "hibernation": false,
            "host_id": null,
            "host_resource_group_arn": null,
            "iam_instance_profile": "",
            "id": "i-0a6c154c52a2e2b63",
            "instance_initiated_shutdown_behavior": "stop",
            "instance_state": "running",
            "instance_type": "t3.medium",
            "ipv6_address_count": 0,
            "ipv6_addresses": [],
            "key_name": "bd",
            "launch_template": [],
            "maintenance_options": [
              {
                "auto_recovery": "default"
              }
            ],
            "metadata_options": [
              {
                "http_endpoint": "enabled",
                "http_put_response_hop_limit": 1,
                "http_tokens": "optional",
                "instance_metadata_tags": "disabled"
              }
            ],
            "monitoring": false,
            "network_interface": [],
            "outpost_arn": "",
            "password_data": "",
            "placement_group": "",
            "placement_partition_number": null,
            "primary_network_interface_id": "eni-0dd36eef59efc09f9",
            "private_dns": "ip-10-0-0-33.ap-northeast-1.compute.internal",
            "private_dns_name_options": [
              {
                "enable_resource_name_dns_a_record": false,
                "enable_resource_name_dns_aaaa_record": false,
                "hostname_type": "ip-name"
              }
            ],
            "private_ip": "10.0.0.33",
            "public_dns": "",
            "public_ip": "54.250.169.73",
            "root_block_device": [
              {
                "delete_on_termination": true,
                "device_name": "/dev/sda1",
                "encrypted": false,
                "iops": 180,
                "kms_key_id": "",
                "tags": {
                  "Author": "Jason.SC.Cheng",
                  "Name": "bd-wrk1-ebs",
                  "Team": "COD",
                  "terraform": "true"
                },
                "throughput": 0,
                "volume_id": "vol-03cf96204d832b65c",
                "volume_size": 60,
                "volume_type": "gp2"
              }
            ],
            "secondary_private_ips": [],
            "security_groups": [],
            "source_dest_check": true,
            "subnet_id": "subnet-00f770d0d020103c4",
            "tags": {
              "Author": "Jason.SC.Cheng",
              "Name": "bd1",
              "Team": "COD",
              "terraform": "true"
            },
            "tags_all": {
              "Author": "Jason.SC.Cheng",
              "Name": "bd1",
              "Team": "COD",
              "terraform": "true"
            },
            "tenancy": "default",
            "timeouts": null,
            "user_data": null,
            "user_data_base64": null,
            "user_data_replace_on_change": false,
            "volume_tags": null,
            "vpc_security_group_ids": [
              "sg-0d3eb37ef83a2dcf9"
            ]
          },
          "sensitive_attributes": [],
          "private": "eyJlMmJmYjczMC1lY2FhLTExZTYtOGY4OC0zNDM2M2JjN2M0YzAiOnsiY3JlYXRlIjo2MDAwMDAwMDAwMDAsImRlbGV0ZSI6MTIwMDAwMDAwMDAwMCwidXBkYXRlIjo2MDAwMDAwMDAwMDB9LCJzY2hlbWFfdmVyc2lvbiI6IjEifQ==",
          "dependencies": [
            "aws_key_pair.aws_key",
            "aws_security_group.sg-all",
            "data.aws_ami_ids.ami",
            "data.aws_ami_ids.ami_centos",
            "data.aws_availability_zones.available",
            "module.vpc.aws_subnet.public",
            "module.vpc.aws_vpc.this",
            "module.vpc.aws_vpc_ipv4_cidr_block_association.this",
            "tls_private_key.key"
          ]
        },
        {
          "index_key": 1,
          "schema_version": 1,
          "attributes": {
            "ami": "ami-036d0684fc96830ca",
            "arn": "arn:aws:ec2:ap-northeast-1:067494042988:instance/i-031a5b5a2fc4f797e",
            "associate_public_ip_address": true,
            "availability_zone": "ap-northeast-1a",
            "capacity_reservation_specification": [
              {
                "capacity_reservation_preference": "open",
                "capacity_reservation_target": []
              }
            ],
            "cpu_core_count": 1,
            "cpu_threads_per_core": 2,
            "credit_specification": [
              {
                "cpu_credits": "unlimited"
              }
            ],
            "disable_api_stop": false,
            "disable_api_termination": false,
            "ebs_block_device": [
              {
                "delete_on_termination": false,
                "device_name": "/dev/sdh",
                "encrypted": false,
                "iops": 100,
                "kms_key_id": "",
                "snapshot_id": "",
                "tags": {},
                "throughput": 0,
                "volume_id": "vol-000006d0052aa1b6d",
                "volume_size": 24,
                "volume_type": "gp2"
              }
            ],
            "ebs_optimized": false,
            "enclave_options": [
              {
                "enabled": false
              }
            ],
            "ephemeral_block_device": [],
            "get_password_data": false,
            "hibernation": false,
            "host_id": null,
            "host_resource_group_arn": null,
            "iam_instance_profile": "",
            "id": "i-031a5b5a2fc4f797e",
            "instance_initiated_shutdown_behavior": "stop",
            "instance_state": "running",
            "instance_type": "t3.medium",
            "ipv6_address_count": 0,
            "ipv6_addresses": [],
            "key_name": "bd",
            "launch_template": [],
            "maintenance_options": [
              {
                "auto_recovery": "default"
              }
            ],
            "metadata_options": [
              {
                "http_endpoint": "enabled",
                "http_put_response_hop_limit": 1,
                "http_tokens": "optional",
                "instance_metadata_tags": "disabled"
              }
            ],
            "monitoring": false,
            "network_interface": [],
            "outpost_arn": "",
            "password_data": "",
            "placement_group": "",
            "placement_partition_number": null,
            "primary_network_interface_id": "eni-0a1d70107900cda4a",
            "private_dns": "ip-10-0-0-34.ap-northeast-1.compute.internal",
            "private_dns_name_options": [
              {
                "enable_resource_name_dns_a_record": false,
                "enable_resource_name_dns_aaaa_record": false,
                "hostname_type": "ip-name"
              }
            ],
            "private_ip": "10.0.0.34",
            "public_dns": "",
            "public_ip": "54.249.194.63",
            "root_block_device": [
              {
                "delete_on_termination": true,
                "device_name": "/dev/sda1",
                "encrypted": false,
                "iops": 180,
                "kms_key_id": "",
                "tags": {
                  "Author": "Jason.SC.Cheng",
                  "Name": "bd-wrk2-ebs",
                  "Team": "COD",
                  "terraform": "true"
                },
                "throughput": 0,
                "volume_id": "vol-02fa007d22daac7bd",
                "volume_size": 60,
                "volume_type": "gp2"
              }
            ],
            "secondary_private_ips": [],
            "security_groups": [],
            "source_dest_check": true,
            "subnet_id": "subnet-00f770d0d020103c4",
            "tags": {
              "Author": "Jason.SC.Cheng",
              "Name": "bd2",
              "Team": "COD",
              "terraform": "true"
            },
            "tags_all": {
              "Author": "Jason.SC.Cheng",
              "Name": "bd2",
              "Team": "COD",
              "terraform": "true"
            },
            "tenancy": "default",
            "timeouts": null,
            "user_data": null,
            "user_data_base64": null,
            "user_data_replace_on_change": false,
            "volume_tags": null,
            "vpc_security_group_ids": [
              "sg-0d3eb37ef83a2dcf9"
            ]
          },
          "sensitive_attributes": [],
          "private": "eyJlMmJmYjczMC1lY2FhLTExZTYtOGY4OC0zNDM2M2JjN2M0YzAiOnsiY3JlYXRlIjo2MDAwMDAwMDAwMDAsImRlbGV0ZSI6MTIwMDAwMDAwMDAwMCwidXBkYXRlIjo2MDAwMDAwMDAwMDB9LCJzY2hlbWFfdmVyc2lvbiI6IjEifQ==",
          "dependencies": [
            "aws_key_pair.aws_key",
            "aws_security_group.sg-all",
            "data.aws_ami_ids.ami",
            "data.aws_ami_ids.ami_centos",
            "data.aws_availability_zones.available",
            "module.vpc.aws_subnet.public",
            "module.vpc.aws_vpc.this",
            "module.vpc.aws_vpc_ipv4_cidr_block_association.this",
            "tls_private_key.key"
          ]
        },
        {
          "index_key": 2,
          "schema_version": 1,
          "attributes": {
            "ami": "ami-036d0684fc96830ca",
            "arn": "arn:aws:ec2:ap-northeast-1:067494042988:instance/i-09934df237993576d",
            "associate_public_ip_address": true,
            "availability_zone": "ap-northeast-1a",
            "capacity_reservation_specification": [
              {
                "capacity_reservation_preference": "open",
                "capacity_reservation_target": []
              }
            ],
            "cpu_core_count": 1,
            "cpu_threads_per_core": 2,
            "credit_specification": [
              {
                "cpu_credits": "unlimited"
              }
            ],
            "disable_api_stop": false,
            "disable_api_termination": false,
            "ebs_block_device": [
              {
                "delete_on_termination": false,
                "device_name": "/dev/sdh",
                "encrypted": false,
                "iops": 100,
                "kms_key_id": "",
                "snapshot_id": "",
                "tags": {},
                "throughput": 0,
                "volume_id": "vol-038296788a131d57f",
                "volume_size": 24,
                "volume_type": "gp2"
              }
            ],
            "ebs_optimized": false,
            "enclave_options": [
              {
                "enabled": false
              }
            ],
            "ephemeral_block_device": [],
            "get_password_data": false,
            "hibernation": false,
            "host_id": null,
            "host_resource_group_arn": null,
            "iam_instance_profile": "",
            "id": "i-09934df237993576d",
            "instance_initiated_shutdown_behavior": "stop",
            "instance_state": "running",
            "instance_type": "t3.medium",
            "ipv6_address_count": 0,
            "ipv6_addresses": [],
            "key_name": "bd",
            "launch_template": [],
            "maintenance_options": [
              {
                "auto_recovery": "default"
              }
            ],
            "metadata_options": [
              {
                "http_endpoint": "enabled",
                "http_put_response_hop_limit": 1,
                "http_tokens": "optional",
                "instance_metadata_tags": "disabled"
              }
            ],
            "monitoring": false,
            "network_interface": [],
            "outpost_arn": "",
            "password_data": "",
            "placement_group": "",
            "placement_partition_number": null,
            "primary_network_interface_id": "eni-08c2b202df60e8111",
            "private_dns": "ip-10-0-0-38.ap-northeast-1.compute.internal",
            "private_dns_name_options": [
              {
                "enable_resource_name_dns_a_record": false,
                "enable_resource_name_dns_aaaa_record": false,
                "hostname_type": "ip-name"
              }
            ],
            "private_ip": "10.0.0.38",
            "public_dns": "",
            "public_ip": "18.179.13.32",
            "root_block_device": [
              {
                "delete_on_termination": true,
                "device_name": "/dev/sda1",
                "encrypted": false,
                "iops": 180,
                "kms_key_id": "",
                "tags": {
                  "Author": "Jason.SC.Cheng",
                  "Name": "bd-wrk3-ebs",
                  "Team": "COD",
                  "terraform": "true"
                },
                "throughput": 0,
                "volume_id": "vol-03abea681a4f82686",
                "volume_size": 60,
                "volume_type": "gp2"
              }
            ],
            "secondary_private_ips": [],
            "security_groups": [],
            "source_dest_check": true,
            "subnet_id": "subnet-00f770d0d020103c4",
            "tags": {
              "Author": "Jason.SC.Cheng",
              "Name": "bd3",
              "Team": "COD",
              "terraform": "true"
            },
            "tags_all": {
              "Author": "Jason.SC.Cheng",
              "Name": "bd3",
              "Team": "COD",
              "terraform": "true"
            },
            "tenancy": "default",
            "timeouts": null,
            "user_data": null,
            "user_data_base64": null,
            "user_data_replace_on_change": false,
            "volume_tags": null,
            "vpc_security_group_ids": [
              "sg-0d3eb37ef83a2dcf9"
            ]
          },
          "sensitive_attributes": [],
          "private": "eyJlMmJmYjczMC1lY2FhLTExZTYtOGY4OC0zNDM2M2JjN2M0YzAiOnsiY3JlYXRlIjo2MDAwMDAwMDAwMDAsImRlbGV0ZSI6MTIwMDAwMDAwMDAwMCwidXBkYXRlIjo2MDAwMDAwMDAwMDB9LCJzY2hlbWFfdmVyc2lvbiI6IjEifQ==",
          "dependencies": [
            "aws_key_pair.aws_key",
            "aws_security_group.sg-all",
            "data.aws_ami_ids.ami",
            "data.aws_ami_ids.ami_centos",
            "data.aws_availability_zones.available",
            "module.vpc.aws_subnet.public",
            "module.vpc.aws_vpc.this",
            "module.vpc.aws_vpc_ipv4_cidr_block_association.this",
            "tls_private_key.key"
          ]
        }
      ]
    },
    {
      "mode": "managed",
      "type": "aws_key_pair",
      "name": "aws_key",
      "provider": "provider[\"registry.terraform.io/hashicorp/aws\"]",
      "instances": [
        {
          "schema_version": 1,
          "attributes": {
            "arn": "arn:aws:ec2:ap-northeast-1:067494042988:key-pair/bd",
            "fingerprint": "fe:e7:88:10:39:ce:16:9d:9c:4f:57:1a:fa:73:92:f6",
            "id": "bd",
            "key_name": "bd",
            "key_name_prefix": "",
            "key_pair_id": "key-002f68b2ef7d82d66",
            "key_type": "rsa",
            "public_key": "ssh-rsa AAAAB3NzaC1yc2EAAAADAQABAAACAQDEFShUVZk8sOfEmCrO+qk1Ldw4Y9sIJ7+zIIhtHmQ5pKStUsZGg4xnnlaC8mQ5sChm1bd/AnnNdziMQonN7aklX6wE+5xZZXU1qlmSJdsIT/98tHchofhHYOFTwxFr8JdXaTgRJ+eQjkB7bnbdHGkKYyWKadfFSpdO7/FdfDQxpaE8Mn6A0ss0NEUm6kE4sEyQQNsJxY0XQcNatGQR1Rja4P4URaXeIc3PxuGVCR9RELoHzh/GHkBAM4ka05JswDvJ/A7R9NjwRel0HiRRZ2Ovl5FGiTbY9c+zTT3ePOw/Xpk5WvT55IGEvH24uBYxtvLAElq71uLMzfyK2PjJKwVTrMU3fX3RVRo1Xf7Irk7hXe11zKrgLNdLJCuvRTSl6843uDsMQklIewo8AKxYwpoaP6haSaM97wT5KNY/SqFxot2rOE6e7TCGPqgwvyCaUoOouZ6/JegdlhFDqNs6cJBhHOxRAcbWEVPEv/K7ttuj1Riwnr2KQV3w1vvi5ieyciyrr2eH1qg/prdBhXGH+AZYVb2OPrn4B1rKLxkLMiSWW1CTEu7rE2S9RnSxoW1Ggny9VWY7nmM9L3rkCtIMNtDsvynQfkm9xp099+WsZmL98Sb2i2v936eVoiYW4TgDJHwLrUPHzuWjn/BARIVCuzA5p/GkOtEHd6KRYupQjn0Xjw==",
            "tags": {
              "Author": "Jason.SC.Cheng",
              "Team": "COD",
              "terraform": "true"
            },
            "tags_all": {
              "Author": "Jason.SC.Cheng",
              "Team": "COD",
              "terraform": "true"
            }
          },
          "sensitive_attributes": [],
          "private": "eyJzY2hlbWFfdmVyc2lvbiI6IjEifQ==",
          "dependencies": [
            "tls_private_key.key"
          ]
        }
      ]
    },
    {
      "mode": "managed",
      "type": "aws_security_group",
      "name": "sg-all",
      "provider": "provider[\"registry.terraform.io/hashicorp/aws\"]",
      "instances": [
        {
          "schema_version": 1,
          "attributes": {
            "arn": "arn:aws:ec2:ap-northeast-1:067494042988:security-group/sg-0d3eb37ef83a2dcf9",
            "description": "Managed by Terraform",
            "egress": [
              {
                "cidr_blocks": [
                  "0.0.0.0/0"
                ],
                "description": "outbound",
                "from_port": 0,
                "ipv6_cidr_blocks": [
                  "::/0"
                ],
                "prefix_list_ids": [],
                "protocol": "-1",
                "security_groups": [],
                "self": false,
                "to_port": 0
              }
            ],
            "id": "sg-0d3eb37ef83a2dcf9",
            "ingress": [
              {
                "cidr_blocks": [
                  "10.0.0.0/26",
                  "10.0.0.64/26"
                ],
                "description": "internal",
                "from_port": 0,
                "ipv6_cidr_blocks": [],
                "prefix_list_ids": [],
                "protocol": "tcp",
                "security_groups": [],
                "self": false,
                "to_port": 65535
              },
              {
                "cidr_blocks": [
                  "118.163.108.246/32",
                  "220.130.164.120/32",
                  "61.216.155.110/32",
                  "118.163.58.7/32",
                  "61.216.155.110/32",
                  "123.194.138.73/32",
                  "3.73.140.118/32",
                  "59.124.119.126/32",
                  "220.130.164.120/32",
                  "220.130.164.120/32"
                ],
                "description": "all public",
                "from_port": 0,
                "ipv6_cidr_blocks": [],
                "prefix_list_ids": [],
                "protocol": "-1",
                "security_groups": [],
                "self": false,
                "to_port": 65535
              }
            ],
            "name": "bd-sg",
            "name_prefix": "",
            "owner_id": "067494042988",
            "revoke_rules_on_delete": false,
            "tags": {
              "Author": "Jason.SC.Cheng",
              "Name": "bd-sg",
              "Team": "COD",
              "terraform": "true"
            },
            "tags_all": {
              "Author": "Jason.SC.Cheng",
              "Name": "bd-sg",
              "Team": "COD",
              "terraform": "true"
            },
            "timeouts": null,
            "vpc_id": "vpc-02855c8173e2ecef3"
          },
          "sensitive_attributes": [],
          "private": "eyJlMmJmYjczMC1lY2FhLTExZTYtOGY4OC0zNDM2M2JjN2M0YzAiOnsiY3JlYXRlIjo2MDAwMDAwMDAwMDAsImRlbGV0ZSI6OTAwMDAwMDAwMDAwfSwic2NoZW1hX3ZlcnNpb24iOiIxIn0=",
          "dependencies": [
            "data.aws_availability_zones.available",
            "module.vpc.aws_subnet.public",
            "module.vpc.aws_vpc.this"
          ]
        }
      ]
    },
    {
      "mode": "managed",
      "type": "aws_volume_attachment",
      "name": "ebs_att",
      "provider": "provider[\"registry.terraform.io/hashicorp/aws\"]",
      "instances": [
        {
          "index_key": 0,
          "schema_version": 0,
          "attributes": {
            "device_name": "/dev/sdh",
            "force_detach": true,
            "id": "vai-2809209592",
            "instance_id": "i-0a6c154c52a2e2b63",
            "skip_destroy": null,
            "stop_instance_before_detaching": null,
            "timeouts": null,
            "volume_id": "vol-0e56b900864351133"
          },
          "sensitive_attributes": [],
          "private": "eyJlMmJmYjczMC1lY2FhLTExZTYtOGY4OC0zNDM2M2JjN2M0YzAiOnsiY3JlYXRlIjozMDAwMDAwMDAwMDAsImRlbGV0ZSI6MzAwMDAwMDAwMDAwfX0=",
          "dependencies": [
            "aws_ebs_volume.ebs",
            "aws_instance.instances",
            "aws_key_pair.aws_key",
            "aws_security_group.sg-all",
            "data.aws_ami_ids.ami",
            "data.aws_ami_ids.ami_centos",
            "data.aws_availability_zones.available",
            "module.vpc.aws_subnet.public",
            "module.vpc.aws_vpc.this",
            "module.vpc.aws_vpc_ipv4_cidr_block_association.this",
            "tls_private_key.key"
          ]
        },
        {
          "index_key": 1,
          "schema_version": 0,
          "attributes": {
            "device_name": "/dev/sdh",
            "force_detach": true,
            "id": "vai-208271207",
            "instance_id": "i-031a5b5a2fc4f797e",
            "skip_destroy": null,
            "stop_instance_before_detaching": null,
            "timeouts": null,
            "volume_id": "vol-000006d0052aa1b6d"
          },
          "sensitive_attributes": [],
          "private": "eyJlMmJmYjczMC1lY2FhLTExZTYtOGY4OC0zNDM2M2JjN2M0YzAiOnsiY3JlYXRlIjozMDAwMDAwMDAwMDAsImRlbGV0ZSI6MzAwMDAwMDAwMDAwfX0=",
          "dependencies": [
            "aws_ebs_volume.ebs",
            "aws_instance.instances",
            "aws_key_pair.aws_key",
            "aws_security_group.sg-all",
            "data.aws_ami_ids.ami",
            "data.aws_ami_ids.ami_centos",
            "data.aws_availability_zones.available",
            "module.vpc.aws_subnet.public",
            "module.vpc.aws_vpc.this",
            "module.vpc.aws_vpc_ipv4_cidr_block_association.this",
            "tls_private_key.key"
          ]
        },
        {
          "index_key": 2,
          "schema_version": 0,
          "attributes": {
            "device_name": "/dev/sdh",
            "force_detach": true,
            "id": "vai-105282664",
            "instance_id": "i-09934df237993576d",
            "skip_destroy": null,
            "stop_instance_before_detaching": null,
            "timeouts": null,
            "volume_id": "vol-038296788a131d57f"
          },
          "sensitive_attributes": [],
          "private": "eyJlMmJmYjczMC1lY2FhLTExZTYtOGY4OC0zNDM2M2JjN2M0YzAiOnsiY3JlYXRlIjozMDAwMDAwMDAwMDAsImRlbGV0ZSI6MzAwMDAwMDAwMDAwfX0=",
          "dependencies": [
            "aws_ebs_volume.ebs",
            "aws_instance.instances",
            "aws_key_pair.aws_key",
            "aws_security_group.sg-all",
            "data.aws_ami_ids.ami",
            "data.aws_ami_ids.ami_centos",
            "data.aws_availability_zones.available",
            "module.vpc.aws_subnet.public",
            "module.vpc.aws_vpc.this",
            "module.vpc.aws_vpc_ipv4_cidr_block_association.this",
            "tls_private_key.key"
          ]
        }
      ]
    },
    {
      "mode": "managed",
      "type": "local_file",
      "name": "ansible_cfg",
      "provider": "provider[\"registry.terraform.io/hashicorp/local\"]",
      "instances": [
        {
          "schema_version": 0,
          "attributes": {
            "content": "[defaults]\nprivate_key_file = ../terraform/bd.pem\ninventory = inventory/bd.inv\nhost_key_checking = False\nremote_User = ubuntu\npipelining = true\n\n[privilege_escalation]\nbecome_ask_pass = false\ntimeout = 30",
            "content_base64": null,
            "directory_permission": "0777",
            "file_permission": "0777",
            "filename": "../ansible/ansible.cfg",
            "id": "d8ceea0900b3be4a6a01cbadbcc7ec3c93c99565",
            "sensitive_content": null,
            "source": null
          },
          "sensitive_attributes": [],
          "private": "bnVsbA==",
          "dependencies": [
            "aws_instance.instances",
            "aws_key_pair.aws_key",
            "aws_security_group.sg-all",
            "data.aws_ami_ids.ami",
            "data.aws_ami_ids.ami_centos",
            "data.aws_availability_zones.available",
            "module.vpc.aws_subnet.public",
            "module.vpc.aws_vpc.this",
            "module.vpc.aws_vpc_ipv4_cidr_block_association.this",
            "tls_private_key.key"
          ]
        }
      ]
    },
    {
      "mode": "managed",
      "type": "local_file",
      "name": "ansible_groups_vars",
      "provider": "provider[\"registry.terraform.io/hashicorp/local\"]",
      "instances": [
        {
          "schema_version": 0,
          "attributes": {
            "content": "BASE_DIR: '/usr/local'\nRESOURCE_PREFIX: 'bd'\nENV_FILE_SOURCE: '/etc/profile'\nJAVA_HOME: '/usr/lib/jvm/java-11-openjdk-amd64'\nDOWNLOAD_URL_HBASE: 'https://dlcdn.apache.org/hbase/2.5.0/hbase-2.5.0-bin.tar.gz'\nDOWNLOAD_URL_HADOOP: 'https://downloads.apache.org/hadoop/common/hadoop-3.3.4/hadoop-3.3.4.tar.gz'\nDOWNLOAD_URL_ZK: 'https://dlcdn.apache.org/zookeeper/zookeeper-3.8.0/apache-zookeeper-3.8.0-bin.tar.gz'\nDOWNLOAD_URL_KAFKA: 'https://downloads.apache.org/kafka/3.3.1/kafka_2.12-3.3.1.tgz'\nHADOOP_HOME: '{{ BASE_DIR }}/hadoop'\nHBASE_HOME: '{{ BASE_DIR }}/hbase'\nZK_HOME: '{{ BASE_DIR }}/zk'\nKAFKA_HOME: '{{ BASE_DIR }}/kafka'\nCEPH_HOME: '/etc/ceph'\nCEPH_DATA: '/dev/ceph'\nKAFKA_UI_INTERNAL_PORT: '8087'\nKAFKA_UI_PORT: '30378'\nDATA_PATH: '/opt/data'\nDIR_DATA: '{{ DATA_PATH }}/dn'\nDIR_NAME: '{{ DATA_PATH }}/nn'\nK8S_USER: 'ubuntu'\nOS_USER: 'ubuntu'\nK8S_DEFAULE_NAMESPACE: 'default'\n# 如果自裝zk, 使用false; 或者用true, hbase會負責跑zookeeper\nHBASE_MANAGES_ZK: 'false'\nKAFKA_BROKER: 2\nDOCKER_REGISTRY: 'jasoncheng'\nDOCKER_USER: 'jasoncheng'\nDOCKER_PASS: 'dckr_pat_rfPcLh1ogXsajGfe8Es8trWUuis'\n# Ceph\nCEPHFS: 'cephfs'\nCEPHFS_CLIENT_FS: 'fs'\nCEPHFS_DATA: 'rbd'\nCEPHFS_CLIENT: 'csi'\nCEPH_RBD: 'k8s'\nCEPHFS_METADATA: 'rbd_metadata'",
            "content_base64": null,
            "directory_permission": "0777",
            "file_permission": "0777",
            "filename": "../ansible/group_vars/bd.yml",
            "id": "ee529bb75ecf58ac020f5c9beddf73828a7de287",
            "sensitive_content": null,
            "source": null
          },
          "sensitive_attributes": [],
          "private": "bnVsbA==",
          "dependencies": [
            "aws_instance.instances",
            "aws_key_pair.aws_key",
            "aws_security_group.sg-all",
            "data.aws_ami_ids.ami",
            "data.aws_ami_ids.ami_centos",
            "data.aws_availability_zones.available",
            "module.vpc.aws_subnet.public",
            "module.vpc.aws_vpc.this",
            "module.vpc.aws_vpc_ipv4_cidr_block_association.this",
            "tls_private_key.key"
          ]
        }
      ]
    },
    {
      "mode": "managed",
      "type": "local_file",
      "name": "ansible_inventory",
      "provider": "provider[\"registry.terraform.io/hashicorp/local\"]",
      "instances": [
        {
          "schema_version": 0,
          "attributes": {
            "content": "[bd:children]\nnamenode\ndatanode\nceph\nceph_adm\nceph_osd\nceph_mon\n\n[nodes]\nbd1 ansible_host=54.250.169.73 hostname='bd1' \nbd2 ansible_host=54.249.194.63 hostname='bd2' \nbd3 ansible_host=18.179.13.32 hostname='bd3' \n\n[namenode]\nbd1\n\n[datanode]\nbd1\nbd2\nbd3\n\n[regionservers]\nbd[1:3]\n\n[k8s]\nbd[1:3]\n\n[k8sM]\nbd[1:1]\n\n[k8sS]\n\nbd[2:3]\n\n\n[kafkaBroker]\nbd[1:3]\n\n[zk]\nbd[1:3]\n\n[builder]\nbd3\n\n[ceph]\nbd[1:3]\n\n[ceph_adm]\nbd1\n\n[ceph_mon]\nbd[1:3]\n\n[ceph_osd]\nbd[1:3]",
            "content_base64": null,
            "directory_permission": "0777",
            "file_permission": "0777",
            "filename": "../ansible/inventory/bd.inv",
            "id": "4d9b006a9f9b65f43fad3eab363cd95ed9500e0b",
            "sensitive_content": null,
            "source": null
          },
          "sensitive_attributes": [],
          "private": "bnVsbA==",
          "dependencies": [
            "aws_instance.instances"
          ]
        }
      ]
    },
    {
      "mode": "managed",
      "type": "local_file",
      "name": "pemFile",
      "provider": "provider[\"registry.terraform.io/hashicorp/local\"]",
      "instances": [
        {
          "schema_version": 0,
          "attributes": {
            "content": "-----BEGIN RSA PRIVATE KEY-----\nMIIJKAIBAAKCAgEAxBUoVFWZPLDnxJgqzvqpNS3cOGPbCCe/syCIbR5kOaSkrVLG\nRoOMZ55WgvJkObAoZtW3fwJ5zXc4jEKJze2pJV+sBPucWWV1NapZkiXbCE//fLR3\nIaH4R2DhU8MRa/CXV2k4ESfnkI5Ae2523RxpCmMlimnXxUqXTu/xXXw0MaWhPDJ+\ngNLLNDRFJupBOLBMkEDbCcWNF0HDWrRkEdUY2uD+FEWl3iHNz8bhlQkfURC6B84f\nxh5AQDOJGtOSbMA7yfwO0fTY8EXpdB4kUWdjr5eRRok22PXPs0093jzsP16ZOVr0\n+eSBhLx9uLgWMbbywBJau9bizM38itj4ySsFU6zFN3190VUaNV3+yK5O4V3tdcyq\n4CzXSyQrr0U0pevON7g7DEJJSHsKPACsWMKaGj+oWkmjPe8E+SjWP0qhcaLdqzhO\nnu0whj6oML8gmlKDqLmevyXoHZYRQ6jbOnCQYRzsUQHG1hFTxL/yu7bbo9UYsJ69\nikFd8Nb74uYnsnIsq69nh9aoP6a3QYVxh/gGWFW9jj65+Adayi8ZCzIklltQkxLu\n6xNkvUZ0saFtRoJ8vVVmO55jPS965ArSDDbQ7L8p0H5JvcadPfflrGZi/fEm9otr\n/d+nlaImFuE4AyR8C61Dx87lo5/wQESFQrswOafxpDrRB3eikWLqUI59F48CAwEA\nAQKCAgBPVZAfrxJ0786WSErpu5lCnu9/EUfJoOt6+iq4m5dJi0flqJv4Y7knI3U1\nPgU3IgL2uHmptcK6UwZaGYHQA9xv9qmOyo6TzO0DbY0YCKD6WAOy3QFmZjYiCxyf\n20jtN0bEYxoANvkGD8gfKK6G/7uwLDVAL1rRxEA7+/DYNiyX+b+mr3dnf+IfmRZx\njE4fNZWEt/jnlzpisoTr6hii7mlEBcxHP3bAzUSMUJdsyWgWUII0Lj3E1vCACVnr\ntLaFsbF/I7CLWll7vY2bIaboGMDIhraMp2+9kJccoJ/rjxK3APtVrWt4v+93WRw0\n5KZ2LuNAuyxi26qf2qfXNbpTCkj4wELWHyDCzPTOb3dNg5b0tKxl6/9GrSU6T7ky\nCZx2bp2oJ+5/aCtI16BmLJgnvWESuEI9xe56luoAX/p8rQmsSYnycgwoHArEJuCo\nF5XVQoQiI52FGjW5y5EB+5HdMgoGmBzyGiDfMjFWHrGqxJt84iAPyvm7uopVYcY2\nXFbmk5/TveQUSt8/gUqeNR4kkkugeIyhurqCeBH0MhDgBAlfkQkGa0r5V3pZic2n\nn1/sQjQY2LtfVh5eQ7NvLllX3Hsw4atDEaHeB5iiHgc9guP43mIOD4KWSBzl5cgE\nuaodxE+vtNvYjK1cxux0HuVHdpNVTj3mqf/isJ89igAgpK1X4QKCAQEA7oMUDMdz\nciWIfVoxPND6CmHdm8A0dp1OnWhAE52wtoFgz+k3nCcCCAQ5vqmFUEt2o31v3sll\nT7kbv/HXd90u2ULDJZWbKXlNoWteVNi6xxfd60ZkiMsVfy7DrRSo2FL1hzUCjGb+\nJ6mwGDWUTyh5gfLN6tI8qKL8xg/5qXoM6xkrAprFtA2XRGqTiN/QgwRLlzVlV88t\nXoe3un1L7fBkpfPgl1AyUNGYMaR7wzqHog2HeHkKyOPZfBnmdkg0ye4MF6Idr+Wj\nbngntF67u8m1e580tdNoNqdfFfVgR9YjmYLdxdJ6aeblpSawDEQAMMi+EpxHQcCr\n+VP858bA/wdmvQKCAQEA0nWrtHWfwKqmbPb0aHNbpd5d6ZPK6UfbCQb/yq/J9vgz\nRFI5JXh/9loaE2BbItK2XZjNrwxajxwP+v7uEJJad9QtbnRUqu8Fxtw1i7SdKBTl\nG4HwVs0No0/j6/t34DtUKVubAjmPW7Lh8wH+/Q2iJDe/TJnK6PV/0wU+ScvbQoF0\napwn07YraQmHBf0Y9rl/hA2kD8XccANXntiqorBux3fjwbLV7oZ34JIZPe/mq+kF\nd2Wtyb3BDzwyvYHdZL84RVKXYPAiv7tVdMCQGbBhCUFaFz2fGHX6qd6CcsZ6phG9\nhRYcddBsw0f4TVOyV3p76mq/uHg70lJOG0+jIc2yOwKCAQA8nuIssVDdVT7QpWjY\nTUEP/HnHyV1MPIUrqsCGe9DbQhzqGxuAO8XfZbuLgyiYFOYNfac+V6/BSIoOChi6\npWPv4nEZD2JFc0hQ26o5JHCsg5tq3hRVVFCdZ7RiPFsByGwRNl70coTsbcuNC6kr\nSV1Aswa1RUQXlH1slcjd02CPLHFrEw1mywGEaRYgdspXUnMn9nFQlR6x5QrEgm4X\nBr9+EnMl4kM3mV32WBkAsNKiVI/3BcTA9HBlg2u46ndIT5GRPCoRd+tG+5ET3fQX\nMZhH2FocUKQvJ/EZ8qjK+VlI/iMB0ZI9cmsxw5iBNZNa0trEfiX6R08uarNf8XtC\nFo59AoIBAHBYMBhc0bJfZge0rDM1oS6hzS/qnN56ZQokmlbwD7euNm+6FJdUA7rV\nziWZwgyMvpyn/OP8jDrol/88JojiFzjwInBb2PaGMWc+FbdF6r6CqOpOKqWrQCR1\neQ13Zz5jbUHGjLBbWZNxofu+jQc4R91dhNi3IAHLSziyC9YI5DpUMHjYcsoo7HNd\nip4/xRuvWcp8HZ/t1wZUQmmg7zV5SSlhbkrv1BNH5KYUVzUg4tnRwgFCXcrbaDth\nvxQ6RpyJFtiqhfRRO7ttnOh+Am40IRh3skfFtS+xiuUyyh/Ko54SykBI1VhusiBs\nQrfEfecEkzFHWqB2TjivhtI9aK+axhECggEBAJbc8aYgwRB6PdMRwD5ngjDGx0uu\nSOq1gBBsXZmsEYdq3pfXWOmYm/DV7Pj0ZOkvGVnD07RU9kbmnwb7Bvl+wvpBvM6d\nrgAROX1iAKDBTEzM5FOMVjQ1kkjObG12FWuI2EtGWT+pyCkOay6kL+ndZ9nWAmtt\ns9HxZUwszKaTcaQceDomWSxlI76sBLmnSZMS29PLRuKzGCsVz6XnV9o7R6yw3oj1\nV+7oPrExa5aB98/mDN9jISLppZ4OGXhLc4GkQI6M/3gtJbRu6dp3AyMfUJx6wjUp\nBdr78ysmg+mVp/LouZDEweOmPAiXdzpkX25Xh9dQumSwaSKAczO+P7hKFkc=\n-----END RSA PRIVATE KEY-----\n",
            "content_base64": null,
            "directory_permission": "0777",
            "file_permission": "600",
            "filename": "bd.pem",
            "id": "ea57e989cc646796d07a955a2d9eb7361a1ef7bf",
            "sensitive_content": null,
            "source": null
          },
          "sensitive_attributes": [
            [
              {
                "type": "get_attr",
                "value": "content"
              }
            ]
          ],
          "private": "bnVsbA==",
          "dependencies": [
            "tls_private_key.key"
          ]
        }
      ]
    },
    {
      "mode": "managed",
      "type": "local_file",
      "name": "publicKey",
      "provider": "provider[\"registry.terraform.io/hashicorp/local\"]",
      "instances": [
        {
          "schema_version": 0,
          "attributes": {
            "content": "ssh-rsa AAAAB3NzaC1yc2EAAAADAQABAAACAQDEFShUVZk8sOfEmCrO+qk1Ldw4Y9sIJ7+zIIhtHmQ5pKStUsZGg4xnnlaC8mQ5sChm1bd/AnnNdziMQonN7aklX6wE+5xZZXU1qlmSJdsIT/98tHchofhHYOFTwxFr8JdXaTgRJ+eQjkB7bnbdHGkKYyWKadfFSpdO7/FdfDQxpaE8Mn6A0ss0NEUm6kE4sEyQQNsJxY0XQcNatGQR1Rja4P4URaXeIc3PxuGVCR9RELoHzh/GHkBAM4ka05JswDvJ/A7R9NjwRel0HiRRZ2Ovl5FGiTbY9c+zTT3ePOw/Xpk5WvT55IGEvH24uBYxtvLAElq71uLMzfyK2PjJKwVTrMU3fX3RVRo1Xf7Irk7hXe11zKrgLNdLJCuvRTSl6843uDsMQklIewo8AKxYwpoaP6haSaM97wT5KNY/SqFxot2rOE6e7TCGPqgwvyCaUoOouZ6/JegdlhFDqNs6cJBhHOxRAcbWEVPEv/K7ttuj1Riwnr2KQV3w1vvi5ieyciyrr2eH1qg/prdBhXGH+AZYVb2OPrn4B1rKLxkLMiSWW1CTEu7rE2S9RnSxoW1Ggny9VWY7nmM9L3rkCtIMNtDsvynQfkm9xp099+WsZmL98Sb2i2v936eVoiYW4TgDJHwLrUPHzuWjn/BARIVCuzA5p/GkOtEHd6KRYupQjn0Xjw==\n",
            "content_base64": null,
            "directory_permission": "0777",
            "file_permission": "600",
            "filename": "bd.pub",
            "id": "2c8bf6a216c0033135093abc14c4f472a2828bab",
            "sensitive_content": null,
            "source": null
          },
          "sensitive_attributes": [],
          "private": "bnVsbA==",
          "dependencies": [
            "tls_private_key.key"
          ]
        }
      ]
    },
    {
      "mode": "managed",
      "type": "tls_private_key",
      "name": "key",
      "provider": "provider[\"registry.terraform.io/hashicorp/tls\"]",
      "instances": [
        {
          "schema_version": 1,
          "attributes": {
            "algorithm": "RSA",
            "ecdsa_curve": "P224",
            "id": "12240a3e8323f410dbdeb6af642975ca323f495d",
            "private_key_openssh": "-----BEGIN OPENSSH PRIVATE KEY-----\nb3BlbnNzaC1rZXktdjEAAAAABG5vbmUAAAAEbm9uZQAAAAAAAAABAAACFwAAAAdz\nc2gtcnNhAAAAAwEAAQAAAgEAxBUoVFWZPLDnxJgqzvqpNS3cOGPbCCe/syCIbR5k\nOaSkrVLGRoOMZ55WgvJkObAoZtW3fwJ5zXc4jEKJze2pJV+sBPucWWV1NapZkiXb\nCE//fLR3IaH4R2DhU8MRa/CXV2k4ESfnkI5Ae2523RxpCmMlimnXxUqXTu/xXXw0\nMaWhPDJ+gNLLNDRFJupBOLBMkEDbCcWNF0HDWrRkEdUY2uD+FEWl3iHNz8bhlQkf\nURC6B84fxh5AQDOJGtOSbMA7yfwO0fTY8EXpdB4kUWdjr5eRRok22PXPs0093jzs\nP16ZOVr0+eSBhLx9uLgWMbbywBJau9bizM38itj4ySsFU6zFN3190VUaNV3+yK5O\n4V3tdcyq4CzXSyQrr0U0pevON7g7DEJJSHsKPACsWMKaGj+oWkmjPe8E+SjWP0qh\ncaLdqzhOnu0whj6oML8gmlKDqLmevyXoHZYRQ6jbOnCQYRzsUQHG1hFTxL/yu7bb\no9UYsJ69ikFd8Nb74uYnsnIsq69nh9aoP6a3QYVxh/gGWFW9jj65+Adayi8ZCzIk\nlltQkxLu6xNkvUZ0saFtRoJ8vVVmO55jPS965ArSDDbQ7L8p0H5JvcadPfflrGZi\n/fEm9otr/d+nlaImFuE4AyR8C61Dx87lo5/wQESFQrswOafxpDrRB3eikWLqUI59\nF48AAAc4g6mib4Opom8AAAAHc3NoLXJzYQAAAgEAxBUoVFWZPLDnxJgqzvqpNS3c\nOGPbCCe/syCIbR5kOaSkrVLGRoOMZ55WgvJkObAoZtW3fwJ5zXc4jEKJze2pJV+s\nBPucWWV1NapZkiXbCE//fLR3IaH4R2DhU8MRa/CXV2k4ESfnkI5Ae2523RxpCmMl\nimnXxUqXTu/xXXw0MaWhPDJ+gNLLNDRFJupBOLBMkEDbCcWNF0HDWrRkEdUY2uD+\nFEWl3iHNz8bhlQkfURC6B84fxh5AQDOJGtOSbMA7yfwO0fTY8EXpdB4kUWdjr5eR\nRok22PXPs0093jzsP16ZOVr0+eSBhLx9uLgWMbbywBJau9bizM38itj4ySsFU6zF\nN3190VUaNV3+yK5O4V3tdcyq4CzXSyQrr0U0pevON7g7DEJJSHsKPACsWMKaGj+o\nWkmjPe8E+SjWP0qhcaLdqzhOnu0whj6oML8gmlKDqLmevyXoHZYRQ6jbOnCQYRzs\nUQHG1hFTxL/yu7bbo9UYsJ69ikFd8Nb74uYnsnIsq69nh9aoP6a3QYVxh/gGWFW9\njj65+Adayi8ZCzIklltQkxLu6xNkvUZ0saFtRoJ8vVVmO55jPS965ArSDDbQ7L8p\n0H5JvcadPfflrGZi/fEm9otr/d+nlaImFuE4AyR8C61Dx87lo5/wQESFQrswOafx\npDrRB3eikWLqUI59F48AAAADAQABAAACAE9VkB+vEnTvzpZISum7mUKe738RR8mg\n63r6Kribl0mLR+Wom/hjuScjdTU+BTciAva4eam1wrpTBloZgdAD3G/2qY7KjpPM\n7QNtjRgIoPpYA7LdAWZmNiILHJ/bSO03RsRjGgA2+QYPyB8orob/u7AsNUAvWtHE\nQDv78Ng2LJf5v6avd2d/4h+ZFnGMTh81lYS3+OeXOmKyhOvqGKLuaUQFzEc/dsDN\nRIxQl2zJaBZQgjQuPcTW8IAJWeu0toWxsX8jsItaWXu9jZshpugYwMiGtoynb72Q\nlxygn+uPErcA+1Wta3i/73dZHDTkpnYu40C7LGLbqp/ap9c1ulMKSPjAQtYfIMLM\n9M5vd02DlvS0rGXr/0atJTpPuTIJnHZunagn7n9oK0jXoGYsmCe9YRK4Qj3F7nqW\n6gBf+nytCaxJifJyDCgcCsQm4KgXldVChCIjnYUaNbnLkQH7kd0yCgaYHPIaIN8y\nMVYesarEm3ziIA/K+bu6ilVhxjZcVuaTn9O95BRK3z+BSp41HiSSS6B4jKG6uoJ4\nEfQyEOAECV+RCQZrSvlXelmJzaefX+xCNBjYu19WHl5Ds28uWVfcezDhq0MRod4H\nmKIeBz2C4/jeYg4PgpZIHOXlyAS5qh3ET6+029iMrVzG7HQe5Ud2k1VOPeap/+Kw\nnz2KACCkrVfhAAABAQCW3PGmIMEQej3TEcA+Z4IwxsdLrkjqtYAQbF2ZrBGHat6X\n11jpmJvw1ez49GTpLxlZw9O0VPZG5p8G+wb5fsL6QbzOna4AETl9YgCgwUxMzORT\njFY0NZJIzmxtdhVriNhLRlk/qcgpDmsupC/p3WfZ1gJrbbPR8WVMLMymk3GkHHg6\nJlksZSO+rAS5p0mTEtvTy0bisxgrFc+l51faO0essN6I9Vfu6D6xMWuWgffP5gzf\nYyEi6aWeDhl4S3OBpECOjP94LSW0bunadwMjH1CcesI1KQXa+/MrJoPplafy6LmQ\nxMHjpjwIl3c6ZF9uV4fXULpksGkigHMzvj+4ShZHAAABAQDugxQMx3NyJYh9WjE8\n0PoKYd2bwDR2nU6daEATnbC2gWDP6TecJwIIBDm+qYVQS3ajfW/eyWVPuRu/8dd3\n3S7ZQsMllZspeU2ha15U2LrHF93rRmSIyxV/LsOtFKjYUvWHNQKMZv4nqbAYNZRP\nKHmB8s3q0jyoovzGD/mpegzrGSsCmsW0DZdEapOI39CDBEuXNWVXzy1eh7e6fUvt\n8GSl8+CXUDJQ0ZgxpHvDOoeiDYd4eQrI49l8GeZ2SDTJ7gwXoh2v5aNueCe0Xru7\nybV7nzS102g2p18V9WBH1iOZgt3F0npp5uWlJrAMRAAwyL4SnEdBwKv5U/znxsD/\nB2a9AAABAQDSdau0dZ/AqqZs9vRoc1ul3l3pk8rpR9sJBv/Kr8n2+DNEUjkleH/2\nWhoTYFsi0rZdmM2vDFqPHA/6/u4Qklp31C1udFSq7wXG3DWLtJ0oFOUbgfBWzQ2j\nT+Pr+3fgO1QpW5sCOY9bsuHzAf79DaIkN79Mmcro9X/TBT5Jy9tCgXRqnCfTtitp\nCYcF/Rj2uX+EDaQPxdxwA1ee2KqisG7Hd+PBstXuhnfgkhk97+ar6QV3Za3JvcEP\nPDK9gd1kvzhFUpdg8CK/u1V0wJAZsGEJQVoXPZ8Ydfqp3oJyxnqmEb2FFhx10GzD\nR/hNU7JXenvqar+4eDvSUk4bT6MhzbI7AAAAAAEC\n-----END OPENSSH PRIVATE KEY-----\n",
            "private_key_pem": "-----BEGIN RSA PRIVATE KEY-----\nMIIJKAIBAAKCAgEAxBUoVFWZPLDnxJgqzvqpNS3cOGPbCCe/syCIbR5kOaSkrVLG\nRoOMZ55WgvJkObAoZtW3fwJ5zXc4jEKJze2pJV+sBPucWWV1NapZkiXbCE//fLR3\nIaH4R2DhU8MRa/CXV2k4ESfnkI5Ae2523RxpCmMlimnXxUqXTu/xXXw0MaWhPDJ+\ngNLLNDRFJupBOLBMkEDbCcWNF0HDWrRkEdUY2uD+FEWl3iHNz8bhlQkfURC6B84f\nxh5AQDOJGtOSbMA7yfwO0fTY8EXpdB4kUWdjr5eRRok22PXPs0093jzsP16ZOVr0\n+eSBhLx9uLgWMbbywBJau9bizM38itj4ySsFU6zFN3190VUaNV3+yK5O4V3tdcyq\n4CzXSyQrr0U0pevON7g7DEJJSHsKPACsWMKaGj+oWkmjPe8E+SjWP0qhcaLdqzhO\nnu0whj6oML8gmlKDqLmevyXoHZYRQ6jbOnCQYRzsUQHG1hFTxL/yu7bbo9UYsJ69\nikFd8Nb74uYnsnIsq69nh9aoP6a3QYVxh/gGWFW9jj65+Adayi8ZCzIklltQkxLu\n6xNkvUZ0saFtRoJ8vVVmO55jPS965ArSDDbQ7L8p0H5JvcadPfflrGZi/fEm9otr\n/d+nlaImFuE4AyR8C61Dx87lo5/wQESFQrswOafxpDrRB3eikWLqUI59F48CAwEA\nAQKCAgBPVZAfrxJ0786WSErpu5lCnu9/EUfJoOt6+iq4m5dJi0flqJv4Y7knI3U1\nPgU3IgL2uHmptcK6UwZaGYHQA9xv9qmOyo6TzO0DbY0YCKD6WAOy3QFmZjYiCxyf\n20jtN0bEYxoANvkGD8gfKK6G/7uwLDVAL1rRxEA7+/DYNiyX+b+mr3dnf+IfmRZx\njE4fNZWEt/jnlzpisoTr6hii7mlEBcxHP3bAzUSMUJdsyWgWUII0Lj3E1vCACVnr\ntLaFsbF/I7CLWll7vY2bIaboGMDIhraMp2+9kJccoJ/rjxK3APtVrWt4v+93WRw0\n5KZ2LuNAuyxi26qf2qfXNbpTCkj4wELWHyDCzPTOb3dNg5b0tKxl6/9GrSU6T7ky\nCZx2bp2oJ+5/aCtI16BmLJgnvWESuEI9xe56luoAX/p8rQmsSYnycgwoHArEJuCo\nF5XVQoQiI52FGjW5y5EB+5HdMgoGmBzyGiDfMjFWHrGqxJt84iAPyvm7uopVYcY2\nXFbmk5/TveQUSt8/gUqeNR4kkkugeIyhurqCeBH0MhDgBAlfkQkGa0r5V3pZic2n\nn1/sQjQY2LtfVh5eQ7NvLllX3Hsw4atDEaHeB5iiHgc9guP43mIOD4KWSBzl5cgE\nuaodxE+vtNvYjK1cxux0HuVHdpNVTj3mqf/isJ89igAgpK1X4QKCAQEA7oMUDMdz\nciWIfVoxPND6CmHdm8A0dp1OnWhAE52wtoFgz+k3nCcCCAQ5vqmFUEt2o31v3sll\nT7kbv/HXd90u2ULDJZWbKXlNoWteVNi6xxfd60ZkiMsVfy7DrRSo2FL1hzUCjGb+\nJ6mwGDWUTyh5gfLN6tI8qKL8xg/5qXoM6xkrAprFtA2XRGqTiN/QgwRLlzVlV88t\nXoe3un1L7fBkpfPgl1AyUNGYMaR7wzqHog2HeHkKyOPZfBnmdkg0ye4MF6Idr+Wj\nbngntF67u8m1e580tdNoNqdfFfVgR9YjmYLdxdJ6aeblpSawDEQAMMi+EpxHQcCr\n+VP858bA/wdmvQKCAQEA0nWrtHWfwKqmbPb0aHNbpd5d6ZPK6UfbCQb/yq/J9vgz\nRFI5JXh/9loaE2BbItK2XZjNrwxajxwP+v7uEJJad9QtbnRUqu8Fxtw1i7SdKBTl\nG4HwVs0No0/j6/t34DtUKVubAjmPW7Lh8wH+/Q2iJDe/TJnK6PV/0wU+ScvbQoF0\napwn07YraQmHBf0Y9rl/hA2kD8XccANXntiqorBux3fjwbLV7oZ34JIZPe/mq+kF\nd2Wtyb3BDzwyvYHdZL84RVKXYPAiv7tVdMCQGbBhCUFaFz2fGHX6qd6CcsZ6phG9\nhRYcddBsw0f4TVOyV3p76mq/uHg70lJOG0+jIc2yOwKCAQA8nuIssVDdVT7QpWjY\nTUEP/HnHyV1MPIUrqsCGe9DbQhzqGxuAO8XfZbuLgyiYFOYNfac+V6/BSIoOChi6\npWPv4nEZD2JFc0hQ26o5JHCsg5tq3hRVVFCdZ7RiPFsByGwRNl70coTsbcuNC6kr\nSV1Aswa1RUQXlH1slcjd02CPLHFrEw1mywGEaRYgdspXUnMn9nFQlR6x5QrEgm4X\nBr9+EnMl4kM3mV32WBkAsNKiVI/3BcTA9HBlg2u46ndIT5GRPCoRd+tG+5ET3fQX\nMZhH2FocUKQvJ/EZ8qjK+VlI/iMB0ZI9cmsxw5iBNZNa0trEfiX6R08uarNf8XtC\nFo59AoIBAHBYMBhc0bJfZge0rDM1oS6hzS/qnN56ZQokmlbwD7euNm+6FJdUA7rV\nziWZwgyMvpyn/OP8jDrol/88JojiFzjwInBb2PaGMWc+FbdF6r6CqOpOKqWrQCR1\neQ13Zz5jbUHGjLBbWZNxofu+jQc4R91dhNi3IAHLSziyC9YI5DpUMHjYcsoo7HNd\nip4/xRuvWcp8HZ/t1wZUQmmg7zV5SSlhbkrv1BNH5KYUVzUg4tnRwgFCXcrbaDth\nvxQ6RpyJFtiqhfRRO7ttnOh+Am40IRh3skfFtS+xiuUyyh/Ko54SykBI1VhusiBs\nQrfEfecEkzFHWqB2TjivhtI9aK+axhECggEBAJbc8aYgwRB6PdMRwD5ngjDGx0uu\nSOq1gBBsXZmsEYdq3pfXWOmYm/DV7Pj0ZOkvGVnD07RU9kbmnwb7Bvl+wvpBvM6d\nrgAROX1iAKDBTEzM5FOMVjQ1kkjObG12FWuI2EtGWT+pyCkOay6kL+ndZ9nWAmtt\ns9HxZUwszKaTcaQceDomWSxlI76sBLmnSZMS29PLRuKzGCsVz6XnV9o7R6yw3oj1\nV+7oPrExa5aB98/mDN9jISLppZ4OGXhLc4GkQI6M/3gtJbRu6dp3AyMfUJx6wjUp\nBdr78ysmg+mVp/LouZDEweOmPAiXdzpkX25Xh9dQumSwaSKAczO+P7hKFkc=\n-----END RSA PRIVATE KEY-----\n",
            "private_key_pem_pkcs8": "-----BEGIN PRIVATE KEY-----\nMIIJQgIBADANBgkqhkiG9w0BAQEFAASCCSwwggkoAgEAAoICAQDEFShUVZk8sOfE\nmCrO+qk1Ldw4Y9sIJ7+zIIhtHmQ5pKStUsZGg4xnnlaC8mQ5sChm1bd/AnnNdziM\nQonN7aklX6wE+5xZZXU1qlmSJdsIT/98tHchofhHYOFTwxFr8JdXaTgRJ+eQjkB7\nbnbdHGkKYyWKadfFSpdO7/FdfDQxpaE8Mn6A0ss0NEUm6kE4sEyQQNsJxY0XQcNa\ntGQR1Rja4P4URaXeIc3PxuGVCR9RELoHzh/GHkBAM4ka05JswDvJ/A7R9NjwRel0\nHiRRZ2Ovl5FGiTbY9c+zTT3ePOw/Xpk5WvT55IGEvH24uBYxtvLAElq71uLMzfyK\n2PjJKwVTrMU3fX3RVRo1Xf7Irk7hXe11zKrgLNdLJCuvRTSl6843uDsMQklIewo8\nAKxYwpoaP6haSaM97wT5KNY/SqFxot2rOE6e7TCGPqgwvyCaUoOouZ6/JegdlhFD\nqNs6cJBhHOxRAcbWEVPEv/K7ttuj1Riwnr2KQV3w1vvi5ieyciyrr2eH1qg/prdB\nhXGH+AZYVb2OPrn4B1rKLxkLMiSWW1CTEu7rE2S9RnSxoW1Ggny9VWY7nmM9L3rk\nCtIMNtDsvynQfkm9xp099+WsZmL98Sb2i2v936eVoiYW4TgDJHwLrUPHzuWjn/BA\nRIVCuzA5p/GkOtEHd6KRYupQjn0XjwIDAQABAoICAE9VkB+vEnTvzpZISum7mUKe\n738RR8mg63r6Kribl0mLR+Wom/hjuScjdTU+BTciAva4eam1wrpTBloZgdAD3G/2\nqY7KjpPM7QNtjRgIoPpYA7LdAWZmNiILHJ/bSO03RsRjGgA2+QYPyB8orob/u7As\nNUAvWtHEQDv78Ng2LJf5v6avd2d/4h+ZFnGMTh81lYS3+OeXOmKyhOvqGKLuaUQF\nzEc/dsDNRIxQl2zJaBZQgjQuPcTW8IAJWeu0toWxsX8jsItaWXu9jZshpugYwMiG\ntoynb72Qlxygn+uPErcA+1Wta3i/73dZHDTkpnYu40C7LGLbqp/ap9c1ulMKSPjA\nQtYfIMLM9M5vd02DlvS0rGXr/0atJTpPuTIJnHZunagn7n9oK0jXoGYsmCe9YRK4\nQj3F7nqW6gBf+nytCaxJifJyDCgcCsQm4KgXldVChCIjnYUaNbnLkQH7kd0yCgaY\nHPIaIN8yMVYesarEm3ziIA/K+bu6ilVhxjZcVuaTn9O95BRK3z+BSp41HiSSS6B4\njKG6uoJ4EfQyEOAECV+RCQZrSvlXelmJzaefX+xCNBjYu19WHl5Ds28uWVfcezDh\nq0MRod4HmKIeBz2C4/jeYg4PgpZIHOXlyAS5qh3ET6+029iMrVzG7HQe5Ud2k1VO\nPeap/+Kwnz2KACCkrVfhAoIBAQDugxQMx3NyJYh9WjE80PoKYd2bwDR2nU6daEAT\nnbC2gWDP6TecJwIIBDm+qYVQS3ajfW/eyWVPuRu/8dd33S7ZQsMllZspeU2ha15U\n2LrHF93rRmSIyxV/LsOtFKjYUvWHNQKMZv4nqbAYNZRPKHmB8s3q0jyoovzGD/mp\negzrGSsCmsW0DZdEapOI39CDBEuXNWVXzy1eh7e6fUvt8GSl8+CXUDJQ0ZgxpHvD\nOoeiDYd4eQrI49l8GeZ2SDTJ7gwXoh2v5aNueCe0Xru7ybV7nzS102g2p18V9WBH\n1iOZgt3F0npp5uWlJrAMRAAwyL4SnEdBwKv5U/znxsD/B2a9AoIBAQDSdau0dZ/A\nqqZs9vRoc1ul3l3pk8rpR9sJBv/Kr8n2+DNEUjkleH/2WhoTYFsi0rZdmM2vDFqP\nHA/6/u4Qklp31C1udFSq7wXG3DWLtJ0oFOUbgfBWzQ2jT+Pr+3fgO1QpW5sCOY9b\nsuHzAf79DaIkN79Mmcro9X/TBT5Jy9tCgXRqnCfTtitpCYcF/Rj2uX+EDaQPxdxw\nA1ee2KqisG7Hd+PBstXuhnfgkhk97+ar6QV3Za3JvcEPPDK9gd1kvzhFUpdg8CK/\nu1V0wJAZsGEJQVoXPZ8Ydfqp3oJyxnqmEb2FFhx10GzDR/hNU7JXenvqar+4eDvS\nUk4bT6MhzbI7AoIBADye4iyxUN1VPtClaNhNQQ/8ecfJXUw8hSuqwIZ70NtCHOob\nG4A7xd9lu4uDKJgU5g19pz5Xr8FIig4KGLqlY+/icRkPYkVzSFDbqjkkcKyDm2re\nFFVUUJ1ntGI8WwHIbBE2XvRyhOxty40LqStJXUCzBrVFRBeUfWyVyN3TYI8scWsT\nDWbLAYRpFiB2yldScyf2cVCVHrHlCsSCbhcGv34ScyXiQzeZXfZYGQCw0qJUj/cF\nxMD0cGWDa7jqd0hPkZE8KhF360b7kRPd9BcxmEfYWhxQpC8n8RnyqMr5WUj+IwHR\nkj1yazHDmIE1k1rS2sR+JfpHTy5qs1/xe0IWjn0CggEAcFgwGFzRsl9mB7SsMzWh\nLqHNL+qc3nplCiSaVvAPt642b7oUl1QDutXOJZnCDIy+nKf84/yMOuiX/zwmiOIX\nOPAicFvY9oYxZz4Vt0XqvoKo6k4qpatAJHV5DXdnPmNtQcaMsFtZk3Gh+76NBzhH\n3V2E2LcgActLOLIL1gjkOlQweNhyyijsc12Knj/FG69Zynwdn+3XBlRCaaDvNXlJ\nKWFuSu/UE0fkphRXNSDi2dHCAUJdyttoO2G/FDpGnIkW2KqF9FE7u22c6H4CbjQh\nGHeyR8W1L7GK5TLKH8qjnhLKQEjVWG6yIGxCt8R95wSTMUdaoHZOOK+G0j1or5rG\nEQKCAQEAltzxpiDBEHo90xHAPmeCMMbHS65I6rWAEGxdmawRh2rel9dY6Zib8NXs\n+PRk6S8ZWcPTtFT2RuafBvsG+X7C+kG8zp2uABE5fWIAoMFMTMzkU4xWNDWSSM5s\nbXYVa4jYS0ZZP6nIKQ5rLqQv6d1n2dYCa22z0fFlTCzMppNxpBx4OiZZLGUjvqwE\nuadJkxLb08tG4rMYKxXPpedX2jtHrLDeiPVX7ug+sTFrloH3z+YM32MhIumlng4Z\neEtzgaRAjoz/eC0ltG7p2ncDIx9QnHrCNSkF2vvzKyaD6ZWn8ui5kMTB46Y8CJd3\nOmRfbleH11C6ZLBpIoBzM74/uEoWRw==\n-----END PRIVATE KEY-----\n",
            "public_key_fingerprint_md5": "a3:ae:fc:ba:8f:18:27:41:fb:65:67:4c:94:dc:00:03",
            "public_key_fingerprint_sha256": "SHA256:rajfbXKgcVreMnC8VXzV8gmrm6YZSE/eKvD/RcXOxnM",
            "public_key_openssh": "ssh-rsa AAAAB3NzaC1yc2EAAAADAQABAAACAQDEFShUVZk8sOfEmCrO+qk1Ldw4Y9sIJ7+zIIhtHmQ5pKStUsZGg4xnnlaC8mQ5sChm1bd/AnnNdziMQonN7aklX6wE+5xZZXU1qlmSJdsIT/98tHchofhHYOFTwxFr8JdXaTgRJ+eQjkB7bnbdHGkKYyWKadfFSpdO7/FdfDQxpaE8Mn6A0ss0NEUm6kE4sEyQQNsJxY0XQcNatGQR1Rja4P4URaXeIc3PxuGVCR9RELoHzh/GHkBAM4ka05JswDvJ/A7R9NjwRel0HiRRZ2Ovl5FGiTbY9c+zTT3ePOw/Xpk5WvT55IGEvH24uBYxtvLAElq71uLMzfyK2PjJKwVTrMU3fX3RVRo1Xf7Irk7hXe11zKrgLNdLJCuvRTSl6843uDsMQklIewo8AKxYwpoaP6haSaM97wT5KNY/SqFxot2rOE6e7TCGPqgwvyCaUoOouZ6/JegdlhFDqNs6cJBhHOxRAcbWEVPEv/K7ttuj1Riwnr2KQV3w1vvi5ieyciyrr2eH1qg/prdBhXGH+AZYVb2OPrn4B1rKLxkLMiSWW1CTEu7rE2S9RnSxoW1Ggny9VWY7nmM9L3rkCtIMNtDsvynQfkm9xp099+WsZmL98Sb2i2v936eVoiYW4TgDJHwLrUPHzuWjn/BARIVCuzA5p/GkOtEHd6KRYupQjn0Xjw==\n",
            "public_key_pem": "-----BEGIN PUBLIC KEY-----\nMIICIjANBgkqhkiG9w0BAQEFAAOCAg8AMIICCgKCAgEAxBUoVFWZPLDnxJgqzvqp\nNS3cOGPbCCe/syCIbR5kOaSkrVLGRoOMZ55WgvJkObAoZtW3fwJ5zXc4jEKJze2p\nJV+sBPucWWV1NapZkiXbCE//fLR3IaH4R2DhU8MRa/CXV2k4ESfnkI5Ae2523Rxp\nCmMlimnXxUqXTu/xXXw0MaWhPDJ+gNLLNDRFJupBOLBMkEDbCcWNF0HDWrRkEdUY\n2uD+FEWl3iHNz8bhlQkfURC6B84fxh5AQDOJGtOSbMA7yfwO0fTY8EXpdB4kUWdj\nr5eRRok22PXPs0093jzsP16ZOVr0+eSBhLx9uLgWMbbywBJau9bizM38itj4ySsF\nU6zFN3190VUaNV3+yK5O4V3tdcyq4CzXSyQrr0U0pevON7g7DEJJSHsKPACsWMKa\nGj+oWkmjPe8E+SjWP0qhcaLdqzhOnu0whj6oML8gmlKDqLmevyXoHZYRQ6jbOnCQ\nYRzsUQHG1hFTxL/yu7bbo9UYsJ69ikFd8Nb74uYnsnIsq69nh9aoP6a3QYVxh/gG\nWFW9jj65+Adayi8ZCzIklltQkxLu6xNkvUZ0saFtRoJ8vVVmO55jPS965ArSDDbQ\n7L8p0H5JvcadPfflrGZi/fEm9otr/d+nlaImFuE4AyR8C61Dx87lo5/wQESFQrsw\nOafxpDrRB3eikWLqUI59F48CAwEAAQ==\n-----END PUBLIC KEY-----\n",
            "rsa_bits": 4096
          },
          "sensitive_attributes": []
        }
      ]
    },
    {
      "module": "module.vpc",
      "mode": "managed",
      "type": "aws_internet_gateway",
      "name": "this",
      "provider": "provider[\"registry.terraform.io/hashicorp/aws\"]",
      "instances": [
        {
          "index_key": 0,
          "schema_version": 0,
          "attributes": {
            "arn": "arn:aws:ec2:ap-northeast-1:067494042988:internet-gateway/igw-07fee4b75d1f82a1e",
            "id": "igw-07fee4b75d1f82a1e",
            "owner_id": "067494042988",
            "tags": {
              "Name": "bd-vpc"
            },
            "tags_all": {
              "Name": "bd-vpc"
            },
            "timeouts": null,
            "vpc_id": "vpc-02855c8173e2ecef3"
          },
          "sensitive_attributes": [],
          "private": "eyJlMmJmYjczMC1lY2FhLTExZTYtOGY4OC0zNDM2M2JjN2M0YzAiOnsiY3JlYXRlIjoxMjAwMDAwMDAwMDAwLCJkZWxldGUiOjEyMDAwMDAwMDAwMDAsInVwZGF0ZSI6MTIwMDAwMDAwMDAwMH19",
          "dependencies": [
            "module.vpc.aws_vpc.this",
            "module.vpc.aws_vpc_ipv4_cidr_block_association.this"
          ]
        }
      ]
    },
    {
      "module": "module.vpc",
      "mode": "managed",
      "type": "aws_route",
      "name": "public_internet_gateway",
      "provider": "provider[\"registry.terraform.io/hashicorp/aws\"]",
      "instances": [
        {
          "index_key": 0,
          "schema_version": 0,
          "attributes": {
            "carrier_gateway_id": "",
            "core_network_arn": "",
            "destination_cidr_block": "0.0.0.0/0",
            "destination_ipv6_cidr_block": "",
            "destination_prefix_list_id": "",
            "egress_only_gateway_id": "",
            "gateway_id": "igw-07fee4b75d1f82a1e",
            "id": "r-rtb-0b5498d4505bfb5341080289494",
            "instance_id": "",
            "instance_owner_id": "",
            "local_gateway_id": "",
            "nat_gateway_id": "",
            "network_interface_id": "",
            "origin": "CreateRoute",
            "route_table_id": "rtb-0b5498d4505bfb534",
            "state": "active",
            "timeouts": {
              "create": "5m",
              "delete": null,
              "update": null
            },
            "transit_gateway_id": "",
            "vpc_endpoint_id": "",
            "vpc_peering_connection_id": ""
          },
          "sensitive_attributes": [],
          "private": "eyJlMmJmYjczMC1lY2FhLTExZTYtOGY4OC0zNDM2M2JjN2M0YzAiOnsiY3JlYXRlIjozMDAwMDAwMDAwMDAsImRlbGV0ZSI6MzAwMDAwMDAwMDAwLCJ1cGRhdGUiOjEyMDAwMDAwMDAwMH19",
          "dependencies": [
            "module.vpc.aws_internet_gateway.this",
            "module.vpc.aws_route_table.public",
            "module.vpc.aws_vpc.this",
            "module.vpc.aws_vpc_ipv4_cidr_block_association.this"
          ]
        }
      ]
    },
    {
      "module": "module.vpc",
      "mode": "managed",
      "type": "aws_route_table",
      "name": "private",
      "provider": "provider[\"registry.terraform.io/hashicorp/aws\"]",
      "instances": [
        {
          "index_key": 0,
          "schema_version": 0,
          "attributes": {
            "arn": "arn:aws:ec2:ap-northeast-1:067494042988:route-table/rtb-033d5bac3dc75bdb9",
            "id": "rtb-033d5bac3dc75bdb9",
            "owner_id": "067494042988",
            "propagating_vgws": [],
            "route": [],
            "tags": {
              "Name": "bd-vpc-private-ap-northeast-1a"
            },
            "tags_all": {
              "Name": "bd-vpc-private-ap-northeast-1a"
            },
            "timeouts": null,
            "vpc_id": "vpc-02855c8173e2ecef3"
          },
          "sensitive_attributes": [],
          "private": "eyJlMmJmYjczMC1lY2FhLTExZTYtOGY4OC0zNDM2M2JjN2M0YzAiOnsiY3JlYXRlIjozMDAwMDAwMDAwMDAsImRlbGV0ZSI6MzAwMDAwMDAwMDAwLCJ1cGRhdGUiOjEyMDAwMDAwMDAwMH19",
          "dependencies": [
            "data.aws_availability_zones.available",
            "module.vpc.aws_vpc.this",
            "module.vpc.aws_vpc_ipv4_cidr_block_association.this"
          ]
        },
        {
          "index_key": 1,
          "schema_version": 0,
          "attributes": {
            "arn": "arn:aws:ec2:ap-northeast-1:067494042988:route-table/rtb-0b7606079fac21dfe",
            "id": "rtb-0b7606079fac21dfe",
            "owner_id": "067494042988",
            "propagating_vgws": [],
            "route": [],
            "tags": {
              "Name": "bd-vpc-private-ap-northeast-1c"
            },
            "tags_all": {
              "Name": "bd-vpc-private-ap-northeast-1c"
            },
            "timeouts": null,
            "vpc_id": "vpc-02855c8173e2ecef3"
          },
          "sensitive_attributes": [],
          "private": "eyJlMmJmYjczMC1lY2FhLTExZTYtOGY4OC0zNDM2M2JjN2M0YzAiOnsiY3JlYXRlIjozMDAwMDAwMDAwMDAsImRlbGV0ZSI6MzAwMDAwMDAwMDAwLCJ1cGRhdGUiOjEyMDAwMDAwMDAwMH19",
          "dependencies": [
            "data.aws_availability_zones.available",
            "module.vpc.aws_vpc.this",
            "module.vpc.aws_vpc_ipv4_cidr_block_association.this"
          ]
        }
      ]
    },
    {
      "module": "module.vpc",
      "mode": "managed",
      "type": "aws_route_table",
      "name": "public",
      "provider": "provider[\"registry.terraform.io/hashicorp/aws\"]",
      "instances": [
        {
          "index_key": 0,
          "schema_version": 0,
          "attributes": {
            "arn": "arn:aws:ec2:ap-northeast-1:067494042988:route-table/rtb-0b5498d4505bfb534",
            "id": "rtb-0b5498d4505bfb534",
            "owner_id": "067494042988",
            "propagating_vgws": [],
            "route": [
              {
                "carrier_gateway_id": "",
                "cidr_block": "0.0.0.0/0",
                "core_network_arn": "",
                "destination_prefix_list_id": "",
                "egress_only_gateway_id": "",
                "gateway_id": "igw-07fee4b75d1f82a1e",
                "instance_id": "",
                "ipv6_cidr_block": "",
                "local_gateway_id": "",
                "nat_gateway_id": "",
                "network_interface_id": "",
                "transit_gateway_id": "",
                "vpc_endpoint_id": "",
                "vpc_peering_connection_id": ""
              }
            ],
            "tags": {
              "Name": "bd-vpc-public"
            },
            "tags_all": {
              "Name": "bd-vpc-public"
            },
            "timeouts": null,
            "vpc_id": "vpc-02855c8173e2ecef3"
          },
          "sensitive_attributes": [],
          "private": "eyJlMmJmYjczMC1lY2FhLTExZTYtOGY4OC0zNDM2M2JjN2M0YzAiOnsiY3JlYXRlIjozMDAwMDAwMDAwMDAsImRlbGV0ZSI6MzAwMDAwMDAwMDAwLCJ1cGRhdGUiOjEyMDAwMDAwMDAwMH19",
          "dependencies": [
            "module.vpc.aws_vpc.this",
            "module.vpc.aws_vpc_ipv4_cidr_block_association.this"
          ]
        }
      ]
    },
    {
      "module": "module.vpc",
      "mode": "managed",
      "type": "aws_route_table_association",
      "name": "private",
      "provider": "provider[\"registry.terraform.io/hashicorp/aws\"]",
      "instances": [
        {
          "index_key": 0,
          "schema_version": 0,
          "attributes": {
            "gateway_id": "",
            "id": "rtbassoc-032d5707a279e93c6",
            "route_table_id": "rtb-033d5bac3dc75bdb9",
            "subnet_id": "subnet-07cf86b3a52951f53"
          },
          "sensitive_attributes": [],
          "private": "bnVsbA==",
          "dependencies": [
            "data.aws_availability_zones.available",
            "module.vpc.aws_route_table.private",
            "module.vpc.aws_subnet.private",
            "module.vpc.aws_vpc.this",
            "module.vpc.aws_vpc_ipv4_cidr_block_association.this"
          ]
        },
        {
          "index_key": 1,
          "schema_version": 0,
          "attributes": {
            "gateway_id": "",
            "id": "rtbassoc-0b75ce255890db9da",
            "route_table_id": "rtb-0b7606079fac21dfe",
            "subnet_id": "subnet-0c8c7646e32a96876"
          },
          "sensitive_attributes": [],
          "private": "bnVsbA==",
          "dependencies": [
            "data.aws_availability_zones.available",
            "module.vpc.aws_route_table.private",
            "module.vpc.aws_subnet.private",
            "module.vpc.aws_vpc.this",
            "module.vpc.aws_vpc_ipv4_cidr_block_association.this"
          ]
        }
      ]
    },
    {
      "module": "module.vpc",
      "mode": "managed",
      "type": "aws_route_table_association",
      "name": "public",
      "provider": "provider[\"registry.terraform.io/hashicorp/aws\"]",
      "instances": [
        {
          "index_key": 0,
          "schema_version": 0,
          "attributes": {
            "gateway_id": "",
            "id": "rtbassoc-0fb6cffb3300f29cb",
            "route_table_id": "rtb-0b5498d4505bfb534",
            "subnet_id": "subnet-00f770d0d020103c4"
          },
          "sensitive_attributes": [],
          "private": "bnVsbA==",
          "dependencies": [
            "data.aws_availability_zones.available",
            "module.vpc.aws_route_table.public",
            "module.vpc.aws_subnet.public",
            "module.vpc.aws_vpc.this",
            "module.vpc.aws_vpc_ipv4_cidr_block_association.this"
          ]
        },
        {
          "index_key": 1,
          "schema_version": 0,
          "attributes": {
            "gateway_id": "",
            "id": "rtbassoc-08b644ef4c44adce9",
            "route_table_id": "rtb-0b5498d4505bfb534",
            "subnet_id": "subnet-0470432e57d3bc560"
          },
          "sensitive_attributes": [],
          "private": "bnVsbA==",
          "dependencies": [
            "data.aws_availability_zones.available",
            "module.vpc.aws_route_table.public",
            "module.vpc.aws_subnet.public",
            "module.vpc.aws_vpc.this",
            "module.vpc.aws_vpc_ipv4_cidr_block_association.this"
          ]
        }
      ]
    },
    {
      "module": "module.vpc",
      "mode": "managed",
      "type": "aws_subnet",
      "name": "private",
      "provider": "provider[\"registry.terraform.io/hashicorp/aws\"]",
      "instances": [
        {
          "index_key": 0,
          "schema_version": 1,
          "attributes": {
            "arn": "arn:aws:ec2:ap-northeast-1:067494042988:subnet/subnet-07cf86b3a52951f53",
            "assign_ipv6_address_on_creation": false,
            "availability_zone": "ap-northeast-1a",
            "availability_zone_id": "apne1-az4",
            "cidr_block": "10.0.0.128/26",
            "customer_owned_ipv4_pool": "",
            "enable_dns64": false,
            "enable_resource_name_dns_a_record_on_launch": false,
            "enable_resource_name_dns_aaaa_record_on_launch": false,
            "id": "subnet-07cf86b3a52951f53",
            "ipv6_cidr_block": "",
            "ipv6_cidr_block_association_id": "",
            "ipv6_native": false,
            "map_customer_owned_ip_on_launch": false,
            "map_public_ip_on_launch": false,
            "outpost_arn": "",
            "owner_id": "067494042988",
            "private_dns_hostname_type_on_launch": "ip-name",
            "tags": {
              "Name": "bd-vpc-private-ap-northeast-1a"
            },
            "tags_all": {
              "Name": "bd-vpc-private-ap-northeast-1a"
            },
            "timeouts": null,
            "vpc_id": "vpc-02855c8173e2ecef3"
          },
          "sensitive_attributes": [],
          "private": "eyJlMmJmYjczMC1lY2FhLTExZTYtOGY4OC0zNDM2M2JjN2M0YzAiOnsiY3JlYXRlIjo2MDAwMDAwMDAwMDAsImRlbGV0ZSI6MTIwMDAwMDAwMDAwMH0sInNjaGVtYV92ZXJzaW9uIjoiMSJ9",
          "dependencies": [
            "data.aws_availability_zones.available",
            "module.vpc.aws_vpc.this",
            "module.vpc.aws_vpc_ipv4_cidr_block_association.this"
          ]
        },
        {
          "index_key": 1,
          "schema_version": 1,
          "attributes": {
            "arn": "arn:aws:ec2:ap-northeast-1:067494042988:subnet/subnet-0c8c7646e32a96876",
            "assign_ipv6_address_on_creation": false,
            "availability_zone": "ap-northeast-1c",
            "availability_zone_id": "apne1-az1",
            "cidr_block": "10.0.0.192/26",
            "customer_owned_ipv4_pool": "",
            "enable_dns64": false,
            "enable_resource_name_dns_a_record_on_launch": false,
            "enable_resource_name_dns_aaaa_record_on_launch": false,
            "id": "subnet-0c8c7646e32a96876",
            "ipv6_cidr_block": "",
            "ipv6_cidr_block_association_id": "",
            "ipv6_native": false,
            "map_customer_owned_ip_on_launch": false,
            "map_public_ip_on_launch": false,
            "outpost_arn": "",
            "owner_id": "067494042988",
            "private_dns_hostname_type_on_launch": "ip-name",
            "tags": {
              "Name": "bd-vpc-private-ap-northeast-1c"
            },
            "tags_all": {
              "Name": "bd-vpc-private-ap-northeast-1c"
            },
            "timeouts": null,
            "vpc_id": "vpc-02855c8173e2ecef3"
          },
          "sensitive_attributes": [],
          "private": "eyJlMmJmYjczMC1lY2FhLTExZTYtOGY4OC0zNDM2M2JjN2M0YzAiOnsiY3JlYXRlIjo2MDAwMDAwMDAwMDAsImRlbGV0ZSI6MTIwMDAwMDAwMDAwMH0sInNjaGVtYV92ZXJzaW9uIjoiMSJ9",
          "dependencies": [
            "data.aws_availability_zones.available",
            "module.vpc.aws_vpc.this",
            "module.vpc.aws_vpc_ipv4_cidr_block_association.this"
          ]
        }
      ]
    },
    {
      "module": "module.vpc",
      "mode": "managed",
      "type": "aws_subnet",
      "name": "public",
      "provider": "provider[\"registry.terraform.io/hashicorp/aws\"]",
      "instances": [
        {
          "index_key": 0,
          "schema_version": 1,
          "attributes": {
            "arn": "arn:aws:ec2:ap-northeast-1:067494042988:subnet/subnet-00f770d0d020103c4",
            "assign_ipv6_address_on_creation": false,
            "availability_zone": "ap-northeast-1a",
            "availability_zone_id": "apne1-az4",
            "cidr_block": "10.0.0.0/26",
            "customer_owned_ipv4_pool": "",
            "enable_dns64": false,
            "enable_resource_name_dns_a_record_on_launch": false,
            "enable_resource_name_dns_aaaa_record_on_launch": false,
            "id": "subnet-00f770d0d020103c4",
            "ipv6_cidr_block": "",
            "ipv6_cidr_block_association_id": "",
            "ipv6_native": false,
            "map_customer_owned_ip_on_launch": false,
            "map_public_ip_on_launch": true,
            "outpost_arn": "",
            "owner_id": "067494042988",
            "private_dns_hostname_type_on_launch": "ip-name",
            "tags": {
              "Name": "bd-vpc-public-ap-northeast-1a"
            },
            "tags_all": {
              "Name": "bd-vpc-public-ap-northeast-1a"
            },
            "timeouts": null,
            "vpc_id": "vpc-02855c8173e2ecef3"
          },
          "sensitive_attributes": [],
          "private": "eyJlMmJmYjczMC1lY2FhLTExZTYtOGY4OC0zNDM2M2JjN2M0YzAiOnsiY3JlYXRlIjo2MDAwMDAwMDAwMDAsImRlbGV0ZSI6MTIwMDAwMDAwMDAwMH0sInNjaGVtYV92ZXJzaW9uIjoiMSJ9",
          "dependencies": [
            "data.aws_availability_zones.available",
            "module.vpc.aws_vpc.this",
            "module.vpc.aws_vpc_ipv4_cidr_block_association.this"
          ]
        },
        {
          "index_key": 1,
          "schema_version": 1,
          "attributes": {
            "arn": "arn:aws:ec2:ap-northeast-1:067494042988:subnet/subnet-0470432e57d3bc560",
            "assign_ipv6_address_on_creation": false,
            "availability_zone": "ap-northeast-1c",
            "availability_zone_id": "apne1-az1",
            "cidr_block": "10.0.0.64/26",
            "customer_owned_ipv4_pool": "",
            "enable_dns64": false,
            "enable_resource_name_dns_a_record_on_launch": false,
            "enable_resource_name_dns_aaaa_record_on_launch": false,
            "id": "subnet-0470432e57d3bc560",
            "ipv6_cidr_block": "",
            "ipv6_cidr_block_association_id": "",
            "ipv6_native": false,
            "map_customer_owned_ip_on_launch": false,
            "map_public_ip_on_launch": true,
            "outpost_arn": "",
            "owner_id": "067494042988",
            "private_dns_hostname_type_on_launch": "ip-name",
            "tags": {
              "Name": "bd-vpc-public-ap-northeast-1c"
            },
            "tags_all": {
              "Name": "bd-vpc-public-ap-northeast-1c"
            },
            "timeouts": null,
            "vpc_id": "vpc-02855c8173e2ecef3"
          },
          "sensitive_attributes": [],
          "private": "eyJlMmJmYjczMC1lY2FhLTExZTYtOGY4OC0zNDM2M2JjN2M0YzAiOnsiY3JlYXRlIjo2MDAwMDAwMDAwMDAsImRlbGV0ZSI6MTIwMDAwMDAwMDAwMH0sInNjaGVtYV92ZXJzaW9uIjoiMSJ9",
          "dependencies": [
            "data.aws_availability_zones.available",
            "module.vpc.aws_vpc.this",
            "module.vpc.aws_vpc_ipv4_cidr_block_association.this"
          ]
        }
      ]
    },
    {
      "module": "module.vpc",
      "mode": "managed",
      "type": "aws_vpc",
      "name": "this",
      "provider": "provider[\"registry.terraform.io/hashicorp/aws\"]",
      "instances": [
        {
          "index_key": 0,
          "schema_version": 1,
          "attributes": {
            "arn": "arn:aws:ec2:ap-northeast-1:067494042988:vpc/vpc-02855c8173e2ecef3",
            "assign_generated_ipv6_cidr_block": false,
            "cidr_block": "10.0.0.0/16",
            "default_network_acl_id": "acl-0be30c653c79c62f4",
            "default_route_table_id": "rtb-0e54545ca051c45ca",
            "default_security_group_id": "sg-0a287eb2d481be35f",
            "dhcp_options_id": "dopt-820244e5",
            "enable_classiclink": false,
            "enable_classiclink_dns_support": false,
            "enable_dns_hostnames": false,
            "enable_dns_support": true,
            "enable_network_address_usage_metrics": false,
            "id": "vpc-02855c8173e2ecef3",
            "instance_tenancy": "default",
            "ipv4_ipam_pool_id": null,
            "ipv4_netmask_length": null,
            "ipv6_association_id": "",
            "ipv6_cidr_block": "",
            "ipv6_cidr_block_network_border_group": "",
            "ipv6_ipam_pool_id": "",
            "ipv6_netmask_length": 0,
            "main_route_table_id": "rtb-0e54545ca051c45ca",
            "owner_id": "067494042988",
            "tags": {
              "Name": "bd-vpc"
            },
            "tags_all": {
              "Name": "bd-vpc"
            }
          },
          "sensitive_attributes": [],
          "private": "eyJzY2hlbWFfdmVyc2lvbiI6IjEifQ=="
        }
      ]
    }
  ],
  "check_results": null
}
