{
  "version": 4,
  "terraform_version": "1.3.4",
  "serial": 5599,
  "lineage": "bcce0505-4f3a-b984-70b8-9e80adea4655",
  "outputs": {
    "publicIP": {
      "value": [
        [
          "3.144.82.20",
          "18.191.192.148",
          "3.15.188.128",
          "3.133.111.47",
          "18.116.43.70"
        ]
      ],
      "type": [
        "tuple",
        [
          [
            "tuple",
            [
              "string",
              "string",
              "string",
              "string",
              "string"
            ]
          ]
        ]
      ]
    }
  },
  "resources": [
    {
      "mode": "data",
      "type": "aws_ami_ids",
      "name": "ami",
      "provider": "provider[\"registry.terraform.io/hashicorp/aws\"]",
      "instances": [
        {
          "schema_version": 0,
          "attributes": {
            "executable_users": null,
            "filter": [
              {
                "name": "name",
                "values": [
                  "*ubuntu-focal-20.04-amd64-server-20211021*"
                ]
              }
            ],
            "id": "2862058812",
            "ids": [
              "ami-0629230e074c580f2"
            ],
            "name_regex": null,
            "owners": [
              "self",
              "amazon",
              "099720109477"
            ],
            "sort_ascending": false,
            "timeouts": null
          },
          "sensitive_attributes": []
        }
      ]
    },
    {
      "mode": "data",
      "type": "aws_ami_ids",
      "name": "ami_centos",
      "provider": "provider[\"registry.terraform.io/hashicorp/aws\"]",
      "instances": [
        {
          "schema_version": 0,
          "attributes": {
            "executable_users": null,
            "filter": [
              {
                "name": "name",
                "values": [
                  "ap-northeast-1 image for x86_64 CentOS_7"
                ]
              }
            ],
            "id": "2201397963",
            "ids": [],
            "name_regex": null,
            "owners": [
              "self",
              "amazon",
              "125523088429",
              "374168611083"
            ],
            "sort_ascending": false,
            "timeouts": null
          },
          "sensitive_attributes": []
        }
      ]
    },
    {
      "mode": "data",
      "type": "aws_availability_zones",
      "name": "available",
      "provider": "provider[\"registry.terraform.io/hashicorp/aws\"]",
      "instances": [
        {
          "schema_version": 0,
          "attributes": {
            "all_availability_zones": null,
            "exclude_names": null,
            "exclude_zone_ids": null,
            "filter": null,
            "group_names": [
              "us-east-2"
            ],
            "id": "us-east-2",
            "names": [
              "us-east-2a",
              "us-east-2b",
              "us-east-2c"
            ],
            "state": "available",
            "timeouts": null,
            "zone_ids": [
              "use2-az1",
              "use2-az2",
              "use2-az3"
            ]
          },
          "sensitive_attributes": []
        }
      ]
    },
    {
      "mode": "managed",
      "type": "aws_ebs_volume",
      "name": "ebs",
      "provider": "provider[\"registry.terraform.io/hashicorp/aws\"]",
      "instances": [
        {
          "index_key": 0,
          "schema_version": 0,
          "attributes": {
            "arn": "arn:aws:ec2:us-east-2:226490334962:volume/vol-0c8cdfc83cb7ab85e",
            "availability_zone": "us-east-2a",
            "encrypted": false,
            "final_snapshot": false,
            "id": "vol-0c8cdfc83cb7ab85e",
            "iops": 180,
            "kms_key_id": "",
            "multi_attach_enabled": false,
            "outpost_arn": "",
            "size": 60,
            "snapshot_id": "",
            "tags": {},
            "tags_all": {},
            "throughput": 0,
            "timeouts": null,
            "type": "gp2"
          },
          "sensitive_attributes": [],
          "private": "eyJlMmJmYjczMC1lY2FhLTExZTYtOGY4OC0zNDM2M2JjN2M0YzAiOnsiY3JlYXRlIjozMDAwMDAwMDAwMDAsImRlbGV0ZSI6MzAwMDAwMDAwMDAwLCJ1cGRhdGUiOjMwMDAwMDAwMDAwMH19",
          "dependencies": [
            "data.aws_availability_zones.available"
          ]
        },
        {
          "index_key": 1,
          "schema_version": 0,
          "attributes": {
            "arn": "arn:aws:ec2:us-east-2:226490334962:volume/vol-0256d1f1732f05496",
            "availability_zone": "us-east-2a",
            "encrypted": false,
            "final_snapshot": false,
            "id": "vol-0256d1f1732f05496",
            "iops": 180,
            "kms_key_id": "",
            "multi_attach_enabled": false,
            "outpost_arn": "",
            "size": 60,
            "snapshot_id": "",
            "tags": {},
            "tags_all": {},
            "throughput": 0,
            "timeouts": null,
            "type": "gp2"
          },
          "sensitive_attributes": [],
          "private": "eyJlMmJmYjczMC1lY2FhLTExZTYtOGY4OC0zNDM2M2JjN2M0YzAiOnsiY3JlYXRlIjozMDAwMDAwMDAwMDAsImRlbGV0ZSI6MzAwMDAwMDAwMDAwLCJ1cGRhdGUiOjMwMDAwMDAwMDAwMH19",
          "dependencies": [
            "data.aws_availability_zones.available"
          ]
        },
        {
          "index_key": 2,
          "schema_version": 0,
          "attributes": {
            "arn": "arn:aws:ec2:us-east-2:226490334962:volume/vol-029e8a9a5a27e3c9d",
            "availability_zone": "us-east-2a",
            "encrypted": false,
            "final_snapshot": false,
            "id": "vol-029e8a9a5a27e3c9d",
            "iops": 180,
            "kms_key_id": "",
            "multi_attach_enabled": false,
            "outpost_arn": "",
            "size": 60,
            "snapshot_id": "",
            "tags": {},
            "tags_all": {},
            "throughput": 0,
            "timeouts": null,
            "type": "gp2"
          },
          "sensitive_attributes": [],
          "private": "eyJlMmJmYjczMC1lY2FhLTExZTYtOGY4OC0zNDM2M2JjN2M0YzAiOnsiY3JlYXRlIjozMDAwMDAwMDAwMDAsImRlbGV0ZSI6MzAwMDAwMDAwMDAwLCJ1cGRhdGUiOjMwMDAwMDAwMDAwMH19",
          "dependencies": [
            "data.aws_availability_zones.available"
          ]
        },
        {
          "index_key": 3,
          "schema_version": 0,
          "attributes": {
            "arn": "arn:aws:ec2:us-east-2:226490334962:volume/vol-003ccbf00f189f2f2",
            "availability_zone": "us-east-2a",
            "encrypted": false,
            "final_snapshot": false,
            "id": "vol-003ccbf00f189f2f2",
            "iops": 180,
            "kms_key_id": "",
            "multi_attach_enabled": false,
            "outpost_arn": "",
            "size": 60,
            "snapshot_id": "",
            "tags": {},
            "tags_all": {},
            "throughput": 0,
            "timeouts": null,
            "type": "gp2"
          },
          "sensitive_attributes": [],
          "private": "eyJlMmJmYjczMC1lY2FhLTExZTYtOGY4OC0zNDM2M2JjN2M0YzAiOnsiY3JlYXRlIjozMDAwMDAwMDAwMDAsImRlbGV0ZSI6MzAwMDAwMDAwMDAwLCJ1cGRhdGUiOjMwMDAwMDAwMDAwMH19",
          "dependencies": [
            "data.aws_availability_zones.available"
          ]
        },
        {
          "index_key": 4,
          "schema_version": 0,
          "attributes": {
            "arn": "arn:aws:ec2:us-east-2:226490334962:volume/vol-07844d1e3c216b75c",
            "availability_zone": "us-east-2a",
            "encrypted": false,
            "final_snapshot": false,
            "id": "vol-07844d1e3c216b75c",
            "iops": 180,
            "kms_key_id": "",
            "multi_attach_enabled": false,
            "outpost_arn": "",
            "size": 60,
            "snapshot_id": "",
            "tags": {},
            "tags_all": {},
            "throughput": 0,
            "timeouts": null,
            "type": "gp2"
          },
          "sensitive_attributes": [],
          "private": "eyJlMmJmYjczMC1lY2FhLTExZTYtOGY4OC0zNDM2M2JjN2M0YzAiOnsiY3JlYXRlIjozMDAwMDAwMDAwMDAsImRlbGV0ZSI6MzAwMDAwMDAwMDAwLCJ1cGRhdGUiOjMwMDAwMDAwMDAwMH19",
          "dependencies": [
            "data.aws_availability_zones.available"
          ]
        }
      ]
    },
    {
      "mode": "managed",
      "type": "aws_instance",
      "name": "instances",
      "provider": "provider[\"registry.terraform.io/hashicorp/aws\"]",
      "instances": [
        {
          "index_key": 0,
          "schema_version": 1,
          "attributes": {
            "ami": "ami-0629230e074c580f2",
            "arn": "arn:aws:ec2:us-east-2:226490334962:instance/i-032eb0c441817503c",
            "associate_public_ip_address": true,
            "availability_zone": "us-east-2a",
            "capacity_reservation_specification": [
              {
                "capacity_reservation_preference": "open",
                "capacity_reservation_target": []
              }
            ],
            "cpu_core_count": 1,
            "cpu_threads_per_core": 2,
            "credit_specification": [
              {
                "cpu_credits": "unlimited"
              }
            ],
            "disable_api_stop": false,
            "disable_api_termination": false,
            "ebs_block_device": [
              {
                "delete_on_termination": false,
                "device_name": "/dev/sdh",
                "encrypted": false,
                "iops": 180,
                "kms_key_id": "",
                "snapshot_id": "",
                "tags": {},
                "throughput": 0,
                "volume_id": "vol-0c8cdfc83cb7ab85e",
                "volume_size": 60,
                "volume_type": "gp2"
              }
            ],
            "ebs_optimized": false,
            "enclave_options": [
              {
                "enabled": false
              }
            ],
            "ephemeral_block_device": [],
            "get_password_data": false,
            "hibernation": false,
            "host_id": null,
            "host_resource_group_arn": null,
            "iam_instance_profile": "",
            "id": "i-032eb0c441817503c",
            "instance_initiated_shutdown_behavior": "stop",
            "instance_state": "running",
            "instance_type": "t3.large",
            "ipv6_address_count": 0,
            "ipv6_addresses": [],
            "key_name": "bd",
            "launch_template": [],
            "maintenance_options": [
              {
                "auto_recovery": "default"
              }
            ],
            "metadata_options": [
              {
                "http_endpoint": "enabled",
                "http_put_response_hop_limit": 1,
                "http_tokens": "optional",
                "instance_metadata_tags": "disabled"
              }
            ],
            "monitoring": false,
            "network_interface": [],
            "outpost_arn": "",
            "password_data": "",
            "placement_group": "",
            "placement_partition_number": null,
            "primary_network_interface_id": "eni-02b6fe79fb62d9f13",
            "private_dns": "ip-10-0-0-12.us-east-2.compute.internal",
            "private_dns_name_options": [
              {
                "enable_resource_name_dns_a_record": false,
                "enable_resource_name_dns_aaaa_record": false,
                "hostname_type": "ip-name"
              }
            ],
            "private_ip": "10.0.0.12",
            "public_dns": "",
            "public_ip": "3.144.82.20",
            "root_block_device": [
              {
                "delete_on_termination": true,
                "device_name": "/dev/sda1",
                "encrypted": false,
                "iops": 100,
                "kms_key_id": "",
                "tags": {
                  "Author": "Jason.SC.Cheng",
                  "Name": "bd-wrk1-ebs",
                  "Team": "COD",
                  "terraform": "true"
                },
                "throughput": 0,
                "volume_id": "vol-0750b1dc3998b6072",
                "volume_size": 24,
                "volume_type": "gp2"
              }
            ],
            "secondary_private_ips": [],
            "security_groups": [],
            "source_dest_check": true,
            "subnet_id": "subnet-07450abcaf3f112c9",
            "tags": {
              "Author": "Jason.SC.Cheng",
              "Name": "bd1",
              "Team": "COD",
              "terraform": "true"
            },
            "tags_all": {
              "Author": "Jason.SC.Cheng",
              "Name": "bd1",
              "Team": "COD",
              "terraform": "true"
            },
            "tenancy": "default",
            "timeouts": null,
            "user_data": null,
            "user_data_base64": null,
            "user_data_replace_on_change": false,
            "volume_tags": null,
            "vpc_security_group_ids": [
              "sg-09025c3a97182ea56"
            ]
          },
          "sensitive_attributes": [],
          "private": "eyJlMmJmYjczMC1lY2FhLTExZTYtOGY4OC0zNDM2M2JjN2M0YzAiOnsiY3JlYXRlIjo2MDAwMDAwMDAwMDAsImRlbGV0ZSI6MTIwMDAwMDAwMDAwMCwidXBkYXRlIjo2MDAwMDAwMDAwMDB9LCJzY2hlbWFfdmVyc2lvbiI6IjEifQ==",
          "dependencies": [
            "aws_key_pair.aws_key",
            "aws_security_group.sg-all",
            "data.aws_ami_ids.ami",
            "data.aws_ami_ids.ami_centos",
            "data.aws_availability_zones.available",
            "module.vpc.aws_subnet.public",
            "module.vpc.aws_vpc.this",
            "module.vpc.aws_vpc_ipv4_cidr_block_association.this",
            "tls_private_key.key"
          ]
        },
        {
          "index_key": 1,
          "schema_version": 1,
          "attributes": {
            "ami": "ami-0629230e074c580f2",
            "arn": "arn:aws:ec2:us-east-2:226490334962:instance/i-031021654f39b91dc",
            "associate_public_ip_address": true,
            "availability_zone": "us-east-2a",
            "capacity_reservation_specification": [
              {
                "capacity_reservation_preference": "open",
                "capacity_reservation_target": []
              }
            ],
            "cpu_core_count": 1,
            "cpu_threads_per_core": 2,
            "credit_specification": [
              {
                "cpu_credits": "unlimited"
              }
            ],
            "disable_api_stop": false,
            "disable_api_termination": false,
            "ebs_block_device": [
              {
                "delete_on_termination": false,
                "device_name": "/dev/sdh",
                "encrypted": false,
                "iops": 180,
                "kms_key_id": "",
                "snapshot_id": "",
                "tags": {},
                "throughput": 0,
                "volume_id": "vol-0256d1f1732f05496",
                "volume_size": 60,
                "volume_type": "gp2"
              }
            ],
            "ebs_optimized": false,
            "enclave_options": [
              {
                "enabled": false
              }
            ],
            "ephemeral_block_device": [],
            "get_password_data": false,
            "hibernation": false,
            "host_id": null,
            "host_resource_group_arn": null,
            "iam_instance_profile": "",
            "id": "i-031021654f39b91dc",
            "instance_initiated_shutdown_behavior": "stop",
            "instance_state": "running",
            "instance_type": "t3.large",
            "ipv6_address_count": 0,
            "ipv6_addresses": [],
            "key_name": "bd",
            "launch_template": [],
            "maintenance_options": [
              {
                "auto_recovery": "default"
              }
            ],
            "metadata_options": [
              {
                "http_endpoint": "enabled",
                "http_put_response_hop_limit": 1,
                "http_tokens": "optional",
                "instance_metadata_tags": "disabled"
              }
            ],
            "monitoring": false,
            "network_interface": [],
            "outpost_arn": "",
            "password_data": "",
            "placement_group": "",
            "placement_partition_number": null,
            "primary_network_interface_id": "eni-0fc353d53408c370d",
            "private_dns": "ip-10-0-0-46.us-east-2.compute.internal",
            "private_dns_name_options": [
              {
                "enable_resource_name_dns_a_record": false,
                "enable_resource_name_dns_aaaa_record": false,
                "hostname_type": "ip-name"
              }
            ],
            "private_ip": "10.0.0.46",
            "public_dns": "",
            "public_ip": "18.191.192.148",
            "root_block_device": [
              {
                "delete_on_termination": true,
                "device_name": "/dev/sda1",
                "encrypted": false,
                "iops": 100,
                "kms_key_id": "",
                "tags": {
                  "Author": "Jason.SC.Cheng",
                  "Name": "bd-wrk2-ebs",
                  "Team": "COD",
                  "terraform": "true"
                },
                "throughput": 0,
                "volume_id": "vol-0fc7b444ecbf34e85",
                "volume_size": 24,
                "volume_type": "gp2"
              }
            ],
            "secondary_private_ips": [],
            "security_groups": [],
            "source_dest_check": true,
            "subnet_id": "subnet-07450abcaf3f112c9",
            "tags": {
              "Author": "Jason.SC.Cheng",
              "Name": "bd2",
              "Team": "COD",
              "terraform": "true"
            },
            "tags_all": {
              "Author": "Jason.SC.Cheng",
              "Name": "bd2",
              "Team": "COD",
              "terraform": "true"
            },
            "tenancy": "default",
            "timeouts": null,
            "user_data": null,
            "user_data_base64": null,
            "user_data_replace_on_change": false,
            "volume_tags": null,
            "vpc_security_group_ids": [
              "sg-09025c3a97182ea56"
            ]
          },
          "sensitive_attributes": [],
          "private": "eyJlMmJmYjczMC1lY2FhLTExZTYtOGY4OC0zNDM2M2JjN2M0YzAiOnsiY3JlYXRlIjo2MDAwMDAwMDAwMDAsImRlbGV0ZSI6MTIwMDAwMDAwMDAwMCwidXBkYXRlIjo2MDAwMDAwMDAwMDB9LCJzY2hlbWFfdmVyc2lvbiI6IjEifQ==",
          "dependencies": [
            "aws_key_pair.aws_key",
            "aws_security_group.sg-all",
            "data.aws_ami_ids.ami",
            "data.aws_ami_ids.ami_centos",
            "data.aws_availability_zones.available",
            "module.vpc.aws_subnet.public",
            "module.vpc.aws_vpc.this",
            "module.vpc.aws_vpc_ipv4_cidr_block_association.this",
            "tls_private_key.key"
          ]
        },
        {
          "index_key": 2,
          "schema_version": 1,
          "attributes": {
            "ami": "ami-0629230e074c580f2",
            "arn": "arn:aws:ec2:us-east-2:226490334962:instance/i-00821dba2e706048e",
            "associate_public_ip_address": true,
            "availability_zone": "us-east-2a",
            "capacity_reservation_specification": [
              {
                "capacity_reservation_preference": "open",
                "capacity_reservation_target": []
              }
            ],
            "cpu_core_count": 1,
            "cpu_threads_per_core": 2,
            "credit_specification": [
              {
                "cpu_credits": "unlimited"
              }
            ],
            "disable_api_stop": false,
            "disable_api_termination": false,
            "ebs_block_device": [
              {
                "delete_on_termination": false,
                "device_name": "/dev/sdh",
                "encrypted": false,
                "iops": 180,
                "kms_key_id": "",
                "snapshot_id": "",
                "tags": {},
                "throughput": 0,
                "volume_id": "vol-029e8a9a5a27e3c9d",
                "volume_size": 60,
                "volume_type": "gp2"
              }
            ],
            "ebs_optimized": false,
            "enclave_options": [
              {
                "enabled": false
              }
            ],
            "ephemeral_block_device": [],
            "get_password_data": false,
            "hibernation": false,
            "host_id": null,
            "host_resource_group_arn": null,
            "iam_instance_profile": "",
            "id": "i-00821dba2e706048e",
            "instance_initiated_shutdown_behavior": "stop",
            "instance_state": "running",
            "instance_type": "t3.large",
            "ipv6_address_count": 0,
            "ipv6_addresses": [],
            "key_name": "bd",
            "launch_template": [],
            "maintenance_options": [
              {
                "auto_recovery": "default"
              }
            ],
            "metadata_options": [
              {
                "http_endpoint": "enabled",
                "http_put_response_hop_limit": 1,
                "http_tokens": "optional",
                "instance_metadata_tags": "disabled"
              }
            ],
            "monitoring": false,
            "network_interface": [],
            "outpost_arn": "",
            "password_data": "",
            "placement_group": "",
            "placement_partition_number": null,
            "primary_network_interface_id": "eni-0181c635250d41223",
            "private_dns": "ip-10-0-0-28.us-east-2.compute.internal",
            "private_dns_name_options": [
              {
                "enable_resource_name_dns_a_record": false,
                "enable_resource_name_dns_aaaa_record": false,
                "hostname_type": "ip-name"
              }
            ],
            "private_ip": "10.0.0.28",
            "public_dns": "",
            "public_ip": "3.15.188.128",
            "root_block_device": [
              {
                "delete_on_termination": true,
                "device_name": "/dev/sda1",
                "encrypted": false,
                "iops": 100,
                "kms_key_id": "",
                "tags": {
                  "Author": "Jason.SC.Cheng",
                  "Name": "bd-wrk3-ebs",
                  "Team": "COD",
                  "terraform": "true"
                },
                "throughput": 0,
                "volume_id": "vol-0809c603832f64bd6",
                "volume_size": 24,
                "volume_type": "gp2"
              }
            ],
            "secondary_private_ips": [],
            "security_groups": [],
            "source_dest_check": true,
            "subnet_id": "subnet-07450abcaf3f112c9",
            "tags": {
              "Author": "Jason.SC.Cheng",
              "Name": "bd3",
              "Team": "COD",
              "terraform": "true"
            },
            "tags_all": {
              "Author": "Jason.SC.Cheng",
              "Name": "bd3",
              "Team": "COD",
              "terraform": "true"
            },
            "tenancy": "default",
            "timeouts": null,
            "user_data": null,
            "user_data_base64": null,
            "user_data_replace_on_change": false,
            "volume_tags": null,
            "vpc_security_group_ids": [
              "sg-09025c3a97182ea56"
            ]
          },
          "sensitive_attributes": [],
          "private": "eyJlMmJmYjczMC1lY2FhLTExZTYtOGY4OC0zNDM2M2JjN2M0YzAiOnsiY3JlYXRlIjo2MDAwMDAwMDAwMDAsImRlbGV0ZSI6MTIwMDAwMDAwMDAwMCwidXBkYXRlIjo2MDAwMDAwMDAwMDB9LCJzY2hlbWFfdmVyc2lvbiI6IjEifQ==",
          "dependencies": [
            "aws_key_pair.aws_key",
            "aws_security_group.sg-all",
            "data.aws_ami_ids.ami",
            "data.aws_ami_ids.ami_centos",
            "data.aws_availability_zones.available",
            "module.vpc.aws_subnet.public",
            "module.vpc.aws_vpc.this",
            "module.vpc.aws_vpc_ipv4_cidr_block_association.this",
            "tls_private_key.key"
          ]
        },
        {
          "index_key": 3,
          "schema_version": 1,
          "attributes": {
            "ami": "ami-0629230e074c580f2",
            "arn": "arn:aws:ec2:us-east-2:226490334962:instance/i-04acc256bd89d6542",
            "associate_public_ip_address": true,
            "availability_zone": "us-east-2a",
            "capacity_reservation_specification": [
              {
                "capacity_reservation_preference": "open",
                "capacity_reservation_target": []
              }
            ],
            "cpu_core_count": 1,
            "cpu_threads_per_core": 2,
            "credit_specification": [
              {
                "cpu_credits": "unlimited"
              }
            ],
            "disable_api_stop": false,
            "disable_api_termination": false,
            "ebs_block_device": [
              {
                "delete_on_termination": false,
                "device_name": "/dev/sdh",
                "encrypted": false,
                "iops": 180,
                "kms_key_id": "",
                "snapshot_id": "",
                "tags": {},
                "throughput": 0,
                "volume_id": "vol-003ccbf00f189f2f2",
                "volume_size": 60,
                "volume_type": "gp2"
              }
            ],
            "ebs_optimized": false,
            "enclave_options": [
              {
                "enabled": false
              }
            ],
            "ephemeral_block_device": [],
            "get_password_data": false,
            "hibernation": false,
            "host_id": null,
            "host_resource_group_arn": null,
            "iam_instance_profile": "",
            "id": "i-04acc256bd89d6542",
            "instance_initiated_shutdown_behavior": "stop",
            "instance_state": "running",
            "instance_type": "t3.large",
            "ipv6_address_count": 0,
            "ipv6_addresses": [],
            "key_name": "bd",
            "launch_template": [],
            "maintenance_options": [
              {
                "auto_recovery": "default"
              }
            ],
            "metadata_options": [
              {
                "http_endpoint": "enabled",
                "http_put_response_hop_limit": 1,
                "http_tokens": "optional",
                "instance_metadata_tags": "disabled"
              }
            ],
            "monitoring": false,
            "network_interface": [],
            "outpost_arn": "",
            "password_data": "",
            "placement_group": "",
            "placement_partition_number": null,
            "primary_network_interface_id": "eni-0177e2af6f4a16bb8",
            "private_dns": "ip-10-0-0-32.us-east-2.compute.internal",
            "private_dns_name_options": [
              {
                "enable_resource_name_dns_a_record": false,
                "enable_resource_name_dns_aaaa_record": false,
                "hostname_type": "ip-name"
              }
            ],
            "private_ip": "10.0.0.32",
            "public_dns": "",
            "public_ip": "3.133.111.47",
            "root_block_device": [
              {
                "delete_on_termination": true,
                "device_name": "/dev/sda1",
                "encrypted": false,
                "iops": 100,
                "kms_key_id": "",
                "tags": {
                  "Author": "Jason.SC.Cheng",
                  "Name": "bd-wrk4-ebs",
                  "Team": "COD",
                  "terraform": "true"
                },
                "throughput": 0,
                "volume_id": "vol-019ec2df5e55b09fd",
                "volume_size": 24,
                "volume_type": "gp2"
              }
            ],
            "secondary_private_ips": [],
            "security_groups": [],
            "source_dest_check": true,
            "subnet_id": "subnet-07450abcaf3f112c9",
            "tags": {
              "Author": "Jason.SC.Cheng",
              "Name": "bd4",
              "Team": "COD",
              "terraform": "true"
            },
            "tags_all": {
              "Author": "Jason.SC.Cheng",
              "Name": "bd4",
              "Team": "COD",
              "terraform": "true"
            },
            "tenancy": "default",
            "timeouts": null,
            "user_data": null,
            "user_data_base64": null,
            "user_data_replace_on_change": false,
            "volume_tags": null,
            "vpc_security_group_ids": [
              "sg-09025c3a97182ea56"
            ]
          },
          "sensitive_attributes": [],
          "private": "eyJlMmJmYjczMC1lY2FhLTExZTYtOGY4OC0zNDM2M2JjN2M0YzAiOnsiY3JlYXRlIjo2MDAwMDAwMDAwMDAsImRlbGV0ZSI6MTIwMDAwMDAwMDAwMCwidXBkYXRlIjo2MDAwMDAwMDAwMDB9LCJzY2hlbWFfdmVyc2lvbiI6IjEifQ==",
          "dependencies": [
            "aws_key_pair.aws_key",
            "aws_security_group.sg-all",
            "data.aws_ami_ids.ami",
            "data.aws_ami_ids.ami_centos",
            "data.aws_availability_zones.available",
            "module.vpc.aws_subnet.public",
            "module.vpc.aws_vpc.this",
            "module.vpc.aws_vpc_ipv4_cidr_block_association.this",
            "tls_private_key.key"
          ]
        },
        {
          "index_key": 4,
          "schema_version": 1,
          "attributes": {
            "ami": "ami-0629230e074c580f2",
            "arn": "arn:aws:ec2:us-east-2:226490334962:instance/i-08c48ec0f434ac52f",
            "associate_public_ip_address": true,
            "availability_zone": "us-east-2a",
            "capacity_reservation_specification": [
              {
                "capacity_reservation_preference": "open",
                "capacity_reservation_target": []
              }
            ],
            "cpu_core_count": 1,
            "cpu_threads_per_core": 2,
            "credit_specification": [
              {
                "cpu_credits": "unlimited"
              }
            ],
            "disable_api_stop": false,
            "disable_api_termination": false,
            "ebs_block_device": [
              {
                "delete_on_termination": false,
                "device_name": "/dev/sdh",
                "encrypted": false,
                "iops": 180,
                "kms_key_id": "",
                "snapshot_id": "",
                "tags": {},
                "throughput": 0,
                "volume_id": "vol-07844d1e3c216b75c",
                "volume_size": 60,
                "volume_type": "gp2"
              }
            ],
            "ebs_optimized": false,
            "enclave_options": [
              {
                "enabled": false
              }
            ],
            "ephemeral_block_device": [],
            "get_password_data": false,
            "hibernation": false,
            "host_id": null,
            "host_resource_group_arn": null,
            "iam_instance_profile": "",
            "id": "i-08c48ec0f434ac52f",
            "instance_initiated_shutdown_behavior": "stop",
            "instance_state": "running",
            "instance_type": "t3.large",
            "ipv6_address_count": 0,
            "ipv6_addresses": [],
            "key_name": "bd",
            "launch_template": [],
            "maintenance_options": [
              {
                "auto_recovery": "default"
              }
            ],
            "metadata_options": [
              {
                "http_endpoint": "enabled",
                "http_put_response_hop_limit": 1,
                "http_tokens": "optional",
                "instance_metadata_tags": "disabled"
              }
            ],
            "monitoring": false,
            "network_interface": [],
            "outpost_arn": "",
            "password_data": "",
            "placement_group": "",
            "placement_partition_number": null,
            "primary_network_interface_id": "eni-0d712264626451c94",
            "private_dns": "ip-10-0-0-5.us-east-2.compute.internal",
            "private_dns_name_options": [
              {
                "enable_resource_name_dns_a_record": false,
                "enable_resource_name_dns_aaaa_record": false,
                "hostname_type": "ip-name"
              }
            ],
            "private_ip": "10.0.0.5",
            "public_dns": "",
            "public_ip": "18.116.43.70",
            "root_block_device": [
              {
                "delete_on_termination": true,
                "device_name": "/dev/sda1",
                "encrypted": false,
                "iops": 100,
                "kms_key_id": "",
                "tags": {
                  "Author": "Jason.SC.Cheng",
                  "Name": "bd-wrk5-ebs",
                  "Team": "COD",
                  "terraform": "true"
                },
                "throughput": 0,
                "volume_id": "vol-04850d42495888a12",
                "volume_size": 24,
                "volume_type": "gp2"
              }
            ],
            "secondary_private_ips": [],
            "security_groups": [],
            "source_dest_check": true,
            "subnet_id": "subnet-07450abcaf3f112c9",
            "tags": {
              "Author": "Jason.SC.Cheng",
              "Name": "bd5",
              "Team": "COD",
              "terraform": "true"
            },
            "tags_all": {
              "Author": "Jason.SC.Cheng",
              "Name": "bd5",
              "Team": "COD",
              "terraform": "true"
            },
            "tenancy": "default",
            "timeouts": null,
            "user_data": null,
            "user_data_base64": null,
            "user_data_replace_on_change": false,
            "volume_tags": null,
            "vpc_security_group_ids": [
              "sg-09025c3a97182ea56"
            ]
          },
          "sensitive_attributes": [],
          "private": "eyJlMmJmYjczMC1lY2FhLTExZTYtOGY4OC0zNDM2M2JjN2M0YzAiOnsiY3JlYXRlIjo2MDAwMDAwMDAwMDAsImRlbGV0ZSI6MTIwMDAwMDAwMDAwMCwidXBkYXRlIjo2MDAwMDAwMDAwMDB9LCJzY2hlbWFfdmVyc2lvbiI6IjEifQ==",
          "dependencies": [
            "aws_key_pair.aws_key",
            "aws_security_group.sg-all",
            "data.aws_ami_ids.ami",
            "data.aws_ami_ids.ami_centos",
            "data.aws_availability_zones.available",
            "module.vpc.aws_subnet.public",
            "module.vpc.aws_vpc.this",
            "module.vpc.aws_vpc_ipv4_cidr_block_association.this",
            "tls_private_key.key"
          ]
        }
      ]
    },
    {
      "mode": "managed",
      "type": "aws_key_pair",
      "name": "aws_key",
      "provider": "provider[\"registry.terraform.io/hashicorp/aws\"]",
      "instances": [
        {
          "schema_version": 1,
          "attributes": {
            "arn": "arn:aws:ec2:us-east-2:226490334962:key-pair/bd",
            "fingerprint": "6b:1a:17:86:a3:28:73:19:53:c6:93:1f:38:af:8d:c0",
            "id": "bd",
            "key_name": "bd",
            "key_name_prefix": "",
            "key_pair_id": "key-0f99403c6b687eefd",
            "key_type": "rsa",
            "public_key": "ssh-rsa AAAAB3NzaC1yc2EAAAADAQABAAACAQC7VBWj8DpZwZmfeZzKZa2EVjwa7TRmBzqa702hxQ+rTeAI8KNKPgTJOMrszq1SIkIbcA9MM5EBWt4EFuFnwuEIbJVy8OwRV6rcSzjY0WgnEq9SvxkRVCqbrmlnKEKkKushEBQIv4cpRl8mNLo/s0xE9LX4solFmZBkIWtMnwDs9Kp0Ze8eFKXZ2GB7LFC3X6c5GSSU+1lz97sVUGTDA8PfNE8hV1yUCc8VOlGQFU3BkbeFKjTBgJEJpOuelYuP3CzsL+Vk9IKTgTX3NrLnpY2DyG3Pt9BWp6ZTDfSBv25sNdewK6fK2dsFutpeXLBCn5eY66slOjxg2OsLwOD2WtjolNXem8dEhSCv4lkossF82OL1PsK7w8zLdVqIQKNsBaEffOsyKK8syXR/QdMiDGBt8SM44Ym/j6IQbXWWoHR2URKL19Ee5g3KW75cQdW3ZFiVaN3S46k+AmeJaLjmUd+IPDTSQP74VAirc2ISvp36zMzgH6qjzn8VfD6iyCbdSQhusWxQEmbbKBjl1AjSlwX15Ps5SIgub0uxBlUixGvqje+Esv68jROV5YooJPsDxWtWg81f84UJWCLf84/Z54YX184ygDKVz68jyt+cEPw9kLtLU+pt/7dl9b+ZyhMKZ8R+04Bxgy1N3LgFTpe3rgUXjAk65r5PKQvgZ957Upu6Aw==",
            "tags": {
              "Author": "Jason.SC.Cheng",
              "Team": "COD",
              "terraform": "true"
            },
            "tags_all": {
              "Author": "Jason.SC.Cheng",
              "Team": "COD",
              "terraform": "true"
            }
          },
          "sensitive_attributes": [],
          "private": "eyJzY2hlbWFfdmVyc2lvbiI6IjEifQ==",
          "dependencies": [
            "tls_private_key.key"
          ]
        }
      ]
    },
    {
      "mode": "managed",
      "type": "aws_security_group",
      "name": "sg-all",
      "provider": "provider[\"registry.terraform.io/hashicorp/aws\"]",
      "instances": [
        {
          "schema_version": 1,
          "attributes": {
            "arn": "arn:aws:ec2:us-east-2:226490334962:security-group/sg-09025c3a97182ea56",
            "description": "Managed by Terraform",
            "egress": [
              {
                "cidr_blocks": [
                  "0.0.0.0/0"
                ],
                "description": "outbound",
                "from_port": 0,
                "ipv6_cidr_blocks": [
                  "::/0"
                ],
                "prefix_list_ids": [],
                "protocol": "-1",
                "security_groups": [],
                "self": false,
                "to_port": 0
              }
            ],
            "id": "sg-09025c3a97182ea56",
            "ingress": [
              {
                "cidr_blocks": [
                  "10.0.0.0/26",
                  "10.0.0.64/26"
                ],
                "description": "internal",
                "from_port": 0,
                "ipv6_cidr_blocks": [],
                "prefix_list_ids": [],
                "protocol": "tcp",
                "security_groups": [],
                "self": false,
                "to_port": 65535
              },
              {
                "cidr_blocks": [
                  "118.163.108.246/32",
                  "220.130.164.120/32",
                  "61.216.155.110/32",
                  "118.163.58.7/32",
                  "61.216.155.110/32",
                  "123.194.138.73/32",
                  "3.73.140.118/32",
                  "59.124.119.126/32",
                  "220.130.164.120/32",
                  "220.130.164.120/32"
                ],
                "description": "all public",
                "from_port": 0,
                "ipv6_cidr_blocks": [],
                "prefix_list_ids": [],
                "protocol": "-1",
                "security_groups": [],
                "self": false,
                "to_port": 65535
              }
            ],
            "name": "bd-sg",
            "name_prefix": "",
            "owner_id": "226490334962",
            "revoke_rules_on_delete": false,
            "tags": {
              "Author": "Jason.SC.Cheng",
              "Name": "bd-sg",
              "Team": "COD",
              "terraform": "true"
            },
            "tags_all": {
              "Author": "Jason.SC.Cheng",
              "Name": "bd-sg",
              "Team": "COD",
              "terraform": "true"
            },
            "timeouts": null,
            "vpc_id": "vpc-07afc6bd42ab6291b"
          },
          "sensitive_attributes": [],
          "private": "eyJlMmJmYjczMC1lY2FhLTExZTYtOGY4OC0zNDM2M2JjN2M0YzAiOnsiY3JlYXRlIjo2MDAwMDAwMDAwMDAsImRlbGV0ZSI6OTAwMDAwMDAwMDAwfSwic2NoZW1hX3ZlcnNpb24iOiIxIn0=",
          "dependencies": [
            "data.aws_availability_zones.available",
            "module.vpc.aws_subnet.public",
            "module.vpc.aws_vpc.this"
          ]
        }
      ]
    },
    {
      "mode": "managed",
      "type": "aws_volume_attachment",
      "name": "ebs_att",
      "provider": "provider[\"registry.terraform.io/hashicorp/aws\"]",
      "instances": [
        {
          "index_key": 0,
          "schema_version": 0,
          "attributes": {
            "device_name": "/dev/sdh",
            "force_detach": true,
            "id": "vai-59726948",
            "instance_id": "i-032eb0c441817503c",
            "skip_destroy": null,
            "stop_instance_before_detaching": null,
            "timeouts": null,
            "volume_id": "vol-0c8cdfc83cb7ab85e"
          },
          "sensitive_attributes": [],
          "private": "eyJlMmJmYjczMC1lY2FhLTExZTYtOGY4OC0zNDM2M2JjN2M0YzAiOnsiY3JlYXRlIjozMDAwMDAwMDAwMDAsImRlbGV0ZSI6MzAwMDAwMDAwMDAwfX0=",
          "dependencies": [
            "aws_ebs_volume.ebs",
            "aws_instance.instances",
            "aws_key_pair.aws_key",
            "aws_security_group.sg-all",
            "data.aws_ami_ids.ami",
            "data.aws_ami_ids.ami_centos",
            "data.aws_availability_zones.available",
            "module.vpc.aws_subnet.public",
            "module.vpc.aws_vpc.this",
            "module.vpc.aws_vpc_ipv4_cidr_block_association.this",
            "tls_private_key.key"
          ]
        },
        {
          "index_key": 1,
          "schema_version": 0,
          "attributes": {
            "device_name": "/dev/sdh",
            "force_detach": true,
            "id": "vai-1712262562",
            "instance_id": "i-031021654f39b91dc",
            "skip_destroy": null,
            "stop_instance_before_detaching": null,
            "timeouts": null,
            "volume_id": "vol-0256d1f1732f05496"
          },
          "sensitive_attributes": [],
          "private": "eyJlMmJmYjczMC1lY2FhLTExZTYtOGY4OC0zNDM2M2JjN2M0YzAiOnsiY3JlYXRlIjozMDAwMDAwMDAwMDAsImRlbGV0ZSI6MzAwMDAwMDAwMDAwfX0=",
          "dependencies": [
            "aws_ebs_volume.ebs",
            "aws_instance.instances",
            "aws_key_pair.aws_key",
            "aws_security_group.sg-all",
            "data.aws_ami_ids.ami",
            "data.aws_ami_ids.ami_centos",
            "data.aws_availability_zones.available",
            "module.vpc.aws_subnet.public",
            "module.vpc.aws_vpc.this",
            "module.vpc.aws_vpc_ipv4_cidr_block_association.this",
            "tls_private_key.key"
          ]
        },
        {
          "index_key": 2,
          "schema_version": 0,
          "attributes": {
            "device_name": "/dev/sdh",
            "force_detach": true,
            "id": "vai-108538584",
            "instance_id": "i-00821dba2e706048e",
            "skip_destroy": null,
            "stop_instance_before_detaching": null,
            "timeouts": null,
            "volume_id": "vol-029e8a9a5a27e3c9d"
          },
          "sensitive_attributes": [],
          "private": "eyJlMmJmYjczMC1lY2FhLTExZTYtOGY4OC0zNDM2M2JjN2M0YzAiOnsiY3JlYXRlIjozMDAwMDAwMDAwMDAsImRlbGV0ZSI6MzAwMDAwMDAwMDAwfX0=",
          "dependencies": [
            "aws_ebs_volume.ebs",
            "aws_instance.instances",
            "aws_key_pair.aws_key",
            "aws_security_group.sg-all",
            "data.aws_ami_ids.ami",
            "data.aws_ami_ids.ami_centos",
            "data.aws_availability_zones.available",
            "module.vpc.aws_subnet.public",
            "module.vpc.aws_vpc.this",
            "module.vpc.aws_vpc_ipv4_cidr_block_association.this",
            "tls_private_key.key"
          ]
        },
        {
          "index_key": 3,
          "schema_version": 0,
          "attributes": {
            "device_name": "/dev/sdh",
            "force_detach": true,
            "id": "vai-4232657188",
            "instance_id": "i-04acc256bd89d6542",
            "skip_destroy": null,
            "stop_instance_before_detaching": null,
            "timeouts": null,
            "volume_id": "vol-003ccbf00f189f2f2"
          },
          "sensitive_attributes": [],
          "private": "eyJlMmJmYjczMC1lY2FhLTExZTYtOGY4OC0zNDM2M2JjN2M0YzAiOnsiY3JlYXRlIjozMDAwMDAwMDAwMDAsImRlbGV0ZSI6MzAwMDAwMDAwMDAwfX0=",
          "dependencies": [
            "aws_ebs_volume.ebs",
            "aws_instance.instances",
            "aws_key_pair.aws_key",
            "aws_security_group.sg-all",
            "data.aws_ami_ids.ami",
            "data.aws_ami_ids.ami_centos",
            "data.aws_availability_zones.available",
            "module.vpc.aws_subnet.public",
            "module.vpc.aws_vpc.this",
            "module.vpc.aws_vpc_ipv4_cidr_block_association.this",
            "tls_private_key.key"
          ]
        },
        {
          "index_key": 4,
          "schema_version": 0,
          "attributes": {
            "device_name": "/dev/sdh",
            "force_detach": true,
            "id": "vai-539595452",
            "instance_id": "i-08c48ec0f434ac52f",
            "skip_destroy": null,
            "stop_instance_before_detaching": null,
            "timeouts": null,
            "volume_id": "vol-07844d1e3c216b75c"
          },
          "sensitive_attributes": [],
          "private": "eyJlMmJmYjczMC1lY2FhLTExZTYtOGY4OC0zNDM2M2JjN2M0YzAiOnsiY3JlYXRlIjozMDAwMDAwMDAwMDAsImRlbGV0ZSI6MzAwMDAwMDAwMDAwfX0=",
          "dependencies": [
            "aws_ebs_volume.ebs",
            "aws_instance.instances",
            "aws_key_pair.aws_key",
            "aws_security_group.sg-all",
            "data.aws_ami_ids.ami",
            "data.aws_ami_ids.ami_centos",
            "data.aws_availability_zones.available",
            "module.vpc.aws_subnet.public",
            "module.vpc.aws_vpc.this",
            "module.vpc.aws_vpc_ipv4_cidr_block_association.this",
            "tls_private_key.key"
          ]
        }
      ]
    },
    {
      "mode": "managed",
      "type": "local_file",
      "name": "ansible_cfg",
      "provider": "provider[\"registry.terraform.io/hashicorp/local\"]",
      "instances": [
        {
          "schema_version": 0,
          "attributes": {
            "content": "[defaults]\nprivate_key_file = ../terraform/bd.pem\ninventory = inventory/bd.inv\nhost_key_checking = False\nremote_User = ubuntu\npipelining = true\n\n[privilege_escalation]\nbecome_ask_pass = false\ntimeout = 30",
            "content_base64": null,
            "directory_permission": "0777",
            "file_permission": "0777",
            "filename": "../ansible/ansible.cfg",
            "id": "d8ceea0900b3be4a6a01cbadbcc7ec3c93c99565",
            "sensitive_content": null,
            "source": null
          },
          "sensitive_attributes": [],
          "private": "bnVsbA==",
          "dependencies": [
            "aws_instance.instances",
            "aws_key_pair.aws_key",
            "aws_security_group.sg-all",
            "data.aws_ami_ids.ami",
            "data.aws_ami_ids.ami_centos",
            "data.aws_availability_zones.available",
            "module.vpc.aws_subnet.public",
            "module.vpc.aws_vpc.this",
            "module.vpc.aws_vpc_ipv4_cidr_block_association.this",
            "tls_private_key.key"
          ]
        }
      ]
    },
    {
      "mode": "managed",
      "type": "local_file",
      "name": "ansible_groups_vars",
      "provider": "provider[\"registry.terraform.io/hashicorp/local\"]",
      "instances": [
        {
          "schema_version": 0,
          "attributes": {
            "content": "## Deprecated Start ###\n# BASE_DIR: '/usr/local'\n# ENV_FILE_SOURCE: '/etc/profile'\n# JAVA_HOME: '/usr/lib/jvm/java-11-openjdk-amd64'\n# DOWNLOAD_URL_HBASE: 'https://dlcdn.apache.org/hbase/2.5.0/hbase-2.5.0-bin.tar.gz'\n# DOWNLOAD_URL_HADOOP: 'https://downloads.apache.org/hadoop/common/hadoop-3.3.4/hadoop-3.3.4.tar.gz'\n# DOWNLOAD_URL_ZK: 'https://dlcdn.apache.org/zookeeper/zookeeper-3.8.0/apache-zookeeper-3.8.0-bin.tar.gz'\n# DOWNLOAD_URL_KAFKA: 'https://downloads.apache.org/kafka/3.3.1/kafka_2.12-3.3.1.tgz'\n# HADOOP_HOME: '{{ BASE_DIR }}/hadoop'\n# HBASE_HOME: '{{ BASE_DIR }}/hbase'\n# ZK_HOME: '{{ BASE_DIR }}/zk'\n# KAFKA_HOME: '{{ BASE_DIR }}/kafka'\n# CEPH_HOME: '/etc/ceph'\n# CEPH_DATA: '/dev/ceph'\n# KAFKA_UI_INTERNAL_PORT: '8087'\n# KAFKA_UI_PORT: '30378'\n# DATA_PATH: '/opt/data'\n# DIR_DATA: '{{ DATA_PATH }}/dn'\n# DIR_NAME: '{{ DATA_PATH }}/nn'\n# K8S_USER: 'ubuntu'\n# OS_USER: 'ubuntu'\n# K8S_DEFAULE_NAMESPACE: 'default'\n# # 如果自裝zk, 使用false; 或者用true, hbase會負責跑zookeeper\n# HBASE_MANAGES_ZK: 'false'\n# KAFKA_BROKER: 2\n# # Ceph\n# CEPHFS: 'cephfs'\n# CEPHFS_CLIENT_FS: 'fs'\n# CEPHFS_DATA: 'rbd'\n# CEPHFS_CLIENT: 'csi'\n# CEPH_RBD: 'k8s'\n# CEPHFS_METADATA: 'rbd_metadata'\n## Deprecated End ###\n\nRESOURCE_PREFIX: 'bd'\n# CephFS\nCEPH_STORAGE_CLASS: 'ceph-filesystem'\n# CephRBD\nCEPH_STORAGE_CLASS_RBD: 'ceph-block'\n# Keepalived \u0026 HAProxy\n# K8S_HA_VIP: '10.33.27.78'",
            "content_base64": null,
            "directory_permission": "0777",
            "file_permission": "0777",
            "filename": "../ansible/group_vars/bd.yml",
            "id": "7b63f213c92d8a51b028459050183962eef619f8",
            "sensitive_content": null,
            "source": null
          },
          "sensitive_attributes": [],
          "private": "bnVsbA==",
          "dependencies": [
            "aws_instance.instances",
            "aws_key_pair.aws_key",
            "aws_security_group.sg-all",
            "data.aws_ami_ids.ami",
            "data.aws_ami_ids.ami_centos",
            "data.aws_availability_zones.available",
            "module.vpc.aws_subnet.public",
            "module.vpc.aws_vpc.this",
            "module.vpc.aws_vpc_ipv4_cidr_block_association.this",
            "tls_private_key.key"
          ]
        }
      ]
    },
    {
      "mode": "managed",
      "type": "local_file",
      "name": "ansible_inventory",
      "provider": "provider[\"registry.terraform.io/hashicorp/local\"]",
      "instances": [
        {
          "schema_version": 0,
          "attributes": {
            "content": "[bd:children]\nnamenode\ndatanode\nceph\nceph_adm\nceph_osd\nceph_mon\n\n[nodes]\nbd1 ansible_host=3.144.82.20 hostname='bd1' \nbd2 ansible_host=18.191.192.148 hostname='bd2' \nbd3 ansible_host=3.15.188.128 hostname='bd3' \nbd4 ansible_host=3.133.111.47 hostname='bd4' \nbd5 ansible_host=18.116.43.70 hostname='bd5' \n\n[namenode]\nbd1\n\n[datanode]\nbd1\nbd2\nbd3\nbd4\nbd5\n\n[regionservers]\nbd[1:5]\n\n[k8s]\nbd[1:5]\n\n[k8sM]\nbd[1:1]\n\n[k8sS]\n\nbd[2:5]\n\n\n[kafkaBroker]\nbd[1:5]\n\n[zk]\nbd[1:5]\n\n[builder]\nbd5\n\n[ceph]\nbd[1:5]\n\n[ceph_adm]\nbd1\n\n[ceph_mon]\nbd[1:5]\n\n[ceph_osd]\nbd[1:5]",
            "content_base64": null,
            "directory_permission": "0777",
            "file_permission": "0777",
            "filename": "../ansible/inventory/bd.inv",
            "id": "20412c36f6d16cdd4ca7384369af3beb094de16d",
            "sensitive_content": null,
            "source": null
          },
          "sensitive_attributes": [],
          "private": "bnVsbA==",
          "dependencies": [
            "aws_instance.instances",
            "aws_key_pair.aws_key",
            "aws_security_group.sg-all",
            "data.aws_ami_ids.ami",
            "data.aws_ami_ids.ami_centos",
            "data.aws_availability_zones.available",
            "module.vpc.aws_subnet.public",
            "module.vpc.aws_vpc.this",
            "module.vpc.aws_vpc_ipv4_cidr_block_association.this",
            "tls_private_key.key"
          ]
        }
      ]
    },
    {
      "mode": "managed",
      "type": "local_file",
      "name": "pemFile",
      "provider": "provider[\"registry.terraform.io/hashicorp/local\"]",
      "instances": [
        {
          "schema_version": 0,
          "attributes": {
            "content": "-----BEGIN RSA PRIVATE KEY-----\nMIIJKQIBAAKCAgEAu1QVo/A6WcGZn3mcymWthFY8Gu00Zgc6mu9NocUPq03gCPCj\nSj4EyTjK7M6tUiJCG3APTDORAVreBBbhZ8LhCGyVcvDsEVeq3Es42NFoJxKvUr8Z\nEVQqm65pZyhCpCrrIRAUCL+HKUZfJjS6P7NMRPS1+LKJRZmQZCFrTJ8A7PSqdGXv\nHhSl2dhgeyxQt1+nORkklPtZc/e7FVBkwwPD3zRPIVdclAnPFTpRkBVNwZG3hSo0\nwYCRCaTrnpWLj9ws7C/lZPSCk4E19zay56WNg8htz7fQVqemUw30gb9ubDXXsCun\nytnbBbraXlywQp+XmOurJTo8YNjrC8Dg9lrY6JTV3pvHRIUgr+JZKLLBfNji9T7C\nu8PMy3VaiECjbAWhH3zrMiivLMl0f0HTIgxgbfEjOOGJv4+iEG11lqB0dlESi9fR\nHuYNylu+XEHVt2RYlWjd0uOpPgJniWi45lHfiDw00kD++FQIq3NiEr6d+szM4B+q\no85/FXw+osgm3UkIbrFsUBJm2ygY5dQI0pcF9eT7OUiILm9LsQZVIsRr6o3vhLL+\nvI0TleWKKCT7A8VrVoPNX/OFCVgi3/OP2eeGF9fOMoAylc+vI8rfnBD8PZC7S1Pq\nbf+3ZfW/mcoTCmfEftOAcYMtTdy4BU6Xt64FF4wJOua+TykL4Gfee1KbugMCAwEA\nAQKCAgAI9IsYTDqt4chzTEAHmPbDlc/HxcE0g3H0yC3g5ufJ264zHzXfLbnS2Mky\nquq0O3kHkMLadLig5PQqI+HgsPtLCM3YMdZHOfasE1iDXPdqrsT84q/TGT/0M1FM\noisVaAvXh8o9ZNKUUY3o6KpiszKZNU2htv9C+YVilApqHkvQCB5B9EGLIZeQI3zx\nRnwRWBxJaX9LM/zhw10JNs+qVvq9J+YEhQWi+hkRPbl6dtpBv7KTRiJBgeDtIho1\neZazaOYo4F1KBzpazNmEmPPSiSKLw0AkpvfpvJgB7m/a6AjiWWyXOm8KDoIe8wDP\ndATlGnYH1HRZEkCirJwH8s+OV2d5GfOER65juWImMolGghY7nd8Og9jdhRltzEEm\nTjPEKMi0RbbtarrAgg9AxOOwWQy1xWi3zcD5yy/vjKnPPpRfC+LZqoIGrUH2SBTy\nn8G2hU3go4tDyyLuDQ0ukMIjsINIfXP6hfmgeZdFymJ6wB0oTAQR7bQIhCZ8RO+i\ng021HpN5kxlft/vHwqRtP8O1d6sZUZUagOKW5/ov2xjX5O/jLAfi4kw67w6u1vws\nUR8abSSAJBw9M2if5fP7P/Y1dfh0Hr+8NGvNdzQCg2+RwKUqvm5AAavUqLPDFSoP\n4QYhgLvK/dxkNga2FJU5tmpZfQNTEB/Yj1KotXelsm5to0cfmQKCAQEAzs8CEnX/\n9FIlzYCXNlbxVKSCScsmhXCTCRU+9uaGIfHY28MjWYRiomoElCSZHiNoumnMqKTC\n4r3bfuUk+Dhi9vmi18Ohmo3/bREJLTxSr4biWfmK1M13ynxQTFx7tF/fUWn9HPMG\nBpZk5d2P+c86AHSoCIJ/qCE87ZZIOuWc7OksgoLNhjkWtKWWtqm2N4Lo0k8gBOJ5\nc5cruYhRyaAzam121e1UB2Ybu61FrJUU9Ovtvj0i/12NTDXVf8tKgzgjX6eCHq8l\nWi9dG84EbC8TYsRveZodaVnVBW3n2miQxeWtAJ6i5sRTt3BU67gE6+WhY4tHdd06\nQvtpHYnmKnAzNQKCAQEA5+LjyuBkXqWOB30MbmISP8wFt6cmSH8ei+WjjLwiELfu\nwZRQXo5LRWALYG15Q3VAhq3iVmj8qXtPxAuW95t2cjXfVD1wR5tJAi/sJiO1BtMC\n79l303oyPd1dEYR/+F0Do0HOMvzLEEP/AItdDTYAhLxmryRdVRrj9ltDg609EXi4\nNV8bUU5kFFLg8/KUdQmMUp4Jk6J0oWg3aAjK83WqPC4P+RXiKoUJ64Q0KDSd0aXK\nSNd26lz65XMxg77jNmPYluLfbv7AC3s5NL2o8uxtn7TM/OQFXq+fFKsqNR6LDDvU\nOL6AiwMTNPGKqki0XOYDPG/XPKXrn9h7CumeFmBnVwKCAQAOIXrkxAdPLGXE2up6\nHgqzW+JDJIxnRb/mOPtqZ2n2282Thovdy/vpWREjBjUoKAc55YzEYS2nzI046HNU\nOpYYhgoocAeUxesUCrvzyVFlCPRibXic/cUXotLhxNf3BS3/JBzVY42f2ZrfUfpK\neWxfJ5lrq28Jj+vX2BLrY1ELpwsRh9p/N1tj0ISxynrW5C0AYcOwUcE2srecH8Jm\n4nlg5kXebC73qnRuqHJATpd1/MDr5MWFaWEEOhFyf/OBb86K9Kkha5pDxUS5Z6RJ\nuBW9A+sSBgPIdQjnLBFRjR+HRiBCEJTU68lEmXpT+OjtLW2Pna6uUQVwGjmeeROv\nBqeZAoIBAQCFPIDWWQhSuZ1aACfcZM1HitreI1SD40aR62iFvLN2F7k/0RA8xFXL\njtv6k+xRLlXdDJw4Oiqy1v+GDYK40sLD7OBdbs/M1RSmBRMS9wFU4nmVhsaq5FNp\n6H9JSXCeLBOjAnSQJ2AmAGvMzEazCIxTuEzn5WUbOVAyhU3NowSrvUlaoUL4/KnU\nY6qNgJx8gvf1oIiwI3AQLeloBWVXbgxad70FyeUhuT9x64xsbY8gnroUEHlrP/GJ\nVR7mLBAxeD1CtSjchdOixTKhczhYHDEAysndpMbRGOe24IJn8xzB8r6FvC/vr9yh\nVwftv8iieCbz2u85EbzJI4HPS1xiTxIRAoIBAQCe6fk2/04qNfrDeVYtxxNooK5Q\nHZ+neS3hsw6V+ywPr0icpxD8YYy8YnP+dwUmaadXolyzfo1BPutrcLnktCs++yD5\naewa4NJ4eVUPLpuruUKHflfEf8u5ZU+DzL9+9I7PRKpxq/BDNCYgdJSAF6J8iKr+\nE3/QOaDUEz7Oj7691ZlACSrleeAMBdTySFLhzXukhwX1buuk+5k3xbAU2vAAfGU/\nyMDJc4rmYST4y7CIkMIPh2OrFbjAJiXFO7pSmTmFh8WJ3Z4NL9/lM4y+/7CS44Ii\nLhlPmgN7Fr9UilGRLlEJbRmzVcgSUHcZQ3fQ28yTsSP79J3ombnABo/ffm/u\n-----END RSA PRIVATE KEY-----\n",
            "content_base64": null,
            "directory_permission": "0777",
            "file_permission": "600",
            "filename": "bd.pem",
            "id": "06c65244dedbe10059b777d32e40f69c8dbdbc9c",
            "sensitive_content": null,
            "source": null
          },
          "sensitive_attributes": [
            [
              {
                "type": "get_attr",
                "value": "content"
              }
            ]
          ],
          "private": "bnVsbA==",
          "dependencies": [
            "tls_private_key.key"
          ]
        }
      ]
    },
    {
      "mode": "managed",
      "type": "local_file",
      "name": "publicKey",
      "provider": "provider[\"registry.terraform.io/hashicorp/local\"]",
      "instances": [
        {
          "schema_version": 0,
          "attributes": {
            "content": "ssh-rsa AAAAB3NzaC1yc2EAAAADAQABAAACAQC7VBWj8DpZwZmfeZzKZa2EVjwa7TRmBzqa702hxQ+rTeAI8KNKPgTJOMrszq1SIkIbcA9MM5EBWt4EFuFnwuEIbJVy8OwRV6rcSzjY0WgnEq9SvxkRVCqbrmlnKEKkKushEBQIv4cpRl8mNLo/s0xE9LX4solFmZBkIWtMnwDs9Kp0Ze8eFKXZ2GB7LFC3X6c5GSSU+1lz97sVUGTDA8PfNE8hV1yUCc8VOlGQFU3BkbeFKjTBgJEJpOuelYuP3CzsL+Vk9IKTgTX3NrLnpY2DyG3Pt9BWp6ZTDfSBv25sNdewK6fK2dsFutpeXLBCn5eY66slOjxg2OsLwOD2WtjolNXem8dEhSCv4lkossF82OL1PsK7w8zLdVqIQKNsBaEffOsyKK8syXR/QdMiDGBt8SM44Ym/j6IQbXWWoHR2URKL19Ee5g3KW75cQdW3ZFiVaN3S46k+AmeJaLjmUd+IPDTSQP74VAirc2ISvp36zMzgH6qjzn8VfD6iyCbdSQhusWxQEmbbKBjl1AjSlwX15Ps5SIgub0uxBlUixGvqje+Esv68jROV5YooJPsDxWtWg81f84UJWCLf84/Z54YX184ygDKVz68jyt+cEPw9kLtLU+pt/7dl9b+ZyhMKZ8R+04Bxgy1N3LgFTpe3rgUXjAk65r5PKQvgZ957Upu6Aw==\n",
            "content_base64": null,
            "directory_permission": "0777",
            "file_permission": "600",
            "filename": "bd.pub",
            "id": "1006ec754fe1c2b9f0151cdbf77469049fec5e16",
            "sensitive_content": null,
            "source": null
          },
          "sensitive_attributes": [],
          "private": "bnVsbA==",
          "dependencies": [
            "tls_private_key.key"
          ]
        }
      ]
    },
    {
      "mode": "managed",
      "type": "tls_private_key",
      "name": "key",
      "provider": "provider[\"registry.terraform.io/hashicorp/tls\"]",
      "instances": [
        {
          "schema_version": 1,
          "attributes": {
            "algorithm": "RSA",
            "ecdsa_curve": "P224",
            "id": "88c4ba57d1472f90a4a55d28470acbc4cd971a2f",
            "private_key_openssh": "-----BEGIN OPENSSH PRIVATE KEY-----\nb3BlbnNzaC1rZXktdjEAAAAABG5vbmUAAAAEbm9uZQAAAAAAAAABAAACFwAAAAdz\nc2gtcnNhAAAAAwEAAQAAAgEAu1QVo/A6WcGZn3mcymWthFY8Gu00Zgc6mu9NocUP\nq03gCPCjSj4EyTjK7M6tUiJCG3APTDORAVreBBbhZ8LhCGyVcvDsEVeq3Es42NFo\nJxKvUr8ZEVQqm65pZyhCpCrrIRAUCL+HKUZfJjS6P7NMRPS1+LKJRZmQZCFrTJ8A\n7PSqdGXvHhSl2dhgeyxQt1+nORkklPtZc/e7FVBkwwPD3zRPIVdclAnPFTpRkBVN\nwZG3hSo0wYCRCaTrnpWLj9ws7C/lZPSCk4E19zay56WNg8htz7fQVqemUw30gb9u\nbDXXsCunytnbBbraXlywQp+XmOurJTo8YNjrC8Dg9lrY6JTV3pvHRIUgr+JZKLLB\nfNji9T7Cu8PMy3VaiECjbAWhH3zrMiivLMl0f0HTIgxgbfEjOOGJv4+iEG11lqB0\ndlESi9fRHuYNylu+XEHVt2RYlWjd0uOpPgJniWi45lHfiDw00kD++FQIq3NiEr6d\n+szM4B+qo85/FXw+osgm3UkIbrFsUBJm2ygY5dQI0pcF9eT7OUiILm9LsQZVIsRr\n6o3vhLL+vI0TleWKKCT7A8VrVoPNX/OFCVgi3/OP2eeGF9fOMoAylc+vI8rfnBD8\nPZC7S1Pqbf+3ZfW/mcoTCmfEftOAcYMtTdy4BU6Xt64FF4wJOua+TykL4Gfee1Kb\nugMAAAc43XLpyd1y6ckAAAAHc3NoLXJzYQAAAgEAu1QVo/A6WcGZn3mcymWthFY8\nGu00Zgc6mu9NocUPq03gCPCjSj4EyTjK7M6tUiJCG3APTDORAVreBBbhZ8LhCGyV\ncvDsEVeq3Es42NFoJxKvUr8ZEVQqm65pZyhCpCrrIRAUCL+HKUZfJjS6P7NMRPS1\n+LKJRZmQZCFrTJ8A7PSqdGXvHhSl2dhgeyxQt1+nORkklPtZc/e7FVBkwwPD3zRP\nIVdclAnPFTpRkBVNwZG3hSo0wYCRCaTrnpWLj9ws7C/lZPSCk4E19zay56WNg8ht\nz7fQVqemUw30gb9ubDXXsCunytnbBbraXlywQp+XmOurJTo8YNjrC8Dg9lrY6JTV\n3pvHRIUgr+JZKLLBfNji9T7Cu8PMy3VaiECjbAWhH3zrMiivLMl0f0HTIgxgbfEj\nOOGJv4+iEG11lqB0dlESi9fRHuYNylu+XEHVt2RYlWjd0uOpPgJniWi45lHfiDw0\n0kD++FQIq3NiEr6d+szM4B+qo85/FXw+osgm3UkIbrFsUBJm2ygY5dQI0pcF9eT7\nOUiILm9LsQZVIsRr6o3vhLL+vI0TleWKKCT7A8VrVoPNX/OFCVgi3/OP2eeGF9fO\nMoAylc+vI8rfnBD8PZC7S1Pqbf+3ZfW/mcoTCmfEftOAcYMtTdy4BU6Xt64FF4wJ\nOua+TykL4Gfee1KbugMAAAADAQABAAACAAj0ixhMOq3hyHNMQAeY9sOVz8fFwTSD\ncfTILeDm58nbrjMfNd8tudLYyTKq6rQ7eQeQwtp0uKDk9Coj4eCw+0sIzdgx1kc5\n9qwTWINc92quxPzir9MZP/QzUUyiKxVoC9eHyj1k0pRRjejoqmKzMpk1TaG2/0L5\nhWKUCmoeS9AIHkH0QYshl5AjfPFGfBFYHElpf0sz/OHDXQk2z6pW+r0n5gSFBaL6\nGRE9uXp22kG/spNGIkGB4O0iGjV5lrNo5ijgXUoHOlrM2YSY89KJIovDQCSm9+m8\nmAHub9roCOJZbJc6bwoOgh7zAM90BOUadgfUdFkSQKKsnAfyz45XZ3kZ84RHrmO5\nYiYyiUaCFjud3w6D2N2FGW3MQSZOM8QoyLRFtu1qusCCD0DE47BZDLXFaLfNwPnL\nL++Mqc8+lF8L4tmqggatQfZIFPKfwbaFTeCji0PLIu4NDS6QwiOwg0h9c/qF+aB5\nl0XKYnrAHShMBBHttAiEJnxE76KDTbUek3mTGV+3+8fCpG0/w7V3qxlRlRqA4pbn\n+i/bGNfk7+MsB+LiTDrvDq7W/CxRHxptJIAkHD0zaJ/l8/s/9jV1+HQev7w0a813\nNAKDb5HApSq+bkABq9Sos8MVKg/hBiGAu8r93GQ2BrYUlTm2all9A1MQH9iPUqi1\nd6Wybm2jRx+ZAAABAQCe6fk2/04qNfrDeVYtxxNooK5QHZ+neS3hsw6V+ywPr0ic\npxD8YYy8YnP+dwUmaadXolyzfo1BPutrcLnktCs++yD5aewa4NJ4eVUPLpuruUKH\nflfEf8u5ZU+DzL9+9I7PRKpxq/BDNCYgdJSAF6J8iKr+E3/QOaDUEz7Oj7691ZlA\nCSrleeAMBdTySFLhzXukhwX1buuk+5k3xbAU2vAAfGU/yMDJc4rmYST4y7CIkMIP\nh2OrFbjAJiXFO7pSmTmFh8WJ3Z4NL9/lM4y+/7CS44IiLhlPmgN7Fr9UilGRLlEJ\nbRmzVcgSUHcZQ3fQ28yTsSP79J3ombnABo/ffm/uAAABAQDOzwISdf/0UiXNgJc2\nVvFUpIJJyyaFcJMJFT725oYh8djbwyNZhGKiagSUJJkeI2i6acyopMLivdt+5ST4\nOGL2+aLXw6Gajf9tEQktPFKvhuJZ+YrUzXfKfFBMXHu0X99Raf0c8wYGlmTl3Y/5\nzzoAdKgIgn+oITztlkg65Zzs6SyCgs2GORa0pZa2qbY3gujSTyAE4nlzlyu5iFHJ\noDNqbXbV7VQHZhu7rUWslRT06+2+PSL/XY1MNdV/y0qDOCNfp4IeryVaL10bzgRs\nLxNixG95mh1pWdUFbefaaJDF5a0AnqLmxFO3cFTruATr5aFji0d13TpC+2kdieYq\ncDM1AAABAQDn4uPK4GRepY4HfQxuYhI/zAW3pyZIfx6L5aOMvCIQt+7BlFBejktF\nYAtgbXlDdUCGreJWaPype0/EC5b3m3ZyNd9UPXBHm0kCL+wmI7UG0wLv2XfTejI9\n3V0RhH/4XQOjQc4y/MsQQ/8Ai10NNgCEvGavJF1VGuP2W0ODrT0ReLg1XxtRTmQU\nUuDz8pR1CYxSngmTonShaDdoCMrzdao8Lg/5FeIqhQnrhDQoNJ3RpcpI13bqXPrl\nczGDvuM2Y9iW4t9u/sALezk0vajy7G2ftMz85AVer58Uqyo1HosMO9Q4voCLAxM0\n8YqqSLRc5gM8b9c8peuf2HsK6Z4WYGdXAAAAAAEC\n-----END OPENSSH PRIVATE KEY-----\n",
            "private_key_pem": "-----BEGIN RSA PRIVATE KEY-----\nMIIJKQIBAAKCAgEAu1QVo/A6WcGZn3mcymWthFY8Gu00Zgc6mu9NocUPq03gCPCj\nSj4EyTjK7M6tUiJCG3APTDORAVreBBbhZ8LhCGyVcvDsEVeq3Es42NFoJxKvUr8Z\nEVQqm65pZyhCpCrrIRAUCL+HKUZfJjS6P7NMRPS1+LKJRZmQZCFrTJ8A7PSqdGXv\nHhSl2dhgeyxQt1+nORkklPtZc/e7FVBkwwPD3zRPIVdclAnPFTpRkBVNwZG3hSo0\nwYCRCaTrnpWLj9ws7C/lZPSCk4E19zay56WNg8htz7fQVqemUw30gb9ubDXXsCun\nytnbBbraXlywQp+XmOurJTo8YNjrC8Dg9lrY6JTV3pvHRIUgr+JZKLLBfNji9T7C\nu8PMy3VaiECjbAWhH3zrMiivLMl0f0HTIgxgbfEjOOGJv4+iEG11lqB0dlESi9fR\nHuYNylu+XEHVt2RYlWjd0uOpPgJniWi45lHfiDw00kD++FQIq3NiEr6d+szM4B+q\no85/FXw+osgm3UkIbrFsUBJm2ygY5dQI0pcF9eT7OUiILm9LsQZVIsRr6o3vhLL+\nvI0TleWKKCT7A8VrVoPNX/OFCVgi3/OP2eeGF9fOMoAylc+vI8rfnBD8PZC7S1Pq\nbf+3ZfW/mcoTCmfEftOAcYMtTdy4BU6Xt64FF4wJOua+TykL4Gfee1KbugMCAwEA\nAQKCAgAI9IsYTDqt4chzTEAHmPbDlc/HxcE0g3H0yC3g5ufJ264zHzXfLbnS2Mky\nquq0O3kHkMLadLig5PQqI+HgsPtLCM3YMdZHOfasE1iDXPdqrsT84q/TGT/0M1FM\noisVaAvXh8o9ZNKUUY3o6KpiszKZNU2htv9C+YVilApqHkvQCB5B9EGLIZeQI3zx\nRnwRWBxJaX9LM/zhw10JNs+qVvq9J+YEhQWi+hkRPbl6dtpBv7KTRiJBgeDtIho1\neZazaOYo4F1KBzpazNmEmPPSiSKLw0AkpvfpvJgB7m/a6AjiWWyXOm8KDoIe8wDP\ndATlGnYH1HRZEkCirJwH8s+OV2d5GfOER65juWImMolGghY7nd8Og9jdhRltzEEm\nTjPEKMi0RbbtarrAgg9AxOOwWQy1xWi3zcD5yy/vjKnPPpRfC+LZqoIGrUH2SBTy\nn8G2hU3go4tDyyLuDQ0ukMIjsINIfXP6hfmgeZdFymJ6wB0oTAQR7bQIhCZ8RO+i\ng021HpN5kxlft/vHwqRtP8O1d6sZUZUagOKW5/ov2xjX5O/jLAfi4kw67w6u1vws\nUR8abSSAJBw9M2if5fP7P/Y1dfh0Hr+8NGvNdzQCg2+RwKUqvm5AAavUqLPDFSoP\n4QYhgLvK/dxkNga2FJU5tmpZfQNTEB/Yj1KotXelsm5to0cfmQKCAQEAzs8CEnX/\n9FIlzYCXNlbxVKSCScsmhXCTCRU+9uaGIfHY28MjWYRiomoElCSZHiNoumnMqKTC\n4r3bfuUk+Dhi9vmi18Ohmo3/bREJLTxSr4biWfmK1M13ynxQTFx7tF/fUWn9HPMG\nBpZk5d2P+c86AHSoCIJ/qCE87ZZIOuWc7OksgoLNhjkWtKWWtqm2N4Lo0k8gBOJ5\nc5cruYhRyaAzam121e1UB2Ybu61FrJUU9Ovtvj0i/12NTDXVf8tKgzgjX6eCHq8l\nWi9dG84EbC8TYsRveZodaVnVBW3n2miQxeWtAJ6i5sRTt3BU67gE6+WhY4tHdd06\nQvtpHYnmKnAzNQKCAQEA5+LjyuBkXqWOB30MbmISP8wFt6cmSH8ei+WjjLwiELfu\nwZRQXo5LRWALYG15Q3VAhq3iVmj8qXtPxAuW95t2cjXfVD1wR5tJAi/sJiO1BtMC\n79l303oyPd1dEYR/+F0Do0HOMvzLEEP/AItdDTYAhLxmryRdVRrj9ltDg609EXi4\nNV8bUU5kFFLg8/KUdQmMUp4Jk6J0oWg3aAjK83WqPC4P+RXiKoUJ64Q0KDSd0aXK\nSNd26lz65XMxg77jNmPYluLfbv7AC3s5NL2o8uxtn7TM/OQFXq+fFKsqNR6LDDvU\nOL6AiwMTNPGKqki0XOYDPG/XPKXrn9h7CumeFmBnVwKCAQAOIXrkxAdPLGXE2up6\nHgqzW+JDJIxnRb/mOPtqZ2n2282Thovdy/vpWREjBjUoKAc55YzEYS2nzI046HNU\nOpYYhgoocAeUxesUCrvzyVFlCPRibXic/cUXotLhxNf3BS3/JBzVY42f2ZrfUfpK\neWxfJ5lrq28Jj+vX2BLrY1ELpwsRh9p/N1tj0ISxynrW5C0AYcOwUcE2srecH8Jm\n4nlg5kXebC73qnRuqHJATpd1/MDr5MWFaWEEOhFyf/OBb86K9Kkha5pDxUS5Z6RJ\nuBW9A+sSBgPIdQjnLBFRjR+HRiBCEJTU68lEmXpT+OjtLW2Pna6uUQVwGjmeeROv\nBqeZAoIBAQCFPIDWWQhSuZ1aACfcZM1HitreI1SD40aR62iFvLN2F7k/0RA8xFXL\njtv6k+xRLlXdDJw4Oiqy1v+GDYK40sLD7OBdbs/M1RSmBRMS9wFU4nmVhsaq5FNp\n6H9JSXCeLBOjAnSQJ2AmAGvMzEazCIxTuEzn5WUbOVAyhU3NowSrvUlaoUL4/KnU\nY6qNgJx8gvf1oIiwI3AQLeloBWVXbgxad70FyeUhuT9x64xsbY8gnroUEHlrP/GJ\nVR7mLBAxeD1CtSjchdOixTKhczhYHDEAysndpMbRGOe24IJn8xzB8r6FvC/vr9yh\nVwftv8iieCbz2u85EbzJI4HPS1xiTxIRAoIBAQCe6fk2/04qNfrDeVYtxxNooK5Q\nHZ+neS3hsw6V+ywPr0icpxD8YYy8YnP+dwUmaadXolyzfo1BPutrcLnktCs++yD5\naewa4NJ4eVUPLpuruUKHflfEf8u5ZU+DzL9+9I7PRKpxq/BDNCYgdJSAF6J8iKr+\nE3/QOaDUEz7Oj7691ZlACSrleeAMBdTySFLhzXukhwX1buuk+5k3xbAU2vAAfGU/\nyMDJc4rmYST4y7CIkMIPh2OrFbjAJiXFO7pSmTmFh8WJ3Z4NL9/lM4y+/7CS44Ii\nLhlPmgN7Fr9UilGRLlEJbRmzVcgSUHcZQ3fQ28yTsSP79J3ombnABo/ffm/u\n-----END RSA PRIVATE KEY-----\n",
            "private_key_pem_pkcs8": "-----BEGIN PRIVATE KEY-----\nMIIJQwIBADANBgkqhkiG9w0BAQEFAASCCS0wggkpAgEAAoICAQC7VBWj8DpZwZmf\neZzKZa2EVjwa7TRmBzqa702hxQ+rTeAI8KNKPgTJOMrszq1SIkIbcA9MM5EBWt4E\nFuFnwuEIbJVy8OwRV6rcSzjY0WgnEq9SvxkRVCqbrmlnKEKkKushEBQIv4cpRl8m\nNLo/s0xE9LX4solFmZBkIWtMnwDs9Kp0Ze8eFKXZ2GB7LFC3X6c5GSSU+1lz97sV\nUGTDA8PfNE8hV1yUCc8VOlGQFU3BkbeFKjTBgJEJpOuelYuP3CzsL+Vk9IKTgTX3\nNrLnpY2DyG3Pt9BWp6ZTDfSBv25sNdewK6fK2dsFutpeXLBCn5eY66slOjxg2OsL\nwOD2WtjolNXem8dEhSCv4lkossF82OL1PsK7w8zLdVqIQKNsBaEffOsyKK8syXR/\nQdMiDGBt8SM44Ym/j6IQbXWWoHR2URKL19Ee5g3KW75cQdW3ZFiVaN3S46k+AmeJ\naLjmUd+IPDTSQP74VAirc2ISvp36zMzgH6qjzn8VfD6iyCbdSQhusWxQEmbbKBjl\n1AjSlwX15Ps5SIgub0uxBlUixGvqje+Esv68jROV5YooJPsDxWtWg81f84UJWCLf\n84/Z54YX184ygDKVz68jyt+cEPw9kLtLU+pt/7dl9b+ZyhMKZ8R+04Bxgy1N3LgF\nTpe3rgUXjAk65r5PKQvgZ957Upu6AwIDAQABAoICAAj0ixhMOq3hyHNMQAeY9sOV\nz8fFwTSDcfTILeDm58nbrjMfNd8tudLYyTKq6rQ7eQeQwtp0uKDk9Coj4eCw+0sI\nzdgx1kc59qwTWINc92quxPzir9MZP/QzUUyiKxVoC9eHyj1k0pRRjejoqmKzMpk1\nTaG2/0L5hWKUCmoeS9AIHkH0QYshl5AjfPFGfBFYHElpf0sz/OHDXQk2z6pW+r0n\n5gSFBaL6GRE9uXp22kG/spNGIkGB4O0iGjV5lrNo5ijgXUoHOlrM2YSY89KJIovD\nQCSm9+m8mAHub9roCOJZbJc6bwoOgh7zAM90BOUadgfUdFkSQKKsnAfyz45XZ3kZ\n84RHrmO5YiYyiUaCFjud3w6D2N2FGW3MQSZOM8QoyLRFtu1qusCCD0DE47BZDLXF\naLfNwPnLL++Mqc8+lF8L4tmqggatQfZIFPKfwbaFTeCji0PLIu4NDS6QwiOwg0h9\nc/qF+aB5l0XKYnrAHShMBBHttAiEJnxE76KDTbUek3mTGV+3+8fCpG0/w7V3qxlR\nlRqA4pbn+i/bGNfk7+MsB+LiTDrvDq7W/CxRHxptJIAkHD0zaJ/l8/s/9jV1+HQe\nv7w0a813NAKDb5HApSq+bkABq9Sos8MVKg/hBiGAu8r93GQ2BrYUlTm2all9A1MQ\nH9iPUqi1d6Wybm2jRx+ZAoIBAQDOzwISdf/0UiXNgJc2VvFUpIJJyyaFcJMJFT72\n5oYh8djbwyNZhGKiagSUJJkeI2i6acyopMLivdt+5ST4OGL2+aLXw6Gajf9tEQkt\nPFKvhuJZ+YrUzXfKfFBMXHu0X99Raf0c8wYGlmTl3Y/5zzoAdKgIgn+oITztlkg6\n5Zzs6SyCgs2GORa0pZa2qbY3gujSTyAE4nlzlyu5iFHJoDNqbXbV7VQHZhu7rUWs\nlRT06+2+PSL/XY1MNdV/y0qDOCNfp4IeryVaL10bzgRsLxNixG95mh1pWdUFbefa\naJDF5a0AnqLmxFO3cFTruATr5aFji0d13TpC+2kdieYqcDM1AoIBAQDn4uPK4GRe\npY4HfQxuYhI/zAW3pyZIfx6L5aOMvCIQt+7BlFBejktFYAtgbXlDdUCGreJWaPyp\ne0/EC5b3m3ZyNd9UPXBHm0kCL+wmI7UG0wLv2XfTejI93V0RhH/4XQOjQc4y/MsQ\nQ/8Ai10NNgCEvGavJF1VGuP2W0ODrT0ReLg1XxtRTmQUUuDz8pR1CYxSngmTonSh\naDdoCMrzdao8Lg/5FeIqhQnrhDQoNJ3RpcpI13bqXPrlczGDvuM2Y9iW4t9u/sAL\nezk0vajy7G2ftMz85AVer58Uqyo1HosMO9Q4voCLAxM08YqqSLRc5gM8b9c8peuf\n2HsK6Z4WYGdXAoIBAA4heuTEB08sZcTa6noeCrNb4kMkjGdFv+Y4+2pnafbbzZOG\ni93L++lZESMGNSgoBznljMRhLafMjTjoc1Q6lhiGCihwB5TF6xQKu/PJUWUI9GJt\neJz9xRei0uHE1/cFLf8kHNVjjZ/Zmt9R+kp5bF8nmWurbwmP69fYEutjUQunCxGH\n2n83W2PQhLHKetbkLQBhw7BRwTayt5wfwmbieWDmRd5sLveqdG6ockBOl3X8wOvk\nxYVpYQQ6EXJ/84Fvzor0qSFrmkPFRLlnpEm4Fb0D6xIGA8h1COcsEVGNH4dGIEIQ\nlNTryUSZelP46O0tbY+drq5RBXAaOZ55E68Gp5kCggEBAIU8gNZZCFK5nVoAJ9xk\nzUeK2t4jVIPjRpHraIW8s3YXuT/REDzEVcuO2/qT7FEuVd0MnDg6KrLW/4YNgrjS\nwsPs4F1uz8zVFKYFExL3AVTieZWGxqrkU2nof0lJcJ4sE6MCdJAnYCYAa8zMRrMI\njFO4TOflZRs5UDKFTc2jBKu9SVqhQvj8qdRjqo2AnHyC9/WgiLAjcBAt6WgFZVdu\nDFp3vQXJ5SG5P3HrjGxtjyCeuhQQeWs/8YlVHuYsEDF4PUK1KNyF06LFMqFzOFgc\nMQDKyd2kxtEY57bggmfzHMHyvoW8L++v3KFXB+2/yKJ4JvPa7zkRvMkjgc9LXGJP\nEhECggEBAJ7p+Tb/Tio1+sN5Vi3HE2igrlAdn6d5LeGzDpX7LA+vSJynEPxhjLxi\nc/53BSZpp1eiXLN+jUE+62twueS0Kz77IPlp7Brg0nh5VQ8um6u5Qod+V8R/y7ll\nT4PMv370js9EqnGr8EM0JiB0lIAXonyIqv4Tf9A5oNQTPs6Pvr3VmUAJKuV54AwF\n1PJIUuHNe6SHBfVu66T7mTfFsBTa8AB8ZT/IwMlziuZhJPjLsIiQwg+HY6sVuMAm\nJcU7ulKZOYWHxYndng0v3+UzjL7/sJLjgiIuGU+aA3sWv1SKUZEuUQltGbNVyBJQ\ndxlDd9DbzJOxI/v0neiZucAGj99+b+4=\n-----END PRIVATE KEY-----\n",
            "public_key_fingerprint_md5": "25:ac:12:81:c4:8c:69:cb:ca:26:24:a5:e2:65:a5:56",
            "public_key_fingerprint_sha256": "SHA256:9mYJ01DEkKKgTwpHo7hdQmbRPif5wRzF1fJkLie0zgk",
            "public_key_openssh": "ssh-rsa AAAAB3NzaC1yc2EAAAADAQABAAACAQC7VBWj8DpZwZmfeZzKZa2EVjwa7TRmBzqa702hxQ+rTeAI8KNKPgTJOMrszq1SIkIbcA9MM5EBWt4EFuFnwuEIbJVy8OwRV6rcSzjY0WgnEq9SvxkRVCqbrmlnKEKkKushEBQIv4cpRl8mNLo/s0xE9LX4solFmZBkIWtMnwDs9Kp0Ze8eFKXZ2GB7LFC3X6c5GSSU+1lz97sVUGTDA8PfNE8hV1yUCc8VOlGQFU3BkbeFKjTBgJEJpOuelYuP3CzsL+Vk9IKTgTX3NrLnpY2DyG3Pt9BWp6ZTDfSBv25sNdewK6fK2dsFutpeXLBCn5eY66slOjxg2OsLwOD2WtjolNXem8dEhSCv4lkossF82OL1PsK7w8zLdVqIQKNsBaEffOsyKK8syXR/QdMiDGBt8SM44Ym/j6IQbXWWoHR2URKL19Ee5g3KW75cQdW3ZFiVaN3S46k+AmeJaLjmUd+IPDTSQP74VAirc2ISvp36zMzgH6qjzn8VfD6iyCbdSQhusWxQEmbbKBjl1AjSlwX15Ps5SIgub0uxBlUixGvqje+Esv68jROV5YooJPsDxWtWg81f84UJWCLf84/Z54YX184ygDKVz68jyt+cEPw9kLtLU+pt/7dl9b+ZyhMKZ8R+04Bxgy1N3LgFTpe3rgUXjAk65r5PKQvgZ957Upu6Aw==\n",
            "public_key_pem": "-----BEGIN PUBLIC KEY-----\nMIICIjANBgkqhkiG9w0BAQEFAAOCAg8AMIICCgKCAgEAu1QVo/A6WcGZn3mcymWt\nhFY8Gu00Zgc6mu9NocUPq03gCPCjSj4EyTjK7M6tUiJCG3APTDORAVreBBbhZ8Lh\nCGyVcvDsEVeq3Es42NFoJxKvUr8ZEVQqm65pZyhCpCrrIRAUCL+HKUZfJjS6P7NM\nRPS1+LKJRZmQZCFrTJ8A7PSqdGXvHhSl2dhgeyxQt1+nORkklPtZc/e7FVBkwwPD\n3zRPIVdclAnPFTpRkBVNwZG3hSo0wYCRCaTrnpWLj9ws7C/lZPSCk4E19zay56WN\ng8htz7fQVqemUw30gb9ubDXXsCunytnbBbraXlywQp+XmOurJTo8YNjrC8Dg9lrY\n6JTV3pvHRIUgr+JZKLLBfNji9T7Cu8PMy3VaiECjbAWhH3zrMiivLMl0f0HTIgxg\nbfEjOOGJv4+iEG11lqB0dlESi9fRHuYNylu+XEHVt2RYlWjd0uOpPgJniWi45lHf\niDw00kD++FQIq3NiEr6d+szM4B+qo85/FXw+osgm3UkIbrFsUBJm2ygY5dQI0pcF\n9eT7OUiILm9LsQZVIsRr6o3vhLL+vI0TleWKKCT7A8VrVoPNX/OFCVgi3/OP2eeG\nF9fOMoAylc+vI8rfnBD8PZC7S1Pqbf+3ZfW/mcoTCmfEftOAcYMtTdy4BU6Xt64F\nF4wJOua+TykL4Gfee1KbugMCAwEAAQ==\n-----END PUBLIC KEY-----\n",
            "rsa_bits": 4096
          },
          "sensitive_attributes": []
        }
      ]
    },
    {
      "module": "module.vpc",
      "mode": "managed",
      "type": "aws_internet_gateway",
      "name": "this",
      "provider": "provider[\"registry.terraform.io/hashicorp/aws\"]",
      "instances": [
        {
          "index_key": 0,
          "schema_version": 0,
          "attributes": {
            "arn": "arn:aws:ec2:us-east-2:226490334962:internet-gateway/igw-026e1b4091e4e876b",
            "id": "igw-026e1b4091e4e876b",
            "owner_id": "226490334962",
            "tags": {
              "Name": "bd-vpc"
            },
            "tags_all": {
              "Name": "bd-vpc"
            },
            "timeouts": null,
            "vpc_id": "vpc-07afc6bd42ab6291b"
          },
          "sensitive_attributes": [],
          "private": "eyJlMmJmYjczMC1lY2FhLTExZTYtOGY4OC0zNDM2M2JjN2M0YzAiOnsiY3JlYXRlIjoxMjAwMDAwMDAwMDAwLCJkZWxldGUiOjEyMDAwMDAwMDAwMDAsInVwZGF0ZSI6MTIwMDAwMDAwMDAwMH19",
          "dependencies": [
            "module.vpc.aws_vpc.this",
            "module.vpc.aws_vpc_ipv4_cidr_block_association.this"
          ]
        }
      ]
    },
    {
      "module": "module.vpc",
      "mode": "managed",
      "type": "aws_route",
      "name": "public_internet_gateway",
      "provider": "provider[\"registry.terraform.io/hashicorp/aws\"]",
      "instances": [
        {
          "index_key": 0,
          "schema_version": 0,
          "attributes": {
            "carrier_gateway_id": "",
            "core_network_arn": "",
            "destination_cidr_block": "0.0.0.0/0",
            "destination_ipv6_cidr_block": "",
            "destination_prefix_list_id": "",
            "egress_only_gateway_id": "",
            "gateway_id": "igw-026e1b4091e4e876b",
            "id": "r-rtb-090fa44e715bad7681080289494",
            "instance_id": "",
            "instance_owner_id": "",
            "local_gateway_id": "",
            "nat_gateway_id": "",
            "network_interface_id": "",
            "origin": "CreateRoute",
            "route_table_id": "rtb-090fa44e715bad768",
            "state": "active",
            "timeouts": {
              "create": "5m",
              "delete": null,
              "update": null
            },
            "transit_gateway_id": "",
            "vpc_endpoint_id": "",
            "vpc_peering_connection_id": ""
          },
          "sensitive_attributes": [],
          "private": "eyJlMmJmYjczMC1lY2FhLTExZTYtOGY4OC0zNDM2M2JjN2M0YzAiOnsiY3JlYXRlIjozMDAwMDAwMDAwMDAsImRlbGV0ZSI6MzAwMDAwMDAwMDAwLCJ1cGRhdGUiOjEyMDAwMDAwMDAwMH19",
          "dependencies": [
            "module.vpc.aws_internet_gateway.this",
            "module.vpc.aws_route_table.public",
            "module.vpc.aws_vpc.this",
            "module.vpc.aws_vpc_ipv4_cidr_block_association.this"
          ]
        }
      ]
    },
    {
      "module": "module.vpc",
      "mode": "managed",
      "type": "aws_route_table",
      "name": "private",
      "provider": "provider[\"registry.terraform.io/hashicorp/aws\"]",
      "instances": [
        {
          "index_key": 0,
          "schema_version": 0,
          "attributes": {
            "arn": "arn:aws:ec2:us-east-2:226490334962:route-table/rtb-088bbc6baace98d66",
            "id": "rtb-088bbc6baace98d66",
            "owner_id": "226490334962",
            "propagating_vgws": [],
            "route": [],
            "tags": {
              "Name": "bd-vpc-private-us-east-2a"
            },
            "tags_all": {
              "Name": "bd-vpc-private-us-east-2a"
            },
            "timeouts": null,
            "vpc_id": "vpc-07afc6bd42ab6291b"
          },
          "sensitive_attributes": [],
          "private": "eyJlMmJmYjczMC1lY2FhLTExZTYtOGY4OC0zNDM2M2JjN2M0YzAiOnsiY3JlYXRlIjozMDAwMDAwMDAwMDAsImRlbGV0ZSI6MzAwMDAwMDAwMDAwLCJ1cGRhdGUiOjEyMDAwMDAwMDAwMH19",
          "dependencies": [
            "data.aws_availability_zones.available",
            "module.vpc.aws_vpc.this",
            "module.vpc.aws_vpc_ipv4_cidr_block_association.this"
          ]
        },
        {
          "index_key": 1,
          "schema_version": 0,
          "attributes": {
            "arn": "arn:aws:ec2:us-east-2:226490334962:route-table/rtb-09c3dd546c9028ff7",
            "id": "rtb-09c3dd546c9028ff7",
            "owner_id": "226490334962",
            "propagating_vgws": [],
            "route": [],
            "tags": {
              "Name": "bd-vpc-private-us-east-2b"
            },
            "tags_all": {
              "Name": "bd-vpc-private-us-east-2b"
            },
            "timeouts": null,
            "vpc_id": "vpc-07afc6bd42ab6291b"
          },
          "sensitive_attributes": [],
          "private": "eyJlMmJmYjczMC1lY2FhLTExZTYtOGY4OC0zNDM2M2JjN2M0YzAiOnsiY3JlYXRlIjozMDAwMDAwMDAwMDAsImRlbGV0ZSI6MzAwMDAwMDAwMDAwLCJ1cGRhdGUiOjEyMDAwMDAwMDAwMH19",
          "dependencies": [
            "data.aws_availability_zones.available",
            "module.vpc.aws_vpc.this",
            "module.vpc.aws_vpc_ipv4_cidr_block_association.this"
          ]
        }
      ]
    },
    {
      "module": "module.vpc",
      "mode": "managed",
      "type": "aws_route_table",
      "name": "public",
      "provider": "provider[\"registry.terraform.io/hashicorp/aws\"]",
      "instances": [
        {
          "index_key": 0,
          "schema_version": 0,
          "attributes": {
            "arn": "arn:aws:ec2:us-east-2:226490334962:route-table/rtb-090fa44e715bad768",
            "id": "rtb-090fa44e715bad768",
            "owner_id": "226490334962",
            "propagating_vgws": [],
            "route": [
              {
                "carrier_gateway_id": "",
                "cidr_block": "0.0.0.0/0",
                "core_network_arn": "",
                "destination_prefix_list_id": "",
                "egress_only_gateway_id": "",
                "gateway_id": "igw-026e1b4091e4e876b",
                "instance_id": "",
                "ipv6_cidr_block": "",
                "local_gateway_id": "",
                "nat_gateway_id": "",
                "network_interface_id": "",
                "transit_gateway_id": "",
                "vpc_endpoint_id": "",
                "vpc_peering_connection_id": ""
              }
            ],
            "tags": {
              "Name": "bd-vpc-public"
            },
            "tags_all": {
              "Name": "bd-vpc-public"
            },
            "timeouts": null,
            "vpc_id": "vpc-07afc6bd42ab6291b"
          },
          "sensitive_attributes": [],
          "private": "eyJlMmJmYjczMC1lY2FhLTExZTYtOGY4OC0zNDM2M2JjN2M0YzAiOnsiY3JlYXRlIjozMDAwMDAwMDAwMDAsImRlbGV0ZSI6MzAwMDAwMDAwMDAwLCJ1cGRhdGUiOjEyMDAwMDAwMDAwMH19",
          "dependencies": [
            "module.vpc.aws_vpc.this",
            "module.vpc.aws_vpc_ipv4_cidr_block_association.this"
          ]
        }
      ]
    },
    {
      "module": "module.vpc",
      "mode": "managed",
      "type": "aws_route_table_association",
      "name": "private",
      "provider": "provider[\"registry.terraform.io/hashicorp/aws\"]",
      "instances": [
        {
          "index_key": 0,
          "schema_version": 0,
          "attributes": {
            "gateway_id": "",
            "id": "rtbassoc-062dcdd8f982451b4",
            "route_table_id": "rtb-088bbc6baace98d66",
            "subnet_id": "subnet-0d1195a10fd63e2a9"
          },
          "sensitive_attributes": [],
          "private": "bnVsbA==",
          "dependencies": [
            "data.aws_availability_zones.available",
            "module.vpc.aws_route_table.private",
            "module.vpc.aws_subnet.private",
            "module.vpc.aws_vpc.this",
            "module.vpc.aws_vpc_ipv4_cidr_block_association.this"
          ]
        },
        {
          "index_key": 1,
          "schema_version": 0,
          "attributes": {
            "gateway_id": "",
            "id": "rtbassoc-07bf709590be9d346",
            "route_table_id": "rtb-09c3dd546c9028ff7",
            "subnet_id": "subnet-06c7ed0987dd001aa"
          },
          "sensitive_attributes": [],
          "private": "bnVsbA==",
          "dependencies": [
            "data.aws_availability_zones.available",
            "module.vpc.aws_route_table.private",
            "module.vpc.aws_subnet.private",
            "module.vpc.aws_vpc.this",
            "module.vpc.aws_vpc_ipv4_cidr_block_association.this"
          ]
        }
      ]
    },
    {
      "module": "module.vpc",
      "mode": "managed",
      "type": "aws_route_table_association",
      "name": "public",
      "provider": "provider[\"registry.terraform.io/hashicorp/aws\"]",
      "instances": [
        {
          "index_key": 0,
          "schema_version": 0,
          "attributes": {
            "gateway_id": "",
            "id": "rtbassoc-0c6dcc179fb5d8628",
            "route_table_id": "rtb-090fa44e715bad768",
            "subnet_id": "subnet-07450abcaf3f112c9"
          },
          "sensitive_attributes": [],
          "private": "bnVsbA==",
          "dependencies": [
            "data.aws_availability_zones.available",
            "module.vpc.aws_route_table.public",
            "module.vpc.aws_subnet.public",
            "module.vpc.aws_vpc.this",
            "module.vpc.aws_vpc_ipv4_cidr_block_association.this"
          ]
        },
        {
          "index_key": 1,
          "schema_version": 0,
          "attributes": {
            "gateway_id": "",
            "id": "rtbassoc-01ce8a8560ae543ab",
            "route_table_id": "rtb-090fa44e715bad768",
            "subnet_id": "subnet-0804fb5ae9b9e27ee"
          },
          "sensitive_attributes": [],
          "private": "bnVsbA==",
          "dependencies": [
            "data.aws_availability_zones.available",
            "module.vpc.aws_route_table.public",
            "module.vpc.aws_subnet.public",
            "module.vpc.aws_vpc.this",
            "module.vpc.aws_vpc_ipv4_cidr_block_association.this"
          ]
        }
      ]
    },
    {
      "module": "module.vpc",
      "mode": "managed",
      "type": "aws_subnet",
      "name": "private",
      "provider": "provider[\"registry.terraform.io/hashicorp/aws\"]",
      "instances": [
        {
          "index_key": 0,
          "schema_version": 1,
          "attributes": {
            "arn": "arn:aws:ec2:us-east-2:226490334962:subnet/subnet-0d1195a10fd63e2a9",
            "assign_ipv6_address_on_creation": false,
            "availability_zone": "us-east-2a",
            "availability_zone_id": "use2-az1",
            "cidr_block": "10.0.0.128/26",
            "customer_owned_ipv4_pool": "",
            "enable_dns64": false,
            "enable_resource_name_dns_a_record_on_launch": false,
            "enable_resource_name_dns_aaaa_record_on_launch": false,
            "id": "subnet-0d1195a10fd63e2a9",
            "ipv6_cidr_block": "",
            "ipv6_cidr_block_association_id": "",
            "ipv6_native": false,
            "map_customer_owned_ip_on_launch": false,
            "map_public_ip_on_launch": false,
            "outpost_arn": "",
            "owner_id": "226490334962",
            "private_dns_hostname_type_on_launch": "ip-name",
            "tags": {
              "Name": "bd-vpc-private-us-east-2a"
            },
            "tags_all": {
              "Name": "bd-vpc-private-us-east-2a"
            },
            "timeouts": null,
            "vpc_id": "vpc-07afc6bd42ab6291b"
          },
          "sensitive_attributes": [],
          "private": "eyJlMmJmYjczMC1lY2FhLTExZTYtOGY4OC0zNDM2M2JjN2M0YzAiOnsiY3JlYXRlIjo2MDAwMDAwMDAwMDAsImRlbGV0ZSI6MTIwMDAwMDAwMDAwMH0sInNjaGVtYV92ZXJzaW9uIjoiMSJ9",
          "dependencies": [
            "data.aws_availability_zones.available",
            "module.vpc.aws_vpc.this",
            "module.vpc.aws_vpc_ipv4_cidr_block_association.this"
          ]
        },
        {
          "index_key": 1,
          "schema_version": 1,
          "attributes": {
            "arn": "arn:aws:ec2:us-east-2:226490334962:subnet/subnet-06c7ed0987dd001aa",
            "assign_ipv6_address_on_creation": false,
            "availability_zone": "us-east-2b",
            "availability_zone_id": "use2-az2",
            "cidr_block": "10.0.0.192/26",
            "customer_owned_ipv4_pool": "",
            "enable_dns64": false,
            "enable_resource_name_dns_a_record_on_launch": false,
            "enable_resource_name_dns_aaaa_record_on_launch": false,
            "id": "subnet-06c7ed0987dd001aa",
            "ipv6_cidr_block": "",
            "ipv6_cidr_block_association_id": "",
            "ipv6_native": false,
            "map_customer_owned_ip_on_launch": false,
            "map_public_ip_on_launch": false,
            "outpost_arn": "",
            "owner_id": "226490334962",
            "private_dns_hostname_type_on_launch": "ip-name",
            "tags": {
              "Name": "bd-vpc-private-us-east-2b"
            },
            "tags_all": {
              "Name": "bd-vpc-private-us-east-2b"
            },
            "timeouts": null,
            "vpc_id": "vpc-07afc6bd42ab6291b"
          },
          "sensitive_attributes": [],
          "private": "eyJlMmJmYjczMC1lY2FhLTExZTYtOGY4OC0zNDM2M2JjN2M0YzAiOnsiY3JlYXRlIjo2MDAwMDAwMDAwMDAsImRlbGV0ZSI6MTIwMDAwMDAwMDAwMH0sInNjaGVtYV92ZXJzaW9uIjoiMSJ9",
          "dependencies": [
            "data.aws_availability_zones.available",
            "module.vpc.aws_vpc.this",
            "module.vpc.aws_vpc_ipv4_cidr_block_association.this"
          ]
        }
      ]
    },
    {
      "module": "module.vpc",
      "mode": "managed",
      "type": "aws_subnet",
      "name": "public",
      "provider": "provider[\"registry.terraform.io/hashicorp/aws\"]",
      "instances": [
        {
          "index_key": 0,
          "schema_version": 1,
          "attributes": {
            "arn": "arn:aws:ec2:us-east-2:226490334962:subnet/subnet-07450abcaf3f112c9",
            "assign_ipv6_address_on_creation": false,
            "availability_zone": "us-east-2a",
            "availability_zone_id": "use2-az1",
            "cidr_block": "10.0.0.0/26",
            "customer_owned_ipv4_pool": "",
            "enable_dns64": false,
            "enable_resource_name_dns_a_record_on_launch": false,
            "enable_resource_name_dns_aaaa_record_on_launch": false,
            "id": "subnet-07450abcaf3f112c9",
            "ipv6_cidr_block": "",
            "ipv6_cidr_block_association_id": "",
            "ipv6_native": false,
            "map_customer_owned_ip_on_launch": false,
            "map_public_ip_on_launch": true,
            "outpost_arn": "",
            "owner_id": "226490334962",
            "private_dns_hostname_type_on_launch": "ip-name",
            "tags": {
              "Name": "bd-vpc-public-us-east-2a"
            },
            "tags_all": {
              "Name": "bd-vpc-public-us-east-2a"
            },
            "timeouts": null,
            "vpc_id": "vpc-07afc6bd42ab6291b"
          },
          "sensitive_attributes": [],
          "private": "eyJlMmJmYjczMC1lY2FhLTExZTYtOGY4OC0zNDM2M2JjN2M0YzAiOnsiY3JlYXRlIjo2MDAwMDAwMDAwMDAsImRlbGV0ZSI6MTIwMDAwMDAwMDAwMH0sInNjaGVtYV92ZXJzaW9uIjoiMSJ9",
          "dependencies": [
            "data.aws_availability_zones.available",
            "module.vpc.aws_vpc.this",
            "module.vpc.aws_vpc_ipv4_cidr_block_association.this"
          ]
        },
        {
          "index_key": 1,
          "schema_version": 1,
          "attributes": {
            "arn": "arn:aws:ec2:us-east-2:226490334962:subnet/subnet-0804fb5ae9b9e27ee",
            "assign_ipv6_address_on_creation": false,
            "availability_zone": "us-east-2b",
            "availability_zone_id": "use2-az2",
            "cidr_block": "10.0.0.64/26",
            "customer_owned_ipv4_pool": "",
            "enable_dns64": false,
            "enable_resource_name_dns_a_record_on_launch": false,
            "enable_resource_name_dns_aaaa_record_on_launch": false,
            "id": "subnet-0804fb5ae9b9e27ee",
            "ipv6_cidr_block": "",
            "ipv6_cidr_block_association_id": "",
            "ipv6_native": false,
            "map_customer_owned_ip_on_launch": false,
            "map_public_ip_on_launch": true,
            "outpost_arn": "",
            "owner_id": "226490334962",
            "private_dns_hostname_type_on_launch": "ip-name",
            "tags": {
              "Name": "bd-vpc-public-us-east-2b"
            },
            "tags_all": {
              "Name": "bd-vpc-public-us-east-2b"
            },
            "timeouts": null,
            "vpc_id": "vpc-07afc6bd42ab6291b"
          },
          "sensitive_attributes": [],
          "private": "eyJlMmJmYjczMC1lY2FhLTExZTYtOGY4OC0zNDM2M2JjN2M0YzAiOnsiY3JlYXRlIjo2MDAwMDAwMDAwMDAsImRlbGV0ZSI6MTIwMDAwMDAwMDAwMH0sInNjaGVtYV92ZXJzaW9uIjoiMSJ9",
          "dependencies": [
            "data.aws_availability_zones.available",
            "module.vpc.aws_vpc.this",
            "module.vpc.aws_vpc_ipv4_cidr_block_association.this"
          ]
        }
      ]
    },
    {
      "module": "module.vpc",
      "mode": "managed",
      "type": "aws_vpc",
      "name": "this",
      "provider": "provider[\"registry.terraform.io/hashicorp/aws\"]",
      "instances": [
        {
          "index_key": 0,
          "schema_version": 1,
          "attributes": {
            "arn": "arn:aws:ec2:us-east-2:226490334962:vpc/vpc-07afc6bd42ab6291b",
            "assign_generated_ipv6_cidr_block": false,
            "cidr_block": "10.0.0.0/16",
            "default_network_acl_id": "acl-0cdb1f8247bbe87d9",
            "default_route_table_id": "rtb-073078b07b909269f",
            "default_security_group_id": "sg-089aec8fbb98e1f99",
            "dhcp_options_id": "dopt-49cb1520",
            "enable_classiclink": false,
            "enable_classiclink_dns_support": false,
            "enable_dns_hostnames": false,
            "enable_dns_support": true,
            "enable_network_address_usage_metrics": false,
            "id": "vpc-07afc6bd42ab6291b",
            "instance_tenancy": "default",
            "ipv4_ipam_pool_id": null,
            "ipv4_netmask_length": null,
            "ipv6_association_id": "",
            "ipv6_cidr_block": "",
            "ipv6_cidr_block_network_border_group": "",
            "ipv6_ipam_pool_id": "",
            "ipv6_netmask_length": 0,
            "main_route_table_id": "rtb-073078b07b909269f",
            "owner_id": "226490334962",
            "tags": {
              "Name": "bd-vpc"
            },
            "tags_all": {
              "Name": "bd-vpc"
            }
          },
          "sensitive_attributes": [],
          "private": "eyJzY2hlbWFfdmVyc2lvbiI6IjEifQ=="
        }
      ]
    }
  ],
  "check_results": null
}
