{
  "version": 4,
  "terraform_version": "1.3.4",
  "serial": 5120,
  "lineage": "bcce0505-4f3a-b984-70b8-9e80adea4655",
  "outputs": {
    "publicIP": {
      "value": [
        [
          "54.168.141.119"
        ]
      ],
      "type": [
        "tuple",
        [
          [
            "tuple",
            [
              "string"
            ]
          ]
        ]
      ]
    }
  },
  "resources": [
    {
      "mode": "data",
      "type": "aws_ami_ids",
      "name": "ami",
      "provider": "provider[\"registry.terraform.io/hashicorp/aws\"]",
      "instances": [
        {
          "schema_version": 0,
          "attributes": {
            "executable_users": null,
            "filter": [
              {
                "name": "name",
                "values": [
                  "*ubuntu-focal-20.04-amd64-server-20211021*"
                ]
              }
            ],
            "id": "2862058812",
            "ids": [
              "ami-036d0684fc96830ca"
            ],
            "name_regex": null,
            "owners": [
              "self",
              "amazon",
              "099720109477"
            ],
            "sort_ascending": false,
            "timeouts": null
          },
          "sensitive_attributes": []
        }
      ]
    },
    {
      "mode": "data",
      "type": "aws_ami_ids",
      "name": "ami_centos",
      "provider": "provider[\"registry.terraform.io/hashicorp/aws\"]",
      "instances": [
        {
          "schema_version": 0,
          "attributes": {
            "executable_users": null,
            "filter": [
              {
                "name": "name",
                "values": [
                  "ap-northeast-1 image for x86_64 CentOS_7"
                ]
              }
            ],
            "id": "2201397963",
            "ids": [
              "ami-006722751f5756768",
              "ami-0aa9a304ded9c7550",
              "ami-0dd77eadd3aed652f",
              "ami-0d8b29312bdb54a23",
              "ami-0e055011597ed418d",
              "ami-02df07b77251846c0",
              "ami-0d17f79b3f0d13887",
              "ami-05d842249858780de",
              "ami-0ff61719b075b17bb",
              "ami-0dc3bdf8061e07f1d",
              "ami-028117c28076fd520",
              "ami-0f5078348105dd778",
              "ami-0bb147ce862b51798",
              "ami-0ce4138d5747ffc58",
              "ami-0ad98eaa9d7f3b549",
              "ami-0d6cd551542e6a03c",
              "ami-0348287f2263b48dc",
              "ami-08571602de6714f2b",
              "ami-061f2d3bbacbdf0e5",
              "ami-0da429dc075956fb8",
              "ami-09e439f60aba3366a",
              "ami-0842f9c497f23f20e",
              "ami-0720e732511a4b59b",
              "ami-07bf81b009b7b1847",
              "ami-01858216a830bd9bc",
              "ami-0c7a7cb4e11332368",
              "ami-0d53953551ecc85f8",
              "ami-07cdec9cf8b22e179",
              "ami-06fe8f6b7b9f20d6d",
              "ami-0774f28bc6b7ffe00",
              "ami-074887a6872067ddc",
              "ami-0634359f29d9e90d5",
              "ami-067cffb02901695d1",
              "ami-00de7f69d9d82f8af",
              "ami-02d71524ec1e5fcfe",
              "ami-0f8fc0fdee380d0bd",
              "ami-07e0d5ad7f79aa566",
              "ami-0503fef7782573fe3",
              "ami-00457c8149dc336f7",
              "ami-00236785211783cac",
              "ami-0f70c2f8c81292ec9",
              "ami-05416b1a5e5101d17",
              "ami-063668836967aa74b",
              "ami-0b111d99ac34363c1",
              "ami-03efa8a5c0f788397",
              "ami-0759be5d2183c271e",
              "ami-01e2b45b78450d002",
              "ami-0dd0cb3ebc2ee2147",
              "ami-01b492a196b8abf3e",
              "ami-0f13103de2f3ca8da",
              "ami-0a238498004eb3cc1",
              "ami-09b68ef567047a8b3",
              "ami-012348a738ccfb175",
              "ami-0299cd54889b2965d",
              "ami-06acf6261a4d44dd5",
              "ami-021a9e45575736269",
              "ami-02403495b27ddef55",
              "ami-05948a118cdbe4fdc",
              "ami-0163115f0e377dfd3",
              "ami-037e05088051fb13e",
              "ami-03e3897a64aee0e37",
              "ami-08f8f360d650f360a",
              "ami-00fe6743c09d03339",
              "ami-0322b7d70e011a10e",
              "ami-04dbcf657e88fde8d",
              "ami-01422c3c01b8a1a91",
              "ami-054af393c48b506b1",
              "ami-0656ba7e14f5cb5ed",
              "ami-04384ccbc5e106e6d",
              "ami-0172091530535cc29",
              "ami-0be8a1f87b2cacde3",
              "ami-02a4671a12c4cc6b4",
              "ami-01f9271ea850c18f8",
              "ami-0d17543b3cd3bc26a",
              "ami-065e6b9c7af65f146",
              "ami-09b1a6c4e98a7274e",
              "ami-0b45946c431f487cb",
              "ami-02e49fee297506c33",
              "ami-00c4ba85be2774553",
              "ami-06269ecd8decec816",
              "ami-053b27a2cf096bf81",
              "ami-084f41ca118f75165",
              "ami-085bbe4c51983a693",
              "ami-0e7b4f9e98f81d0da",
              "ami-0bbd0ec6229c3f70a",
              "ami-028392fd40f6ec7e7",
              "ami-080407a3b2815fa28",
              "ami-051cea63cf6c680be",
              "ami-0ec24b9f5b3c69c28",
              "ami-0fd38cfa30d9e5d5b",
              "ami-013daf4e29a12590f",
              "ami-06e603ab84c2cf1bd",
              "ami-0b8fc1524f19d3688",
              "ami-06a4278a39f5c250b",
              "ami-0b850ba00bb0c977a",
              "ami-093a76edcf198fe1f",
              "ami-0de2979627cc7165f",
              "ami-0e0f4544ef076fc27",
              "ami-01951ffb0fbf892f1",
              "ami-0f7ba4ec7e8b9ab10",
              "ami-0c458565238156367",
              "ami-01061b67998059af4",
              "ami-0c991372cc3f17029",
              "ami-02fabda7e3b5914e5",
              "ami-03af3eed2a30fa9b9",
              "ami-04e91b9e2010394ef",
              "ami-03cec49b19f60692e",
              "ami-0f4dc5d9aee242ff2",
              "ami-04d7ab89d4f0b993d",
              "ami-0ce3d7961097c5066",
              "ami-0f341f9835daa0639",
              "ami-0a8a8b5a55e3335bf",
              "ami-0a4059607e3966087",
              "ami-0c93fd790c289a3de",
              "ami-0dfa74e784ca73368",
              "ami-062927fa030ef70f3",
              "ami-049dbb75388a9fbb7",
              "ami-0d8b91ab061bbb0c2",
              "ami-05c9af286cadc65ae",
              "ami-03b7086c2999a9bf2",
              "ami-0ec5463ae6bfd173f",
              "ami-0c610968bae528e24",
              "ami-0021e35558e3c9b52",
              "ami-05bb7bf5612753032",
              "ami-02646a14697229c68"
            ],
            "name_regex": null,
            "owners": [
              "self",
              "amazon",
              "125523088429",
              "374168611083"
            ],
            "sort_ascending": false,
            "timeouts": null
          },
          "sensitive_attributes": []
        }
      ]
    },
    {
      "mode": "data",
      "type": "aws_availability_zones",
      "name": "available",
      "provider": "provider[\"registry.terraform.io/hashicorp/aws\"]",
      "instances": [
        {
          "schema_version": 0,
          "attributes": {
            "all_availability_zones": null,
            "exclude_names": null,
            "exclude_zone_ids": null,
            "filter": null,
            "group_names": [
              "ap-northeast-1"
            ],
            "id": "ap-northeast-1",
            "names": [
              "ap-northeast-1a",
              "ap-northeast-1c",
              "ap-northeast-1d"
            ],
            "state": "available",
            "timeouts": null,
            "zone_ids": [
              "apne1-az4",
              "apne1-az1",
              "apne1-az2"
            ]
          },
          "sensitive_attributes": []
        }
      ]
    },
    {
      "mode": "managed",
      "type": "aws_ebs_volume",
      "name": "ebs",
      "provider": "provider[\"registry.terraform.io/hashicorp/aws\"]",
      "instances": [
        {
          "index_key": 0,
          "schema_version": 0,
          "attributes": {
            "arn": "arn:aws:ec2:ap-northeast-1:067494042988:volume/vol-042348babe06a5571",
            "availability_zone": "ap-northeast-1a",
            "encrypted": false,
            "final_snapshot": false,
            "id": "vol-042348babe06a5571",
            "iops": 100,
            "kms_key_id": "",
            "multi_attach_enabled": false,
            "outpost_arn": "",
            "size": 24,
            "snapshot_id": "",
            "tags": {},
            "tags_all": {},
            "throughput": 0,
            "timeouts": null,
            "type": "gp2"
          },
          "sensitive_attributes": [],
          "private": "eyJlMmJmYjczMC1lY2FhLTExZTYtOGY4OC0zNDM2M2JjN2M0YzAiOnsiY3JlYXRlIjozMDAwMDAwMDAwMDAsImRlbGV0ZSI6MzAwMDAwMDAwMDAwLCJ1cGRhdGUiOjMwMDAwMDAwMDAwMH19",
          "dependencies": [
            "data.aws_availability_zones.available"
          ]
        }
      ]
    },
    {
      "mode": "managed",
      "type": "aws_instance",
      "name": "instances",
      "provider": "provider[\"registry.terraform.io/hashicorp/aws\"]",
      "instances": [
        {
          "index_key": 0,
          "schema_version": 1,
          "attributes": {
            "ami": "ami-006722751f5756768",
            "arn": "arn:aws:ec2:ap-northeast-1:067494042988:instance/i-09ca40691c9b27882",
            "associate_public_ip_address": true,
            "availability_zone": "ap-northeast-1a",
            "capacity_reservation_specification": [
              {
                "capacity_reservation_preference": "open",
                "capacity_reservation_target": []
              }
            ],
            "cpu_core_count": 1,
            "cpu_threads_per_core": 2,
            "credit_specification": [
              {
                "cpu_credits": "unlimited"
              }
            ],
            "disable_api_stop": false,
            "disable_api_termination": false,
            "ebs_block_device": [
              {
                "delete_on_termination": false,
                "device_name": "/dev/sdh",
                "encrypted": false,
                "iops": 100,
                "kms_key_id": "",
                "snapshot_id": "",
                "tags": {},
                "throughput": 0,
                "volume_id": "vol-042348babe06a5571",
                "volume_size": 24,
                "volume_type": "gp2"
              }
            ],
            "ebs_optimized": false,
            "enclave_options": [
              {
                "enabled": false
              }
            ],
            "ephemeral_block_device": [],
            "get_password_data": false,
            "hibernation": false,
            "host_id": null,
            "host_resource_group_arn": null,
            "iam_instance_profile": "",
            "id": "i-09ca40691c9b27882",
            "instance_initiated_shutdown_behavior": "stop",
            "instance_state": "running",
            "instance_type": "t3.small",
            "ipv6_address_count": 0,
            "ipv6_addresses": [],
            "key_name": "bd",
            "launch_template": [],
            "maintenance_options": [
              {
                "auto_recovery": "default"
              }
            ],
            "metadata_options": [
              {
                "http_endpoint": "enabled",
                "http_put_response_hop_limit": 1,
                "http_tokens": "optional",
                "instance_metadata_tags": "disabled"
              }
            ],
            "monitoring": false,
            "network_interface": [],
            "outpost_arn": "",
            "password_data": "",
            "placement_group": "",
            "placement_partition_number": null,
            "primary_network_interface_id": "eni-05d1cfba620619d3a",
            "private_dns": "ip-10-0-0-29.ap-northeast-1.compute.internal",
            "private_dns_name_options": [
              {
                "enable_resource_name_dns_a_record": false,
                "enable_resource_name_dns_aaaa_record": false,
                "hostname_type": "ip-name"
              }
            ],
            "private_ip": "10.0.0.29",
            "public_dns": "",
            "public_ip": "54.168.141.119",
            "root_block_device": [
              {
                "delete_on_termination": true,
                "device_name": "/dev/sda1",
                "encrypted": false,
                "iops": 180,
                "kms_key_id": "",
                "tags": {
                  "Author": "Jason.SC.Cheng",
                  "Name": "bd-wrk1-ebs",
                  "Team": "COD",
                  "terraform": "true"
                },
                "throughput": 0,
                "volume_id": "vol-007d27e67dace1b9e",
                "volume_size": 60,
                "volume_type": "gp2"
              }
            ],
            "secondary_private_ips": [],
            "security_groups": [],
            "source_dest_check": true,
            "subnet_id": "subnet-03d83f0933c0c9e84",
            "tags": {
              "Author": "Jason.SC.Cheng",
              "Name": "bd1",
              "Team": "COD",
              "terraform": "true"
            },
            "tags_all": {
              "Author": "Jason.SC.Cheng",
              "Name": "bd1",
              "Team": "COD",
              "terraform": "true"
            },
            "tenancy": "default",
            "timeouts": null,
            "user_data": null,
            "user_data_base64": null,
            "user_data_replace_on_change": false,
            "volume_tags": null,
            "vpc_security_group_ids": [
              "sg-04c46648ac417c876"
            ]
          },
          "sensitive_attributes": [],
          "private": "eyJlMmJmYjczMC1lY2FhLTExZTYtOGY4OC0zNDM2M2JjN2M0YzAiOnsiY3JlYXRlIjo2MDAwMDAwMDAwMDAsImRlbGV0ZSI6MTIwMDAwMDAwMDAwMCwidXBkYXRlIjo2MDAwMDAwMDAwMDB9LCJzY2hlbWFfdmVyc2lvbiI6IjEifQ==",
          "dependencies": [
            "aws_key_pair.aws_key",
            "aws_security_group.sg-all",
            "data.aws_ami_ids.ami",
            "data.aws_ami_ids.ami_centos",
            "data.aws_availability_zones.available",
            "module.vpc.aws_subnet.public",
            "module.vpc.aws_vpc.this",
            "module.vpc.aws_vpc_ipv4_cidr_block_association.this",
            "tls_private_key.key"
          ]
        }
      ]
    },
    {
      "mode": "managed",
      "type": "aws_key_pair",
      "name": "aws_key",
      "provider": "provider[\"registry.terraform.io/hashicorp/aws\"]",
      "instances": [
        {
          "schema_version": 1,
          "attributes": {
            "arn": "arn:aws:ec2:ap-northeast-1:067494042988:key-pair/bd",
            "fingerprint": "c3:ec:ff:d4:80:48:92:79:5c:ec:25:74:e6:a1:dd:d6",
            "id": "bd",
            "key_name": "bd",
            "key_name_prefix": "",
            "key_pair_id": "key-033e113caba4601d3",
            "key_type": "rsa",
            "public_key": "ssh-rsa AAAAB3NzaC1yc2EAAAADAQABAAACAQDSPBC8XM6DiTdJ1HtIGUc4p+MTr2lcFwwAhJT+3M6mru0QqQR6R2EW6UGxkUYGk0wZzBs0ovIKBXn1+0DT6AOdW5/4Pw/Evf9NILRa0jGKii32Xs2ii1lWoHtT7YoAHxB/EFMwwkOW+MvewjZQrY04hO9azrIqMYidGp/Z4xOMFaImzPBQwPQZkcVLY9cAqZwjPEbxlQ5UHhvXLMajz8ek5iQ39SsAjPwElLnj2iqiH6k3LFTZ/l3ztPS3kVNDvr4ZUetd0Agov3cXuI2qNpfTzN8HKR3+TE8I8P75qpKmXMAdgd0o43O78uSwDlwhI9C7QNBP68yVZcXvEz7vg1BVT1HAEpi5Fsl5IquYXbdPtIWSKuT90mrcBFCZPVYYO3/KEtaz7KB/G7h0kEVAtpjEbZGDif/ruqzx7lP+4Jnd6x4GRATWFoCT7ee7TflqFuqyn4AFzomLz/OHnAVxGpEiTm5oalaYU8PsM+38G5LS1Bd99QYw1ygbxRP4ttXwBwvXAgrtsnpxWqFY1ixQtwK7RSWPyGso4psnqw5WIjOB0leMuW4YG4yZiHIX3eOmUNCyh/Gutb17u9DoI/DgCX7j+Ot8CrROm3UwU6IaeLpgOx6jiRg3AiZnjIVd815SSZyHHWk/1jUbi3IDBJfgiWOdZEXgBWHKurw+1/rdnlIbaw==",
            "tags": {
              "Author": "Jason.SC.Cheng",
              "Team": "COD",
              "terraform": "true"
            },
            "tags_all": {
              "Author": "Jason.SC.Cheng",
              "Team": "COD",
              "terraform": "true"
            }
          },
          "sensitive_attributes": [],
          "private": "eyJzY2hlbWFfdmVyc2lvbiI6IjEifQ==",
          "dependencies": [
            "tls_private_key.key"
          ]
        }
      ]
    },
    {
      "mode": "managed",
      "type": "aws_security_group",
      "name": "sg-all",
      "provider": "provider[\"registry.terraform.io/hashicorp/aws\"]",
      "instances": [
        {
          "schema_version": 1,
          "attributes": {
            "arn": "arn:aws:ec2:ap-northeast-1:067494042988:security-group/sg-04c46648ac417c876",
            "description": "Managed by Terraform",
            "egress": [
              {
                "cidr_blocks": [
                  "0.0.0.0/0"
                ],
                "description": "outbound",
                "from_port": 0,
                "ipv6_cidr_blocks": [
                  "::/0"
                ],
                "prefix_list_ids": [],
                "protocol": "-1",
                "security_groups": [],
                "self": false,
                "to_port": 0
              }
            ],
            "id": "sg-04c46648ac417c876",
            "ingress": [
              {
                "cidr_blocks": [
                  "10.0.0.0/26",
                  "10.0.0.64/26"
                ],
                "description": "internal",
                "from_port": 0,
                "ipv6_cidr_blocks": [],
                "prefix_list_ids": [],
                "protocol": "tcp",
                "security_groups": [],
                "self": false,
                "to_port": 65535
              },
              {
                "cidr_blocks": [
                  "118.163.108.246/32",
                  "220.130.164.120/32",
                  "61.216.155.110/32",
                  "118.163.58.7/32",
                  "61.216.155.110/32",
                  "123.194.138.73/32",
                  "3.73.140.118/32",
                  "59.124.119.126/32",
                  "220.130.164.120/32",
                  "220.130.164.120/32"
                ],
                "description": "all public",
                "from_port": 0,
                "ipv6_cidr_blocks": [],
                "prefix_list_ids": [],
                "protocol": "-1",
                "security_groups": [],
                "self": false,
                "to_port": 65535
              }
            ],
            "name": "bd-sg",
            "name_prefix": "",
            "owner_id": "067494042988",
            "revoke_rules_on_delete": false,
            "tags": {
              "Author": "Jason.SC.Cheng",
              "Name": "bd-sg",
              "Team": "COD",
              "terraform": "true"
            },
            "tags_all": {
              "Author": "Jason.SC.Cheng",
              "Name": "bd-sg",
              "Team": "COD",
              "terraform": "true"
            },
            "timeouts": null,
            "vpc_id": "vpc-0533bc57424caafd9"
          },
          "sensitive_attributes": [],
          "private": "eyJlMmJmYjczMC1lY2FhLTExZTYtOGY4OC0zNDM2M2JjN2M0YzAiOnsiY3JlYXRlIjo2MDAwMDAwMDAwMDAsImRlbGV0ZSI6OTAwMDAwMDAwMDAwfSwic2NoZW1hX3ZlcnNpb24iOiIxIn0=",
          "dependencies": [
            "data.aws_availability_zones.available",
            "module.vpc.aws_subnet.public",
            "module.vpc.aws_vpc.this"
          ]
        }
      ]
    },
    {
      "mode": "managed",
      "type": "aws_volume_attachment",
      "name": "ebs_att",
      "provider": "provider[\"registry.terraform.io/hashicorp/aws\"]",
      "instances": [
        {
          "index_key": 0,
          "schema_version": 0,
          "attributes": {
            "device_name": "/dev/sdh",
            "force_detach": true,
            "id": "vai-3284816208",
            "instance_id": "i-09ca40691c9b27882",
            "skip_destroy": null,
            "stop_instance_before_detaching": null,
            "timeouts": null,
            "volume_id": "vol-042348babe06a5571"
          },
          "sensitive_attributes": [],
          "private": "eyJlMmJmYjczMC1lY2FhLTExZTYtOGY4OC0zNDM2M2JjN2M0YzAiOnsiY3JlYXRlIjozMDAwMDAwMDAwMDAsImRlbGV0ZSI6MzAwMDAwMDAwMDAwfX0=",
          "dependencies": [
            "aws_ebs_volume.ebs",
            "aws_instance.instances",
            "aws_key_pair.aws_key",
            "aws_security_group.sg-all",
            "data.aws_ami_ids.ami",
            "data.aws_ami_ids.ami_centos",
            "data.aws_availability_zones.available",
            "module.vpc.aws_subnet.public",
            "module.vpc.aws_vpc.this",
            "module.vpc.aws_vpc_ipv4_cidr_block_association.this",
            "tls_private_key.key"
          ]
        }
      ]
    },
    {
      "mode": "managed",
      "type": "local_file",
      "name": "ansible_cfg",
      "provider": "provider[\"registry.terraform.io/hashicorp/local\"]",
      "instances": [
        {
          "schema_version": 0,
          "attributes": {
            "content": "[defaults]\nprivate_key_file = ../terraform/bd.pem\ninventory = inventory/bd.inv\nhost_key_checking = False\nremote_User = centos\npipelining = true\n\n[privilege_escalation]\nbecome_ask_pass = false\ntimeout = 30",
            "content_base64": null,
            "directory_permission": "0777",
            "file_permission": "0777",
            "filename": "../ansible/ansible.cfg",
            "id": "7a40d040440dee5d6f3b5a7b2bfe827d2aacb424",
            "sensitive_content": null,
            "source": null
          },
          "sensitive_attributes": [],
          "private": "bnVsbA==",
          "dependencies": [
            "aws_instance.instances",
            "aws_key_pair.aws_key",
            "aws_security_group.sg-all",
            "data.aws_ami_ids.ami",
            "data.aws_ami_ids.ami_centos",
            "data.aws_availability_zones.available",
            "module.vpc.aws_subnet.public",
            "module.vpc.aws_vpc.this",
            "module.vpc.aws_vpc_ipv4_cidr_block_association.this",
            "tls_private_key.key"
          ]
        }
      ]
    },
    {
      "mode": "managed",
      "type": "local_file",
      "name": "ansible_groups_vars",
      "provider": "provider[\"registry.terraform.io/hashicorp/local\"]",
      "instances": [
        {
          "schema_version": 0,
          "attributes": {
            "content": "BASE_DIR: '/usr/local'\nRESOURCE_PREFIX: 'bd'\nENV_FILE_SOURCE: '/etc/profile'\nJAVA_HOME: '/usr/lib/jvm/java-11-openjdk-amd64'\nDOWNLOAD_URL_HBASE: 'https://dlcdn.apache.org/hbase/2.5.0/hbase-2.5.0-bin.tar.gz'\nDOWNLOAD_URL_HADOOP: 'https://downloads.apache.org/hadoop/common/hadoop-3.3.4/hadoop-3.3.4.tar.gz'\nDOWNLOAD_URL_ZK: 'https://dlcdn.apache.org/zookeeper/zookeeper-3.8.0/apache-zookeeper-3.8.0-bin.tar.gz'\nDOWNLOAD_URL_KAFKA: 'https://downloads.apache.org/kafka/3.3.1/kafka_2.12-3.3.1.tgz'\nHADOOP_HOME: '{{ BASE_DIR }}/hadoop'\nHBASE_HOME: '{{ BASE_DIR }}/hbase'\nZK_HOME: '{{ BASE_DIR }}/zk'\nKAFKA_HOME: '{{ BASE_DIR }}/kafka'\nCEPH_HOME: '/etc/ceph'\nCEPH_DATA: '/dev/ceph'\nKAFKA_UI_INTERNAL_PORT: '8087'\nKAFKA_UI_PORT: '30378'\nDATA_PATH: '/opt/data'\nDIR_DATA: '{{ DATA_PATH }}/dn'\nDIR_NAME: '{{ DATA_PATH }}/nn'\n# TEST_HBASE_SERVER: '{{ RESOURCE_PREFIX }}1'\nK8S_JOIN_COMMAND_FILE: '/tmp/k8s_join_command'\n# K8S_USER: 'kube'\nK8S_USER: 'centos'\nOS_USER: 'centos'\n# K8S_DEFAULE_NAMESPACE: \"{{ lookup('env', 'USER') }}\"\nK8S_DEFAULE_NAMESPACE: 'default'\n# 如果自裝zk, 使用false; 或者用true, hbase會負責跑zookeeper\nHBASE_MANAGES_ZK: 'false'\nKAFKA_BROKER: 2\nDOCKER_REGISTRY: 'jasoncheng'\nDOCKER_USER: 'jasoncheng'\nDOCKER_PASS: 'dckr_pat_rfPcLh1ogXsajGfe8Es8trWUuis'\n# Ceph\nCEPHFS: 'cephfs'\nCEPHFS_CLIENT_FS: 'fs'\nCEPHFS_DATA: 'rbd'\nCEPHFS_CLIENT: 'csi'\nCEPH_RBD: 'k8s'\nCEPHFS_METADATA: 'rbd_metadata'",
            "content_base64": null,
            "directory_permission": "0777",
            "file_permission": "0777",
            "filename": "../ansible/group_vars/bd.yml",
            "id": "3f1e653ac7e63371f32c2a23dfff6f216e02f70d",
            "sensitive_content": null,
            "source": null
          },
          "sensitive_attributes": [],
          "private": "bnVsbA==",
          "dependencies": [
            "aws_instance.instances",
            "aws_key_pair.aws_key",
            "aws_security_group.sg-all",
            "data.aws_ami_ids.ami",
            "data.aws_ami_ids.ami_centos",
            "data.aws_availability_zones.available",
            "module.vpc.aws_subnet.public",
            "module.vpc.aws_vpc.this",
            "module.vpc.aws_vpc_ipv4_cidr_block_association.this",
            "tls_private_key.key"
          ]
        }
      ]
    },
    {
      "mode": "managed",
      "type": "local_file",
      "name": "ansible_inventory",
      "provider": "provider[\"registry.terraform.io/hashicorp/local\"]",
      "instances": [
        {
          "schema_version": 0,
          "attributes": {
            "content": "[bd:children]\nnamenode\ndatanode\nexternal\nceph\nceph_adm\nceph_osd\nceph_mon\n\n[nodes]\nbd1 ansible_host=54.168.141.119 hostname='bd1' ansible_python_interpreter=/usr/bin/python3\n[external]\n\n[namenode]\nbd1\n\n[datanode]\nbd1\n\n[regionservers]\nbd[1:1]\n\n[k8sM]\nbd[1:1]\n\n[k8sS]\n\n\n[kafkaBroker]\nbd[1:1]\n\n[zk]\nbd[1:1]\n\n[builder]\nbd1\n\n[ceph]\nbd[1:1]\n\n[ceph_adm]\nbd1\n\n[ceph_mon]\nbd[1:1]\n\n[ceph_osd]\nbd[1:1]",
            "content_base64": null,
            "directory_permission": "0777",
            "file_permission": "0777",
            "filename": "../ansible/inventory/bd.inv",
            "id": "d9ed45b27b8d7cd257d62872fe101c9248514581",
            "sensitive_content": null,
            "source": null
          },
          "sensitive_attributes": [],
          "private": "bnVsbA==",
          "dependencies": [
            "aws_instance.instances",
            "aws_key_pair.aws_key",
            "aws_security_group.sg-all",
            "data.aws_ami_ids.ami",
            "data.aws_ami_ids.ami_centos",
            "data.aws_availability_zones.available",
            "module.vpc.aws_subnet.public",
            "module.vpc.aws_vpc.this",
            "module.vpc.aws_vpc_ipv4_cidr_block_association.this",
            "tls_private_key.key"
          ]
        }
      ]
    },
    {
      "mode": "managed",
      "type": "local_file",
      "name": "pemFile",
      "provider": "provider[\"registry.terraform.io/hashicorp/local\"]",
      "instances": [
        {
          "schema_version": 0,
          "attributes": {
            "content": "-----BEGIN RSA PRIVATE KEY-----\nMIIJKQIBAAKCAgEA0jwQvFzOg4k3SdR7SBlHOKfjE69pXBcMAISU/tzOpq7tEKkE\nekdhFulBsZFGBpNMGcwbNKLyCgV59ftA0+gDnVuf+D8PxL3/TSC0WtIxioot9l7N\nootZVqB7U+2KAB8QfxBTMMJDlvjL3sI2UK2NOITvWs6yKjGInRqf2eMTjBWiJszw\nUMD0GZHFS2PXAKmcIzxG8ZUOVB4b1yzGo8/HpOYkN/UrAIz8BJS549oqoh+pNyxU\n2f5d87T0t5FTQ76+GVHrXdAIKL93F7iNqjaX08zfBykd/kxPCPD++aqSplzAHYHd\nKONzu/LksA5cISPQu0DQT+vMlWXF7xM+74NQVU9RwBKYuRbJeSKrmF23T7SFkirk\n/dJq3ARQmT1WGDt/yhLWs+ygfxu4dJBFQLaYxG2Rg4n/67qs8e5T/uCZ3eseBkQE\n1haAk+3nu035ahbqsp+ABc6Ji8/zh5wFcRqRIk5uaGpWmFPD7DPt/BuS0tQXffUG\nMNcoG8UT+LbV8AcL1wIK7bJ6cVqhWNYsULcCu0Ulj8hrKOKbJ6sOViIzgdJXjLlu\nGBuMmYhyF93jplDQsofxrrW9e7vQ6CPw4Al+4/jrfAq0Tpt1MFOiGni6YDseo4kY\nNwImZ4yFXfNeUkmchx1pP9Y1G4tyAwSX4IljnWRF4AVhyrq8Ptf63Z5SG2sCAwEA\nAQKCAgA3uVoKQ2MttEImXJ6stp6NItrqjdUUZrt0q6++ehKAVd9aSiJ4stDGPN9/\nzGzOM165e8M+SW50P41bKNS/FkFXBUE6kKSCVoYEEIYdiJc/DG8wXWKOEfeFIZZu\n4YhxjcpWk6IpS2SU8K9BBSNWcRn8gCfdXuoUivqWAcea/jhhKh7HwAx2qx5IZL3x\nxK3pbAuJv2FiiUq5+x0QBLtGEj3ttF6nQmG6jKQEJtO61En2nQPCLwrymRyYCz/O\nJEP4sec7WN5VCF4RRuavL+jE1CGcLzJyeHCNxfYw/Yfn71FdrTny2EghnWBA0hnR\nnIzI7/BUodJVTL/2XXqAaw6Ed77j0txLfl3OX/cVAI0WS9Ld2jGmONBF9/Gf9s4o\n0bLdYa1bMPhnyZqj3WlZQELezXzM3tyU39lp3Dn2Y3dgSoK+Cx+0QxEdzIBOk/Ej\nODI780x3oWTw2yBw3bWUM1YNxSruYAMFDgr0PLgAa3uX6L9Qg2jajKZec687sP2j\n0LpsLO8jemq/kEP6PxRvfJXLMDs+np7i1m8MGkXje9blMACLg2AibMJMxXri7083\nleWqaTmn2ykiGtAxwrDETRQnC29w1ndwnvzQ6K8Dgp/7cpgenGiTZHBGMQWHcb12\nsYEPC/LuQZ1g2kJv97Ua9IdWHDgmxjNz/VbqXvsPhdAkCMzCAQKCAQEA5dtI3UsS\nt1T806fqOds9m1UKXXnqgu4EkcnnMz59TzjcAm9d2l8h2yoAeUWmt//tb65iaJcs\njC45FTigyNhCchov1aVELLYZZUZyAWSsaOBmhxRVJyP9u/+OUkBnQbnKtalDtsou\nqinKNPrrrcWfQ6VFL1LE24JkE54LGJj4yDTKaXUfoGxsAamL3uH/3mE31oNr6Os4\nHKKNxw6RHqAyzmjZWKG2P8CpcTgrhWQCqlrALXgNOHpb0ocv102lWyZs6kQunMc0\nclTj9ECBWBwqg90sn9+TxXdRxECaOEABw53JPHKOQ+tmXdmzzpafZAgd4qV398mo\nRhAuneatEHWuawKCAQEA6iVzNGZh+xpHlZbsAhgk8kalF9k9P9e99dzAZULfVv43\n79ci38YrRw1rYspEQ07HsxMSzLIKCYWf75WpE85kG2SrjJvGAArk0JTNMTUUXvgN\nusWka8fDitTdaBhYqIl6Pqk3Iv25Fgy2aDtb7/UPzRWZWj0Fh3a+mgYL0u9U5SjV\nqYtbSEAPlsuUp6GuaZCgc6L1aqo2slddbYktzAjrL8uol5DdmGxU3GDcR8wxys07\n5RBfsD+fnGGnPGe/f7H1yKmV3wcdaQNaAoPNWPq94T1AqcSLG54lKfpGvsMc0z9z\nI2tJmxTuMbhltJBQWLZ0yYasKCMrbqcpyHXAkSaHAQKCAQEA2h8Iey8VmLHmpjeu\n9q5NPQ0rI99golSaM3rEkoVXRolvhkQGbQZfy2mFP4/QEMWlnJiAPD5RAMmQU8oE\nEfPewgaFpBkLo94+JTP/VcEiNvfTc5Xg5J6r1u5BMV56Xg2gBlmUr24XcFTt1O7U\nHXfulbPM/oZt1txaeZ89al8nnl0yQ3box0R8DevFloEiXPYmlcLq8QHdopbDMcVq\nAwUEkYk/z3LNzpvWb2FdM1zfhqdNvRgye4jpf9PXm1nMc734FysSjKYg5+oU06Eu\n3N0Fn1KQWTpCMV30Uub3Mi/TPL2LzHfs9xj4cFD55y5aHQPy0DQzrwlHTQ1oH2Fa\nk8cI9wKCAQEAlAWe4haDhLHlZU0m4GARI1TD0+LTFMQ34/Ftc9alyKIoDKit9Fec\nTmvOYoLKSt7H4o6BSQSY0dI2/MhZPhsxMBwhU1+6+ZXpd29KlPwgZ7VbQKLnwfdk\nyCSv37ncepeGv4xMPgO2eZkJy7US9wyus5EfBGwlTbEk58xAt1X0DncVM/zUdUWC\nVWtYC+1rjHMQ7GmtyoPW1kHi33dki2NsAyg16bN8U3rQ3w0g1Qbix3mdjr8eLxbZ\nuYwGpGpWJs0DO5ryEy+1SQkEYyidrc2+MmF9upV0972vcu00wi4oz+eBy3ds7ex6\ndNZE/bRqBts505kexrUNJQPqpz7BwUFhAQKCAQAr6Q9jMWAG5rHmW9fobAou/Cn9\nw2TBstR1KSvdrwtPBMm+sSH1alPp5l59Rutm/GC7L1JUSLIgDIUyi5EOvatGJpRn\nC9HHZz1YTLWsquL6Fwax8Nmi1qCJydgPnHxInMEM5TDSY1iEfveorJeC2GA/HHLj\no6LveEBgkKbPpOLS8dJ8mNXJ8RBdNrqZH76lLG5e5rbsKzYOWpIbg3DbnPKufayW\n9dyHdXJTMI7fiq0aJPfhmW6GjnWP6erdQQQWJ3WTScrFS9hH92qsFw1LUuJUsPbG\nQEDiT/SdEUsKoSUbvXVzZfG6CDFip4GjBsf4o/sNibrLtmy8PPg/R2R9WCHC\n-----END RSA PRIVATE KEY-----\n",
            "content_base64": null,
            "directory_permission": "0777",
            "file_permission": "600",
            "filename": "bd.pem",
            "id": "b26819e9adb3aad389a784ea5b8dd2fd5e4baba4",
            "sensitive_content": null,
            "source": null
          },
          "sensitive_attributes": [
            [
              {
                "type": "get_attr",
                "value": "content"
              }
            ]
          ],
          "private": "bnVsbA==",
          "dependencies": [
            "tls_private_key.key"
          ]
        }
      ]
    },
    {
      "mode": "managed",
      "type": "local_file",
      "name": "publicKey",
      "provider": "provider[\"registry.terraform.io/hashicorp/local\"]",
      "instances": [
        {
          "schema_version": 0,
          "attributes": {
            "content": "ssh-rsa AAAAB3NzaC1yc2EAAAADAQABAAACAQDSPBC8XM6DiTdJ1HtIGUc4p+MTr2lcFwwAhJT+3M6mru0QqQR6R2EW6UGxkUYGk0wZzBs0ovIKBXn1+0DT6AOdW5/4Pw/Evf9NILRa0jGKii32Xs2ii1lWoHtT7YoAHxB/EFMwwkOW+MvewjZQrY04hO9azrIqMYidGp/Z4xOMFaImzPBQwPQZkcVLY9cAqZwjPEbxlQ5UHhvXLMajz8ek5iQ39SsAjPwElLnj2iqiH6k3LFTZ/l3ztPS3kVNDvr4ZUetd0Agov3cXuI2qNpfTzN8HKR3+TE8I8P75qpKmXMAdgd0o43O78uSwDlwhI9C7QNBP68yVZcXvEz7vg1BVT1HAEpi5Fsl5IquYXbdPtIWSKuT90mrcBFCZPVYYO3/KEtaz7KB/G7h0kEVAtpjEbZGDif/ruqzx7lP+4Jnd6x4GRATWFoCT7ee7TflqFuqyn4AFzomLz/OHnAVxGpEiTm5oalaYU8PsM+38G5LS1Bd99QYw1ygbxRP4ttXwBwvXAgrtsnpxWqFY1ixQtwK7RSWPyGso4psnqw5WIjOB0leMuW4YG4yZiHIX3eOmUNCyh/Gutb17u9DoI/DgCX7j+Ot8CrROm3UwU6IaeLpgOx6jiRg3AiZnjIVd815SSZyHHWk/1jUbi3IDBJfgiWOdZEXgBWHKurw+1/rdnlIbaw==\n",
            "content_base64": null,
            "directory_permission": "0777",
            "file_permission": "600",
            "filename": "bd.pub",
            "id": "8a73cf837956a9cc3bc64d453761b4125f7f5d05",
            "sensitive_content": null,
            "source": null
          },
          "sensitive_attributes": [],
          "private": "bnVsbA==",
          "dependencies": [
            "tls_private_key.key"
          ]
        }
      ]
    },
    {
      "mode": "managed",
      "type": "tls_private_key",
      "name": "key",
      "provider": "provider[\"registry.terraform.io/hashicorp/tls\"]",
      "instances": [
        {
          "schema_version": 1,
          "attributes": {
            "algorithm": "RSA",
            "ecdsa_curve": "P224",
            "id": "aafc8b2c7e3a9b1972b3d6cb5449823cc1ca31f4",
            "private_key_openssh": "-----BEGIN OPENSSH PRIVATE KEY-----\nb3BlbnNzaC1rZXktdjEAAAAABG5vbmUAAAAEbm9uZQAAAAAAAAABAAACFwAAAAdz\nc2gtcnNhAAAAAwEAAQAAAgEA0jwQvFzOg4k3SdR7SBlHOKfjE69pXBcMAISU/tzO\npq7tEKkEekdhFulBsZFGBpNMGcwbNKLyCgV59ftA0+gDnVuf+D8PxL3/TSC0WtIx\nioot9l7NootZVqB7U+2KAB8QfxBTMMJDlvjL3sI2UK2NOITvWs6yKjGInRqf2eMT\njBWiJszwUMD0GZHFS2PXAKmcIzxG8ZUOVB4b1yzGo8/HpOYkN/UrAIz8BJS549oq\noh+pNyxU2f5d87T0t5FTQ76+GVHrXdAIKL93F7iNqjaX08zfBykd/kxPCPD++aqS\nplzAHYHdKONzu/LksA5cISPQu0DQT+vMlWXF7xM+74NQVU9RwBKYuRbJeSKrmF23\nT7SFkirk/dJq3ARQmT1WGDt/yhLWs+ygfxu4dJBFQLaYxG2Rg4n/67qs8e5T/uCZ\n3eseBkQE1haAk+3nu035ahbqsp+ABc6Ji8/zh5wFcRqRIk5uaGpWmFPD7DPt/BuS\n0tQXffUGMNcoG8UT+LbV8AcL1wIK7bJ6cVqhWNYsULcCu0Ulj8hrKOKbJ6sOViIz\ngdJXjLluGBuMmYhyF93jplDQsofxrrW9e7vQ6CPw4Al+4/jrfAq0Tpt1MFOiGni6\nYDseo4kYNwImZ4yFXfNeUkmchx1pP9Y1G4tyAwSX4IljnWRF4AVhyrq8Ptf63Z5S\nG2sAAAc4Dysb0Q8rG9EAAAAHc3NoLXJzYQAAAgEA0jwQvFzOg4k3SdR7SBlHOKfj\nE69pXBcMAISU/tzOpq7tEKkEekdhFulBsZFGBpNMGcwbNKLyCgV59ftA0+gDnVuf\n+D8PxL3/TSC0WtIxioot9l7NootZVqB7U+2KAB8QfxBTMMJDlvjL3sI2UK2NOITv\nWs6yKjGInRqf2eMTjBWiJszwUMD0GZHFS2PXAKmcIzxG8ZUOVB4b1yzGo8/HpOYk\nN/UrAIz8BJS549oqoh+pNyxU2f5d87T0t5FTQ76+GVHrXdAIKL93F7iNqjaX08zf\nBykd/kxPCPD++aqSplzAHYHdKONzu/LksA5cISPQu0DQT+vMlWXF7xM+74NQVU9R\nwBKYuRbJeSKrmF23T7SFkirk/dJq3ARQmT1WGDt/yhLWs+ygfxu4dJBFQLaYxG2R\ng4n/67qs8e5T/uCZ3eseBkQE1haAk+3nu035ahbqsp+ABc6Ji8/zh5wFcRqRIk5u\naGpWmFPD7DPt/BuS0tQXffUGMNcoG8UT+LbV8AcL1wIK7bJ6cVqhWNYsULcCu0Ul\nj8hrKOKbJ6sOViIzgdJXjLluGBuMmYhyF93jplDQsofxrrW9e7vQ6CPw4Al+4/jr\nfAq0Tpt1MFOiGni6YDseo4kYNwImZ4yFXfNeUkmchx1pP9Y1G4tyAwSX4IljnWRF\n4AVhyrq8Ptf63Z5SG2sAAAADAQABAAACADe5WgpDYy20QiZcnqy2no0i2uqN1RRm\nu3Srr756EoBV31pKIniy0MY833/MbM4zXrl7wz5JbnQ/jVso1L8WQVcFQTqQpIJW\nhgQQhh2Ilz8MbzBdYo4R94Uhlm7hiHGNylaToilLZJTwr0EFI1ZxGfyAJ91e6hSK\n+pYBx5r+OGEqHsfADHarHkhkvfHErelsC4m/YWKJSrn7HRAEu0YSPe20XqdCYbqM\npAQm07rUSfadA8IvCvKZHJgLP84kQ/ix5ztY3lUIXhFG5q8v6MTUIZwvMnJ4cI3F\n9jD9h+fvUV2tOfLYSCGdYEDSGdGcjMjv8FSh0lVMv/ZdeoBrDoR3vuPS3Et+Xc5f\n9xUAjRZL0t3aMaY40EX38Z/2zijRst1hrVsw+GfJmqPdaVlAQt7NfMze3JTf2Wnc\nOfZjd2BKgr4LH7RDER3MgE6T8SM4MjvzTHehZPDbIHDdtZQzVg3FKu5gAwUOCvQ8\nuABre5fov1CDaNqMpl5zrzuw/aPQumws7yN6ar+QQ/o/FG98lcswOz6enuLWbwwa\nReN71uUwAIuDYCJswkzFeuLvTzeV5appOafbKSIa0DHCsMRNFCcLb3DWd3Ce/NDo\nrwOCn/tymB6caJNkcEYxBYdxvXaxgQ8L8u5BnWDaQm/3tRr0h1YcOCbGM3P9Vupe\n+w+F0CQIzMIBAAABACvpD2MxYAbmseZb1+hsCi78Kf3DZMGy1HUpK92vC08Eyb6x\nIfVqU+nmXn1G62b8YLsvUlRIsiAMhTKLkQ69q0YmlGcL0cdnPVhMtayq4voXBrHw\n2aLWoInJ2A+cfEicwQzlMNJjWIR+96isl4LYYD8ccuOjou94QGCQps+k4tLx0nyY\n1cnxEF02upkfvqUsbl7mtuwrNg5akhuDcNuc8q59rJb13Id1clMwjt+KrRok9+GZ\nboaOdY/p6t1BBBYndZNJysVL2Ef3aqwXDUtS4lSw9sZAQOJP9J0RSwqhJRu9dXNl\n8boIMWKngaMGx/ij+w2Jusu2bLw8+D9HZH1YIcIAAAEBAOXbSN1LErdU/NOn6jnb\nPZtVCl156oLuBJHJ5zM+fU843AJvXdpfIdsqAHlFprf/7W+uYmiXLIwuORU4oMjY\nQnIaL9WlRCy2GWVGcgFkrGjgZocUVScj/bv/jlJAZ0G5yrWpQ7bKLqopyjT6663F\nn0OlRS9SxNuCZBOeCxiY+Mg0yml1H6BsbAGpi97h/95hN9aDa+jrOByijccOkR6g\nMs5o2Vihtj/AqXE4K4VkAqpawC14DTh6W9KHL9dNpVsmbOpELpzHNHJU4/RAgVgc\nKoPdLJ/fk8V3UcRAmjhAAcOdyTxyjkPrZl3Zs86Wn2QIHeKld/fJqEYQLp3mrRB1\nrmsAAAEBAOolczRmYfsaR5WW7AIYJPJGpRfZPT/XvfXcwGVC31b+N+/XIt/GK0cN\na2LKRENOx7MTEsyyCgmFn++VqRPOZBtkq4ybxgAK5NCUzTE1FF74DbrFpGvHw4rU\n3WgYWKiJej6pNyL9uRYMtmg7W+/1D80VmVo9BYd2vpoGC9LvVOUo1amLW0hAD5bL\nlKehrmmQoHOi9WqqNrJXXW2JLcwI6y/LqJeQ3ZhsVNxg3EfMMcrNO+UQX7A/n5xh\npzxnv3+x9cipld8HHWkDWgKDzVj6veE9QKnEixueJSn6Rr7DHNM/cyNrSZsU7jG4\nZbSQUFi2dMmGrCgjK26nKch1wJEmhwEAAAAAAQID\n-----END OPENSSH PRIVATE KEY-----\n",
            "private_key_pem": "-----BEGIN RSA PRIVATE KEY-----\nMIIJKQIBAAKCAgEA0jwQvFzOg4k3SdR7SBlHOKfjE69pXBcMAISU/tzOpq7tEKkE\nekdhFulBsZFGBpNMGcwbNKLyCgV59ftA0+gDnVuf+D8PxL3/TSC0WtIxioot9l7N\nootZVqB7U+2KAB8QfxBTMMJDlvjL3sI2UK2NOITvWs6yKjGInRqf2eMTjBWiJszw\nUMD0GZHFS2PXAKmcIzxG8ZUOVB4b1yzGo8/HpOYkN/UrAIz8BJS549oqoh+pNyxU\n2f5d87T0t5FTQ76+GVHrXdAIKL93F7iNqjaX08zfBykd/kxPCPD++aqSplzAHYHd\nKONzu/LksA5cISPQu0DQT+vMlWXF7xM+74NQVU9RwBKYuRbJeSKrmF23T7SFkirk\n/dJq3ARQmT1WGDt/yhLWs+ygfxu4dJBFQLaYxG2Rg4n/67qs8e5T/uCZ3eseBkQE\n1haAk+3nu035ahbqsp+ABc6Ji8/zh5wFcRqRIk5uaGpWmFPD7DPt/BuS0tQXffUG\nMNcoG8UT+LbV8AcL1wIK7bJ6cVqhWNYsULcCu0Ulj8hrKOKbJ6sOViIzgdJXjLlu\nGBuMmYhyF93jplDQsofxrrW9e7vQ6CPw4Al+4/jrfAq0Tpt1MFOiGni6YDseo4kY\nNwImZ4yFXfNeUkmchx1pP9Y1G4tyAwSX4IljnWRF4AVhyrq8Ptf63Z5SG2sCAwEA\nAQKCAgA3uVoKQ2MttEImXJ6stp6NItrqjdUUZrt0q6++ehKAVd9aSiJ4stDGPN9/\nzGzOM165e8M+SW50P41bKNS/FkFXBUE6kKSCVoYEEIYdiJc/DG8wXWKOEfeFIZZu\n4YhxjcpWk6IpS2SU8K9BBSNWcRn8gCfdXuoUivqWAcea/jhhKh7HwAx2qx5IZL3x\nxK3pbAuJv2FiiUq5+x0QBLtGEj3ttF6nQmG6jKQEJtO61En2nQPCLwrymRyYCz/O\nJEP4sec7WN5VCF4RRuavL+jE1CGcLzJyeHCNxfYw/Yfn71FdrTny2EghnWBA0hnR\nnIzI7/BUodJVTL/2XXqAaw6Ed77j0txLfl3OX/cVAI0WS9Ld2jGmONBF9/Gf9s4o\n0bLdYa1bMPhnyZqj3WlZQELezXzM3tyU39lp3Dn2Y3dgSoK+Cx+0QxEdzIBOk/Ej\nODI780x3oWTw2yBw3bWUM1YNxSruYAMFDgr0PLgAa3uX6L9Qg2jajKZec687sP2j\n0LpsLO8jemq/kEP6PxRvfJXLMDs+np7i1m8MGkXje9blMACLg2AibMJMxXri7083\nleWqaTmn2ykiGtAxwrDETRQnC29w1ndwnvzQ6K8Dgp/7cpgenGiTZHBGMQWHcb12\nsYEPC/LuQZ1g2kJv97Ua9IdWHDgmxjNz/VbqXvsPhdAkCMzCAQKCAQEA5dtI3UsS\nt1T806fqOds9m1UKXXnqgu4EkcnnMz59TzjcAm9d2l8h2yoAeUWmt//tb65iaJcs\njC45FTigyNhCchov1aVELLYZZUZyAWSsaOBmhxRVJyP9u/+OUkBnQbnKtalDtsou\nqinKNPrrrcWfQ6VFL1LE24JkE54LGJj4yDTKaXUfoGxsAamL3uH/3mE31oNr6Os4\nHKKNxw6RHqAyzmjZWKG2P8CpcTgrhWQCqlrALXgNOHpb0ocv102lWyZs6kQunMc0\nclTj9ECBWBwqg90sn9+TxXdRxECaOEABw53JPHKOQ+tmXdmzzpafZAgd4qV398mo\nRhAuneatEHWuawKCAQEA6iVzNGZh+xpHlZbsAhgk8kalF9k9P9e99dzAZULfVv43\n79ci38YrRw1rYspEQ07HsxMSzLIKCYWf75WpE85kG2SrjJvGAArk0JTNMTUUXvgN\nusWka8fDitTdaBhYqIl6Pqk3Iv25Fgy2aDtb7/UPzRWZWj0Fh3a+mgYL0u9U5SjV\nqYtbSEAPlsuUp6GuaZCgc6L1aqo2slddbYktzAjrL8uol5DdmGxU3GDcR8wxys07\n5RBfsD+fnGGnPGe/f7H1yKmV3wcdaQNaAoPNWPq94T1AqcSLG54lKfpGvsMc0z9z\nI2tJmxTuMbhltJBQWLZ0yYasKCMrbqcpyHXAkSaHAQKCAQEA2h8Iey8VmLHmpjeu\n9q5NPQ0rI99golSaM3rEkoVXRolvhkQGbQZfy2mFP4/QEMWlnJiAPD5RAMmQU8oE\nEfPewgaFpBkLo94+JTP/VcEiNvfTc5Xg5J6r1u5BMV56Xg2gBlmUr24XcFTt1O7U\nHXfulbPM/oZt1txaeZ89al8nnl0yQ3box0R8DevFloEiXPYmlcLq8QHdopbDMcVq\nAwUEkYk/z3LNzpvWb2FdM1zfhqdNvRgye4jpf9PXm1nMc734FysSjKYg5+oU06Eu\n3N0Fn1KQWTpCMV30Uub3Mi/TPL2LzHfs9xj4cFD55y5aHQPy0DQzrwlHTQ1oH2Fa\nk8cI9wKCAQEAlAWe4haDhLHlZU0m4GARI1TD0+LTFMQ34/Ftc9alyKIoDKit9Fec\nTmvOYoLKSt7H4o6BSQSY0dI2/MhZPhsxMBwhU1+6+ZXpd29KlPwgZ7VbQKLnwfdk\nyCSv37ncepeGv4xMPgO2eZkJy7US9wyus5EfBGwlTbEk58xAt1X0DncVM/zUdUWC\nVWtYC+1rjHMQ7GmtyoPW1kHi33dki2NsAyg16bN8U3rQ3w0g1Qbix3mdjr8eLxbZ\nuYwGpGpWJs0DO5ryEy+1SQkEYyidrc2+MmF9upV0972vcu00wi4oz+eBy3ds7ex6\ndNZE/bRqBts505kexrUNJQPqpz7BwUFhAQKCAQAr6Q9jMWAG5rHmW9fobAou/Cn9\nw2TBstR1KSvdrwtPBMm+sSH1alPp5l59Rutm/GC7L1JUSLIgDIUyi5EOvatGJpRn\nC9HHZz1YTLWsquL6Fwax8Nmi1qCJydgPnHxInMEM5TDSY1iEfveorJeC2GA/HHLj\no6LveEBgkKbPpOLS8dJ8mNXJ8RBdNrqZH76lLG5e5rbsKzYOWpIbg3DbnPKufayW\n9dyHdXJTMI7fiq0aJPfhmW6GjnWP6erdQQQWJ3WTScrFS9hH92qsFw1LUuJUsPbG\nQEDiT/SdEUsKoSUbvXVzZfG6CDFip4GjBsf4o/sNibrLtmy8PPg/R2R9WCHC\n-----END RSA PRIVATE KEY-----\n",
            "private_key_pem_pkcs8": "-----BEGIN PRIVATE KEY-----\nMIIJQwIBADANBgkqhkiG9w0BAQEFAASCCS0wggkpAgEAAoICAQDSPBC8XM6DiTdJ\n1HtIGUc4p+MTr2lcFwwAhJT+3M6mru0QqQR6R2EW6UGxkUYGk0wZzBs0ovIKBXn1\n+0DT6AOdW5/4Pw/Evf9NILRa0jGKii32Xs2ii1lWoHtT7YoAHxB/EFMwwkOW+Mve\nwjZQrY04hO9azrIqMYidGp/Z4xOMFaImzPBQwPQZkcVLY9cAqZwjPEbxlQ5UHhvX\nLMajz8ek5iQ39SsAjPwElLnj2iqiH6k3LFTZ/l3ztPS3kVNDvr4ZUetd0Agov3cX\nuI2qNpfTzN8HKR3+TE8I8P75qpKmXMAdgd0o43O78uSwDlwhI9C7QNBP68yVZcXv\nEz7vg1BVT1HAEpi5Fsl5IquYXbdPtIWSKuT90mrcBFCZPVYYO3/KEtaz7KB/G7h0\nkEVAtpjEbZGDif/ruqzx7lP+4Jnd6x4GRATWFoCT7ee7TflqFuqyn4AFzomLz/OH\nnAVxGpEiTm5oalaYU8PsM+38G5LS1Bd99QYw1ygbxRP4ttXwBwvXAgrtsnpxWqFY\n1ixQtwK7RSWPyGso4psnqw5WIjOB0leMuW4YG4yZiHIX3eOmUNCyh/Gutb17u9Do\nI/DgCX7j+Ot8CrROm3UwU6IaeLpgOx6jiRg3AiZnjIVd815SSZyHHWk/1jUbi3ID\nBJfgiWOdZEXgBWHKurw+1/rdnlIbawIDAQABAoICADe5WgpDYy20QiZcnqy2no0i\n2uqN1RRmu3Srr756EoBV31pKIniy0MY833/MbM4zXrl7wz5JbnQ/jVso1L8WQVcF\nQTqQpIJWhgQQhh2Ilz8MbzBdYo4R94Uhlm7hiHGNylaToilLZJTwr0EFI1ZxGfyA\nJ91e6hSK+pYBx5r+OGEqHsfADHarHkhkvfHErelsC4m/YWKJSrn7HRAEu0YSPe20\nXqdCYbqMpAQm07rUSfadA8IvCvKZHJgLP84kQ/ix5ztY3lUIXhFG5q8v6MTUIZwv\nMnJ4cI3F9jD9h+fvUV2tOfLYSCGdYEDSGdGcjMjv8FSh0lVMv/ZdeoBrDoR3vuPS\n3Et+Xc5f9xUAjRZL0t3aMaY40EX38Z/2zijRst1hrVsw+GfJmqPdaVlAQt7NfMze\n3JTf2WncOfZjd2BKgr4LH7RDER3MgE6T8SM4MjvzTHehZPDbIHDdtZQzVg3FKu5g\nAwUOCvQ8uABre5fov1CDaNqMpl5zrzuw/aPQumws7yN6ar+QQ/o/FG98lcswOz6e\nnuLWbwwaReN71uUwAIuDYCJswkzFeuLvTzeV5appOafbKSIa0DHCsMRNFCcLb3DW\nd3Ce/NDorwOCn/tymB6caJNkcEYxBYdxvXaxgQ8L8u5BnWDaQm/3tRr0h1YcOCbG\nM3P9Vupe+w+F0CQIzMIBAoIBAQDl20jdSxK3VPzTp+o52z2bVQpdeeqC7gSRyecz\nPn1PONwCb13aXyHbKgB5Raa3/+1vrmJolyyMLjkVOKDI2EJyGi/VpUQsthllRnIB\nZKxo4GaHFFUnI/27/45SQGdBucq1qUO2yi6qKco0+uutxZ9DpUUvUsTbgmQTngsY\nmPjINMppdR+gbGwBqYve4f/eYTfWg2vo6zgcoo3HDpEeoDLOaNlYobY/wKlxOCuF\nZAKqWsAteA04elvShy/XTaVbJmzqRC6cxzRyVOP0QIFYHCqD3Syf35PFd1HEQJo4\nQAHDnck8co5D62Zd2bPOlp9kCB3ipXf3yahGEC6d5q0Qda5rAoIBAQDqJXM0ZmH7\nGkeVluwCGCTyRqUX2T0/17313MBlQt9W/jfv1yLfxitHDWtiykRDTsezExLMsgoJ\nhZ/vlakTzmQbZKuMm8YACuTQlM0xNRRe+A26xaRrx8OK1N1oGFioiXo+qTci/bkW\nDLZoO1vv9Q/NFZlaPQWHdr6aBgvS71TlKNWpi1tIQA+Wy5Snoa5pkKBzovVqqjay\nV11tiS3MCOsvy6iXkN2YbFTcYNxHzDHKzTvlEF+wP5+cYac8Z79/sfXIqZXfBx1p\nA1oCg81Y+r3hPUCpxIsbniUp+ka+wxzTP3Mja0mbFO4xuGW0kFBYtnTJhqwoIytu\npynIdcCRJocBAoIBAQDaHwh7LxWYseamN672rk09DSsj32CiVJozesSShVdGiW+G\nRAZtBl/LaYU/j9AQxaWcmIA8PlEAyZBTygQR897CBoWkGQuj3j4lM/9VwSI299Nz\nleDknqvW7kExXnpeDaAGWZSvbhdwVO3U7tQdd+6Vs8z+hm3W3Fp5nz1qXyeeXTJD\ndujHRHwN68WWgSJc9iaVwurxAd2ilsMxxWoDBQSRiT/Pcs3Om9ZvYV0zXN+Gp029\nGDJ7iOl/09ebWcxzvfgXKxKMpiDn6hTToS7c3QWfUpBZOkIxXfRS5vcyL9M8vYvM\nd+z3GPhwUPnnLlodA/LQNDOvCUdNDWgfYVqTxwj3AoIBAQCUBZ7iFoOEseVlTSbg\nYBEjVMPT4tMUxDfj8W1z1qXIoigMqK30V5xOa85igspK3sfijoFJBJjR0jb8yFk+\nGzEwHCFTX7r5lel3b0qU/CBntVtAoufB92TIJK/fudx6l4a/jEw+A7Z5mQnLtRL3\nDK6zkR8EbCVNsSTnzEC3VfQOdxUz/NR1RYJVa1gL7WuMcxDsaa3Kg9bWQeLfd2SL\nY2wDKDXps3xTetDfDSDVBuLHeZ2Ovx4vFtm5jAakalYmzQM7mvITL7VJCQRjKJ2t\nzb4yYX26lXT3va9y7TTCLijP54HLd2zt7Hp01kT9tGoG2znTmR7GtQ0lA+qnPsHB\nQWEBAoIBACvpD2MxYAbmseZb1+hsCi78Kf3DZMGy1HUpK92vC08Eyb6xIfVqU+nm\nXn1G62b8YLsvUlRIsiAMhTKLkQ69q0YmlGcL0cdnPVhMtayq4voXBrHw2aLWoInJ\n2A+cfEicwQzlMNJjWIR+96isl4LYYD8ccuOjou94QGCQps+k4tLx0nyY1cnxEF02\nupkfvqUsbl7mtuwrNg5akhuDcNuc8q59rJb13Id1clMwjt+KrRok9+GZboaOdY/p\n6t1BBBYndZNJysVL2Ef3aqwXDUtS4lSw9sZAQOJP9J0RSwqhJRu9dXNl8boIMWKn\ngaMGx/ij+w2Jusu2bLw8+D9HZH1YIcI=\n-----END PRIVATE KEY-----\n",
            "public_key_fingerprint_md5": "69:1d:74:e7:1c:f8:0b:ad:1d:6a:f8:6b:43:ba:4e:36",
            "public_key_fingerprint_sha256": "SHA256:XLA9j+A2tUzIyMyjd+aOXjs3rEsb1lOEHVGr2NxJJAY",
            "public_key_openssh": "ssh-rsa AAAAB3NzaC1yc2EAAAADAQABAAACAQDSPBC8XM6DiTdJ1HtIGUc4p+MTr2lcFwwAhJT+3M6mru0QqQR6R2EW6UGxkUYGk0wZzBs0ovIKBXn1+0DT6AOdW5/4Pw/Evf9NILRa0jGKii32Xs2ii1lWoHtT7YoAHxB/EFMwwkOW+MvewjZQrY04hO9azrIqMYidGp/Z4xOMFaImzPBQwPQZkcVLY9cAqZwjPEbxlQ5UHhvXLMajz8ek5iQ39SsAjPwElLnj2iqiH6k3LFTZ/l3ztPS3kVNDvr4ZUetd0Agov3cXuI2qNpfTzN8HKR3+TE8I8P75qpKmXMAdgd0o43O78uSwDlwhI9C7QNBP68yVZcXvEz7vg1BVT1HAEpi5Fsl5IquYXbdPtIWSKuT90mrcBFCZPVYYO3/KEtaz7KB/G7h0kEVAtpjEbZGDif/ruqzx7lP+4Jnd6x4GRATWFoCT7ee7TflqFuqyn4AFzomLz/OHnAVxGpEiTm5oalaYU8PsM+38G5LS1Bd99QYw1ygbxRP4ttXwBwvXAgrtsnpxWqFY1ixQtwK7RSWPyGso4psnqw5WIjOB0leMuW4YG4yZiHIX3eOmUNCyh/Gutb17u9DoI/DgCX7j+Ot8CrROm3UwU6IaeLpgOx6jiRg3AiZnjIVd815SSZyHHWk/1jUbi3IDBJfgiWOdZEXgBWHKurw+1/rdnlIbaw==\n",
            "public_key_pem": "-----BEGIN PUBLIC KEY-----\nMIICIjANBgkqhkiG9w0BAQEFAAOCAg8AMIICCgKCAgEA0jwQvFzOg4k3SdR7SBlH\nOKfjE69pXBcMAISU/tzOpq7tEKkEekdhFulBsZFGBpNMGcwbNKLyCgV59ftA0+gD\nnVuf+D8PxL3/TSC0WtIxioot9l7NootZVqB7U+2KAB8QfxBTMMJDlvjL3sI2UK2N\nOITvWs6yKjGInRqf2eMTjBWiJszwUMD0GZHFS2PXAKmcIzxG8ZUOVB4b1yzGo8/H\npOYkN/UrAIz8BJS549oqoh+pNyxU2f5d87T0t5FTQ76+GVHrXdAIKL93F7iNqjaX\n08zfBykd/kxPCPD++aqSplzAHYHdKONzu/LksA5cISPQu0DQT+vMlWXF7xM+74NQ\nVU9RwBKYuRbJeSKrmF23T7SFkirk/dJq3ARQmT1WGDt/yhLWs+ygfxu4dJBFQLaY\nxG2Rg4n/67qs8e5T/uCZ3eseBkQE1haAk+3nu035ahbqsp+ABc6Ji8/zh5wFcRqR\nIk5uaGpWmFPD7DPt/BuS0tQXffUGMNcoG8UT+LbV8AcL1wIK7bJ6cVqhWNYsULcC\nu0Ulj8hrKOKbJ6sOViIzgdJXjLluGBuMmYhyF93jplDQsofxrrW9e7vQ6CPw4Al+\n4/jrfAq0Tpt1MFOiGni6YDseo4kYNwImZ4yFXfNeUkmchx1pP9Y1G4tyAwSX4Ilj\nnWRF4AVhyrq8Ptf63Z5SG2sCAwEAAQ==\n-----END PUBLIC KEY-----\n",
            "rsa_bits": 4096
          },
          "sensitive_attributes": []
        }
      ]
    },
    {
      "module": "module.vpc",
      "mode": "managed",
      "type": "aws_internet_gateway",
      "name": "this",
      "provider": "provider[\"registry.terraform.io/hashicorp/aws\"]",
      "instances": [
        {
          "index_key": 0,
          "schema_version": 0,
          "attributes": {
            "arn": "arn:aws:ec2:ap-northeast-1:067494042988:internet-gateway/igw-09840669d990bd566",
            "id": "igw-09840669d990bd566",
            "owner_id": "067494042988",
            "tags": {
              "Name": "bd-vpc"
            },
            "tags_all": {
              "Name": "bd-vpc"
            },
            "timeouts": null,
            "vpc_id": "vpc-0533bc57424caafd9"
          },
          "sensitive_attributes": [],
          "private": "eyJlMmJmYjczMC1lY2FhLTExZTYtOGY4OC0zNDM2M2JjN2M0YzAiOnsiY3JlYXRlIjoxMjAwMDAwMDAwMDAwLCJkZWxldGUiOjEyMDAwMDAwMDAwMDAsInVwZGF0ZSI6MTIwMDAwMDAwMDAwMH19",
          "dependencies": [
            "module.vpc.aws_vpc.this",
            "module.vpc.aws_vpc_ipv4_cidr_block_association.this"
          ]
        }
      ]
    },
    {
      "module": "module.vpc",
      "mode": "managed",
      "type": "aws_route",
      "name": "public_internet_gateway",
      "provider": "provider[\"registry.terraform.io/hashicorp/aws\"]",
      "instances": [
        {
          "index_key": 0,
          "schema_version": 0,
          "attributes": {
            "carrier_gateway_id": "",
            "core_network_arn": "",
            "destination_cidr_block": "0.0.0.0/0",
            "destination_ipv6_cidr_block": "",
            "destination_prefix_list_id": "",
            "egress_only_gateway_id": "",
            "gateway_id": "igw-09840669d990bd566",
            "id": "r-rtb-0a0c36fbf40f2137f1080289494",
            "instance_id": "",
            "instance_owner_id": "",
            "local_gateway_id": "",
            "nat_gateway_id": "",
            "network_interface_id": "",
            "origin": "CreateRoute",
            "route_table_id": "rtb-0a0c36fbf40f2137f",
            "state": "active",
            "timeouts": {
              "create": "5m",
              "delete": null,
              "update": null
            },
            "transit_gateway_id": "",
            "vpc_endpoint_id": "",
            "vpc_peering_connection_id": ""
          },
          "sensitive_attributes": [],
          "private": "eyJlMmJmYjczMC1lY2FhLTExZTYtOGY4OC0zNDM2M2JjN2M0YzAiOnsiY3JlYXRlIjozMDAwMDAwMDAwMDAsImRlbGV0ZSI6MzAwMDAwMDAwMDAwLCJ1cGRhdGUiOjEyMDAwMDAwMDAwMH19",
          "dependencies": [
            "module.vpc.aws_internet_gateway.this",
            "module.vpc.aws_route_table.public",
            "module.vpc.aws_vpc.this",
            "module.vpc.aws_vpc_ipv4_cidr_block_association.this"
          ]
        }
      ]
    },
    {
      "module": "module.vpc",
      "mode": "managed",
      "type": "aws_route_table",
      "name": "private",
      "provider": "provider[\"registry.terraform.io/hashicorp/aws\"]",
      "instances": [
        {
          "index_key": 0,
          "schema_version": 0,
          "attributes": {
            "arn": "arn:aws:ec2:ap-northeast-1:067494042988:route-table/rtb-05543abde2289e067",
            "id": "rtb-05543abde2289e067",
            "owner_id": "067494042988",
            "propagating_vgws": [],
            "route": [],
            "tags": {
              "Name": "bd-vpc-private-ap-northeast-1a"
            },
            "tags_all": {
              "Name": "bd-vpc-private-ap-northeast-1a"
            },
            "timeouts": null,
            "vpc_id": "vpc-0533bc57424caafd9"
          },
          "sensitive_attributes": [],
          "private": "eyJlMmJmYjczMC1lY2FhLTExZTYtOGY4OC0zNDM2M2JjN2M0YzAiOnsiY3JlYXRlIjozMDAwMDAwMDAwMDAsImRlbGV0ZSI6MzAwMDAwMDAwMDAwLCJ1cGRhdGUiOjEyMDAwMDAwMDAwMH19",
          "dependencies": [
            "data.aws_availability_zones.available",
            "module.vpc.aws_vpc.this",
            "module.vpc.aws_vpc_ipv4_cidr_block_association.this"
          ]
        },
        {
          "index_key": 1,
          "schema_version": 0,
          "attributes": {
            "arn": "arn:aws:ec2:ap-northeast-1:067494042988:route-table/rtb-02ef074e0343975c5",
            "id": "rtb-02ef074e0343975c5",
            "owner_id": "067494042988",
            "propagating_vgws": [],
            "route": [],
            "tags": {
              "Name": "bd-vpc-private-ap-northeast-1c"
            },
            "tags_all": {
              "Name": "bd-vpc-private-ap-northeast-1c"
            },
            "timeouts": null,
            "vpc_id": "vpc-0533bc57424caafd9"
          },
          "sensitive_attributes": [],
          "private": "eyJlMmJmYjczMC1lY2FhLTExZTYtOGY4OC0zNDM2M2JjN2M0YzAiOnsiY3JlYXRlIjozMDAwMDAwMDAwMDAsImRlbGV0ZSI6MzAwMDAwMDAwMDAwLCJ1cGRhdGUiOjEyMDAwMDAwMDAwMH19",
          "dependencies": [
            "data.aws_availability_zones.available",
            "module.vpc.aws_vpc.this",
            "module.vpc.aws_vpc_ipv4_cidr_block_association.this"
          ]
        }
      ]
    },
    {
      "module": "module.vpc",
      "mode": "managed",
      "type": "aws_route_table",
      "name": "public",
      "provider": "provider[\"registry.terraform.io/hashicorp/aws\"]",
      "instances": [
        {
          "index_key": 0,
          "schema_version": 0,
          "attributes": {
            "arn": "arn:aws:ec2:ap-northeast-1:067494042988:route-table/rtb-0a0c36fbf40f2137f",
            "id": "rtb-0a0c36fbf40f2137f",
            "owner_id": "067494042988",
            "propagating_vgws": [],
            "route": [
              {
                "carrier_gateway_id": "",
                "cidr_block": "0.0.0.0/0",
                "core_network_arn": "",
                "destination_prefix_list_id": "",
                "egress_only_gateway_id": "",
                "gateway_id": "igw-09840669d990bd566",
                "instance_id": "",
                "ipv6_cidr_block": "",
                "local_gateway_id": "",
                "nat_gateway_id": "",
                "network_interface_id": "",
                "transit_gateway_id": "",
                "vpc_endpoint_id": "",
                "vpc_peering_connection_id": ""
              }
            ],
            "tags": {
              "Name": "bd-vpc-public"
            },
            "tags_all": {
              "Name": "bd-vpc-public"
            },
            "timeouts": null,
            "vpc_id": "vpc-0533bc57424caafd9"
          },
          "sensitive_attributes": [],
          "private": "eyJlMmJmYjczMC1lY2FhLTExZTYtOGY4OC0zNDM2M2JjN2M0YzAiOnsiY3JlYXRlIjozMDAwMDAwMDAwMDAsImRlbGV0ZSI6MzAwMDAwMDAwMDAwLCJ1cGRhdGUiOjEyMDAwMDAwMDAwMH19",
          "dependencies": [
            "module.vpc.aws_vpc.this",
            "module.vpc.aws_vpc_ipv4_cidr_block_association.this"
          ]
        }
      ]
    },
    {
      "module": "module.vpc",
      "mode": "managed",
      "type": "aws_route_table_association",
      "name": "private",
      "provider": "provider[\"registry.terraform.io/hashicorp/aws\"]",
      "instances": [
        {
          "index_key": 0,
          "schema_version": 0,
          "attributes": {
            "gateway_id": "",
            "id": "rtbassoc-0433a34f410de0b31",
            "route_table_id": "rtb-05543abde2289e067",
            "subnet_id": "subnet-0837e52d2a2c58310"
          },
          "sensitive_attributes": [],
          "private": "bnVsbA==",
          "dependencies": [
            "data.aws_availability_zones.available",
            "module.vpc.aws_route_table.private",
            "module.vpc.aws_subnet.private",
            "module.vpc.aws_vpc.this",
            "module.vpc.aws_vpc_ipv4_cidr_block_association.this"
          ]
        },
        {
          "index_key": 1,
          "schema_version": 0,
          "attributes": {
            "gateway_id": "",
            "id": "rtbassoc-096a16f9732739922",
            "route_table_id": "rtb-02ef074e0343975c5",
            "subnet_id": "subnet-09611eacd0b6b06b8"
          },
          "sensitive_attributes": [],
          "private": "bnVsbA==",
          "dependencies": [
            "data.aws_availability_zones.available",
            "module.vpc.aws_route_table.private",
            "module.vpc.aws_subnet.private",
            "module.vpc.aws_vpc.this",
            "module.vpc.aws_vpc_ipv4_cidr_block_association.this"
          ]
        }
      ]
    },
    {
      "module": "module.vpc",
      "mode": "managed",
      "type": "aws_route_table_association",
      "name": "public",
      "provider": "provider[\"registry.terraform.io/hashicorp/aws\"]",
      "instances": [
        {
          "index_key": 0,
          "schema_version": 0,
          "attributes": {
            "gateway_id": "",
            "id": "rtbassoc-0be9b6908464a5f54",
            "route_table_id": "rtb-0a0c36fbf40f2137f",
            "subnet_id": "subnet-03d83f0933c0c9e84"
          },
          "sensitive_attributes": [],
          "private": "bnVsbA==",
          "dependencies": [
            "data.aws_availability_zones.available",
            "module.vpc.aws_route_table.public",
            "module.vpc.aws_subnet.public",
            "module.vpc.aws_vpc.this",
            "module.vpc.aws_vpc_ipv4_cidr_block_association.this"
          ]
        },
        {
          "index_key": 1,
          "schema_version": 0,
          "attributes": {
            "gateway_id": "",
            "id": "rtbassoc-01e96d5f0a5a1e602",
            "route_table_id": "rtb-0a0c36fbf40f2137f",
            "subnet_id": "subnet-0790ab286c4fa33fa"
          },
          "sensitive_attributes": [],
          "private": "bnVsbA==",
          "dependencies": [
            "data.aws_availability_zones.available",
            "module.vpc.aws_route_table.public",
            "module.vpc.aws_subnet.public",
            "module.vpc.aws_vpc.this",
            "module.vpc.aws_vpc_ipv4_cidr_block_association.this"
          ]
        }
      ]
    },
    {
      "module": "module.vpc",
      "mode": "managed",
      "type": "aws_subnet",
      "name": "private",
      "provider": "provider[\"registry.terraform.io/hashicorp/aws\"]",
      "instances": [
        {
          "index_key": 0,
          "schema_version": 1,
          "attributes": {
            "arn": "arn:aws:ec2:ap-northeast-1:067494042988:subnet/subnet-0837e52d2a2c58310",
            "assign_ipv6_address_on_creation": false,
            "availability_zone": "ap-northeast-1a",
            "availability_zone_id": "apne1-az4",
            "cidr_block": "10.0.0.128/26",
            "customer_owned_ipv4_pool": "",
            "enable_dns64": false,
            "enable_resource_name_dns_a_record_on_launch": false,
            "enable_resource_name_dns_aaaa_record_on_launch": false,
            "id": "subnet-0837e52d2a2c58310",
            "ipv6_cidr_block": "",
            "ipv6_cidr_block_association_id": "",
            "ipv6_native": false,
            "map_customer_owned_ip_on_launch": false,
            "map_public_ip_on_launch": false,
            "outpost_arn": "",
            "owner_id": "067494042988",
            "private_dns_hostname_type_on_launch": "ip-name",
            "tags": {
              "Name": "bd-vpc-private-ap-northeast-1a"
            },
            "tags_all": {
              "Name": "bd-vpc-private-ap-northeast-1a"
            },
            "timeouts": null,
            "vpc_id": "vpc-0533bc57424caafd9"
          },
          "sensitive_attributes": [],
          "private": "eyJlMmJmYjczMC1lY2FhLTExZTYtOGY4OC0zNDM2M2JjN2M0YzAiOnsiY3JlYXRlIjo2MDAwMDAwMDAwMDAsImRlbGV0ZSI6MTIwMDAwMDAwMDAwMH0sInNjaGVtYV92ZXJzaW9uIjoiMSJ9",
          "dependencies": [
            "data.aws_availability_zones.available",
            "module.vpc.aws_vpc.this",
            "module.vpc.aws_vpc_ipv4_cidr_block_association.this"
          ]
        },
        {
          "index_key": 1,
          "schema_version": 1,
          "attributes": {
            "arn": "arn:aws:ec2:ap-northeast-1:067494042988:subnet/subnet-09611eacd0b6b06b8",
            "assign_ipv6_address_on_creation": false,
            "availability_zone": "ap-northeast-1c",
            "availability_zone_id": "apne1-az1",
            "cidr_block": "10.0.0.192/26",
            "customer_owned_ipv4_pool": "",
            "enable_dns64": false,
            "enable_resource_name_dns_a_record_on_launch": false,
            "enable_resource_name_dns_aaaa_record_on_launch": false,
            "id": "subnet-09611eacd0b6b06b8",
            "ipv6_cidr_block": "",
            "ipv6_cidr_block_association_id": "",
            "ipv6_native": false,
            "map_customer_owned_ip_on_launch": false,
            "map_public_ip_on_launch": false,
            "outpost_arn": "",
            "owner_id": "067494042988",
            "private_dns_hostname_type_on_launch": "ip-name",
            "tags": {
              "Name": "bd-vpc-private-ap-northeast-1c"
            },
            "tags_all": {
              "Name": "bd-vpc-private-ap-northeast-1c"
            },
            "timeouts": null,
            "vpc_id": "vpc-0533bc57424caafd9"
          },
          "sensitive_attributes": [],
          "private": "eyJlMmJmYjczMC1lY2FhLTExZTYtOGY4OC0zNDM2M2JjN2M0YzAiOnsiY3JlYXRlIjo2MDAwMDAwMDAwMDAsImRlbGV0ZSI6MTIwMDAwMDAwMDAwMH0sInNjaGVtYV92ZXJzaW9uIjoiMSJ9",
          "dependencies": [
            "data.aws_availability_zones.available",
            "module.vpc.aws_vpc.this",
            "module.vpc.aws_vpc_ipv4_cidr_block_association.this"
          ]
        }
      ]
    },
    {
      "module": "module.vpc",
      "mode": "managed",
      "type": "aws_subnet",
      "name": "public",
      "provider": "provider[\"registry.terraform.io/hashicorp/aws\"]",
      "instances": [
        {
          "index_key": 0,
          "schema_version": 1,
          "attributes": {
            "arn": "arn:aws:ec2:ap-northeast-1:067494042988:subnet/subnet-03d83f0933c0c9e84",
            "assign_ipv6_address_on_creation": false,
            "availability_zone": "ap-northeast-1a",
            "availability_zone_id": "apne1-az4",
            "cidr_block": "10.0.0.0/26",
            "customer_owned_ipv4_pool": "",
            "enable_dns64": false,
            "enable_resource_name_dns_a_record_on_launch": false,
            "enable_resource_name_dns_aaaa_record_on_launch": false,
            "id": "subnet-03d83f0933c0c9e84",
            "ipv6_cidr_block": "",
            "ipv6_cidr_block_association_id": "",
            "ipv6_native": false,
            "map_customer_owned_ip_on_launch": false,
            "map_public_ip_on_launch": true,
            "outpost_arn": "",
            "owner_id": "067494042988",
            "private_dns_hostname_type_on_launch": "ip-name",
            "tags": {
              "Name": "bd-vpc-public-ap-northeast-1a"
            },
            "tags_all": {
              "Name": "bd-vpc-public-ap-northeast-1a"
            },
            "timeouts": null,
            "vpc_id": "vpc-0533bc57424caafd9"
          },
          "sensitive_attributes": [],
          "private": "eyJlMmJmYjczMC1lY2FhLTExZTYtOGY4OC0zNDM2M2JjN2M0YzAiOnsiY3JlYXRlIjo2MDAwMDAwMDAwMDAsImRlbGV0ZSI6MTIwMDAwMDAwMDAwMH0sInNjaGVtYV92ZXJzaW9uIjoiMSJ9",
          "dependencies": [
            "data.aws_availability_zones.available",
            "module.vpc.aws_vpc.this",
            "module.vpc.aws_vpc_ipv4_cidr_block_association.this"
          ]
        },
        {
          "index_key": 1,
          "schema_version": 1,
          "attributes": {
            "arn": "arn:aws:ec2:ap-northeast-1:067494042988:subnet/subnet-0790ab286c4fa33fa",
            "assign_ipv6_address_on_creation": false,
            "availability_zone": "ap-northeast-1c",
            "availability_zone_id": "apne1-az1",
            "cidr_block": "10.0.0.64/26",
            "customer_owned_ipv4_pool": "",
            "enable_dns64": false,
            "enable_resource_name_dns_a_record_on_launch": false,
            "enable_resource_name_dns_aaaa_record_on_launch": false,
            "id": "subnet-0790ab286c4fa33fa",
            "ipv6_cidr_block": "",
            "ipv6_cidr_block_association_id": "",
            "ipv6_native": false,
            "map_customer_owned_ip_on_launch": false,
            "map_public_ip_on_launch": true,
            "outpost_arn": "",
            "owner_id": "067494042988",
            "private_dns_hostname_type_on_launch": "ip-name",
            "tags": {
              "Name": "bd-vpc-public-ap-northeast-1c"
            },
            "tags_all": {
              "Name": "bd-vpc-public-ap-northeast-1c"
            },
            "timeouts": null,
            "vpc_id": "vpc-0533bc57424caafd9"
          },
          "sensitive_attributes": [],
          "private": "eyJlMmJmYjczMC1lY2FhLTExZTYtOGY4OC0zNDM2M2JjN2M0YzAiOnsiY3JlYXRlIjo2MDAwMDAwMDAwMDAsImRlbGV0ZSI6MTIwMDAwMDAwMDAwMH0sInNjaGVtYV92ZXJzaW9uIjoiMSJ9",
          "dependencies": [
            "data.aws_availability_zones.available",
            "module.vpc.aws_vpc.this",
            "module.vpc.aws_vpc_ipv4_cidr_block_association.this"
          ]
        }
      ]
    },
    {
      "module": "module.vpc",
      "mode": "managed",
      "type": "aws_vpc",
      "name": "this",
      "provider": "provider[\"registry.terraform.io/hashicorp/aws\"]",
      "instances": [
        {
          "index_key": 0,
          "schema_version": 1,
          "attributes": {
            "arn": "arn:aws:ec2:ap-northeast-1:067494042988:vpc/vpc-0533bc57424caafd9",
            "assign_generated_ipv6_cidr_block": false,
            "cidr_block": "10.0.0.0/16",
            "default_network_acl_id": "acl-00c67f21473c2cf1f",
            "default_route_table_id": "rtb-088b8fd422036b662",
            "default_security_group_id": "sg-0a04f856a4de94555",
            "dhcp_options_id": "dopt-820244e5",
            "enable_classiclink": false,
            "enable_classiclink_dns_support": false,
            "enable_dns_hostnames": false,
            "enable_dns_support": true,
            "enable_network_address_usage_metrics": false,
            "id": "vpc-0533bc57424caafd9",
            "instance_tenancy": "default",
            "ipv4_ipam_pool_id": null,
            "ipv4_netmask_length": null,
            "ipv6_association_id": "",
            "ipv6_cidr_block": "",
            "ipv6_cidr_block_network_border_group": "",
            "ipv6_ipam_pool_id": "",
            "ipv6_netmask_length": 0,
            "main_route_table_id": "rtb-088b8fd422036b662",
            "owner_id": "067494042988",
            "tags": {
              "Name": "bd-vpc"
            },
            "tags_all": {
              "Name": "bd-vpc"
            }
          },
          "sensitive_attributes": [],
          "private": "eyJzY2hlbWFfdmVyc2lvbiI6IjEifQ=="
        }
      ]
    }
  ],
  "check_results": null
}
