{
  "version": 4,
  "terraform_version": "1.3.4",
  "serial": 5362,
  "lineage": "bcce0505-4f3a-b984-70b8-9e80adea4655",
  "outputs": {
    "publicIP": {
      "value": [
        [
          "52.194.255.168",
          "3.112.16.139",
          "13.231.210.235"
        ]
      ],
      "type": [
        "tuple",
        [
          [
            "tuple",
            [
              "string",
              "string",
              "string"
            ]
          ]
        ]
      ]
    }
  },
  "resources": [
    {
      "mode": "data",
      "type": "aws_ami_ids",
      "name": "ami",
      "provider": "provider[\"registry.terraform.io/hashicorp/aws\"]",
      "instances": [
        {
          "schema_version": 0,
          "attributes": {
            "executable_users": null,
            "filter": [
              {
                "name": "name",
                "values": [
                  "*ubuntu-focal-20.04-amd64-server-20211021*"
                ]
              }
            ],
            "id": "2862058812",
            "ids": [
              "ami-036d0684fc96830ca"
            ],
            "name_regex": null,
            "owners": [
              "self",
              "amazon",
              "099720109477"
            ],
            "sort_ascending": false,
            "timeouts": null
          },
          "sensitive_attributes": []
        }
      ]
    },
    {
      "mode": "data",
      "type": "aws_ami_ids",
      "name": "ami_centos",
      "provider": "provider[\"registry.terraform.io/hashicorp/aws\"]",
      "instances": [
        {
          "schema_version": 0,
          "attributes": {
            "executable_users": null,
            "filter": [
              {
                "name": "name",
                "values": [
                  "ap-northeast-1 image for x86_64 CentOS_7"
                ]
              }
            ],
            "id": "2201397963",
            "ids": [
              "ami-0cb83351d45de1ebd",
              "ami-045974a5d6191f907",
              "ami-006722751f5756768",
              "ami-0aa9a304ded9c7550",
              "ami-0dd77eadd3aed652f",
              "ami-0d8b29312bdb54a23",
              "ami-0e055011597ed418d",
              "ami-02df07b77251846c0",
              "ami-0d17f79b3f0d13887",
              "ami-05d842249858780de",
              "ami-0ff61719b075b17bb",
              "ami-0dc3bdf8061e07f1d",
              "ami-028117c28076fd520",
              "ami-0f5078348105dd778",
              "ami-0bb147ce862b51798",
              "ami-0ce4138d5747ffc58",
              "ami-0ad98eaa9d7f3b549",
              "ami-0d6cd551542e6a03c",
              "ami-0348287f2263b48dc",
              "ami-08571602de6714f2b",
              "ami-061f2d3bbacbdf0e5",
              "ami-0da429dc075956fb8",
              "ami-09e439f60aba3366a",
              "ami-0842f9c497f23f20e",
              "ami-0720e732511a4b59b",
              "ami-07bf81b009b7b1847",
              "ami-01858216a830bd9bc",
              "ami-0c7a7cb4e11332368",
              "ami-0d53953551ecc85f8",
              "ami-07cdec9cf8b22e179",
              "ami-06fe8f6b7b9f20d6d",
              "ami-0774f28bc6b7ffe00",
              "ami-074887a6872067ddc",
              "ami-0634359f29d9e90d5",
              "ami-067cffb02901695d1",
              "ami-00de7f69d9d82f8af",
              "ami-02d71524ec1e5fcfe",
              "ami-0f8fc0fdee380d0bd",
              "ami-07e0d5ad7f79aa566",
              "ami-0503fef7782573fe3",
              "ami-00457c8149dc336f7",
              "ami-00236785211783cac",
              "ami-0f70c2f8c81292ec9",
              "ami-05416b1a5e5101d17",
              "ami-063668836967aa74b",
              "ami-0b111d99ac34363c1",
              "ami-03efa8a5c0f788397",
              "ami-0759be5d2183c271e",
              "ami-01e2b45b78450d002",
              "ami-0dd0cb3ebc2ee2147",
              "ami-01b492a196b8abf3e",
              "ami-0f13103de2f3ca8da",
              "ami-0a238498004eb3cc1",
              "ami-09b68ef567047a8b3",
              "ami-012348a738ccfb175",
              "ami-0299cd54889b2965d",
              "ami-06acf6261a4d44dd5",
              "ami-021a9e45575736269",
              "ami-02403495b27ddef55",
              "ami-05948a118cdbe4fdc",
              "ami-0163115f0e377dfd3",
              "ami-037e05088051fb13e",
              "ami-03e3897a64aee0e37",
              "ami-08f8f360d650f360a",
              "ami-00fe6743c09d03339",
              "ami-0322b7d70e011a10e",
              "ami-04dbcf657e88fde8d",
              "ami-01422c3c01b8a1a91",
              "ami-054af393c48b506b1",
              "ami-0656ba7e14f5cb5ed",
              "ami-04384ccbc5e106e6d",
              "ami-0172091530535cc29",
              "ami-0be8a1f87b2cacde3",
              "ami-02a4671a12c4cc6b4",
              "ami-01f9271ea850c18f8",
              "ami-0d17543b3cd3bc26a",
              "ami-065e6b9c7af65f146",
              "ami-09b1a6c4e98a7274e",
              "ami-0b45946c431f487cb",
              "ami-02e49fee297506c33",
              "ami-00c4ba85be2774553",
              "ami-06269ecd8decec816",
              "ami-053b27a2cf096bf81",
              "ami-084f41ca118f75165",
              "ami-085bbe4c51983a693",
              "ami-0e7b4f9e98f81d0da",
              "ami-0bbd0ec6229c3f70a",
              "ami-028392fd40f6ec7e7",
              "ami-080407a3b2815fa28",
              "ami-051cea63cf6c680be",
              "ami-0ec24b9f5b3c69c28",
              "ami-0fd38cfa30d9e5d5b",
              "ami-013daf4e29a12590f",
              "ami-06e603ab84c2cf1bd",
              "ami-0b8fc1524f19d3688",
              "ami-06a4278a39f5c250b",
              "ami-0b850ba00bb0c977a",
              "ami-093a76edcf198fe1f",
              "ami-0de2979627cc7165f",
              "ami-0e0f4544ef076fc27",
              "ami-01951ffb0fbf892f1",
              "ami-0f7ba4ec7e8b9ab10",
              "ami-0c458565238156367",
              "ami-01061b67998059af4",
              "ami-0c991372cc3f17029",
              "ami-02fabda7e3b5914e5",
              "ami-03af3eed2a30fa9b9",
              "ami-04e91b9e2010394ef",
              "ami-03cec49b19f60692e",
              "ami-0f4dc5d9aee242ff2",
              "ami-04d7ab89d4f0b993d",
              "ami-0ce3d7961097c5066",
              "ami-0f341f9835daa0639",
              "ami-0a8a8b5a55e3335bf",
              "ami-0a4059607e3966087",
              "ami-0c93fd790c289a3de",
              "ami-0dfa74e784ca73368",
              "ami-062927fa030ef70f3",
              "ami-049dbb75388a9fbb7",
              "ami-0d8b91ab061bbb0c2",
              "ami-05c9af286cadc65ae",
              "ami-03b7086c2999a9bf2",
              "ami-0ec5463ae6bfd173f",
              "ami-0c610968bae528e24",
              "ami-0021e35558e3c9b52",
              "ami-05bb7bf5612753032",
              "ami-02646a14697229c68"
            ],
            "name_regex": null,
            "owners": [
              "self",
              "amazon",
              "125523088429",
              "374168611083"
            ],
            "sort_ascending": false,
            "timeouts": null
          },
          "sensitive_attributes": []
        }
      ]
    },
    {
      "mode": "data",
      "type": "aws_availability_zones",
      "name": "available",
      "provider": "provider[\"registry.terraform.io/hashicorp/aws\"]",
      "instances": [
        {
          "schema_version": 0,
          "attributes": {
            "all_availability_zones": null,
            "exclude_names": null,
            "exclude_zone_ids": null,
            "filter": null,
            "group_names": [
              "ap-northeast-1"
            ],
            "id": "ap-northeast-1",
            "names": [
              "ap-northeast-1a",
              "ap-northeast-1c",
              "ap-northeast-1d"
            ],
            "state": "available",
            "timeouts": null,
            "zone_ids": [
              "apne1-az4",
              "apne1-az1",
              "apne1-az2"
            ]
          },
          "sensitive_attributes": []
        }
      ]
    },
    {
      "mode": "managed",
      "type": "aws_ebs_volume",
      "name": "ebs",
      "provider": "provider[\"registry.terraform.io/hashicorp/aws\"]",
      "instances": [
        {
          "index_key": 0,
          "schema_version": 0,
          "attributes": {
            "arn": "arn:aws:ec2:ap-northeast-1:067494042988:volume/vol-0b76fe98298504ad4",
            "availability_zone": "ap-northeast-1a",
            "encrypted": false,
            "final_snapshot": false,
            "id": "vol-0b76fe98298504ad4",
            "iops": 100,
            "kms_key_id": "",
            "multi_attach_enabled": false,
            "outpost_arn": "",
            "size": 24,
            "snapshot_id": "",
            "tags": {},
            "tags_all": {},
            "throughput": 0,
            "timeouts": null,
            "type": "gp2"
          },
          "sensitive_attributes": [],
          "private": "eyJlMmJmYjczMC1lY2FhLTExZTYtOGY4OC0zNDM2M2JjN2M0YzAiOnsiY3JlYXRlIjozMDAwMDAwMDAwMDAsImRlbGV0ZSI6MzAwMDAwMDAwMDAwLCJ1cGRhdGUiOjMwMDAwMDAwMDAwMH19",
          "dependencies": [
            "data.aws_availability_zones.available"
          ]
        },
        {
          "index_key": 1,
          "schema_version": 0,
          "attributes": {
            "arn": "arn:aws:ec2:ap-northeast-1:067494042988:volume/vol-05ecbd42cda801515",
            "availability_zone": "ap-northeast-1a",
            "encrypted": false,
            "final_snapshot": false,
            "id": "vol-05ecbd42cda801515",
            "iops": 100,
            "kms_key_id": "",
            "multi_attach_enabled": false,
            "outpost_arn": "",
            "size": 24,
            "snapshot_id": "",
            "tags": {},
            "tags_all": {},
            "throughput": 0,
            "timeouts": null,
            "type": "gp2"
          },
          "sensitive_attributes": [],
          "private": "eyJlMmJmYjczMC1lY2FhLTExZTYtOGY4OC0zNDM2M2JjN2M0YzAiOnsiY3JlYXRlIjozMDAwMDAwMDAwMDAsImRlbGV0ZSI6MzAwMDAwMDAwMDAwLCJ1cGRhdGUiOjMwMDAwMDAwMDAwMH19",
          "dependencies": [
            "data.aws_availability_zones.available"
          ]
        },
        {
          "index_key": 2,
          "schema_version": 0,
          "attributes": {
            "arn": "arn:aws:ec2:ap-northeast-1:067494042988:volume/vol-08d87811af25c2ad5",
            "availability_zone": "ap-northeast-1a",
            "encrypted": false,
            "final_snapshot": false,
            "id": "vol-08d87811af25c2ad5",
            "iops": 100,
            "kms_key_id": "",
            "multi_attach_enabled": false,
            "outpost_arn": "",
            "size": 24,
            "snapshot_id": "",
            "tags": {},
            "tags_all": {},
            "throughput": 0,
            "timeouts": null,
            "type": "gp2"
          },
          "sensitive_attributes": [],
          "private": "eyJlMmJmYjczMC1lY2FhLTExZTYtOGY4OC0zNDM2M2JjN2M0YzAiOnsiY3JlYXRlIjozMDAwMDAwMDAwMDAsImRlbGV0ZSI6MzAwMDAwMDAwMDAwLCJ1cGRhdGUiOjMwMDAwMDAwMDAwMH19",
          "dependencies": [
            "data.aws_availability_zones.available"
          ]
        }
      ]
    },
    {
      "mode": "managed",
      "type": "aws_instance",
      "name": "instances",
      "provider": "provider[\"registry.terraform.io/hashicorp/aws\"]",
      "instances": [
        {
          "index_key": 0,
          "schema_version": 1,
          "attributes": {
            "ami": "ami-036d0684fc96830ca",
            "arn": "arn:aws:ec2:ap-northeast-1:067494042988:instance/i-017d791ccea46573e",
            "associate_public_ip_address": true,
            "availability_zone": "ap-northeast-1a",
            "capacity_reservation_specification": [
              {
                "capacity_reservation_preference": "open",
                "capacity_reservation_target": []
              }
            ],
            "cpu_core_count": 1,
            "cpu_threads_per_core": 2,
            "credit_specification": [
              {
                "cpu_credits": "unlimited"
              }
            ],
            "disable_api_stop": false,
            "disable_api_termination": false,
            "ebs_block_device": [
              {
                "delete_on_termination": false,
                "device_name": "/dev/sdh",
                "encrypted": false,
                "iops": 100,
                "kms_key_id": "",
                "snapshot_id": "",
                "tags": {},
                "throughput": 0,
                "volume_id": "vol-0b76fe98298504ad4",
                "volume_size": 24,
                "volume_type": "gp2"
              }
            ],
            "ebs_optimized": false,
            "enclave_options": [
              {
                "enabled": false
              }
            ],
            "ephemeral_block_device": [],
            "get_password_data": false,
            "hibernation": false,
            "host_id": null,
            "host_resource_group_arn": null,
            "iam_instance_profile": "",
            "id": "i-017d791ccea46573e",
            "instance_initiated_shutdown_behavior": "stop",
            "instance_state": "running",
            "instance_type": "t3.medium",
            "ipv6_address_count": 0,
            "ipv6_addresses": [],
            "key_name": "bd",
            "launch_template": [],
            "maintenance_options": [
              {
                "auto_recovery": "default"
              }
            ],
            "metadata_options": [
              {
                "http_endpoint": "enabled",
                "http_put_response_hop_limit": 1,
                "http_tokens": "optional",
                "instance_metadata_tags": "disabled"
              }
            ],
            "monitoring": false,
            "network_interface": [],
            "outpost_arn": "",
            "password_data": "",
            "placement_group": "",
            "placement_partition_number": null,
            "primary_network_interface_id": "eni-029a8170209d22c3f",
            "private_dns": "ip-10-0-0-49.ap-northeast-1.compute.internal",
            "private_dns_name_options": [
              {
                "enable_resource_name_dns_a_record": false,
                "enable_resource_name_dns_aaaa_record": false,
                "hostname_type": "ip-name"
              }
            ],
            "private_ip": "10.0.0.49",
            "public_dns": "",
            "public_ip": "52.194.255.168",
            "root_block_device": [
              {
                "delete_on_termination": true,
                "device_name": "/dev/sda1",
                "encrypted": false,
                "iops": 180,
                "kms_key_id": "",
                "tags": {
                  "Author": "Jason.SC.Cheng",
                  "Name": "bd-wrk1-ebs",
                  "Team": "COD",
                  "terraform": "true"
                },
                "throughput": 0,
                "volume_id": "vol-035b7d55382472f5c",
                "volume_size": 60,
                "volume_type": "gp2"
              }
            ],
            "secondary_private_ips": [],
            "security_groups": [],
            "source_dest_check": true,
            "subnet_id": "subnet-07cc9bde8ee161909",
            "tags": {
              "Author": "Jason.SC.Cheng",
              "Name": "bd1",
              "Team": "COD",
              "terraform": "true"
            },
            "tags_all": {
              "Author": "Jason.SC.Cheng",
              "Name": "bd1",
              "Team": "COD",
              "terraform": "true"
            },
            "tenancy": "default",
            "timeouts": null,
            "user_data": null,
            "user_data_base64": null,
            "user_data_replace_on_change": false,
            "volume_tags": null,
            "vpc_security_group_ids": [
              "sg-0e430609cb0f958b6"
            ]
          },
          "sensitive_attributes": [],
          "private": "eyJlMmJmYjczMC1lY2FhLTExZTYtOGY4OC0zNDM2M2JjN2M0YzAiOnsiY3JlYXRlIjo2MDAwMDAwMDAwMDAsImRlbGV0ZSI6MTIwMDAwMDAwMDAwMCwidXBkYXRlIjo2MDAwMDAwMDAwMDB9LCJzY2hlbWFfdmVyc2lvbiI6IjEifQ==",
          "dependencies": [
            "aws_key_pair.aws_key",
            "aws_security_group.sg-all",
            "data.aws_ami_ids.ami",
            "data.aws_ami_ids.ami_centos",
            "data.aws_availability_zones.available",
            "module.vpc.aws_subnet.public",
            "module.vpc.aws_vpc.this",
            "module.vpc.aws_vpc_ipv4_cidr_block_association.this",
            "tls_private_key.key"
          ]
        },
        {
          "index_key": 1,
          "schema_version": 1,
          "attributes": {
            "ami": "ami-036d0684fc96830ca",
            "arn": "arn:aws:ec2:ap-northeast-1:067494042988:instance/i-05576b5e7aaf4395e",
            "associate_public_ip_address": true,
            "availability_zone": "ap-northeast-1a",
            "capacity_reservation_specification": [
              {
                "capacity_reservation_preference": "open",
                "capacity_reservation_target": []
              }
            ],
            "cpu_core_count": 1,
            "cpu_threads_per_core": 2,
            "credit_specification": [
              {
                "cpu_credits": "unlimited"
              }
            ],
            "disable_api_stop": false,
            "disable_api_termination": false,
            "ebs_block_device": [
              {
                "delete_on_termination": false,
                "device_name": "/dev/sdh",
                "encrypted": false,
                "iops": 100,
                "kms_key_id": "",
                "snapshot_id": "",
                "tags": {},
                "throughput": 0,
                "volume_id": "vol-05ecbd42cda801515",
                "volume_size": 24,
                "volume_type": "gp2"
              }
            ],
            "ebs_optimized": false,
            "enclave_options": [
              {
                "enabled": false
              }
            ],
            "ephemeral_block_device": [],
            "get_password_data": false,
            "hibernation": false,
            "host_id": null,
            "host_resource_group_arn": null,
            "iam_instance_profile": "",
            "id": "i-05576b5e7aaf4395e",
            "instance_initiated_shutdown_behavior": "stop",
            "instance_state": "running",
            "instance_type": "t3.medium",
            "ipv6_address_count": 0,
            "ipv6_addresses": [],
            "key_name": "bd",
            "launch_template": [],
            "maintenance_options": [
              {
                "auto_recovery": "default"
              }
            ],
            "metadata_options": [
              {
                "http_endpoint": "enabled",
                "http_put_response_hop_limit": 1,
                "http_tokens": "optional",
                "instance_metadata_tags": "disabled"
              }
            ],
            "monitoring": false,
            "network_interface": [],
            "outpost_arn": "",
            "password_data": "",
            "placement_group": "",
            "placement_partition_number": null,
            "primary_network_interface_id": "eni-067856de39d58d156",
            "private_dns": "ip-10-0-0-20.ap-northeast-1.compute.internal",
            "private_dns_name_options": [
              {
                "enable_resource_name_dns_a_record": false,
                "enable_resource_name_dns_aaaa_record": false,
                "hostname_type": "ip-name"
              }
            ],
            "private_ip": "10.0.0.20",
            "public_dns": "",
            "public_ip": "3.112.16.139",
            "root_block_device": [
              {
                "delete_on_termination": true,
                "device_name": "/dev/sda1",
                "encrypted": false,
                "iops": 180,
                "kms_key_id": "",
                "tags": {
                  "Author": "Jason.SC.Cheng",
                  "Name": "bd-wrk2-ebs",
                  "Team": "COD",
                  "terraform": "true"
                },
                "throughput": 0,
                "volume_id": "vol-0598e9b261eba169a",
                "volume_size": 60,
                "volume_type": "gp2"
              }
            ],
            "secondary_private_ips": [],
            "security_groups": [],
            "source_dest_check": true,
            "subnet_id": "subnet-07cc9bde8ee161909",
            "tags": {
              "Author": "Jason.SC.Cheng",
              "Name": "bd2",
              "Team": "COD",
              "terraform": "true"
            },
            "tags_all": {
              "Author": "Jason.SC.Cheng",
              "Name": "bd2",
              "Team": "COD",
              "terraform": "true"
            },
            "tenancy": "default",
            "timeouts": null,
            "user_data": null,
            "user_data_base64": null,
            "user_data_replace_on_change": false,
            "volume_tags": null,
            "vpc_security_group_ids": [
              "sg-0e430609cb0f958b6"
            ]
          },
          "sensitive_attributes": [],
          "private": "eyJlMmJmYjczMC1lY2FhLTExZTYtOGY4OC0zNDM2M2JjN2M0YzAiOnsiY3JlYXRlIjo2MDAwMDAwMDAwMDAsImRlbGV0ZSI6MTIwMDAwMDAwMDAwMCwidXBkYXRlIjo2MDAwMDAwMDAwMDB9LCJzY2hlbWFfdmVyc2lvbiI6IjEifQ==",
          "dependencies": [
            "aws_key_pair.aws_key",
            "aws_security_group.sg-all",
            "data.aws_ami_ids.ami",
            "data.aws_ami_ids.ami_centos",
            "data.aws_availability_zones.available",
            "module.vpc.aws_subnet.public",
            "module.vpc.aws_vpc.this",
            "module.vpc.aws_vpc_ipv4_cidr_block_association.this",
            "tls_private_key.key"
          ]
        },
        {
          "index_key": 2,
          "schema_version": 1,
          "attributes": {
            "ami": "ami-036d0684fc96830ca",
            "arn": "arn:aws:ec2:ap-northeast-1:067494042988:instance/i-09fd60ec4ad12db8d",
            "associate_public_ip_address": true,
            "availability_zone": "ap-northeast-1a",
            "capacity_reservation_specification": [
              {
                "capacity_reservation_preference": "open",
                "capacity_reservation_target": []
              }
            ],
            "cpu_core_count": 1,
            "cpu_threads_per_core": 2,
            "credit_specification": [
              {
                "cpu_credits": "unlimited"
              }
            ],
            "disable_api_stop": false,
            "disable_api_termination": false,
            "ebs_block_device": [
              {
                "delete_on_termination": false,
                "device_name": "/dev/sdh",
                "encrypted": false,
                "iops": 100,
                "kms_key_id": "",
                "snapshot_id": "",
                "tags": {},
                "throughput": 0,
                "volume_id": "vol-08d87811af25c2ad5",
                "volume_size": 24,
                "volume_type": "gp2"
              }
            ],
            "ebs_optimized": false,
            "enclave_options": [
              {
                "enabled": false
              }
            ],
            "ephemeral_block_device": [],
            "get_password_data": false,
            "hibernation": false,
            "host_id": null,
            "host_resource_group_arn": null,
            "iam_instance_profile": "",
            "id": "i-09fd60ec4ad12db8d",
            "instance_initiated_shutdown_behavior": "stop",
            "instance_state": "running",
            "instance_type": "t3.medium",
            "ipv6_address_count": 0,
            "ipv6_addresses": [],
            "key_name": "bd",
            "launch_template": [],
            "maintenance_options": [
              {
                "auto_recovery": "default"
              }
            ],
            "metadata_options": [
              {
                "http_endpoint": "enabled",
                "http_put_response_hop_limit": 1,
                "http_tokens": "optional",
                "instance_metadata_tags": "disabled"
              }
            ],
            "monitoring": false,
            "network_interface": [],
            "outpost_arn": "",
            "password_data": "",
            "placement_group": "",
            "placement_partition_number": null,
            "primary_network_interface_id": "eni-066a9f9927cbd4217",
            "private_dns": "ip-10-0-0-58.ap-northeast-1.compute.internal",
            "private_dns_name_options": [
              {
                "enable_resource_name_dns_a_record": false,
                "enable_resource_name_dns_aaaa_record": false,
                "hostname_type": "ip-name"
              }
            ],
            "private_ip": "10.0.0.58",
            "public_dns": "",
            "public_ip": "13.231.210.235",
            "root_block_device": [
              {
                "delete_on_termination": true,
                "device_name": "/dev/sda1",
                "encrypted": false,
                "iops": 180,
                "kms_key_id": "",
                "tags": {
                  "Author": "Jason.SC.Cheng",
                  "Name": "bd-wrk3-ebs",
                  "Team": "COD",
                  "terraform": "true"
                },
                "throughput": 0,
                "volume_id": "vol-0a2b4a8a84a0c6146",
                "volume_size": 60,
                "volume_type": "gp2"
              }
            ],
            "secondary_private_ips": [],
            "security_groups": [],
            "source_dest_check": true,
            "subnet_id": "subnet-07cc9bde8ee161909",
            "tags": {
              "Author": "Jason.SC.Cheng",
              "Name": "bd3",
              "Team": "COD",
              "terraform": "true"
            },
            "tags_all": {
              "Author": "Jason.SC.Cheng",
              "Name": "bd3",
              "Team": "COD",
              "terraform": "true"
            },
            "tenancy": "default",
            "timeouts": null,
            "user_data": null,
            "user_data_base64": null,
            "user_data_replace_on_change": false,
            "volume_tags": null,
            "vpc_security_group_ids": [
              "sg-0e430609cb0f958b6"
            ]
          },
          "sensitive_attributes": [],
          "private": "eyJlMmJmYjczMC1lY2FhLTExZTYtOGY4OC0zNDM2M2JjN2M0YzAiOnsiY3JlYXRlIjo2MDAwMDAwMDAwMDAsImRlbGV0ZSI6MTIwMDAwMDAwMDAwMCwidXBkYXRlIjo2MDAwMDAwMDAwMDB9LCJzY2hlbWFfdmVyc2lvbiI6IjEifQ==",
          "dependencies": [
            "aws_key_pair.aws_key",
            "aws_security_group.sg-all",
            "data.aws_ami_ids.ami",
            "data.aws_ami_ids.ami_centos",
            "data.aws_availability_zones.available",
            "module.vpc.aws_subnet.public",
            "module.vpc.aws_vpc.this",
            "module.vpc.aws_vpc_ipv4_cidr_block_association.this",
            "tls_private_key.key"
          ]
        }
      ]
    },
    {
      "mode": "managed",
      "type": "aws_key_pair",
      "name": "aws_key",
      "provider": "provider[\"registry.terraform.io/hashicorp/aws\"]",
      "instances": [
        {
          "schema_version": 1,
          "attributes": {
            "arn": "arn:aws:ec2:ap-northeast-1:067494042988:key-pair/bd",
            "fingerprint": "4b:c4:90:e5:4a:fa:0f:21:97:15:75:ba:3d:32:bc:24",
            "id": "bd",
            "key_name": "bd",
            "key_name_prefix": "",
            "key_pair_id": "key-04ae957b7bf4bad5b",
            "key_type": "rsa",
            "public_key": "ssh-rsa AAAAB3NzaC1yc2EAAAADAQABAAACAQC7qKGIX/eD3Bz6H6NqCP8zcKqdwidlrltQIZvG5aegF+cwbY4gA1jR3SMe5WN2fCC5DkNijBvrQAXXQnT8BYOGMuJYfU01j66IC2+UyazlLIr7dR+ey9NLVD01xq/a5b5RyhVwJkYYlgmpvDTzp9JgAqC9SMwQjTKX2rk3zl/iL5Yhfh4/5J0D/2MFHzsyiQiKt9hyqBCNVQMZsw3L0nM3Z7u1+4mzKHDn3JX8WHTmh3RRH4dZ0Uu28mM31w1pi2+PdY6tjmqTd/OXUFB8C8sVikBEeHdIbQwamEZVIiWkQH+wFEuAlDByQUoI/7XBIFLTXM2okUAmETGF2lw8vpIkPDsCWuEy431F4/kl3+kK3iEo2W2C9zY48Vg6l/QC5h1nDekx5W/X6auOcnDNy1Ah+XMj3CzuLCPU8HUXnIYVnyCBCv3KsgdvMjyK4veLWG92GYMc47b7x7L2ln7HJNFMkR67KF+DmAr5mhpJx3gZ+MZsBI786WqokRXP5NEVVyJ1JRZJrGHA2OT6CqMxuvDASvA/qApA2R/BLnFDg+nxZCPEIW4ctXdu0JAts1Z5iKCqFIZPKewJKVD9AiUq3yPFcFsPmvzE2dusxXb3MW866xzstMeblcpz6+mXdF+L9W1JKv3Y64dKWOiUUFJ/yn38pIB4i0CgLbAODKqgjIMA1Q==",
            "tags": {
              "Author": "Jason.SC.Cheng",
              "Team": "COD",
              "terraform": "true"
            },
            "tags_all": {
              "Author": "Jason.SC.Cheng",
              "Team": "COD",
              "terraform": "true"
            }
          },
          "sensitive_attributes": [],
          "private": "eyJzY2hlbWFfdmVyc2lvbiI6IjEifQ==",
          "dependencies": [
            "tls_private_key.key"
          ]
        }
      ]
    },
    {
      "mode": "managed",
      "type": "aws_security_group",
      "name": "sg-all",
      "provider": "provider[\"registry.terraform.io/hashicorp/aws\"]",
      "instances": [
        {
          "schema_version": 1,
          "attributes": {
            "arn": "arn:aws:ec2:ap-northeast-1:067494042988:security-group/sg-0e430609cb0f958b6",
            "description": "Managed by Terraform",
            "egress": [
              {
                "cidr_blocks": [
                  "0.0.0.0/0"
                ],
                "description": "outbound",
                "from_port": 0,
                "ipv6_cidr_blocks": [
                  "::/0"
                ],
                "prefix_list_ids": [],
                "protocol": "-1",
                "security_groups": [],
                "self": false,
                "to_port": 0
              }
            ],
            "id": "sg-0e430609cb0f958b6",
            "ingress": [
              {
                "cidr_blocks": [
                  "10.0.0.0/26",
                  "10.0.0.64/26"
                ],
                "description": "internal",
                "from_port": 0,
                "ipv6_cidr_blocks": [],
                "prefix_list_ids": [],
                "protocol": "tcp",
                "security_groups": [],
                "self": false,
                "to_port": 65535
              },
              {
                "cidr_blocks": [
                  "118.163.108.246/32",
                  "220.130.164.120/32",
                  "61.216.155.110/32",
                  "118.163.58.7/32",
                  "61.216.155.110/32",
                  "123.194.138.73/32",
                  "3.73.140.118/32",
                  "59.124.119.126/32",
                  "220.130.164.120/32",
                  "220.130.164.120/32"
                ],
                "description": "all public",
                "from_port": 0,
                "ipv6_cidr_blocks": [],
                "prefix_list_ids": [],
                "protocol": "-1",
                "security_groups": [],
                "self": false,
                "to_port": 65535
              }
            ],
            "name": "bd-sg",
            "name_prefix": "",
            "owner_id": "067494042988",
            "revoke_rules_on_delete": false,
            "tags": {
              "Author": "Jason.SC.Cheng",
              "Name": "bd-sg",
              "Team": "COD",
              "terraform": "true"
            },
            "tags_all": {
              "Author": "Jason.SC.Cheng",
              "Name": "bd-sg",
              "Team": "COD",
              "terraform": "true"
            },
            "timeouts": null,
            "vpc_id": "vpc-024b5b017df164a08"
          },
          "sensitive_attributes": [],
          "private": "eyJlMmJmYjczMC1lY2FhLTExZTYtOGY4OC0zNDM2M2JjN2M0YzAiOnsiY3JlYXRlIjo2MDAwMDAwMDAwMDAsImRlbGV0ZSI6OTAwMDAwMDAwMDAwfSwic2NoZW1hX3ZlcnNpb24iOiIxIn0=",
          "dependencies": [
            "data.aws_availability_zones.available",
            "module.vpc.aws_subnet.public",
            "module.vpc.aws_vpc.this"
          ]
        }
      ]
    },
    {
      "mode": "managed",
      "type": "aws_volume_attachment",
      "name": "ebs_att",
      "provider": "provider[\"registry.terraform.io/hashicorp/aws\"]",
      "instances": [
        {
          "index_key": 0,
          "schema_version": 0,
          "attributes": {
            "device_name": "/dev/sdh",
            "force_detach": true,
            "id": "vai-2530483629",
            "instance_id": "i-017d791ccea46573e",
            "skip_destroy": null,
            "stop_instance_before_detaching": null,
            "timeouts": null,
            "volume_id": "vol-0b76fe98298504ad4"
          },
          "sensitive_attributes": [],
          "private": "eyJlMmJmYjczMC1lY2FhLTExZTYtOGY4OC0zNDM2M2JjN2M0YzAiOnsiY3JlYXRlIjozMDAwMDAwMDAwMDAsImRlbGV0ZSI6MzAwMDAwMDAwMDAwfX0=",
          "dependencies": [
            "aws_ebs_volume.ebs",
            "aws_instance.instances",
            "aws_key_pair.aws_key",
            "aws_security_group.sg-all",
            "data.aws_ami_ids.ami",
            "data.aws_ami_ids.ami_centos",
            "data.aws_availability_zones.available",
            "module.vpc.aws_subnet.public",
            "module.vpc.aws_vpc.this",
            "module.vpc.aws_vpc_ipv4_cidr_block_association.this",
            "tls_private_key.key"
          ]
        },
        {
          "index_key": 1,
          "schema_version": 0,
          "attributes": {
            "device_name": "/dev/sdh",
            "force_detach": true,
            "id": "vai-202475386",
            "instance_id": "i-05576b5e7aaf4395e",
            "skip_destroy": null,
            "stop_instance_before_detaching": null,
            "timeouts": null,
            "volume_id": "vol-05ecbd42cda801515"
          },
          "sensitive_attributes": [],
          "private": "eyJlMmJmYjczMC1lY2FhLTExZTYtOGY4OC0zNDM2M2JjN2M0YzAiOnsiY3JlYXRlIjozMDAwMDAwMDAwMDAsImRlbGV0ZSI6MzAwMDAwMDAwMDAwfX0=",
          "dependencies": [
            "aws_ebs_volume.ebs",
            "aws_instance.instances",
            "aws_key_pair.aws_key",
            "aws_security_group.sg-all",
            "data.aws_ami_ids.ami",
            "data.aws_ami_ids.ami_centos",
            "data.aws_availability_zones.available",
            "module.vpc.aws_subnet.public",
            "module.vpc.aws_vpc.this",
            "module.vpc.aws_vpc_ipv4_cidr_block_association.this",
            "tls_private_key.key"
          ]
        },
        {
          "index_key": 2,
          "schema_version": 0,
          "attributes": {
            "device_name": "/dev/sdh",
            "force_detach": true,
            "id": "vai-2401282724",
            "instance_id": "i-09fd60ec4ad12db8d",
            "skip_destroy": null,
            "stop_instance_before_detaching": null,
            "timeouts": null,
            "volume_id": "vol-08d87811af25c2ad5"
          },
          "sensitive_attributes": [],
          "private": "eyJlMmJmYjczMC1lY2FhLTExZTYtOGY4OC0zNDM2M2JjN2M0YzAiOnsiY3JlYXRlIjozMDAwMDAwMDAwMDAsImRlbGV0ZSI6MzAwMDAwMDAwMDAwfX0=",
          "dependencies": [
            "aws_ebs_volume.ebs",
            "aws_instance.instances",
            "aws_key_pair.aws_key",
            "aws_security_group.sg-all",
            "data.aws_ami_ids.ami",
            "data.aws_ami_ids.ami_centos",
            "data.aws_availability_zones.available",
            "module.vpc.aws_subnet.public",
            "module.vpc.aws_vpc.this",
            "module.vpc.aws_vpc_ipv4_cidr_block_association.this",
            "tls_private_key.key"
          ]
        }
      ]
    },
    {
      "mode": "managed",
      "type": "local_file",
      "name": "ansible_cfg",
      "provider": "provider[\"registry.terraform.io/hashicorp/local\"]",
      "instances": [
        {
          "schema_version": 0,
          "attributes": {
            "content": "[defaults]\nprivate_key_file = ../terraform/bd.pem\ninventory = inventory/bd.inv\nhost_key_checking = False\nremote_User = ubuntu\npipelining = true\n\n[privilege_escalation]\nbecome_ask_pass = false\ntimeout = 30",
            "content_base64": null,
            "directory_permission": "0777",
            "file_permission": "0777",
            "filename": "../ansible/ansible.cfg",
            "id": "d8ceea0900b3be4a6a01cbadbcc7ec3c93c99565",
            "sensitive_content": null,
            "source": null
          },
          "sensitive_attributes": [],
          "private": "bnVsbA==",
          "dependencies": [
            "aws_instance.instances",
            "aws_key_pair.aws_key",
            "aws_security_group.sg-all",
            "data.aws_ami_ids.ami",
            "data.aws_ami_ids.ami_centos",
            "data.aws_availability_zones.available",
            "module.vpc.aws_subnet.public",
            "module.vpc.aws_vpc.this",
            "module.vpc.aws_vpc_ipv4_cidr_block_association.this",
            "tls_private_key.key"
          ]
        }
      ]
    },
    {
      "mode": "managed",
      "type": "local_file",
      "name": "ansible_groups_vars",
      "provider": "provider[\"registry.terraform.io/hashicorp/local\"]",
      "instances": [
        {
          "schema_version": 0,
          "attributes": {
            "content": "BASE_DIR: '/usr/local'\nRESOURCE_PREFIX: 'bd'\nENV_FILE_SOURCE: '/etc/profile'\nJAVA_HOME: '/usr/lib/jvm/java-11-openjdk-amd64'\nDOWNLOAD_URL_HBASE: 'https://dlcdn.apache.org/hbase/2.5.0/hbase-2.5.0-bin.tar.gz'\nDOWNLOAD_URL_HADOOP: 'https://downloads.apache.org/hadoop/common/hadoop-3.3.4/hadoop-3.3.4.tar.gz'\nDOWNLOAD_URL_ZK: 'https://dlcdn.apache.org/zookeeper/zookeeper-3.8.0/apache-zookeeper-3.8.0-bin.tar.gz'\nDOWNLOAD_URL_KAFKA: 'https://downloads.apache.org/kafka/3.3.1/kafka_2.12-3.3.1.tgz'\nHADOOP_HOME: '{{ BASE_DIR }}/hadoop'\nHBASE_HOME: '{{ BASE_DIR }}/hbase'\nZK_HOME: '{{ BASE_DIR }}/zk'\nKAFKA_HOME: '{{ BASE_DIR }}/kafka'\nCEPH_HOME: '/etc/ceph'\nCEPH_DATA: '/dev/ceph'\nKAFKA_UI_INTERNAL_PORT: '8087'\nKAFKA_UI_PORT: '30378'\nDATA_PATH: '/opt/data'\nDIR_DATA: '{{ DATA_PATH }}/dn'\nDIR_NAME: '{{ DATA_PATH }}/nn'\n# TEST_HBASE_SERVER: '{{ RESOURCE_PREFIX }}1'\nK8S_JOIN_COMMAND_FILE: '/tmp/k8s_join_command'\n# K8S_USER: 'kube'\nK8S_USER: 'ubuntu'\nOS_USER: 'ubuntu'\n# K8S_DEFAULE_NAMESPACE: \"{{ lookup('env', 'USER') }}\"\nK8S_DEFAULE_NAMESPACE: 'default'\n# 如果自裝zk, 使用false; 或者用true, hbase會負責跑zookeeper\nHBASE_MANAGES_ZK: 'false'\nKAFKA_BROKER: 2\nDOCKER_REGISTRY: 'jasoncheng'\nDOCKER_USER: 'jasoncheng'\nDOCKER_PASS: 'dckr_pat_rfPcLh1ogXsajGfe8Es8trWUuis'\n# Ceph\nCEPHFS: 'cephfs'\nCEPHFS_CLIENT_FS: 'fs'\nCEPHFS_DATA: 'rbd'\nCEPHFS_CLIENT: 'csi'\nCEPH_RBD: 'k8s'\nCEPHFS_METADATA: 'rbd_metadata'",
            "content_base64": null,
            "directory_permission": "0777",
            "file_permission": "0777",
            "filename": "../ansible/group_vars/bd.yml",
            "id": "7884fccab0f067eb6a13d2590fe81a6fd9523003",
            "sensitive_content": null,
            "source": null
          },
          "sensitive_attributes": [],
          "private": "bnVsbA==",
          "dependencies": [
            "aws_instance.instances",
            "aws_key_pair.aws_key",
            "aws_security_group.sg-all",
            "data.aws_ami_ids.ami",
            "data.aws_ami_ids.ami_centos",
            "data.aws_availability_zones.available",
            "module.vpc.aws_subnet.public",
            "module.vpc.aws_vpc.this",
            "module.vpc.aws_vpc_ipv4_cidr_block_association.this",
            "tls_private_key.key"
          ]
        }
      ]
    },
    {
      "mode": "managed",
      "type": "local_file",
      "name": "ansible_inventory",
      "provider": "provider[\"registry.terraform.io/hashicorp/local\"]",
      "instances": [
        {
          "schema_version": 0,
          "attributes": {
            "content": "[bd:children]\nnamenode\ndatanode\nexternal\nceph\nceph_adm\nceph_osd\nceph_mon\n\n[nodes]\nbd1 ansible_host=52.194.255.168 hostname='bd1' \nbd2 ansible_host=3.112.16.139 hostname='bd2' \nbd3 ansible_host=13.231.210.235 hostname='bd3' \n\n[external]\n\n[namenode]\nbd1\n\n[datanode]\nbd1\nbd2\nbd3\n\n[regionservers]\nbd[1:3]\n\n[k8sM]\nbd[1:1]\n\n[k8sS]\n\nbd[2:3]\n\n\n[kafkaBroker]\nbd[1:3]\n\n[zk]\nbd[1:3]\n\n[builder]\nbd3\n\n[ceph]\nbd[1:3]\n\n[ceph_adm]\nbd1\n\n[ceph_mon]\nbd[1:3]\n\n[ceph_osd]\nbd[1:3]",
            "content_base64": null,
            "directory_permission": "0777",
            "file_permission": "0777",
            "filename": "../ansible/inventory/bd.inv",
            "id": "1839834613187c709712159a29861c64c86b13ad",
            "sensitive_content": null,
            "source": null
          },
          "sensitive_attributes": [],
          "private": "bnVsbA==",
          "dependencies": [
            "aws_instance.instances"
          ]
        }
      ]
    },
    {
      "mode": "managed",
      "type": "local_file",
      "name": "pemFile",
      "provider": "provider[\"registry.terraform.io/hashicorp/local\"]",
      "instances": [
        {
          "schema_version": 0,
          "attributes": {
            "content": "-----BEGIN RSA PRIVATE KEY-----\nMIIJKgIBAAKCAgEAu6ihiF/3g9wc+h+jagj/M3CqncInZa5bUCGbxuWnoBfnMG2O\nIANY0d0jHuVjdnwguQ5DYowb60AF10J0/AWDhjLiWH1NNY+uiAtvlMms5SyK+3Uf\nnsvTS1Q9Ncav2uW+UcoVcCZGGJYJqbw086fSYAKgvUjMEI0yl9q5N85f4i+WIX4e\nP+SdA/9jBR87MokIirfYcqgQjVUDGbMNy9JzN2e7tfuJsyhw59yV/Fh05od0UR+H\nWdFLtvJjN9cNaYtvj3WOrY5qk3fzl1BQfAvLFYpARHh3SG0MGphGVSIlpEB/sBRL\ngJQwckFKCP+1wSBS01zNqJFAJhExhdpcPL6SJDw7AlrhMuN9ReP5Jd/pCt4hKNlt\ngvc2OPFYOpf0AuYdZw3pMeVv1+mrjnJwzctQIflzI9ws7iwj1PB1F5yGFZ8ggQr9\nyrIHbzI8iuL3i1hvdhmDHOO2+8ey9pZ+xyTRTJEeuyhfg5gK+ZoaScd4GfjGbASO\n/OlqqJEVz+TRFVcidSUWSaxhwNjk+gqjMbrwwErwP6gKQNkfwS5xQ4Pp8WQjxCFu\nHLV3btCQLbNWeYigqhSGTynsCSlQ/QIlKt8jxXBbD5r8xNnbrMV29zFvOusc7LTH\nm5XKc+vpl3Rfi/VtSSr92OuHSljolFBSf8p9/KSAeItAoC2wDgyqoIyDANUCAwEA\nAQKCAgEAhOP0ECk1lJEpjA8foBVi88CTckhtsdn5HBPQxtcXD44dz/OlNBJqsaNS\nHaz/9IYOfj4VhhIGK2AZQsjzIw2ciEo8c8G4DXgEdp7yk4EGCPy0J0JX9BIPPUcY\nWZ6sJe2QC0d6SwMvnHWTvjljnjB4EDmMLr8Ak7AJ5fOkOlrRF9HvFSTEsyZn8s7G\nBniJaU4VWHa8tuVBY3SST363BGGx6chx63uHlfHLksZpCFxz3FSMEG6tYPOQFKwt\nivulqdpuVD9BnLI/0tKdE8hyVoXbeROAU3yjrAxdB/BRzjPySBDM25pjpVhLvn1x\nulGrGmqTfM45bWf+73Y5hbqOmw2xWvRLVTIQ1da0Q/J21u8hUzUaJzdx0W175d9p\nt5/vJ6AQJd5CMLmKjO5yunK4V+7eWlD5MGUS4LlGFeva9L5jOXb3Y/MWUwAEBEpf\nG1pgzGy0V6S+ycJ/LmhEV+vv0/KPNkOFt/9rHmvSqeKHzgKXQoC0aJv4r6KaBL8b\nVkDI8Ky8V1gGJboT0kzMfbdl556TF4+0DomWpBBkSmgJlsa32gvKJoNV6xzo5nik\n8hHDuJJQbHbvEP6Q5jWw5z6fOLSe6kdB7vpenwim+lFyoeQiuUkUP65EdMxph7Kb\ngttn8skYPE1I5QjBH27TT21AYXBGI4kpWddGGns7j7BieWTvwnkCggEBAMp2CNfv\n2zLD7J8st5HI1MCLMMlZUZfWdKlrbSKFlXG8TkA2ieQldW4z1OfY7XWOc8y+JUX8\nZbBdsmN0Si2Kg1I9z919DBcM+/ChPuAh+AaJSQ3i2PbRvRjpVjVgWVqg/cmfWC5M\nfnQc1SjphYGT2g2LPIh1CPiexHD6iXHRHEki0me5zc+LCaQoHfewz6Sbu8A3E+im\nVCWCdnGbzm7kib0gQw1x8oaX5cW9Ii6JG3HyHALxQpjHrOkA3lFXp/fRsZuZqsOp\nl+m/Q6MS5Y+6Ym/VJdXrRt4RNd2m1iRTshN5s+4R0EmBYzWF8c/8sRAtJfnO1pzC\n4JwkqiFbnRlL2kMCggEBAO1IhjfhUDwzzS3WHtGr1PQWKQlayFFSqgRuz2nPbJwE\n1fUudABNOnadjIW8GiXGv6RlpN9FL7UR/DFHAeq4DkoDMAiFk31zZ49i5CswWq8P\nnyT8iPqxA43A2tvoVs7LMaaF0iyYXbNuDNlTAeKYfHaYQZB1ocFfECBTpEmiSoz2\nIvmQ9wYZ7qOP2IiHcX8Wy8FYawH2a/7RfdCBC9WJ9mNDssfRJeuOIgFDRUo74qOf\nXtgCHOWBUAY+rxp/sdAfR9uHKkfxXkFlPUHfDCIpLrABYHToVslzTFpBF5ydngRE\nSUBhJhcu4tjWVo2ecGkk1SBKjda0z5c/c4TUnQ2lwwcCggEBAKQrbiRbVG0nvfmc\ncwX9ybaPp3G9wZHTzimK+KXjmDjvrqwXDV04mq5PzTZrCrImXvQIw4Sqk3Kdp4dJ\nxtSC2tWXVbSOL32Jg8mtlqR8Jvh13g0qgzAxBprqqoMBq7L3lJMnaIOyd1+D+b0B\nDsbxswEEhINKE4o2g6fxH/5wx/TuDZsaaS7/2UOJXDN65gTeWzIT90rRhK4dyhl5\nc70sCByZyoVefoBxL1pWcR83AlA1OE2SgKQOVcFieOOQpp0nJlO8GWIrZQmflCLp\nscgIJMX2GoYKEB8F6Z3gKQiv7VgpeaN0Qmc4SdAe2uQCTTmGwqJ7/D6FL0it2l7O\nQOdAQK0CggEAQZR2zADwzQLAJXf1YpusKp3pT5WQobFIHhuGJcdXTDOl8rKZCvBN\nRTU7/kZDr8cjdktFaxPTIKdM3U2zwOyHvnrtDp3kapq3t5BsYWdm2NVndbB6J1c/\nFTGFC5xGSbctDMoVkY+27f1vfa0Ma1UbqSdhj4yDXU9pxJV5ZYR+OEFa30DqlPwb\n0YbTIMDWZHqna9OFF7DEnlPGAxd3bthHiZ3PTpyGb3kD+vddsiuk8vX8H5VN6Tx5\nIpC2kotSWKQclxbfX6zdERPq/0anMtXQ+oIW55jDS8AbDSLKZNXHM4Sv/iQbg/LI\nbYenulJc3SJ56QfR9dJZQYMe6Upd8cSrhwKCAQEAwUntHX0zSKjHLYiavsf/A7pJ\nk6h8iFew7tJulL0QfN4WSrYPiqNfyW+49jZB8mTp4vR/Ly7vTffdYZIitn88DnsG\nDFxPO1rIlSZXfV464ult4FkAlSyMJU6f88cbOV+NtbJiN7kXSZ/B9IXuZAfYRb8B\ng/8toXY7oj/5i17iMTHOK8EiF/R4tRS8BvdQj7h6SR0NIQjI3Uu07PIDsMGQg4CG\nMOkHlsNOImuO6YDo+pByWhHl2CjXwttHkJT2AU2JE5dD/wKLDjkcVpXrZYaJS0NR\nhDBtCsSzZBwu1X6x0iWA149vxx5h2HGjfuB8ORDbzgEgsrE6Xa8Y8HIvi+PcAQ==\n-----END RSA PRIVATE KEY-----\n",
            "content_base64": null,
            "directory_permission": "0777",
            "file_permission": "600",
            "filename": "bd.pem",
            "id": "1b8dfa2b553cfde25bad6d6da3e501845d4a05e6",
            "sensitive_content": null,
            "source": null
          },
          "sensitive_attributes": [
            [
              {
                "type": "get_attr",
                "value": "content"
              }
            ]
          ],
          "private": "bnVsbA==",
          "dependencies": [
            "tls_private_key.key"
          ]
        }
      ]
    },
    {
      "mode": "managed",
      "type": "local_file",
      "name": "publicKey",
      "provider": "provider[\"registry.terraform.io/hashicorp/local\"]",
      "instances": [
        {
          "schema_version": 0,
          "attributes": {
            "content": "ssh-rsa AAAAB3NzaC1yc2EAAAADAQABAAACAQC7qKGIX/eD3Bz6H6NqCP8zcKqdwidlrltQIZvG5aegF+cwbY4gA1jR3SMe5WN2fCC5DkNijBvrQAXXQnT8BYOGMuJYfU01j66IC2+UyazlLIr7dR+ey9NLVD01xq/a5b5RyhVwJkYYlgmpvDTzp9JgAqC9SMwQjTKX2rk3zl/iL5Yhfh4/5J0D/2MFHzsyiQiKt9hyqBCNVQMZsw3L0nM3Z7u1+4mzKHDn3JX8WHTmh3RRH4dZ0Uu28mM31w1pi2+PdY6tjmqTd/OXUFB8C8sVikBEeHdIbQwamEZVIiWkQH+wFEuAlDByQUoI/7XBIFLTXM2okUAmETGF2lw8vpIkPDsCWuEy431F4/kl3+kK3iEo2W2C9zY48Vg6l/QC5h1nDekx5W/X6auOcnDNy1Ah+XMj3CzuLCPU8HUXnIYVnyCBCv3KsgdvMjyK4veLWG92GYMc47b7x7L2ln7HJNFMkR67KF+DmAr5mhpJx3gZ+MZsBI786WqokRXP5NEVVyJ1JRZJrGHA2OT6CqMxuvDASvA/qApA2R/BLnFDg+nxZCPEIW4ctXdu0JAts1Z5iKCqFIZPKewJKVD9AiUq3yPFcFsPmvzE2dusxXb3MW866xzstMeblcpz6+mXdF+L9W1JKv3Y64dKWOiUUFJ/yn38pIB4i0CgLbAODKqgjIMA1Q==\n",
            "content_base64": null,
            "directory_permission": "0777",
            "file_permission": "600",
            "filename": "bd.pub",
            "id": "aa12c39df80be7aad85d5d1d7f05b8c688e0ab77",
            "sensitive_content": null,
            "source": null
          },
          "sensitive_attributes": [],
          "private": "bnVsbA==",
          "dependencies": [
            "tls_private_key.key"
          ]
        }
      ]
    },
    {
      "mode": "managed",
      "type": "tls_private_key",
      "name": "key",
      "provider": "provider[\"registry.terraform.io/hashicorp/tls\"]",
      "instances": [
        {
          "schema_version": 1,
          "attributes": {
            "algorithm": "RSA",
            "ecdsa_curve": "P224",
            "id": "3fae334410b77de3ead8c52437424d72f9f73d94",
            "private_key_openssh": "-----BEGIN OPENSSH PRIVATE KEY-----\nb3BlbnNzaC1rZXktdjEAAAAABG5vbmUAAAAEbm9uZQAAAAAAAAABAAACFwAAAAdz\nc2gtcnNhAAAAAwEAAQAAAgEAu6ihiF/3g9wc+h+jagj/M3CqncInZa5bUCGbxuWn\noBfnMG2OIANY0d0jHuVjdnwguQ5DYowb60AF10J0/AWDhjLiWH1NNY+uiAtvlMms\n5SyK+3UfnsvTS1Q9Ncav2uW+UcoVcCZGGJYJqbw086fSYAKgvUjMEI0yl9q5N85f\n4i+WIX4eP+SdA/9jBR87MokIirfYcqgQjVUDGbMNy9JzN2e7tfuJsyhw59yV/Fh0\n5od0UR+HWdFLtvJjN9cNaYtvj3WOrY5qk3fzl1BQfAvLFYpARHh3SG0MGphGVSIl\npEB/sBRLgJQwckFKCP+1wSBS01zNqJFAJhExhdpcPL6SJDw7AlrhMuN9ReP5Jd/p\nCt4hKNltgvc2OPFYOpf0AuYdZw3pMeVv1+mrjnJwzctQIflzI9ws7iwj1PB1F5yG\nFZ8ggQr9yrIHbzI8iuL3i1hvdhmDHOO2+8ey9pZ+xyTRTJEeuyhfg5gK+ZoaScd4\nGfjGbASO/OlqqJEVz+TRFVcidSUWSaxhwNjk+gqjMbrwwErwP6gKQNkfwS5xQ4Pp\n8WQjxCFuHLV3btCQLbNWeYigqhSGTynsCSlQ/QIlKt8jxXBbD5r8xNnbrMV29zFv\nOusc7LTHm5XKc+vpl3Rfi/VtSSr92OuHSljolFBSf8p9/KSAeItAoC2wDgyqoIyD\nANUAAAc4Ns6D8jbOg/IAAAAHc3NoLXJzYQAAAgEAu6ihiF/3g9wc+h+jagj/M3Cq\nncInZa5bUCGbxuWnoBfnMG2OIANY0d0jHuVjdnwguQ5DYowb60AF10J0/AWDhjLi\nWH1NNY+uiAtvlMms5SyK+3UfnsvTS1Q9Ncav2uW+UcoVcCZGGJYJqbw086fSYAKg\nvUjMEI0yl9q5N85f4i+WIX4eP+SdA/9jBR87MokIirfYcqgQjVUDGbMNy9JzN2e7\ntfuJsyhw59yV/Fh05od0UR+HWdFLtvJjN9cNaYtvj3WOrY5qk3fzl1BQfAvLFYpA\nRHh3SG0MGphGVSIlpEB/sBRLgJQwckFKCP+1wSBS01zNqJFAJhExhdpcPL6SJDw7\nAlrhMuN9ReP5Jd/pCt4hKNltgvc2OPFYOpf0AuYdZw3pMeVv1+mrjnJwzctQIflz\nI9ws7iwj1PB1F5yGFZ8ggQr9yrIHbzI8iuL3i1hvdhmDHOO2+8ey9pZ+xyTRTJEe\nuyhfg5gK+ZoaScd4GfjGbASO/OlqqJEVz+TRFVcidSUWSaxhwNjk+gqjMbrwwErw\nP6gKQNkfwS5xQ4Pp8WQjxCFuHLV3btCQLbNWeYigqhSGTynsCSlQ/QIlKt8jxXBb\nD5r8xNnbrMV29zFvOusc7LTHm5XKc+vpl3Rfi/VtSSr92OuHSljolFBSf8p9/KSA\neItAoC2wDgyqoIyDANUAAAADAQABAAACAQCE4/QQKTWUkSmMDx+gFWLzwJNySG2x\n2fkcE9DG1xcPjh3P86U0Emqxo1IdrP/0hg5+PhWGEgYrYBlCyPMjDZyISjxzwbgN\neAR2nvKTgQYI/LQnQlf0Eg89RxhZnqwl7ZALR3pLAy+cdZO+OWOeMHgQOYwuvwCT\nsAnl86Q6WtEX0e8VJMSzJmfyzsYGeIlpThVYdry25UFjdJJPfrcEYbHpyHHre4eV\n8cuSxmkIXHPcVIwQbq1g85AUrC2K+6Wp2m5UP0Gcsj/S0p0TyHJWhdt5E4BTfKOs\nDF0H8FHOM/JIEMzbmmOlWEu+fXG6UasaapN8zjltZ/7vdjmFuo6bDbFa9EtVMhDV\n1rRD8nbW7yFTNRonN3HRbXvl32m3n+8noBAl3kIwuYqM7nK6crhX7t5aUPkwZRLg\nuUYV69r0vmM5dvdj8xZTAAQESl8bWmDMbLRXpL7Jwn8uaERX6+/T8o82Q4W3/2se\na9Kp4ofOApdCgLRom/ivopoEvxtWQMjwrLxXWAYluhPSTMx9t2XnnpMXj7QOiZak\nEGRKaAmWxrfaC8omg1XrHOjmeKTyEcO4klBsdu8Q/pDmNbDnPp84tJ7qR0Hu+l6f\nCKb6UXKh5CK5SRQ/rkR0zGmHspuC22fyyRg8TUjlCMEfbtNPbUBhcEYjiSlZ10Ya\nezuPsGJ5ZO/CeQAAAQEAwUntHX0zSKjHLYiavsf/A7pJk6h8iFew7tJulL0QfN4W\nSrYPiqNfyW+49jZB8mTp4vR/Ly7vTffdYZIitn88DnsGDFxPO1rIlSZXfV464ult\n4FkAlSyMJU6f88cbOV+NtbJiN7kXSZ/B9IXuZAfYRb8Bg/8toXY7oj/5i17iMTHO\nK8EiF/R4tRS8BvdQj7h6SR0NIQjI3Uu07PIDsMGQg4CGMOkHlsNOImuO6YDo+pBy\nWhHl2CjXwttHkJT2AU2JE5dD/wKLDjkcVpXrZYaJS0NRhDBtCsSzZBwu1X6x0iWA\n149vxx5h2HGjfuB8ORDbzgEgsrE6Xa8Y8HIvi+PcAQAAAQEAynYI1+/bMsPsnyy3\nkcjUwIswyVlRl9Z0qWttIoWVcbxOQDaJ5CV1bjPU59jtdY5zzL4lRfxlsF2yY3RK\nLYqDUj3P3X0MFwz78KE+4CH4BolJDeLY9tG9GOlWNWBZWqD9yZ9YLkx+dBzVKOmF\ngZPaDYs8iHUI+J7EcPqJcdEcSSLSZ7nNz4sJpCgd97DPpJu7wDcT6KZUJYJ2cZvO\nbuSJvSBDDXHyhpflxb0iLokbcfIcAvFCmMes6QDeUVen99Gxm5mqw6mX6b9DoxLl\nj7pib9Ul1etG3hE13abWJFOyE3mz7hHQSYFjNYXxz/yxEC0l+c7WnMLgnCSqIVud\nGUvaQwAAAQEA7UiGN+FQPDPNLdYe0avU9BYpCVrIUVKqBG7Pac9snATV9S50AE06\ndp2MhbwaJca/pGWk30UvtRH8MUcB6rgOSgMwCIWTfXNnj2LkKzBarw+fJPyI+rED\njcDa2+hWzssxpoXSLJhds24M2VMB4ph8dphBkHWhwV8QIFOkSaJKjPYi+ZD3Bhnu\no4/YiIdxfxbLwVhrAfZr/tF90IEL1Yn2Y0Oyx9El644iAUNFSjvio59e2AIc5YFQ\nBj6vGn+x0B9H24cqR/FeQWU9Qd8MIikusAFgdOhWyXNMWkEXnJ2eBERJQGEmFy7i\n2NZWjZ5waSTVIEqN1rTPlz9zhNSdDaXDBwAAAAAB\n-----END OPENSSH PRIVATE KEY-----\n",
            "private_key_pem": "-----BEGIN RSA PRIVATE KEY-----\nMIIJKgIBAAKCAgEAu6ihiF/3g9wc+h+jagj/M3CqncInZa5bUCGbxuWnoBfnMG2O\nIANY0d0jHuVjdnwguQ5DYowb60AF10J0/AWDhjLiWH1NNY+uiAtvlMms5SyK+3Uf\nnsvTS1Q9Ncav2uW+UcoVcCZGGJYJqbw086fSYAKgvUjMEI0yl9q5N85f4i+WIX4e\nP+SdA/9jBR87MokIirfYcqgQjVUDGbMNy9JzN2e7tfuJsyhw59yV/Fh05od0UR+H\nWdFLtvJjN9cNaYtvj3WOrY5qk3fzl1BQfAvLFYpARHh3SG0MGphGVSIlpEB/sBRL\ngJQwckFKCP+1wSBS01zNqJFAJhExhdpcPL6SJDw7AlrhMuN9ReP5Jd/pCt4hKNlt\ngvc2OPFYOpf0AuYdZw3pMeVv1+mrjnJwzctQIflzI9ws7iwj1PB1F5yGFZ8ggQr9\nyrIHbzI8iuL3i1hvdhmDHOO2+8ey9pZ+xyTRTJEeuyhfg5gK+ZoaScd4GfjGbASO\n/OlqqJEVz+TRFVcidSUWSaxhwNjk+gqjMbrwwErwP6gKQNkfwS5xQ4Pp8WQjxCFu\nHLV3btCQLbNWeYigqhSGTynsCSlQ/QIlKt8jxXBbD5r8xNnbrMV29zFvOusc7LTH\nm5XKc+vpl3Rfi/VtSSr92OuHSljolFBSf8p9/KSAeItAoC2wDgyqoIyDANUCAwEA\nAQKCAgEAhOP0ECk1lJEpjA8foBVi88CTckhtsdn5HBPQxtcXD44dz/OlNBJqsaNS\nHaz/9IYOfj4VhhIGK2AZQsjzIw2ciEo8c8G4DXgEdp7yk4EGCPy0J0JX9BIPPUcY\nWZ6sJe2QC0d6SwMvnHWTvjljnjB4EDmMLr8Ak7AJ5fOkOlrRF9HvFSTEsyZn8s7G\nBniJaU4VWHa8tuVBY3SST363BGGx6chx63uHlfHLksZpCFxz3FSMEG6tYPOQFKwt\nivulqdpuVD9BnLI/0tKdE8hyVoXbeROAU3yjrAxdB/BRzjPySBDM25pjpVhLvn1x\nulGrGmqTfM45bWf+73Y5hbqOmw2xWvRLVTIQ1da0Q/J21u8hUzUaJzdx0W175d9p\nt5/vJ6AQJd5CMLmKjO5yunK4V+7eWlD5MGUS4LlGFeva9L5jOXb3Y/MWUwAEBEpf\nG1pgzGy0V6S+ycJ/LmhEV+vv0/KPNkOFt/9rHmvSqeKHzgKXQoC0aJv4r6KaBL8b\nVkDI8Ky8V1gGJboT0kzMfbdl556TF4+0DomWpBBkSmgJlsa32gvKJoNV6xzo5nik\n8hHDuJJQbHbvEP6Q5jWw5z6fOLSe6kdB7vpenwim+lFyoeQiuUkUP65EdMxph7Kb\ngttn8skYPE1I5QjBH27TT21AYXBGI4kpWddGGns7j7BieWTvwnkCggEBAMp2CNfv\n2zLD7J8st5HI1MCLMMlZUZfWdKlrbSKFlXG8TkA2ieQldW4z1OfY7XWOc8y+JUX8\nZbBdsmN0Si2Kg1I9z919DBcM+/ChPuAh+AaJSQ3i2PbRvRjpVjVgWVqg/cmfWC5M\nfnQc1SjphYGT2g2LPIh1CPiexHD6iXHRHEki0me5zc+LCaQoHfewz6Sbu8A3E+im\nVCWCdnGbzm7kib0gQw1x8oaX5cW9Ii6JG3HyHALxQpjHrOkA3lFXp/fRsZuZqsOp\nl+m/Q6MS5Y+6Ym/VJdXrRt4RNd2m1iRTshN5s+4R0EmBYzWF8c/8sRAtJfnO1pzC\n4JwkqiFbnRlL2kMCggEBAO1IhjfhUDwzzS3WHtGr1PQWKQlayFFSqgRuz2nPbJwE\n1fUudABNOnadjIW8GiXGv6RlpN9FL7UR/DFHAeq4DkoDMAiFk31zZ49i5CswWq8P\nnyT8iPqxA43A2tvoVs7LMaaF0iyYXbNuDNlTAeKYfHaYQZB1ocFfECBTpEmiSoz2\nIvmQ9wYZ7qOP2IiHcX8Wy8FYawH2a/7RfdCBC9WJ9mNDssfRJeuOIgFDRUo74qOf\nXtgCHOWBUAY+rxp/sdAfR9uHKkfxXkFlPUHfDCIpLrABYHToVslzTFpBF5ydngRE\nSUBhJhcu4tjWVo2ecGkk1SBKjda0z5c/c4TUnQ2lwwcCggEBAKQrbiRbVG0nvfmc\ncwX9ybaPp3G9wZHTzimK+KXjmDjvrqwXDV04mq5PzTZrCrImXvQIw4Sqk3Kdp4dJ\nxtSC2tWXVbSOL32Jg8mtlqR8Jvh13g0qgzAxBprqqoMBq7L3lJMnaIOyd1+D+b0B\nDsbxswEEhINKE4o2g6fxH/5wx/TuDZsaaS7/2UOJXDN65gTeWzIT90rRhK4dyhl5\nc70sCByZyoVefoBxL1pWcR83AlA1OE2SgKQOVcFieOOQpp0nJlO8GWIrZQmflCLp\nscgIJMX2GoYKEB8F6Z3gKQiv7VgpeaN0Qmc4SdAe2uQCTTmGwqJ7/D6FL0it2l7O\nQOdAQK0CggEAQZR2zADwzQLAJXf1YpusKp3pT5WQobFIHhuGJcdXTDOl8rKZCvBN\nRTU7/kZDr8cjdktFaxPTIKdM3U2zwOyHvnrtDp3kapq3t5BsYWdm2NVndbB6J1c/\nFTGFC5xGSbctDMoVkY+27f1vfa0Ma1UbqSdhj4yDXU9pxJV5ZYR+OEFa30DqlPwb\n0YbTIMDWZHqna9OFF7DEnlPGAxd3bthHiZ3PTpyGb3kD+vddsiuk8vX8H5VN6Tx5\nIpC2kotSWKQclxbfX6zdERPq/0anMtXQ+oIW55jDS8AbDSLKZNXHM4Sv/iQbg/LI\nbYenulJc3SJ56QfR9dJZQYMe6Upd8cSrhwKCAQEAwUntHX0zSKjHLYiavsf/A7pJ\nk6h8iFew7tJulL0QfN4WSrYPiqNfyW+49jZB8mTp4vR/Ly7vTffdYZIitn88DnsG\nDFxPO1rIlSZXfV464ult4FkAlSyMJU6f88cbOV+NtbJiN7kXSZ/B9IXuZAfYRb8B\ng/8toXY7oj/5i17iMTHOK8EiF/R4tRS8BvdQj7h6SR0NIQjI3Uu07PIDsMGQg4CG\nMOkHlsNOImuO6YDo+pByWhHl2CjXwttHkJT2AU2JE5dD/wKLDjkcVpXrZYaJS0NR\nhDBtCsSzZBwu1X6x0iWA149vxx5h2HGjfuB8ORDbzgEgsrE6Xa8Y8HIvi+PcAQ==\n-----END RSA PRIVATE KEY-----\n",
            "private_key_pem_pkcs8": "-----BEGIN PRIVATE KEY-----\nMIIJRAIBADANBgkqhkiG9w0BAQEFAASCCS4wggkqAgEAAoICAQC7qKGIX/eD3Bz6\nH6NqCP8zcKqdwidlrltQIZvG5aegF+cwbY4gA1jR3SMe5WN2fCC5DkNijBvrQAXX\nQnT8BYOGMuJYfU01j66IC2+UyazlLIr7dR+ey9NLVD01xq/a5b5RyhVwJkYYlgmp\nvDTzp9JgAqC9SMwQjTKX2rk3zl/iL5Yhfh4/5J0D/2MFHzsyiQiKt9hyqBCNVQMZ\nsw3L0nM3Z7u1+4mzKHDn3JX8WHTmh3RRH4dZ0Uu28mM31w1pi2+PdY6tjmqTd/OX\nUFB8C8sVikBEeHdIbQwamEZVIiWkQH+wFEuAlDByQUoI/7XBIFLTXM2okUAmETGF\n2lw8vpIkPDsCWuEy431F4/kl3+kK3iEo2W2C9zY48Vg6l/QC5h1nDekx5W/X6auO\ncnDNy1Ah+XMj3CzuLCPU8HUXnIYVnyCBCv3KsgdvMjyK4veLWG92GYMc47b7x7L2\nln7HJNFMkR67KF+DmAr5mhpJx3gZ+MZsBI786WqokRXP5NEVVyJ1JRZJrGHA2OT6\nCqMxuvDASvA/qApA2R/BLnFDg+nxZCPEIW4ctXdu0JAts1Z5iKCqFIZPKewJKVD9\nAiUq3yPFcFsPmvzE2dusxXb3MW866xzstMeblcpz6+mXdF+L9W1JKv3Y64dKWOiU\nUFJ/yn38pIB4i0CgLbAODKqgjIMA1QIDAQABAoICAQCE4/QQKTWUkSmMDx+gFWLz\nwJNySG2x2fkcE9DG1xcPjh3P86U0Emqxo1IdrP/0hg5+PhWGEgYrYBlCyPMjDZyI\nSjxzwbgNeAR2nvKTgQYI/LQnQlf0Eg89RxhZnqwl7ZALR3pLAy+cdZO+OWOeMHgQ\nOYwuvwCTsAnl86Q6WtEX0e8VJMSzJmfyzsYGeIlpThVYdry25UFjdJJPfrcEYbHp\nyHHre4eV8cuSxmkIXHPcVIwQbq1g85AUrC2K+6Wp2m5UP0Gcsj/S0p0TyHJWhdt5\nE4BTfKOsDF0H8FHOM/JIEMzbmmOlWEu+fXG6UasaapN8zjltZ/7vdjmFuo6bDbFa\n9EtVMhDV1rRD8nbW7yFTNRonN3HRbXvl32m3n+8noBAl3kIwuYqM7nK6crhX7t5a\nUPkwZRLguUYV69r0vmM5dvdj8xZTAAQESl8bWmDMbLRXpL7Jwn8uaERX6+/T8o82\nQ4W3/2sea9Kp4ofOApdCgLRom/ivopoEvxtWQMjwrLxXWAYluhPSTMx9t2XnnpMX\nj7QOiZakEGRKaAmWxrfaC8omg1XrHOjmeKTyEcO4klBsdu8Q/pDmNbDnPp84tJ7q\nR0Hu+l6fCKb6UXKh5CK5SRQ/rkR0zGmHspuC22fyyRg8TUjlCMEfbtNPbUBhcEYj\niSlZ10YaezuPsGJ5ZO/CeQKCAQEAynYI1+/bMsPsnyy3kcjUwIswyVlRl9Z0qWtt\nIoWVcbxOQDaJ5CV1bjPU59jtdY5zzL4lRfxlsF2yY3RKLYqDUj3P3X0MFwz78KE+\n4CH4BolJDeLY9tG9GOlWNWBZWqD9yZ9YLkx+dBzVKOmFgZPaDYs8iHUI+J7EcPqJ\ncdEcSSLSZ7nNz4sJpCgd97DPpJu7wDcT6KZUJYJ2cZvObuSJvSBDDXHyhpflxb0i\nLokbcfIcAvFCmMes6QDeUVen99Gxm5mqw6mX6b9DoxLlj7pib9Ul1etG3hE13abW\nJFOyE3mz7hHQSYFjNYXxz/yxEC0l+c7WnMLgnCSqIVudGUvaQwKCAQEA7UiGN+FQ\nPDPNLdYe0avU9BYpCVrIUVKqBG7Pac9snATV9S50AE06dp2MhbwaJca/pGWk30Uv\ntRH8MUcB6rgOSgMwCIWTfXNnj2LkKzBarw+fJPyI+rEDjcDa2+hWzssxpoXSLJhd\ns24M2VMB4ph8dphBkHWhwV8QIFOkSaJKjPYi+ZD3Bhnuo4/YiIdxfxbLwVhrAfZr\n/tF90IEL1Yn2Y0Oyx9El644iAUNFSjvio59e2AIc5YFQBj6vGn+x0B9H24cqR/Fe\nQWU9Qd8MIikusAFgdOhWyXNMWkEXnJ2eBERJQGEmFy7i2NZWjZ5waSTVIEqN1rTP\nlz9zhNSdDaXDBwKCAQEApCtuJFtUbSe9+ZxzBf3Jto+ncb3BkdPOKYr4peOYOO+u\nrBcNXTiark/NNmsKsiZe9AjDhKqTcp2nh0nG1ILa1ZdVtI4vfYmDya2WpHwm+HXe\nDSqDMDEGmuqqgwGrsveUkydog7J3X4P5vQEOxvGzAQSEg0oTijaDp/Ef/nDH9O4N\nmxppLv/ZQ4lcM3rmBN5bMhP3StGErh3KGXlzvSwIHJnKhV5+gHEvWlZxHzcCUDU4\nTZKApA5VwWJ445CmnScmU7wZYitlCZ+UIumxyAgkxfYahgoQHwXpneApCK/tWCl5\no3RCZzhJ0B7a5AJNOYbConv8PoUvSK3aXs5A50BArQKCAQBBlHbMAPDNAsAld/Vi\nm6wqnelPlZChsUgeG4Ylx1dMM6XyspkK8E1FNTv+RkOvxyN2S0VrE9Mgp0zdTbPA\n7Ie+eu0OneRqmre3kGxhZ2bY1Wd1sHonVz8VMYULnEZJty0MyhWRj7bt/W99rQxr\nVRupJ2GPjINdT2nElXllhH44QVrfQOqU/BvRhtMgwNZkeqdr04UXsMSeU8YDF3du\n2EeJnc9OnIZveQP6912yK6Ty9fwflU3pPHkikLaSi1JYpByXFt9frN0RE+r/Rqcy\n1dD6ghbnmMNLwBsNIspk1cczhK/+JBuD8shth6e6UlzdInnpB9H10llBgx7pSl3x\nxKuHAoIBAQDBSe0dfTNIqMctiJq+x/8DukmTqHyIV7Du0m6UvRB83hZKtg+Ko1/J\nb7j2NkHyZOni9H8vLu9N991hkiK2fzwOewYMXE87WsiVJld9Xjri6W3gWQCVLIwl\nTp/zxxs5X421smI3uRdJn8H0he5kB9hFvwGD/y2hdjuiP/mLXuIxMc4rwSIX9Hi1\nFLwG91CPuHpJHQ0hCMjdS7Ts8gOwwZCDgIYw6QeWw04ia47pgOj6kHJaEeXYKNfC\n20eQlPYBTYkTl0P/AosOORxWletlholLQ1GEMG0KxLNkHC7VfrHSJYDXj2/HHmHY\ncaN+4Hw5ENvOASCysTpdrxjwci+L49wB\n-----END PRIVATE KEY-----\n",
            "public_key_fingerprint_md5": "d5:1c:ec:2e:8c:79:48:52:65:90:03:ad:36:f3:11:de",
            "public_key_fingerprint_sha256": "SHA256:TfdtPHPDCuhbg5ppcZvmSyb6fpTOuneOpgYK+bzcJuc",
            "public_key_openssh": "ssh-rsa AAAAB3NzaC1yc2EAAAADAQABAAACAQC7qKGIX/eD3Bz6H6NqCP8zcKqdwidlrltQIZvG5aegF+cwbY4gA1jR3SMe5WN2fCC5DkNijBvrQAXXQnT8BYOGMuJYfU01j66IC2+UyazlLIr7dR+ey9NLVD01xq/a5b5RyhVwJkYYlgmpvDTzp9JgAqC9SMwQjTKX2rk3zl/iL5Yhfh4/5J0D/2MFHzsyiQiKt9hyqBCNVQMZsw3L0nM3Z7u1+4mzKHDn3JX8WHTmh3RRH4dZ0Uu28mM31w1pi2+PdY6tjmqTd/OXUFB8C8sVikBEeHdIbQwamEZVIiWkQH+wFEuAlDByQUoI/7XBIFLTXM2okUAmETGF2lw8vpIkPDsCWuEy431F4/kl3+kK3iEo2W2C9zY48Vg6l/QC5h1nDekx5W/X6auOcnDNy1Ah+XMj3CzuLCPU8HUXnIYVnyCBCv3KsgdvMjyK4veLWG92GYMc47b7x7L2ln7HJNFMkR67KF+DmAr5mhpJx3gZ+MZsBI786WqokRXP5NEVVyJ1JRZJrGHA2OT6CqMxuvDASvA/qApA2R/BLnFDg+nxZCPEIW4ctXdu0JAts1Z5iKCqFIZPKewJKVD9AiUq3yPFcFsPmvzE2dusxXb3MW866xzstMeblcpz6+mXdF+L9W1JKv3Y64dKWOiUUFJ/yn38pIB4i0CgLbAODKqgjIMA1Q==\n",
            "public_key_pem": "-----BEGIN PUBLIC KEY-----\nMIICIjANBgkqhkiG9w0BAQEFAAOCAg8AMIICCgKCAgEAu6ihiF/3g9wc+h+jagj/\nM3CqncInZa5bUCGbxuWnoBfnMG2OIANY0d0jHuVjdnwguQ5DYowb60AF10J0/AWD\nhjLiWH1NNY+uiAtvlMms5SyK+3UfnsvTS1Q9Ncav2uW+UcoVcCZGGJYJqbw086fS\nYAKgvUjMEI0yl9q5N85f4i+WIX4eP+SdA/9jBR87MokIirfYcqgQjVUDGbMNy9Jz\nN2e7tfuJsyhw59yV/Fh05od0UR+HWdFLtvJjN9cNaYtvj3WOrY5qk3fzl1BQfAvL\nFYpARHh3SG0MGphGVSIlpEB/sBRLgJQwckFKCP+1wSBS01zNqJFAJhExhdpcPL6S\nJDw7AlrhMuN9ReP5Jd/pCt4hKNltgvc2OPFYOpf0AuYdZw3pMeVv1+mrjnJwzctQ\nIflzI9ws7iwj1PB1F5yGFZ8ggQr9yrIHbzI8iuL3i1hvdhmDHOO2+8ey9pZ+xyTR\nTJEeuyhfg5gK+ZoaScd4GfjGbASO/OlqqJEVz+TRFVcidSUWSaxhwNjk+gqjMbrw\nwErwP6gKQNkfwS5xQ4Pp8WQjxCFuHLV3btCQLbNWeYigqhSGTynsCSlQ/QIlKt8j\nxXBbD5r8xNnbrMV29zFvOusc7LTHm5XKc+vpl3Rfi/VtSSr92OuHSljolFBSf8p9\n/KSAeItAoC2wDgyqoIyDANUCAwEAAQ==\n-----END PUBLIC KEY-----\n",
            "rsa_bits": 4096
          },
          "sensitive_attributes": []
        }
      ]
    },
    {
      "module": "module.vpc",
      "mode": "managed",
      "type": "aws_internet_gateway",
      "name": "this",
      "provider": "provider[\"registry.terraform.io/hashicorp/aws\"]",
      "instances": [
        {
          "index_key": 0,
          "schema_version": 0,
          "attributes": {
            "arn": "arn:aws:ec2:ap-northeast-1:067494042988:internet-gateway/igw-0ebc998116a5deec5",
            "id": "igw-0ebc998116a5deec5",
            "owner_id": "067494042988",
            "tags": {
              "Name": "bd-vpc"
            },
            "tags_all": {
              "Name": "bd-vpc"
            },
            "timeouts": null,
            "vpc_id": "vpc-024b5b017df164a08"
          },
          "sensitive_attributes": [],
          "private": "eyJlMmJmYjczMC1lY2FhLTExZTYtOGY4OC0zNDM2M2JjN2M0YzAiOnsiY3JlYXRlIjoxMjAwMDAwMDAwMDAwLCJkZWxldGUiOjEyMDAwMDAwMDAwMDAsInVwZGF0ZSI6MTIwMDAwMDAwMDAwMH19",
          "dependencies": [
            "module.vpc.aws_vpc.this",
            "module.vpc.aws_vpc_ipv4_cidr_block_association.this"
          ]
        }
      ]
    },
    {
      "module": "module.vpc",
      "mode": "managed",
      "type": "aws_route",
      "name": "public_internet_gateway",
      "provider": "provider[\"registry.terraform.io/hashicorp/aws\"]",
      "instances": [
        {
          "index_key": 0,
          "schema_version": 0,
          "attributes": {
            "carrier_gateway_id": "",
            "core_network_arn": "",
            "destination_cidr_block": "0.0.0.0/0",
            "destination_ipv6_cidr_block": "",
            "destination_prefix_list_id": "",
            "egress_only_gateway_id": "",
            "gateway_id": "igw-0ebc998116a5deec5",
            "id": "r-rtb-075838d383b40edbb1080289494",
            "instance_id": "",
            "instance_owner_id": "",
            "local_gateway_id": "",
            "nat_gateway_id": "",
            "network_interface_id": "",
            "origin": "CreateRoute",
            "route_table_id": "rtb-075838d383b40edbb",
            "state": "active",
            "timeouts": {
              "create": "5m",
              "delete": null,
              "update": null
            },
            "transit_gateway_id": "",
            "vpc_endpoint_id": "",
            "vpc_peering_connection_id": ""
          },
          "sensitive_attributes": [],
          "private": "eyJlMmJmYjczMC1lY2FhLTExZTYtOGY4OC0zNDM2M2JjN2M0YzAiOnsiY3JlYXRlIjozMDAwMDAwMDAwMDAsImRlbGV0ZSI6MzAwMDAwMDAwMDAwLCJ1cGRhdGUiOjEyMDAwMDAwMDAwMH19",
          "dependencies": [
            "module.vpc.aws_internet_gateway.this",
            "module.vpc.aws_route_table.public",
            "module.vpc.aws_vpc.this",
            "module.vpc.aws_vpc_ipv4_cidr_block_association.this"
          ]
        }
      ]
    },
    {
      "module": "module.vpc",
      "mode": "managed",
      "type": "aws_route_table",
      "name": "private",
      "provider": "provider[\"registry.terraform.io/hashicorp/aws\"]",
      "instances": [
        {
          "index_key": 0,
          "schema_version": 0,
          "attributes": {
            "arn": "arn:aws:ec2:ap-northeast-1:067494042988:route-table/rtb-01f757ae8ba474e79",
            "id": "rtb-01f757ae8ba474e79",
            "owner_id": "067494042988",
            "propagating_vgws": [],
            "route": [],
            "tags": {
              "Name": "bd-vpc-private-ap-northeast-1a"
            },
            "tags_all": {
              "Name": "bd-vpc-private-ap-northeast-1a"
            },
            "timeouts": null,
            "vpc_id": "vpc-024b5b017df164a08"
          },
          "sensitive_attributes": [],
          "private": "eyJlMmJmYjczMC1lY2FhLTExZTYtOGY4OC0zNDM2M2JjN2M0YzAiOnsiY3JlYXRlIjozMDAwMDAwMDAwMDAsImRlbGV0ZSI6MzAwMDAwMDAwMDAwLCJ1cGRhdGUiOjEyMDAwMDAwMDAwMH19",
          "dependencies": [
            "data.aws_availability_zones.available",
            "module.vpc.aws_vpc.this",
            "module.vpc.aws_vpc_ipv4_cidr_block_association.this"
          ]
        },
        {
          "index_key": 1,
          "schema_version": 0,
          "attributes": {
            "arn": "arn:aws:ec2:ap-northeast-1:067494042988:route-table/rtb-05e44334787290eef",
            "id": "rtb-05e44334787290eef",
            "owner_id": "067494042988",
            "propagating_vgws": [],
            "route": [],
            "tags": {
              "Name": "bd-vpc-private-ap-northeast-1c"
            },
            "tags_all": {
              "Name": "bd-vpc-private-ap-northeast-1c"
            },
            "timeouts": null,
            "vpc_id": "vpc-024b5b017df164a08"
          },
          "sensitive_attributes": [],
          "private": "eyJlMmJmYjczMC1lY2FhLTExZTYtOGY4OC0zNDM2M2JjN2M0YzAiOnsiY3JlYXRlIjozMDAwMDAwMDAwMDAsImRlbGV0ZSI6MzAwMDAwMDAwMDAwLCJ1cGRhdGUiOjEyMDAwMDAwMDAwMH19",
          "dependencies": [
            "data.aws_availability_zones.available",
            "module.vpc.aws_vpc.this",
            "module.vpc.aws_vpc_ipv4_cidr_block_association.this"
          ]
        }
      ]
    },
    {
      "module": "module.vpc",
      "mode": "managed",
      "type": "aws_route_table",
      "name": "public",
      "provider": "provider[\"registry.terraform.io/hashicorp/aws\"]",
      "instances": [
        {
          "index_key": 0,
          "schema_version": 0,
          "attributes": {
            "arn": "arn:aws:ec2:ap-northeast-1:067494042988:route-table/rtb-075838d383b40edbb",
            "id": "rtb-075838d383b40edbb",
            "owner_id": "067494042988",
            "propagating_vgws": [],
            "route": [
              {
                "carrier_gateway_id": "",
                "cidr_block": "0.0.0.0/0",
                "core_network_arn": "",
                "destination_prefix_list_id": "",
                "egress_only_gateway_id": "",
                "gateway_id": "igw-0ebc998116a5deec5",
                "instance_id": "",
                "ipv6_cidr_block": "",
                "local_gateway_id": "",
                "nat_gateway_id": "",
                "network_interface_id": "",
                "transit_gateway_id": "",
                "vpc_endpoint_id": "",
                "vpc_peering_connection_id": ""
              }
            ],
            "tags": {
              "Name": "bd-vpc-public"
            },
            "tags_all": {
              "Name": "bd-vpc-public"
            },
            "timeouts": null,
            "vpc_id": "vpc-024b5b017df164a08"
          },
          "sensitive_attributes": [],
          "private": "eyJlMmJmYjczMC1lY2FhLTExZTYtOGY4OC0zNDM2M2JjN2M0YzAiOnsiY3JlYXRlIjozMDAwMDAwMDAwMDAsImRlbGV0ZSI6MzAwMDAwMDAwMDAwLCJ1cGRhdGUiOjEyMDAwMDAwMDAwMH19",
          "dependencies": [
            "module.vpc.aws_vpc.this",
            "module.vpc.aws_vpc_ipv4_cidr_block_association.this"
          ]
        }
      ]
    },
    {
      "module": "module.vpc",
      "mode": "managed",
      "type": "aws_route_table_association",
      "name": "private",
      "provider": "provider[\"registry.terraform.io/hashicorp/aws\"]",
      "instances": [
        {
          "index_key": 0,
          "schema_version": 0,
          "attributes": {
            "gateway_id": "",
            "id": "rtbassoc-086a37ab059f946cb",
            "route_table_id": "rtb-01f757ae8ba474e79",
            "subnet_id": "subnet-089a1f71f1cc6ebfa"
          },
          "sensitive_attributes": [],
          "private": "bnVsbA==",
          "dependencies": [
            "data.aws_availability_zones.available",
            "module.vpc.aws_route_table.private",
            "module.vpc.aws_subnet.private",
            "module.vpc.aws_vpc.this",
            "module.vpc.aws_vpc_ipv4_cidr_block_association.this"
          ]
        },
        {
          "index_key": 1,
          "schema_version": 0,
          "attributes": {
            "gateway_id": "",
            "id": "rtbassoc-0bb1d4e7857e168ee",
            "route_table_id": "rtb-05e44334787290eef",
            "subnet_id": "subnet-03e3656785e778578"
          },
          "sensitive_attributes": [],
          "private": "bnVsbA==",
          "dependencies": [
            "data.aws_availability_zones.available",
            "module.vpc.aws_route_table.private",
            "module.vpc.aws_subnet.private",
            "module.vpc.aws_vpc.this",
            "module.vpc.aws_vpc_ipv4_cidr_block_association.this"
          ]
        }
      ]
    },
    {
      "module": "module.vpc",
      "mode": "managed",
      "type": "aws_route_table_association",
      "name": "public",
      "provider": "provider[\"registry.terraform.io/hashicorp/aws\"]",
      "instances": [
        {
          "index_key": 0,
          "schema_version": 0,
          "attributes": {
            "gateway_id": "",
            "id": "rtbassoc-0672ccd18d04fc91e",
            "route_table_id": "rtb-075838d383b40edbb",
            "subnet_id": "subnet-07cc9bde8ee161909"
          },
          "sensitive_attributes": [],
          "private": "bnVsbA==",
          "dependencies": [
            "data.aws_availability_zones.available",
            "module.vpc.aws_route_table.public",
            "module.vpc.aws_subnet.public",
            "module.vpc.aws_vpc.this",
            "module.vpc.aws_vpc_ipv4_cidr_block_association.this"
          ]
        },
        {
          "index_key": 1,
          "schema_version": 0,
          "attributes": {
            "gateway_id": "",
            "id": "rtbassoc-03a94167f25fe4023",
            "route_table_id": "rtb-075838d383b40edbb",
            "subnet_id": "subnet-072772eed81504f3e"
          },
          "sensitive_attributes": [],
          "private": "bnVsbA==",
          "dependencies": [
            "data.aws_availability_zones.available",
            "module.vpc.aws_route_table.public",
            "module.vpc.aws_subnet.public",
            "module.vpc.aws_vpc.this",
            "module.vpc.aws_vpc_ipv4_cidr_block_association.this"
          ]
        }
      ]
    },
    {
      "module": "module.vpc",
      "mode": "managed",
      "type": "aws_subnet",
      "name": "private",
      "provider": "provider[\"registry.terraform.io/hashicorp/aws\"]",
      "instances": [
        {
          "index_key": 0,
          "schema_version": 1,
          "attributes": {
            "arn": "arn:aws:ec2:ap-northeast-1:067494042988:subnet/subnet-089a1f71f1cc6ebfa",
            "assign_ipv6_address_on_creation": false,
            "availability_zone": "ap-northeast-1a",
            "availability_zone_id": "apne1-az4",
            "cidr_block": "10.0.0.128/26",
            "customer_owned_ipv4_pool": "",
            "enable_dns64": false,
            "enable_resource_name_dns_a_record_on_launch": false,
            "enable_resource_name_dns_aaaa_record_on_launch": false,
            "id": "subnet-089a1f71f1cc6ebfa",
            "ipv6_cidr_block": "",
            "ipv6_cidr_block_association_id": "",
            "ipv6_native": false,
            "map_customer_owned_ip_on_launch": false,
            "map_public_ip_on_launch": false,
            "outpost_arn": "",
            "owner_id": "067494042988",
            "private_dns_hostname_type_on_launch": "ip-name",
            "tags": {
              "Name": "bd-vpc-private-ap-northeast-1a"
            },
            "tags_all": {
              "Name": "bd-vpc-private-ap-northeast-1a"
            },
            "timeouts": null,
            "vpc_id": "vpc-024b5b017df164a08"
          },
          "sensitive_attributes": [],
          "private": "eyJlMmJmYjczMC1lY2FhLTExZTYtOGY4OC0zNDM2M2JjN2M0YzAiOnsiY3JlYXRlIjo2MDAwMDAwMDAwMDAsImRlbGV0ZSI6MTIwMDAwMDAwMDAwMH0sInNjaGVtYV92ZXJzaW9uIjoiMSJ9",
          "dependencies": [
            "data.aws_availability_zones.available",
            "module.vpc.aws_vpc.this",
            "module.vpc.aws_vpc_ipv4_cidr_block_association.this"
          ]
        },
        {
          "index_key": 1,
          "schema_version": 1,
          "attributes": {
            "arn": "arn:aws:ec2:ap-northeast-1:067494042988:subnet/subnet-03e3656785e778578",
            "assign_ipv6_address_on_creation": false,
            "availability_zone": "ap-northeast-1c",
            "availability_zone_id": "apne1-az1",
            "cidr_block": "10.0.0.192/26",
            "customer_owned_ipv4_pool": "",
            "enable_dns64": false,
            "enable_resource_name_dns_a_record_on_launch": false,
            "enable_resource_name_dns_aaaa_record_on_launch": false,
            "id": "subnet-03e3656785e778578",
            "ipv6_cidr_block": "",
            "ipv6_cidr_block_association_id": "",
            "ipv6_native": false,
            "map_customer_owned_ip_on_launch": false,
            "map_public_ip_on_launch": false,
            "outpost_arn": "",
            "owner_id": "067494042988",
            "private_dns_hostname_type_on_launch": "ip-name",
            "tags": {
              "Name": "bd-vpc-private-ap-northeast-1c"
            },
            "tags_all": {
              "Name": "bd-vpc-private-ap-northeast-1c"
            },
            "timeouts": null,
            "vpc_id": "vpc-024b5b017df164a08"
          },
          "sensitive_attributes": [],
          "private": "eyJlMmJmYjczMC1lY2FhLTExZTYtOGY4OC0zNDM2M2JjN2M0YzAiOnsiY3JlYXRlIjo2MDAwMDAwMDAwMDAsImRlbGV0ZSI6MTIwMDAwMDAwMDAwMH0sInNjaGVtYV92ZXJzaW9uIjoiMSJ9",
          "dependencies": [
            "data.aws_availability_zones.available",
            "module.vpc.aws_vpc.this",
            "module.vpc.aws_vpc_ipv4_cidr_block_association.this"
          ]
        }
      ]
    },
    {
      "module": "module.vpc",
      "mode": "managed",
      "type": "aws_subnet",
      "name": "public",
      "provider": "provider[\"registry.terraform.io/hashicorp/aws\"]",
      "instances": [
        {
          "index_key": 0,
          "schema_version": 1,
          "attributes": {
            "arn": "arn:aws:ec2:ap-northeast-1:067494042988:subnet/subnet-07cc9bde8ee161909",
            "assign_ipv6_address_on_creation": false,
            "availability_zone": "ap-northeast-1a",
            "availability_zone_id": "apne1-az4",
            "cidr_block": "10.0.0.0/26",
            "customer_owned_ipv4_pool": "",
            "enable_dns64": false,
            "enable_resource_name_dns_a_record_on_launch": false,
            "enable_resource_name_dns_aaaa_record_on_launch": false,
            "id": "subnet-07cc9bde8ee161909",
            "ipv6_cidr_block": "",
            "ipv6_cidr_block_association_id": "",
            "ipv6_native": false,
            "map_customer_owned_ip_on_launch": false,
            "map_public_ip_on_launch": true,
            "outpost_arn": "",
            "owner_id": "067494042988",
            "private_dns_hostname_type_on_launch": "ip-name",
            "tags": {
              "Name": "bd-vpc-public-ap-northeast-1a"
            },
            "tags_all": {
              "Name": "bd-vpc-public-ap-northeast-1a"
            },
            "timeouts": null,
            "vpc_id": "vpc-024b5b017df164a08"
          },
          "sensitive_attributes": [],
          "private": "eyJlMmJmYjczMC1lY2FhLTExZTYtOGY4OC0zNDM2M2JjN2M0YzAiOnsiY3JlYXRlIjo2MDAwMDAwMDAwMDAsImRlbGV0ZSI6MTIwMDAwMDAwMDAwMH0sInNjaGVtYV92ZXJzaW9uIjoiMSJ9",
          "dependencies": [
            "data.aws_availability_zones.available",
            "module.vpc.aws_vpc.this",
            "module.vpc.aws_vpc_ipv4_cidr_block_association.this"
          ]
        },
        {
          "index_key": 1,
          "schema_version": 1,
          "attributes": {
            "arn": "arn:aws:ec2:ap-northeast-1:067494042988:subnet/subnet-072772eed81504f3e",
            "assign_ipv6_address_on_creation": false,
            "availability_zone": "ap-northeast-1c",
            "availability_zone_id": "apne1-az1",
            "cidr_block": "10.0.0.64/26",
            "customer_owned_ipv4_pool": "",
            "enable_dns64": false,
            "enable_resource_name_dns_a_record_on_launch": false,
            "enable_resource_name_dns_aaaa_record_on_launch": false,
            "id": "subnet-072772eed81504f3e",
            "ipv6_cidr_block": "",
            "ipv6_cidr_block_association_id": "",
            "ipv6_native": false,
            "map_customer_owned_ip_on_launch": false,
            "map_public_ip_on_launch": true,
            "outpost_arn": "",
            "owner_id": "067494042988",
            "private_dns_hostname_type_on_launch": "ip-name",
            "tags": {
              "Name": "bd-vpc-public-ap-northeast-1c"
            },
            "tags_all": {
              "Name": "bd-vpc-public-ap-northeast-1c"
            },
            "timeouts": null,
            "vpc_id": "vpc-024b5b017df164a08"
          },
          "sensitive_attributes": [],
          "private": "eyJlMmJmYjczMC1lY2FhLTExZTYtOGY4OC0zNDM2M2JjN2M0YzAiOnsiY3JlYXRlIjo2MDAwMDAwMDAwMDAsImRlbGV0ZSI6MTIwMDAwMDAwMDAwMH0sInNjaGVtYV92ZXJzaW9uIjoiMSJ9",
          "dependencies": [
            "data.aws_availability_zones.available",
            "module.vpc.aws_vpc.this",
            "module.vpc.aws_vpc_ipv4_cidr_block_association.this"
          ]
        }
      ]
    },
    {
      "module": "module.vpc",
      "mode": "managed",
      "type": "aws_vpc",
      "name": "this",
      "provider": "provider[\"registry.terraform.io/hashicorp/aws\"]",
      "instances": [
        {
          "index_key": 0,
          "schema_version": 1,
          "attributes": {
            "arn": "arn:aws:ec2:ap-northeast-1:067494042988:vpc/vpc-024b5b017df164a08",
            "assign_generated_ipv6_cidr_block": false,
            "cidr_block": "10.0.0.0/16",
            "default_network_acl_id": "acl-07317e72d4044c146",
            "default_route_table_id": "rtb-0a18b15d57800129e",
            "default_security_group_id": "sg-0c5539135f04214f0",
            "dhcp_options_id": "dopt-820244e5",
            "enable_classiclink": false,
            "enable_classiclink_dns_support": false,
            "enable_dns_hostnames": false,
            "enable_dns_support": true,
            "enable_network_address_usage_metrics": false,
            "id": "vpc-024b5b017df164a08",
            "instance_tenancy": "default",
            "ipv4_ipam_pool_id": null,
            "ipv4_netmask_length": null,
            "ipv6_association_id": "",
            "ipv6_cidr_block": "",
            "ipv6_cidr_block_network_border_group": "",
            "ipv6_ipam_pool_id": "",
            "ipv6_netmask_length": 0,
            "main_route_table_id": "rtb-0a18b15d57800129e",
            "owner_id": "067494042988",
            "tags": {
              "Name": "bd-vpc"
            },
            "tags_all": {
              "Name": "bd-vpc"
            }
          },
          "sensitive_attributes": [],
          "private": "eyJzY2hlbWFfdmVyc2lvbiI6IjEifQ=="
        }
      ]
    }
  ],
  "check_results": null
}
