{
  "version": 4,
  "terraform_version": "1.3.4",
  "serial": 5019,
  "lineage": "bcce0505-4f3a-b984-70b8-9e80adea4655",
  "outputs": {},
  "resources": [
    {
      "mode": "data",
      "type": "aws_ami_ids",
      "name": "ami",
      "provider": "provider[\"registry.terraform.io/hashicorp/aws\"]",
      "instances": [
        {
          "schema_version": 0,
          "attributes": {
            "executable_users": null,
            "filter": [
              {
                "name": "name",
                "values": [
                  "*ubuntu-focal-20.04-amd64-server-20211021*"
                ]
              }
            ],
            "id": "2862058812",
            "ids": [
              "ami-036d0684fc96830ca"
            ],
            "name_regex": null,
            "owners": [
              "self",
              "amazon",
              "099720109477"
            ],
            "sort_ascending": false,
            "timeouts": null
          },
          "sensitive_attributes": []
        }
      ]
    },
    {
      "mode": "data",
      "type": "aws_ami_ids",
      "name": "ami_centos",
      "provider": "provider[\"registry.terraform.io/hashicorp/aws\"]",
      "instances": [
        {
          "schema_version": 0,
          "attributes": {
            "executable_users": null,
            "filter": [
              {
                "name": "name",
                "values": [
                  "*CentOS*"
                ]
              }
            ],
            "id": "2922401986",
            "ids": [
              "ami-0052528bdd809d899",
              "ami-06e6d2122baa563c4",
              "ami-0e667a37416f224e9",
              "ami-06cacea815ff695ad",
              "ami-00f77d105bd33fe9b",
              "ami-0a7e7b839894adc29",
              "ami-08419da9fb80dfaa8",
              "ami-03388ce82b9af2197",
              "ami-01325779a7f7290a4",
              "ami-0aa86d7611d413ee5",
              "ami-07435fac9643e5546",
              "ami-0b7689cf57043c9eb",
              "ami-04faacd6a54412896",
              "ami-0117f2fc9c6939327",
              "ami-0717bbcb8bf592281",
              "ami-012bebd1638a5e992",
              "ami-00d0fdf35a6c3993f",
              "ami-0b7b8738d92508e4a",
              "ami-0ab7cccbe3dbbd0f9",
              "ami-076af3a410c70c7e3",
              "ami-0e2eaffabc9e1f0aa",
              "ami-0e7c727b432778486",
              "ami-09abc4e016f90a3c6",
              "ami-0cab8acfa6d3dc7e2",
              "ami-006c241051ca5f896",
              "ami-09a3c7b9c8feda42f",
              "ami-07302d36147b3867f",
              "ami-0e74504d08a6c940e",
              "ami-010289730dc23e508",
              "ami-0b79871d954ac00fc",
              "ami-066943039b99809ae",
              "ami-0c5769faf9863e703",
              "ami-0046a5d0910544a92",
              "ami-0388a9c40ed2d562f",
              "ami-0a0e9c346677e18b3",
              "ami-0afd88116c4c8f68e",
              "ami-0e69e1c92cf3de148",
              "ami-04f3ab8ce1690273f",
              "ami-074b218f6764686f6",
              "ami-00ceba0fce2a400bd",
              "ami-0c8820f8d616dc5b4",
              "ami-03f7b8b0baf4c7257",
              "ami-0774a0909a12744e5",
              "ami-05ebf4d3360e9bea4",
              "ami-014a91e7b4be8c731",
              "ami-01f819dc62b7f43e1",
              "ami-062673a789ad6aa8e",
              "ami-0f2026dcac8075ca9",
              "ami-0358ed1558995c9bc",
              "ami-057504fd119914d68",
              "ami-087c5d0ce29733e2f",
              "ami-0dbd5ddedb491972b",
              "ami-04906832b3c82eacf",
              "ami-031a36b417b7b1fa5",
              "ami-0e9ebb2cd0c6fae91",
              "ami-07af57cde7670c4c0",
              "ami-0ef9fdd16073fb139",
              "ami-02de996ec951f54b2",
              "ami-02e12825a4d7f3f76",
              "ami-0e5b6b8962bd83a42",
              "ami-0b5d2a0a8935ff45d",
              "ami-09a0501a0633bfec8",
              "ami-0b95d0169e25234f4",
              "ami-0d1627a6db59324a8",
              "ami-0ab8e527d563d13ff",
              "ami-0a63913ec9e60dc9d",
              "ami-0644d888468823312",
              "ami-041e443be98230f2b",
              "ami-07f74e9e62126a8be",
              "ami-03cb93a5fc9d2ad79",
              "ami-0b75edab53d0d3d5d",
              "ami-0fe495624607988ef",
              "ami-051a0ff792139c3bf",
              "ami-060e3645ee6f3bb75",
              "ami-0820e5b38ed80cbb0",
              "ami-0b79ce4d065bb06ba",
              "ami-0a2792cd8d71cff29",
              "ami-0680786e9c485815e",
              "ami-0c9bfce7e574dbe0b",
              "ami-0ed289f3bfe5558ff",
              "ami-08499b36477fbdcf4",
              "ami-0383494bb9b28ae93",
              "ami-0726373b6ff79023a",
              "ami-00e33b33fdf1b2348",
              "ami-070a5d6fa89f7da74",
              "ami-0550b67958576f9fb",
              "ami-04034d042a2c0305b",
              "ami-0be66077219a3db6f",
              "ami-046c619b370e7d2f0",
              "ami-0fd926050e3bf5d7b",
              "ami-08d7587bd9f04f35d",
              "ami-01bd23641be311dca",
              "ami-05103167ce1e3e926",
              "ami-015e01bd13b24662d",
              "ami-0891c5facde75c0f7",
              "ami-0deed1a6b420894a6",
              "ami-0c088244c5cbce256",
              "ami-081366e674b52ddcd",
              "ami-0387e232d30d4cb38",
              "ami-095e7d1b7b5ed9ef5",
              "ami-0e8dd22614d840588",
              "ami-08dc813f1fb7fda7d",
              "ami-0a9c0fd71bd03ee6e",
              "ami-0d236ab853085d406",
              "ami-07a8be1066a6ae44c",
              "ami-03d59e59ba3a55427",
              "ami-0c92ecc7b42425f22",
              "ami-098dcaeae9630f891",
              "ami-0baa9927874009a01",
              "ami-064aa24400c21990e",
              "ami-034defa89e488f870",
              "ami-097e8d61b17134ced",
              "ami-00d5181da7c1811b3",
              "ami-02f5e11c2b6440415",
              "ami-0ab5ba7cfe0d2e610",
              "ami-00c7f610bf27ad114",
              "ami-0c951820c6bdeeccc",
              "ami-0a29b49cbe58d8705",
              "ami-0900ee68ed9a4d237",
              "ami-0faab672caf928bd2",
              "ami-0c3b3adfee5db7c2b",
              "ami-0697383a72beffb7b",
              "ami-0c1cc0739cda381a8",
              "ami-0a30a99b32d7a0beb",
              "ami-0816827092b87e83d",
              "ami-0a69a5d0cd3496b40",
              "ami-0223e2d193ad06ace",
              "ami-05f5032b3090a36a1",
              "ami-0498f29bfc434f7ba",
              "ami-09253f1bb57242367",
              "ami-0beb45fe643b04d5a",
              "ami-0cf3cf6b32017cd35",
              "ami-0670cf942ad33a7cf",
              "ami-005525a14f197b4b3",
              "ami-05574d304a3231f89",
              "ami-09c2b051668e15dea",
              "ami-01473fb81c1c5a2c7",
              "ami-0b099b83dfd31f469",
              "ami-028dc0f5ea10d5802",
              "ami-0bf0b6560e62c90e8",
              "ami-07810a3a50536b6b6",
              "ami-03845b34854094dd4",
              "ami-0eb4a3eb390dada88",
              "ami-0bb77af3a107aab0d",
              "ami-0e9aaf970a5eba399",
              "ami-0016a950599814481",
              "ami-0d9cd911e15d49d50",
              "ami-0c523f5e116954df3",
              "ami-0358cfaecec20a795",
              "ami-0f5c7cdb9efd96671",
              "ami-0ff8ff1841736ff35",
              "ami-040298c6779b0ed64",
              "ami-061d96f3c28ba5183",
              "ami-0e9cbdb72d7af37b3",
              "ami-050fbb06b822979ff",
              "ami-0cc07c605297b10d4",
              "ami-0d37a19d613904785",
              "ami-0ad1b63963684e720",
              "ami-01bdfbb720d85c8c9",
              "ami-056ba18f6c0791dac",
              "ami-05263626937dae0e9",
              "ami-0d6f6bddd8b1a1055",
              "ami-054a46b335b2fe0b8",
              "ami-01b38bb9c62d01519",
              "ami-036aeee8253f377cb",
              "ami-039e18a5cef3bb739",
              "ami-0257451310ed643bf",
              "ami-06589ec7e3370542f",
              "ami-0b7fa398b25ad47d1",
              "ami-0171188eea3df7ff5",
              "ami-093251d80d01f3f8c",
              "ami-073e0e407f70ca6df",
              "ami-025bd070fbd7b76d6",
              "ami-003f98daf42075d78",
              "ami-062fe4aaca1b86a6a",
              "ami-09b56bdbeb15ece4f",
              "ami-081092397d765494b",
              "ami-0dee6d3fec1ef4d09",
              "ami-0b342c50c2b0ae3bc",
              "ami-02af6fe3636dbfe6e",
              "ami-08f0961c36c99bbef",
              "ami-01f47263237d9a7ef",
              "ami-0f069152e003416fa",
              "ami-09a6064b4fb9e07d9",
              "ami-00f510be4365ead0b",
              "ami-0105d897390c3236c",
              "ami-0999a434e0954a1fc",
              "ami-0fd25f64d93ad5857",
              "ami-0df31b019ab58cd5a",
              "ami-02fc7f1975b51790d",
              "ami-0b5a0c407f4b4ed3d",
              "ami-0a8cacf3854e6f4c4",
              "ami-0419299845d7551fd",
              "ami-0e9bb60c6e7f8eaa4",
              "ami-09bbd19cb0e52295c",
              "ami-020d1f6f370d1a3f7",
              "ami-0b0cbd90d753d734a",
              "ami-0bb3b845fe0699823",
              "ami-00f3c16dd4b990d56",
              "ami-037af285825333e1a",
              "ami-04e5a0f50592bd309",
              "ami-06ee905d0566e92e7",
              "ami-075e5192c66b801f1",
              "ami-063c5a5e375b71d95",
              "ami-058e7e842f79ba906",
              "ami-01f328f87670cc361",
              "ami-0d9bf167cb68ac889",
              "ami-0d92edf1487e43708"
            ],
            "name_regex": null,
            "owners": [
              "self",
              "amazon",
              "125523088429"
            ],
            "sort_ascending": false,
            "timeouts": null
          },
          "sensitive_attributes": []
        }
      ]
    },
    {
      "mode": "data",
      "type": "aws_availability_zones",
      "name": "available",
      "provider": "provider[\"registry.terraform.io/hashicorp/aws\"]",
      "instances": [
        {
          "schema_version": 0,
          "attributes": {
            "all_availability_zones": null,
            "exclude_names": null,
            "exclude_zone_ids": null,
            "filter": null,
            "group_names": [
              "ap-northeast-1"
            ],
            "id": "ap-northeast-1",
            "names": [
              "ap-northeast-1a",
              "ap-northeast-1c",
              "ap-northeast-1d"
            ],
            "state": "available",
            "timeouts": null,
            "zone_ids": [
              "apne1-az4",
              "apne1-az1",
              "apne1-az2"
            ]
          },
          "sensitive_attributes": []
        }
      ]
    },
    {
      "mode": "managed",
      "type": "aws_ebs_volume",
      "name": "ebs",
      "provider": "provider[\"registry.terraform.io/hashicorp/aws\"]",
      "instances": [
        {
          "index_key": 0,
          "schema_version": 0,
          "attributes": {
            "arn": "arn:aws:ec2:ap-northeast-1:067494042988:volume/vol-0e78c235f39779313",
            "availability_zone": "ap-northeast-1a",
            "encrypted": false,
            "final_snapshot": false,
            "id": "vol-0e78c235f39779313",
            "iops": 100,
            "kms_key_id": "",
            "multi_attach_enabled": false,
            "outpost_arn": "",
            "size": 24,
            "snapshot_id": "",
            "tags": {},
            "tags_all": {},
            "throughput": 0,
            "timeouts": null,
            "type": "gp2"
          },
          "sensitive_attributes": [],
          "private": "eyJlMmJmYjczMC1lY2FhLTExZTYtOGY4OC0zNDM2M2JjN2M0YzAiOnsiY3JlYXRlIjozMDAwMDAwMDAwMDAsImRlbGV0ZSI6MzAwMDAwMDAwMDAwLCJ1cGRhdGUiOjMwMDAwMDAwMDAwMH19",
          "dependencies": [
            "data.aws_availability_zones.available"
          ]
        }
      ]
    },
    {
      "mode": "managed",
      "type": "aws_instance",
      "name": "instances",
      "provider": "provider[\"registry.terraform.io/hashicorp/aws\"]",
      "instances": [
        {
          "index_key": 0,
          "schema_version": 1,
          "attributes": {
            "ami": "ami-0052528bdd809d899",
            "arn": "arn:aws:ec2:ap-northeast-1:067494042988:instance/i-0e7ecf1e3313d6fe4",
            "associate_public_ip_address": true,
            "availability_zone": "ap-northeast-1a",
            "capacity_reservation_specification": [
              {
                "capacity_reservation_preference": "open",
                "capacity_reservation_target": []
              }
            ],
            "cpu_core_count": 2,
            "cpu_threads_per_core": 1,
            "credit_specification": [
              {
                "cpu_credits": "unlimited"
              }
            ],
            "disable_api_stop": false,
            "disable_api_termination": false,
            "ebs_block_device": [
              {
                "delete_on_termination": false,
                "device_name": "/dev/sdh",
                "encrypted": false,
                "iops": 100,
                "kms_key_id": "",
                "snapshot_id": "",
                "tags": {},
                "throughput": 0,
                "volume_id": "vol-0e78c235f39779313",
                "volume_size": 24,
                "volume_type": "gp2"
              }
            ],
            "ebs_optimized": false,
            "enclave_options": [
              {
                "enabled": false
              }
            ],
            "ephemeral_block_device": [],
            "get_password_data": false,
            "hibernation": false,
            "host_id": null,
            "host_resource_group_arn": null,
            "iam_instance_profile": "",
            "id": "i-0e7ecf1e3313d6fe4",
            "instance_initiated_shutdown_behavior": "stop",
            "instance_state": "running",
            "instance_type": "t4g.small",
            "ipv6_address_count": 0,
            "ipv6_addresses": [],
            "key_name": "bd",
            "launch_template": [],
            "maintenance_options": [
              {
                "auto_recovery": "default"
              }
            ],
            "metadata_options": [
              {
                "http_endpoint": "enabled",
                "http_put_response_hop_limit": 1,
                "http_tokens": "optional",
                "instance_metadata_tags": "disabled"
              }
            ],
            "monitoring": false,
            "network_interface": [],
            "outpost_arn": "",
            "password_data": "",
            "placement_group": "",
            "placement_partition_number": null,
            "primary_network_interface_id": "eni-0750d9ed9ad2aabf2",
            "private_dns": "ip-10-0-0-50.ap-northeast-1.compute.internal",
            "private_dns_name_options": [
              {
                "enable_resource_name_dns_a_record": false,
                "enable_resource_name_dns_aaaa_record": false,
                "hostname_type": "ip-name"
              }
            ],
            "private_ip": "10.0.0.50",
            "public_dns": "",
            "public_ip": "13.231.220.162",
            "root_block_device": [
              {
                "delete_on_termination": true,
                "device_name": "/dev/sda1",
                "encrypted": false,
                "iops": 100,
                "kms_key_id": "",
                "tags": {
                  "Author": "Jason.SC.Cheng",
                  "Name": "bd-wrk1-ebs",
                  "Team": "COD",
                  "terraform": "true"
                },
                "throughput": 0,
                "volume_id": "vol-04724f56846c59264",
                "volume_size": 24,
                "volume_type": "gp2"
              }
            ],
            "secondary_private_ips": [],
            "security_groups": [],
            "source_dest_check": true,
            "subnet_id": "subnet-031bc1e1063e5eb00",
            "tags": {
              "Author": "Jason.SC.Cheng",
              "Name": "bd1",
              "Team": "COD",
              "terraform": "true"
            },
            "tags_all": {
              "Author": "Jason.SC.Cheng",
              "Name": "bd1",
              "Team": "COD",
              "terraform": "true"
            },
            "tenancy": "default",
            "timeouts": null,
            "user_data": null,
            "user_data_base64": null,
            "user_data_replace_on_change": false,
            "volume_tags": null,
            "vpc_security_group_ids": [
              "sg-0249de560d77b0db8"
            ]
          },
          "sensitive_attributes": [],
          "private": "eyJlMmJmYjczMC1lY2FhLTExZTYtOGY4OC0zNDM2M2JjN2M0YzAiOnsiY3JlYXRlIjo2MDAwMDAwMDAwMDAsImRlbGV0ZSI6MTIwMDAwMDAwMDAwMCwidXBkYXRlIjo2MDAwMDAwMDAwMDB9LCJzY2hlbWFfdmVyc2lvbiI6IjEifQ==",
          "dependencies": [
            "aws_key_pair.aws_key",
            "aws_security_group.sg-all",
            "data.aws_ami_ids.ami",
            "data.aws_ami_ids.ami_centos",
            "data.aws_availability_zones.available",
            "module.vpc.aws_subnet.public",
            "module.vpc.aws_vpc.this",
            "module.vpc.aws_vpc_ipv4_cidr_block_association.this",
            "tls_private_key.key"
          ]
        }
      ]
    },
    {
      "mode": "managed",
      "type": "aws_key_pair",
      "name": "aws_key",
      "provider": "provider[\"registry.terraform.io/hashicorp/aws\"]",
      "instances": [
        {
          "schema_version": 1,
          "attributes": {
            "arn": "arn:aws:ec2:ap-northeast-1:067494042988:key-pair/bd",
            "fingerprint": "43:71:8f:7b:ec:c2:01:6e:de:71:6c:1f:9c:fa:aa:aa",
            "id": "bd",
            "key_name": "bd",
            "key_name_prefix": "",
            "key_pair_id": "key-0cf30c779f72c6ff3",
            "key_type": "rsa",
            "public_key": "ssh-rsa AAAAB3NzaC1yc2EAAAADAQABAAACAQDNeb7A6ZHL0tzPCjuz2dKO5lZV93vH6XMB8rHThfXgOzNB+f34s44yglU9TnI6xCvHx6QaqsHrQIWuMqMayongB9e7MU6Cj5DOHFs+LeNqwitICb0xMa6eNWVfsDS6gCdUkGPtP8drz9klWwfbTrA0v9DV9rxTNwj3qmU543Z7aldMXUzaB4qsAcL5gZNDHCGNjiM89/tCMEjANaN260fLlDXxZ3aZ8nLzW9HOezI2+C9BHr4jnh6YX26UexAnaFd/L27lVTAGGUlQgsmgLqnoQIw6SiqxT9KF1cn4F6UPS5WRBH8l8wThH3wvRflYEsoyvUd0q4cvsZJpQ/Y1sgjJG/Q6R91tFWb4C76VmLc0dpMKtIJ8mB1DGROdpASZYreHgJej5uVhhnajmOpSuxDOMkl/WSkAKUGizrJmjZlJVmlktfDgwIJkINrOP4Oj1rdcdKI7AVUaaQePQI2W/g9dZTxwz0XE7GlounVoPF3Y9xLWgFaP3kz3qKwhNVgch2Tcgx5Lvd6GkDbOhHddYot8psaSFv2Aw4mTqk68T4HyLsLzOFF5Rs9zbWdHwwrYoQcHup78PCK/MJMc9i0Wa97Lgcd1YTSSiEsiJpnHTt4BteNjlWmEPZaJs6QGUJmHXtgSxSHemjL4u9Z3qps8rppoxLRyJSEjJnVGPTzIysObcQ==",
            "tags": {
              "Author": "Jason.SC.Cheng",
              "Team": "COD",
              "terraform": "true"
            },
            "tags_all": {
              "Author": "Jason.SC.Cheng",
              "Team": "COD",
              "terraform": "true"
            }
          },
          "sensitive_attributes": [],
          "private": "eyJzY2hlbWFfdmVyc2lvbiI6IjEifQ==",
          "dependencies": [
            "tls_private_key.key"
          ]
        }
      ]
    },
    {
      "mode": "managed",
      "type": "aws_security_group",
      "name": "sg-all",
      "provider": "provider[\"registry.terraform.io/hashicorp/aws\"]",
      "instances": [
        {
          "schema_version": 1,
          "attributes": {
            "arn": "arn:aws:ec2:ap-northeast-1:067494042988:security-group/sg-0249de560d77b0db8",
            "description": "Managed by Terraform",
            "egress": [
              {
                "cidr_blocks": [
                  "0.0.0.0/0"
                ],
                "description": "outbound",
                "from_port": 0,
                "ipv6_cidr_blocks": [
                  "::/0"
                ],
                "prefix_list_ids": [],
                "protocol": "-1",
                "security_groups": [],
                "self": false,
                "to_port": 0
              }
            ],
            "id": "sg-0249de560d77b0db8",
            "ingress": [
              {
                "cidr_blocks": [
                  "10.0.0.0/26",
                  "10.0.0.64/26"
                ],
                "description": "internal",
                "from_port": 0,
                "ipv6_cidr_blocks": [],
                "prefix_list_ids": [],
                "protocol": "tcp",
                "security_groups": [],
                "self": false,
                "to_port": 65535
              },
              {
                "cidr_blocks": [
                  "3.73.140.118/32",
                  "123.194.138.73/32",
                  "61.216.155.110/32",
                  "118.163.58.7/32",
                  "220.130.164.120/32",
                  "118.163.108.246/32",
                  "59.124.119.126/32"
                ],
                "description": "all public",
                "from_port": 0,
                "ipv6_cidr_blocks": [],
                "prefix_list_ids": [],
                "protocol": "-1",
                "security_groups": [],
                "self": false,
                "to_port": 0
              }
            ],
            "name": "bd-sg",
            "name_prefix": "",
            "owner_id": "067494042988",
            "revoke_rules_on_delete": false,
            "tags": {
              "Author": "Jason.SC.Cheng",
              "Name": "bd-sg",
              "Team": "COD",
              "terraform": "true"
            },
            "tags_all": {
              "Author": "Jason.SC.Cheng",
              "Name": "bd-sg",
              "Team": "COD",
              "terraform": "true"
            },
            "timeouts": null,
            "vpc_id": "vpc-05772bca13dca61e7"
          },
          "sensitive_attributes": [],
          "private": "eyJlMmJmYjczMC1lY2FhLTExZTYtOGY4OC0zNDM2M2JjN2M0YzAiOnsiY3JlYXRlIjo2MDAwMDAwMDAwMDAsImRlbGV0ZSI6OTAwMDAwMDAwMDAwfSwic2NoZW1hX3ZlcnNpb24iOiIxIn0=",
          "dependencies": [
            "data.aws_availability_zones.available",
            "module.vpc.aws_subnet.public",
            "module.vpc.aws_vpc.this",
            "module.vpc.aws_vpc_ipv4_cidr_block_association.this"
          ]
        }
      ]
    },
    {
      "mode": "managed",
      "type": "aws_volume_attachment",
      "name": "ebs_att",
      "provider": "provider[\"registry.terraform.io/hashicorp/aws\"]",
      "instances": [
        {
          "index_key": 0,
          "schema_version": 0,
          "attributes": {
            "device_name": "/dev/sdh",
            "force_detach": true,
            "id": "vai-3716752285",
            "instance_id": "i-0e7ecf1e3313d6fe4",
            "skip_destroy": null,
            "stop_instance_before_detaching": null,
            "timeouts": null,
            "volume_id": "vol-0e78c235f39779313"
          },
          "sensitive_attributes": [],
          "private": "eyJlMmJmYjczMC1lY2FhLTExZTYtOGY4OC0zNDM2M2JjN2M0YzAiOnsiY3JlYXRlIjozMDAwMDAwMDAwMDAsImRlbGV0ZSI6MzAwMDAwMDAwMDAwfX0=",
          "dependencies": [
            "aws_ebs_volume.ebs",
            "aws_instance.instances",
            "aws_key_pair.aws_key",
            "aws_security_group.sg-all",
            "data.aws_ami_ids.ami",
            "data.aws_ami_ids.ami_centos",
            "data.aws_availability_zones.available",
            "module.vpc.aws_subnet.public",
            "module.vpc.aws_vpc.this",
            "module.vpc.aws_vpc_ipv4_cidr_block_association.this",
            "tls_private_key.key"
          ]
        }
      ]
    },
    {
      "mode": "managed",
      "type": "tls_private_key",
      "name": "key",
      "provider": "provider[\"registry.terraform.io/hashicorp/tls\"]",
      "instances": [
        {
          "schema_version": 1,
          "attributes": {
            "algorithm": "RSA",
            "ecdsa_curve": "P224",
            "id": "a38f6359f075d48b0c032903859ec10123257e69",
            "private_key_openssh": "-----BEGIN OPENSSH PRIVATE KEY-----\nb3BlbnNzaC1rZXktdjEAAAAABG5vbmUAAAAEbm9uZQAAAAAAAAABAAACFwAAAAdz\nc2gtcnNhAAAAAwEAAQAAAgEAzXm+wOmRy9Lczwo7s9nSjuZWVfd7x+lzAfKx04X1\n4DszQfn9+LOOMoJVPU5yOsQrx8ekGqrB60CFrjKjGsqJ4AfXuzFOgo+QzhxbPi3j\nasIrSAm9MTGunjVlX7A0uoAnVJBj7T/Ha8/ZJVsH206wNL/Q1fa8UzcI96plOeN2\ne2pXTF1M2geKrAHC+YGTQxwhjY4jPPf7QjBIwDWjdutHy5Q18Wd2mfJy81vRznsy\nNvgvQR6+I54emF9ulHsQJ2hXfy9u5VUwBhlJUILJoC6p6ECMOkoqsU/ShdXJ+Bel\nD0uVkQR/JfME4R98L0X5WBLKMr1HdKuHL7GSaUP2NbIIyRv0OkfdbRVm+Au+lZi3\nNHaTCrSCfJgdQxkTnaQEmWK3h4CXo+blYYZ2o5jqUrsQzjJJf1kpAClBos6yZo2Z\nSVZpZLXw4MCCZCDazj+Do9a3XHSiOwFVGmkHj0CNlv4PXWU8cM9FxOxpaLp1aDxd\n2PcS1oBWj95M96isITVYHIdk3IMeS73ehpA2zoR3XWKLfKbGkhb9gMOJk6pOvE+B\n8i7C8zhReUbPc21nR8MK2KEHB7qe/DwivzCTHPYtFmvey4HHdWE0kohLIiaZx07e\nAbXjY5VphD2WibOkBlCZh17YEsUh3poy+LvWd6qbPK6aaMS0ciUhIyZ1Rj08yMrD\nm3EAAAc4eAAfTXgAH00AAAAHc3NoLXJzYQAAAgEAzXm+wOmRy9Lczwo7s9nSjuZW\nVfd7x+lzAfKx04X14DszQfn9+LOOMoJVPU5yOsQrx8ekGqrB60CFrjKjGsqJ4AfX\nuzFOgo+QzhxbPi3jasIrSAm9MTGunjVlX7A0uoAnVJBj7T/Ha8/ZJVsH206wNL/Q\n1fa8UzcI96plOeN2e2pXTF1M2geKrAHC+YGTQxwhjY4jPPf7QjBIwDWjdutHy5Q1\n8Wd2mfJy81vRznsyNvgvQR6+I54emF9ulHsQJ2hXfy9u5VUwBhlJUILJoC6p6ECM\nOkoqsU/ShdXJ+BelD0uVkQR/JfME4R98L0X5WBLKMr1HdKuHL7GSaUP2NbIIyRv0\nOkfdbRVm+Au+lZi3NHaTCrSCfJgdQxkTnaQEmWK3h4CXo+blYYZ2o5jqUrsQzjJJ\nf1kpAClBos6yZo2ZSVZpZLXw4MCCZCDazj+Do9a3XHSiOwFVGmkHj0CNlv4PXWU8\ncM9FxOxpaLp1aDxd2PcS1oBWj95M96isITVYHIdk3IMeS73ehpA2zoR3XWKLfKbG\nkhb9gMOJk6pOvE+B8i7C8zhReUbPc21nR8MK2KEHB7qe/DwivzCTHPYtFmvey4HH\ndWE0kohLIiaZx07eAbXjY5VphD2WibOkBlCZh17YEsUh3poy+LvWd6qbPK6aaMS0\nciUhIyZ1Rj08yMrDm3EAAAADAQABAAACAAlleOCvjbhJc0mQiTxnSKa6R9Z0k9eH\niHfdVl568MyJSIXK3d9irq0GoslD7htb3ziqm4mQp3+Pms1liWnvOzDgivAHiDSW\nRiP2zgFg7dZy/LG1qE44nGilvnYKw86Hj8ThOYCe+wqmHaMEr65KweoXn4A5YVFY\n4fMZermT+lYYfdeDKMGLuL628eihEU/vWGV1y4y9NmNHe/w2N7x3c/gOVg0tExJl\nMPaKC2Uq4xf6b4bF1iIg1/tV2eO2YP28Wsv5KlQYejK9M0oYQQovOBvj38XGoH8t\nTE5MgYjz49t4NGXGU94zZ9S3sOEkjQuHCHIbj8n5EhyPPUfNENRRyO78X52MR4Ak\nQiZ6Ts2CAzaoggdOt+lRoWVIMpXnAkRMNhZ8LeOtdhz6Yy9XYnjXowEOMIPV5VJ0\npTDNjDJRMzAhYXnoRxNKgkSwZ0iPFhjZKwO0Vwgk5xehhCKInPd2aldU8ChNiOme\nZFVyonx9JVG8645F1EYejAfdM5mEMpjUiVvYghDpTu4SQVSWTWp70vUfBw2D1916\nCz2NWSEpxVwqfCY72CL/O4f6BVfy/Scq3+uKGBmGN8WD8PWz12lyHIwtpbjJZ7zA\n+wg4zAKvIga5HPRR6mEzs4N1joxinbgYrDPtPb5wzciWPgjHqeB0LdyXwXXD1CkE\nYRa91N26TNoBAAABAGbZkRTsv2QBKl5S3xxaOkhdD3bm4VGddpnJE+7DjC66ms/x\nGzEjnma52GsBrw+lUqo/czQ/5RNHRV8GvXvFn73OFx907k9GO/xXaATl4pHB+O25\nuba7lmdqmjKm7meNG85hyiviLJ/YOrjPfZGzp982RuX3XWpC8ZXPH9iXxqO6D5fP\nTKbX2JKIVpgSzUa9uupZ0XTILZuWb6vrvZqGwQ1IU8xGRfcTuUm4u+qV543E+TWD\ntU5h/z/1C9sJSwZwX3kulJELt0F6HzK6OnRCIHhmD0ZCVuUcxm2a3UR4exc2X41E\nEVTvQ924GRWu33BE13+KJBJfU+kTqpNMOwVXacYAAAEBAP3TCQw4CV8RsMecxrNT\nG0H/aIIQjUvC39fYpn1m0bgkZKDw5IJUl9umtptkW3LeJrrWOQzCbEPbWC6aBnUi\nHFUfPtOuIwt5qgJWHxLo/Rv4sC5hnxMLSjMO+gvdiXkPtYpaxjgIAuUCTCwDemZa\nRbDLfKoHH/2NnW36uAx/nnTzxrtI5ip16roqV3kj7RegldJ+RIpFWjRZWhNwMH2s\nm4i0z8+BpMOUcRFxSKm3/ZVUozeVxZNQQ/slkbitQJoUV/1qV2teA3uQXYoLTFD6\nVdxBoammYY2LQABrKxwajSaHVwH9jH6nsX7PGY5oZxGfKHRmprXZQ1O8GPW4O5x6\n4aEAAAEBAM88nlJdAP0ezcL0d3FqiHHDZf+aKe9FYdZh/kZ2i+ryky0t+k1Dnfm5\np5TmudtNVMPEFB9fHcPGWWzYEQyidHOy7qOQmCiO0Uu1CNUUSw1xH6UW+ASP+2F4\nG9jnvUdX1FWWIrdBPzoPZnJDMcZ78LPCrds3x8oDZWY3itT0bAmKw3LDmAa8zJgr\n08FEgjXIDjVjgVKERiwKlvy3NbnfFOOzXLnXs8QEqj7OR4FwvSWSPWOMG435thY1\noAOTXyDNwgAPAdjAQDt4zrSf8z/Fnb5/Cl3+JlqQcShUn0/97yrhCjljuocnDHfU\nSQmbSqHSyD9i7x10u3ldxLvOZBSGB9EAAAAAAQID\n-----END OPENSSH PRIVATE KEY-----\n",
            "private_key_pem": "-----BEGIN RSA PRIVATE KEY-----\nMIIJJwIBAAKCAgEAzXm+wOmRy9Lczwo7s9nSjuZWVfd7x+lzAfKx04X14DszQfn9\n+LOOMoJVPU5yOsQrx8ekGqrB60CFrjKjGsqJ4AfXuzFOgo+QzhxbPi3jasIrSAm9\nMTGunjVlX7A0uoAnVJBj7T/Ha8/ZJVsH206wNL/Q1fa8UzcI96plOeN2e2pXTF1M\n2geKrAHC+YGTQxwhjY4jPPf7QjBIwDWjdutHy5Q18Wd2mfJy81vRznsyNvgvQR6+\nI54emF9ulHsQJ2hXfy9u5VUwBhlJUILJoC6p6ECMOkoqsU/ShdXJ+BelD0uVkQR/\nJfME4R98L0X5WBLKMr1HdKuHL7GSaUP2NbIIyRv0OkfdbRVm+Au+lZi3NHaTCrSC\nfJgdQxkTnaQEmWK3h4CXo+blYYZ2o5jqUrsQzjJJf1kpAClBos6yZo2ZSVZpZLXw\n4MCCZCDazj+Do9a3XHSiOwFVGmkHj0CNlv4PXWU8cM9FxOxpaLp1aDxd2PcS1oBW\nj95M96isITVYHIdk3IMeS73ehpA2zoR3XWKLfKbGkhb9gMOJk6pOvE+B8i7C8zhR\neUbPc21nR8MK2KEHB7qe/DwivzCTHPYtFmvey4HHdWE0kohLIiaZx07eAbXjY5Vp\nhD2WibOkBlCZh17YEsUh3poy+LvWd6qbPK6aaMS0ciUhIyZ1Rj08yMrDm3ECAwEA\nAQKCAgAJZXjgr424SXNJkIk8Z0imukfWdJPXh4h33VZeevDMiUiFyt3fYq6tBqLJ\nQ+4bW984qpuJkKd/j5rNZYlp7zsw4IrwB4g0lkYj9s4BYO3WcvyxtahOOJxopb52\nCsPOh4/E4TmAnvsKph2jBK+uSsHqF5+AOWFRWOHzGXq5k/pWGH3XgyjBi7i+tvHo\noRFP71hldcuMvTZjR3v8Nje8d3P4DlYNLRMSZTD2igtlKuMX+m+GxdYiINf7Vdnj\ntmD9vFrL+SpUGHoyvTNKGEEKLzgb49/FxqB/LUxOTIGI8+PbeDRlxlPeM2fUt7Dh\nJI0LhwhyG4/J+RIcjz1HzRDUUcju/F+djEeAJEImek7NggM2qIIHTrfpUaFlSDKV\n5wJETDYWfC3jrXYc+mMvV2J416MBDjCD1eVSdKUwzYwyUTMwIWF56EcTSoJEsGdI\njxYY2SsDtFcIJOcXoYQiiJz3dmpXVPAoTYjpnmRVcqJ8fSVRvOuORdRGHowH3TOZ\nhDKY1Ilb2IIQ6U7uEkFUlk1qe9L1HwcNg9fdegs9jVkhKcVcKnwmO9gi/zuH+gVX\n8v0nKt/rihgZhjfFg/D1s9dpchyMLaW4yWe8wPsIOMwCryIGuRz0UephM7ODdY6M\nYp24GKwz7T2+cM3Ilj4Ix6ngdC3cl8F1w9QpBGEWvdTdukzaAQKCAQEA/dMJDDgJ\nXxGwx5zGs1MbQf9oghCNS8Lf19imfWbRuCRkoPDkglSX26a2m2Rbct4mutY5DMJs\nQ9tYLpoGdSIcVR8+064jC3mqAlYfEuj9G/iwLmGfEwtKMw76C92JeQ+1ilrGOAgC\n5QJMLAN6ZlpFsMt8qgcf/Y2dbfq4DH+edPPGu0jmKnXquipXeSPtF6CV0n5EikVa\nNFlaE3AwfaybiLTPz4Gkw5RxEXFIqbf9lVSjN5XFk1BD+yWRuK1AmhRX/WpXa14D\ne5BdigtMUPpV3EGhqaZhjYtAAGsrHBqNJodXAf2Mfqexfs8ZjmhnEZ8odGamtdlD\nU7wY9bg7nHrhoQKCAQEAzzyeUl0A/R7NwvR3cWqIccNl/5op70Vh1mH+RnaL6vKT\nLS36TUOd+bmnlOa5201Uw8QUH18dw8ZZbNgRDKJ0c7Luo5CYKI7RS7UI1RRLDXEf\npRb4BI/7YXgb2Oe9R1fUVZYit0E/Og9mckMxxnvws8Kt2zfHygNlZjeK1PRsCYrD\ncsOYBrzMmCvTwUSCNcgONWOBUoRGLAqW/Lc1ud8U47NcudezxASqPs5HgXC9JZI9\nY4wbjfm2FjWgA5NfIM3CAA8B2MBAO3jOtJ/zP8Wdvn8KXf4mWpBxKFSfT/3vKuEK\nOWO6hycMd9RJCZtKodLIP2LvHXS7eV3Eu85kFIYH0QKCAQAFzjznvaRhO0ta1Xgq\nA92cvdXLG8vPjs6F5luwhJiJaLOwhrIDVSIAESkeFsaMsw4ZueqmIxBM4Qh8UGOT\nbEtPmx5ZwyLkEU1VLlkZmqCnciG9fdggnGJ/Fnmbqd6KGVTirD7aazx9tna9jvrO\nuoPbjlv0m6Mcro+KQ3DQQF8Ed8r03678C6Rpy6wihjLXFoI2xVKWAw4UInMP/MHv\nLfKExvX13hZBrvSDHJ832pB/SOdOzyssumpDpVFW8weGPq7gif0j5IuZ2Ox6ytVd\nCMzL8+hZtAeJMEUvfUQIKYdO+UuBLSZ4gydpKh2Ah1zMJ2LKfsqTYDvM/4FmpWcf\npiPhAoIBADleEH3AXSu0wUT8o6vzz72eV7gAFyezTzgnfFpJKsZpTDCvj6Cf3TVq\nHWfszvpUV+ixeNiOXhD58Xtd/KpAtnfoyoLg3h4sGugYP0+tBHG+JQJwb0vkB7Sd\nqSfMTutW9uKSYx3TpAsQhE2RKFBHswQwGiybLmVPt1wqd/Yni1jA3wX/+y+yR/i/\n+SiBLIJy1OwWlZAgKcS7Uby3gtnnVUMLPdn8SjkzCWXFeKnuaY3jA7dw65fLzoor\nYhZbT3QnQVL+1IYKAj30XVRHCvFWZSp8xIPsfPWJEqoVctyT8QcvsMLeRp5vQtZR\nH77XDDvru59AZe0DiXo5aOKMacv8pmECggEAZtmRFOy/ZAEqXlLfHFo6SF0Pdubh\nUZ12mckT7sOMLrqaz/EbMSOeZrnYawGvD6VSqj9zND/lE0dFXwa9e8Wfvc4XH3Tu\nT0Y7/FdoBOXikcH47bm5truWZ2qaMqbuZ40bzmHKK+Isn9g6uM99kbOn3zZG5fdd\nakLxlc8f2JfGo7oPl89MptfYkohWmBLNRr266lnRdMgtm5Zvq+u9mobBDUhTzEZF\n9xO5Sbi76pXnjcT5NYO1TmH/P/UL2wlLBnBfeS6UkQu3QXofMro6dEIgeGYPRkJW\n5RzGbZrdRHh7FzZfjUQRVO9D3bgZFa7fcETXf4okEl9T6ROqk0w7BVdpxg==\n-----END RSA PRIVATE KEY-----\n",
            "private_key_pem_pkcs8": "-----BEGIN PRIVATE KEY-----\nMIIJQQIBADANBgkqhkiG9w0BAQEFAASCCSswggknAgEAAoICAQDNeb7A6ZHL0tzP\nCjuz2dKO5lZV93vH6XMB8rHThfXgOzNB+f34s44yglU9TnI6xCvHx6QaqsHrQIWu\nMqMayongB9e7MU6Cj5DOHFs+LeNqwitICb0xMa6eNWVfsDS6gCdUkGPtP8drz9kl\nWwfbTrA0v9DV9rxTNwj3qmU543Z7aldMXUzaB4qsAcL5gZNDHCGNjiM89/tCMEjA\nNaN260fLlDXxZ3aZ8nLzW9HOezI2+C9BHr4jnh6YX26UexAnaFd/L27lVTAGGUlQ\ngsmgLqnoQIw6SiqxT9KF1cn4F6UPS5WRBH8l8wThH3wvRflYEsoyvUd0q4cvsZJp\nQ/Y1sgjJG/Q6R91tFWb4C76VmLc0dpMKtIJ8mB1DGROdpASZYreHgJej5uVhhnaj\nmOpSuxDOMkl/WSkAKUGizrJmjZlJVmlktfDgwIJkINrOP4Oj1rdcdKI7AVUaaQeP\nQI2W/g9dZTxwz0XE7GlounVoPF3Y9xLWgFaP3kz3qKwhNVgch2Tcgx5Lvd6GkDbO\nhHddYot8psaSFv2Aw4mTqk68T4HyLsLzOFF5Rs9zbWdHwwrYoQcHup78PCK/MJMc\n9i0Wa97Lgcd1YTSSiEsiJpnHTt4BteNjlWmEPZaJs6QGUJmHXtgSxSHemjL4u9Z3\nqps8rppoxLRyJSEjJnVGPTzIysObcQIDAQABAoICAAlleOCvjbhJc0mQiTxnSKa6\nR9Z0k9eHiHfdVl568MyJSIXK3d9irq0GoslD7htb3ziqm4mQp3+Pms1liWnvOzDg\nivAHiDSWRiP2zgFg7dZy/LG1qE44nGilvnYKw86Hj8ThOYCe+wqmHaMEr65KweoX\nn4A5YVFY4fMZermT+lYYfdeDKMGLuL628eihEU/vWGV1y4y9NmNHe/w2N7x3c/gO\nVg0tExJlMPaKC2Uq4xf6b4bF1iIg1/tV2eO2YP28Wsv5KlQYejK9M0oYQQovOBvj\n38XGoH8tTE5MgYjz49t4NGXGU94zZ9S3sOEkjQuHCHIbj8n5EhyPPUfNENRRyO78\nX52MR4AkQiZ6Ts2CAzaoggdOt+lRoWVIMpXnAkRMNhZ8LeOtdhz6Yy9XYnjXowEO\nMIPV5VJ0pTDNjDJRMzAhYXnoRxNKgkSwZ0iPFhjZKwO0Vwgk5xehhCKInPd2aldU\n8ChNiOmeZFVyonx9JVG8645F1EYejAfdM5mEMpjUiVvYghDpTu4SQVSWTWp70vUf\nBw2D1916Cz2NWSEpxVwqfCY72CL/O4f6BVfy/Scq3+uKGBmGN8WD8PWz12lyHIwt\npbjJZ7zA+wg4zAKvIga5HPRR6mEzs4N1joxinbgYrDPtPb5wzciWPgjHqeB0LdyX\nwXXD1CkEYRa91N26TNoBAoIBAQD90wkMOAlfEbDHnMazUxtB/2iCEI1Lwt/X2KZ9\nZtG4JGSg8OSCVJfbprabZFty3ia61jkMwmxD21gumgZ1IhxVHz7TriMLeaoCVh8S\n6P0b+LAuYZ8TC0ozDvoL3Yl5D7WKWsY4CALlAkwsA3pmWkWwy3yqBx/9jZ1t+rgM\nf55088a7SOYqdeq6Kld5I+0XoJXSfkSKRVo0WVoTcDB9rJuItM/PgaTDlHERcUip\nt/2VVKM3lcWTUEP7JZG4rUCaFFf9aldrXgN7kF2KC0xQ+lXcQaGppmGNi0AAaysc\nGo0mh1cB/Yx+p7F+zxmOaGcRnyh0Zqa12UNTvBj1uDuceuGhAoIBAQDPPJ5SXQD9\nHs3C9Hdxaohxw2X/minvRWHWYf5Gdovq8pMtLfpNQ535uaeU5rnbTVTDxBQfXx3D\nxlls2BEMonRzsu6jkJgojtFLtQjVFEsNcR+lFvgEj/theBvY571HV9RVliK3QT86\nD2ZyQzHGe/Czwq3bN8fKA2VmN4rU9GwJisNyw5gGvMyYK9PBRII1yA41Y4FShEYs\nCpb8tzW53xTjs1y517PEBKo+zkeBcL0lkj1jjBuN+bYWNaADk18gzcIADwHYwEA7\neM60n/M/xZ2+fwpd/iZakHEoVJ9P/e8q4Qo5Y7qHJwx31EkJm0qh0sg/Yu8ddLt5\nXcS7zmQUhgfRAoIBAAXOPOe9pGE7S1rVeCoD3Zy91csby8+OzoXmW7CEmIlos7CG\nsgNVIgARKR4WxoyzDhm56qYjEEzhCHxQY5NsS0+bHlnDIuQRTVUuWRmaoKdyIb19\n2CCcYn8WeZup3ooZVOKsPtprPH22dr2O+s66g9uOW/Sboxyuj4pDcNBAXwR3yvTf\nrvwLpGnLrCKGMtcWgjbFUpYDDhQicw/8we8t8oTG9fXeFkGu9IMcnzfakH9I507P\nKyy6akOlUVbzB4Y+ruCJ/SPki5nY7HrK1V0IzMvz6Fm0B4kwRS99RAgph075S4Et\nJniDJ2kqHYCHXMwnYsp+ypNgO8z/gWalZx+mI+ECggEAOV4QfcBdK7TBRPyjq/PP\nvZ5XuAAXJ7NPOCd8WkkqxmlMMK+PoJ/dNWodZ+zO+lRX6LF42I5eEPnxe138qkC2\nd+jKguDeHiwa6Bg/T60Ecb4lAnBvS+QHtJ2pJ8xO61b24pJjHdOkCxCETZEoUEez\nBDAaLJsuZU+3XCp39ieLWMDfBf/7L7JH+L/5KIEsgnLU7BaVkCApxLtRvLeC2edV\nQws92fxKOTMJZcV4qe5pjeMDt3Drl8vOiitiFltPdCdBUv7UhgoCPfRdVEcK8VZl\nKnzEg+x89YkSqhVy3JPxBy+wwt5Gnm9C1lEfvtcMO+u7n0Bl7QOJejlo4oxpy/ym\nYQKCAQBm2ZEU7L9kASpeUt8cWjpIXQ925uFRnXaZyRPuw4wuuprP8RsxI55mudhr\nAa8PpVKqP3M0P+UTR0VfBr17xZ+9zhcfdO5PRjv8V2gE5eKRwfjtubm2u5Znapoy\npu5njRvOYcor4iyf2Dq4z32Rs6ffNkbl911qQvGVzx/Yl8ajug+Xz0ym19iSiFaY\nEs1GvbrqWdF0yC2blm+r672ahsENSFPMRkX3E7lJuLvqleeNxPk1g7VOYf8/9Qvb\nCUsGcF95LpSRC7dBeh8yujp0QiB4Zg9GQlblHMZtmt1EeHsXNl+NRBFU70PduBkV\nrt9wRNd/iiQSX1PpE6qTTDsFV2nG\n-----END PRIVATE KEY-----\n",
            "public_key_fingerprint_md5": "c5:ef:97:c0:ca:fd:15:d9:25:1b:6a:38:41:1d:9c:9e",
            "public_key_fingerprint_sha256": "SHA256:WRQl1lW7IRjAsJzgWXJkcDR2y/mTEbDJ8XUVcF0Bm2A",
            "public_key_openssh": "ssh-rsa AAAAB3NzaC1yc2EAAAADAQABAAACAQDNeb7A6ZHL0tzPCjuz2dKO5lZV93vH6XMB8rHThfXgOzNB+f34s44yglU9TnI6xCvHx6QaqsHrQIWuMqMayongB9e7MU6Cj5DOHFs+LeNqwitICb0xMa6eNWVfsDS6gCdUkGPtP8drz9klWwfbTrA0v9DV9rxTNwj3qmU543Z7aldMXUzaB4qsAcL5gZNDHCGNjiM89/tCMEjANaN260fLlDXxZ3aZ8nLzW9HOezI2+C9BHr4jnh6YX26UexAnaFd/L27lVTAGGUlQgsmgLqnoQIw6SiqxT9KF1cn4F6UPS5WRBH8l8wThH3wvRflYEsoyvUd0q4cvsZJpQ/Y1sgjJG/Q6R91tFWb4C76VmLc0dpMKtIJ8mB1DGROdpASZYreHgJej5uVhhnajmOpSuxDOMkl/WSkAKUGizrJmjZlJVmlktfDgwIJkINrOP4Oj1rdcdKI7AVUaaQePQI2W/g9dZTxwz0XE7GlounVoPF3Y9xLWgFaP3kz3qKwhNVgch2Tcgx5Lvd6GkDbOhHddYot8psaSFv2Aw4mTqk68T4HyLsLzOFF5Rs9zbWdHwwrYoQcHup78PCK/MJMc9i0Wa97Lgcd1YTSSiEsiJpnHTt4BteNjlWmEPZaJs6QGUJmHXtgSxSHemjL4u9Z3qps8rppoxLRyJSEjJnVGPTzIysObcQ==\n",
            "public_key_pem": "-----BEGIN PUBLIC KEY-----\nMIICIjANBgkqhkiG9w0BAQEFAAOCAg8AMIICCgKCAgEAzXm+wOmRy9Lczwo7s9nS\njuZWVfd7x+lzAfKx04X14DszQfn9+LOOMoJVPU5yOsQrx8ekGqrB60CFrjKjGsqJ\n4AfXuzFOgo+QzhxbPi3jasIrSAm9MTGunjVlX7A0uoAnVJBj7T/Ha8/ZJVsH206w\nNL/Q1fa8UzcI96plOeN2e2pXTF1M2geKrAHC+YGTQxwhjY4jPPf7QjBIwDWjdutH\ny5Q18Wd2mfJy81vRznsyNvgvQR6+I54emF9ulHsQJ2hXfy9u5VUwBhlJUILJoC6p\n6ECMOkoqsU/ShdXJ+BelD0uVkQR/JfME4R98L0X5WBLKMr1HdKuHL7GSaUP2NbII\nyRv0OkfdbRVm+Au+lZi3NHaTCrSCfJgdQxkTnaQEmWK3h4CXo+blYYZ2o5jqUrsQ\nzjJJf1kpAClBos6yZo2ZSVZpZLXw4MCCZCDazj+Do9a3XHSiOwFVGmkHj0CNlv4P\nXWU8cM9FxOxpaLp1aDxd2PcS1oBWj95M96isITVYHIdk3IMeS73ehpA2zoR3XWKL\nfKbGkhb9gMOJk6pOvE+B8i7C8zhReUbPc21nR8MK2KEHB7qe/DwivzCTHPYtFmve\ny4HHdWE0kohLIiaZx07eAbXjY5VphD2WibOkBlCZh17YEsUh3poy+LvWd6qbPK6a\naMS0ciUhIyZ1Rj08yMrDm3ECAwEAAQ==\n-----END PUBLIC KEY-----\n",
            "rsa_bits": 4096
          },
          "sensitive_attributes": []
        }
      ]
    },
    {
      "module": "module.vpc",
      "mode": "managed",
      "type": "aws_internet_gateway",
      "name": "this",
      "provider": "provider[\"registry.terraform.io/hashicorp/aws\"]",
      "instances": [
        {
          "index_key": 0,
          "schema_version": 0,
          "attributes": {
            "arn": "arn:aws:ec2:ap-northeast-1:067494042988:internet-gateway/igw-064330bc58f9325e0",
            "id": "igw-064330bc58f9325e0",
            "owner_id": "067494042988",
            "tags": {
              "Name": "bd-vpc"
            },
            "tags_all": {
              "Name": "bd-vpc"
            },
            "timeouts": null,
            "vpc_id": "vpc-05772bca13dca61e7"
          },
          "sensitive_attributes": [],
          "private": "eyJlMmJmYjczMC1lY2FhLTExZTYtOGY4OC0zNDM2M2JjN2M0YzAiOnsiY3JlYXRlIjoxMjAwMDAwMDAwMDAwLCJkZWxldGUiOjEyMDAwMDAwMDAwMDAsInVwZGF0ZSI6MTIwMDAwMDAwMDAwMH19",
          "dependencies": [
            "module.vpc.aws_vpc.this",
            "module.vpc.aws_vpc_ipv4_cidr_block_association.this"
          ]
        }
      ]
    },
    {
      "module": "module.vpc",
      "mode": "managed",
      "type": "aws_subnet",
      "name": "public",
      "provider": "provider[\"registry.terraform.io/hashicorp/aws\"]",
      "instances": [
        {
          "index_key": 0,
          "schema_version": 1,
          "attributes": {
            "arn": "arn:aws:ec2:ap-northeast-1:067494042988:subnet/subnet-031bc1e1063e5eb00",
            "assign_ipv6_address_on_creation": false,
            "availability_zone": "ap-northeast-1a",
            "availability_zone_id": "apne1-az4",
            "cidr_block": "10.0.0.0/26",
            "customer_owned_ipv4_pool": "",
            "enable_dns64": false,
            "enable_resource_name_dns_a_record_on_launch": false,
            "enable_resource_name_dns_aaaa_record_on_launch": false,
            "id": "subnet-031bc1e1063e5eb00",
            "ipv6_cidr_block": "",
            "ipv6_cidr_block_association_id": "",
            "ipv6_native": false,
            "map_customer_owned_ip_on_launch": false,
            "map_public_ip_on_launch": true,
            "outpost_arn": "",
            "owner_id": "067494042988",
            "private_dns_hostname_type_on_launch": "ip-name",
            "tags": {
              "Name": "bd-vpc-public-ap-northeast-1a"
            },
            "tags_all": {
              "Name": "bd-vpc-public-ap-northeast-1a"
            },
            "timeouts": null,
            "vpc_id": "vpc-05772bca13dca61e7"
          },
          "sensitive_attributes": [],
          "private": "eyJlMmJmYjczMC1lY2FhLTExZTYtOGY4OC0zNDM2M2JjN2M0YzAiOnsiY3JlYXRlIjo2MDAwMDAwMDAwMDAsImRlbGV0ZSI6MTIwMDAwMDAwMDAwMH0sInNjaGVtYV92ZXJzaW9uIjoiMSJ9",
          "dependencies": [
            "data.aws_availability_zones.available",
            "module.vpc.aws_vpc.this",
            "module.vpc.aws_vpc_ipv4_cidr_block_association.this"
          ]
        },
        {
          "index_key": 1,
          "schema_version": 1,
          "attributes": {
            "arn": "arn:aws:ec2:ap-northeast-1:067494042988:subnet/subnet-07d827a6f33d5d982",
            "assign_ipv6_address_on_creation": false,
            "availability_zone": "ap-northeast-1c",
            "availability_zone_id": "apne1-az1",
            "cidr_block": "10.0.0.64/26",
            "customer_owned_ipv4_pool": "",
            "enable_dns64": false,
            "enable_resource_name_dns_a_record_on_launch": false,
            "enable_resource_name_dns_aaaa_record_on_launch": false,
            "id": "subnet-07d827a6f33d5d982",
            "ipv6_cidr_block": "",
            "ipv6_cidr_block_association_id": "",
            "ipv6_native": false,
            "map_customer_owned_ip_on_launch": false,
            "map_public_ip_on_launch": true,
            "outpost_arn": "",
            "owner_id": "067494042988",
            "private_dns_hostname_type_on_launch": "ip-name",
            "tags": {
              "Name": "bd-vpc-public-ap-northeast-1c"
            },
            "tags_all": {
              "Name": "bd-vpc-public-ap-northeast-1c"
            },
            "timeouts": null,
            "vpc_id": "vpc-05772bca13dca61e7"
          },
          "sensitive_attributes": [],
          "private": "eyJlMmJmYjczMC1lY2FhLTExZTYtOGY4OC0zNDM2M2JjN2M0YzAiOnsiY3JlYXRlIjo2MDAwMDAwMDAwMDAsImRlbGV0ZSI6MTIwMDAwMDAwMDAwMH0sInNjaGVtYV92ZXJzaW9uIjoiMSJ9",
          "dependencies": [
            "data.aws_availability_zones.available",
            "module.vpc.aws_vpc.this",
            "module.vpc.aws_vpc_ipv4_cidr_block_association.this"
          ]
        }
      ]
    },
    {
      "module": "module.vpc",
      "mode": "managed",
      "type": "aws_vpc",
      "name": "this",
      "provider": "provider[\"registry.terraform.io/hashicorp/aws\"]",
      "instances": [
        {
          "index_key": 0,
          "schema_version": 1,
          "attributes": {
            "arn": "arn:aws:ec2:ap-northeast-1:067494042988:vpc/vpc-05772bca13dca61e7",
            "assign_generated_ipv6_cidr_block": false,
            "cidr_block": "10.0.0.0/16",
            "default_network_acl_id": "acl-03a1e305067943c0a",
            "default_route_table_id": "rtb-0c47f0f114d92d6d1",
            "default_security_group_id": "sg-020bb158c8cada7c3",
            "dhcp_options_id": "dopt-820244e5",
            "enable_classiclink": false,
            "enable_classiclink_dns_support": false,
            "enable_dns_hostnames": false,
            "enable_dns_support": true,
            "enable_network_address_usage_metrics": false,
            "id": "vpc-05772bca13dca61e7",
            "instance_tenancy": "default",
            "ipv4_ipam_pool_id": null,
            "ipv4_netmask_length": null,
            "ipv6_association_id": "",
            "ipv6_cidr_block": "",
            "ipv6_cidr_block_network_border_group": "",
            "ipv6_ipam_pool_id": "",
            "ipv6_netmask_length": 0,
            "main_route_table_id": "rtb-0c47f0f114d92d6d1",
            "owner_id": "067494042988",
            "tags": {
              "Name": "bd-vpc"
            },
            "tags_all": {
              "Name": "bd-vpc"
            }
          },
          "sensitive_attributes": [],
          "private": "eyJzY2hlbWFfdmVyc2lvbiI6IjEifQ=="
        }
      ]
    }
  ],
  "check_results": null
}
