{
  "version": 4,
  "terraform_version": "1.3.4",
  "serial": 4940,
  "lineage": "bcce0505-4f3a-b984-70b8-9e80adea4655",
  "outputs": {
    "publicIP": {
      "value": [
        [
          "54.95.217.24",
          "54.238.67.119",
          "13.114.92.247"
        ]
      ],
      "type": [
        "tuple",
        [
          [
            "tuple",
            [
              "string",
              "string",
              "string"
            ]
          ]
        ]
      ]
    }
  },
  "resources": [
    {
      "mode": "data",
      "type": "aws_ami_ids",
      "name": "ami",
      "provider": "provider[\"registry.terraform.io/hashicorp/aws\"]",
      "instances": [
        {
          "schema_version": 0,
          "attributes": {
            "executable_users": null,
            "filter": [
              {
                "name": "name",
                "values": [
                  "*ubuntu-focal-20.04-amd64-server-20211021*"
                ]
              }
            ],
            "id": "2862058812",
            "ids": [
              "ami-036d0684fc96830ca"
            ],
            "name_regex": null,
            "owners": [
              "self",
              "amazon",
              "099720109477"
            ],
            "sort_ascending": false,
            "timeouts": null
          },
          "sensitive_attributes": []
        }
      ]
    },
    {
      "mode": "data",
      "type": "aws_availability_zones",
      "name": "available",
      "provider": "provider[\"registry.terraform.io/hashicorp/aws\"]",
      "instances": [
        {
          "schema_version": 0,
          "attributes": {
            "all_availability_zones": null,
            "exclude_names": null,
            "exclude_zone_ids": null,
            "filter": null,
            "group_names": [
              "ap-northeast-1"
            ],
            "id": "ap-northeast-1",
            "names": [
              "ap-northeast-1a",
              "ap-northeast-1c",
              "ap-northeast-1d"
            ],
            "state": "available",
            "timeouts": null,
            "zone_ids": [
              "apne1-az4",
              "apne1-az1",
              "apne1-az2"
            ]
          },
          "sensitive_attributes": []
        }
      ]
    },
    {
      "mode": "managed",
      "type": "aws_ebs_volume",
      "name": "ebs",
      "provider": "provider[\"registry.terraform.io/hashicorp/aws\"]",
      "instances": [
        {
          "index_key": 0,
          "schema_version": 0,
          "attributes": {
            "arn": "arn:aws:ec2:ap-northeast-1:067494042988:volume/vol-0f8be201908cf9eac",
            "availability_zone": "ap-northeast-1a",
            "encrypted": false,
            "final_snapshot": false,
            "id": "vol-0f8be201908cf9eac",
            "iops": 100,
            "kms_key_id": "",
            "multi_attach_enabled": false,
            "outpost_arn": "",
            "size": 24,
            "snapshot_id": "",
            "tags": null,
            "tags_all": {},
            "throughput": 0,
            "timeouts": null,
            "type": "gp2"
          },
          "sensitive_attributes": [],
          "private": "eyJlMmJmYjczMC1lY2FhLTExZTYtOGY4OC0zNDM2M2JjN2M0YzAiOnsiY3JlYXRlIjozMDAwMDAwMDAwMDAsImRlbGV0ZSI6MzAwMDAwMDAwMDAwLCJ1cGRhdGUiOjMwMDAwMDAwMDAwMH19",
          "dependencies": [
            "data.aws_availability_zones.available"
          ]
        },
        {
          "index_key": 1,
          "schema_version": 0,
          "attributes": {
            "arn": "arn:aws:ec2:ap-northeast-1:067494042988:volume/vol-0ddadf31da33ea049",
            "availability_zone": "ap-northeast-1a",
            "encrypted": false,
            "final_snapshot": false,
            "id": "vol-0ddadf31da33ea049",
            "iops": 100,
            "kms_key_id": "",
            "multi_attach_enabled": false,
            "outpost_arn": "",
            "size": 24,
            "snapshot_id": "",
            "tags": null,
            "tags_all": {},
            "throughput": 0,
            "timeouts": null,
            "type": "gp2"
          },
          "sensitive_attributes": [],
          "private": "eyJlMmJmYjczMC1lY2FhLTExZTYtOGY4OC0zNDM2M2JjN2M0YzAiOnsiY3JlYXRlIjozMDAwMDAwMDAwMDAsImRlbGV0ZSI6MzAwMDAwMDAwMDAwLCJ1cGRhdGUiOjMwMDAwMDAwMDAwMH19",
          "dependencies": [
            "data.aws_availability_zones.available"
          ]
        },
        {
          "index_key": 2,
          "schema_version": 0,
          "attributes": {
            "arn": "arn:aws:ec2:ap-northeast-1:067494042988:volume/vol-065efd54c465a74c0",
            "availability_zone": "ap-northeast-1a",
            "encrypted": false,
            "final_snapshot": false,
            "id": "vol-065efd54c465a74c0",
            "iops": 100,
            "kms_key_id": "",
            "multi_attach_enabled": false,
            "outpost_arn": "",
            "size": 24,
            "snapshot_id": "",
            "tags": null,
            "tags_all": {},
            "throughput": 0,
            "timeouts": null,
            "type": "gp2"
          },
          "sensitive_attributes": [],
          "private": "eyJlMmJmYjczMC1lY2FhLTExZTYtOGY4OC0zNDM2M2JjN2M0YzAiOnsiY3JlYXRlIjozMDAwMDAwMDAwMDAsImRlbGV0ZSI6MzAwMDAwMDAwMDAwLCJ1cGRhdGUiOjMwMDAwMDAwMDAwMH19",
          "dependencies": [
            "data.aws_availability_zones.available"
          ]
        }
      ]
    },
    {
      "mode": "managed",
      "type": "aws_instance",
      "name": "instances",
      "provider": "provider[\"registry.terraform.io/hashicorp/aws\"]",
      "instances": [
        {
          "index_key": 0,
          "schema_version": 1,
          "attributes": {
            "ami": "ami-036d0684fc96830ca",
            "arn": "arn:aws:ec2:ap-northeast-1:067494042988:instance/i-0fa5594662688aab4",
            "associate_public_ip_address": true,
            "availability_zone": "ap-northeast-1a",
            "capacity_reservation_specification": [
              {
                "capacity_reservation_preference": "open",
                "capacity_reservation_target": []
              }
            ],
            "cpu_core_count": 1,
            "cpu_threads_per_core": 2,
            "credit_specification": [
              {
                "cpu_credits": "unlimited"
              }
            ],
            "disable_api_stop": false,
            "disable_api_termination": false,
            "ebs_block_device": [],
            "ebs_optimized": false,
            "enclave_options": [
              {
                "enabled": false
              }
            ],
            "ephemeral_block_device": [],
            "get_password_data": false,
            "hibernation": false,
            "host_id": null,
            "host_resource_group_arn": null,
            "iam_instance_profile": "",
            "id": "i-0fa5594662688aab4",
            "instance_initiated_shutdown_behavior": "stop",
            "instance_state": "running",
            "instance_type": "t3.medium",
            "ipv6_address_count": 0,
            "ipv6_addresses": [],
            "key_name": "bd",
            "launch_template": [],
            "maintenance_options": [
              {
                "auto_recovery": "default"
              }
            ],
            "metadata_options": [
              {
                "http_endpoint": "enabled",
                "http_put_response_hop_limit": 1,
                "http_tokens": "optional",
                "instance_metadata_tags": "disabled"
              }
            ],
            "monitoring": false,
            "network_interface": [],
            "outpost_arn": "",
            "password_data": "",
            "placement_group": "",
            "placement_partition_number": null,
            "primary_network_interface_id": "eni-065071d984538ebdf",
            "private_dns": "ip-10-0-0-20.ap-northeast-1.compute.internal",
            "private_dns_name_options": [
              {
                "enable_resource_name_dns_a_record": false,
                "enable_resource_name_dns_aaaa_record": false,
                "hostname_type": "ip-name"
              }
            ],
            "private_ip": "10.0.0.20",
            "public_dns": "",
            "public_ip": "54.95.217.24",
            "root_block_device": [
              {
                "delete_on_termination": true,
                "device_name": "/dev/sda1",
                "encrypted": false,
                "iops": 100,
                "kms_key_id": "",
                "tags": {
                  "Author": "Jason.SC.Cheng",
                  "Name": "bd-wrk1-ebs",
                  "Team": "COD",
                  "terraform": "true"
                },
                "throughput": 0,
                "volume_id": "vol-01bc18ac6c7ef76a8",
                "volume_size": 24,
                "volume_type": "gp2"
              }
            ],
            "secondary_private_ips": [],
            "security_groups": [],
            "source_dest_check": true,
            "subnet_id": "subnet-093aac2450bf9be44",
            "tags": {
              "Author": "Jason.SC.Cheng",
              "Name": "bd1",
              "Team": "COD",
              "terraform": "true"
            },
            "tags_all": {
              "Author": "Jason.SC.Cheng",
              "Name": "bd1",
              "Team": "COD",
              "terraform": "true"
            },
            "tenancy": "default",
            "timeouts": null,
            "user_data": null,
            "user_data_base64": null,
            "user_data_replace_on_change": false,
            "volume_tags": null,
            "vpc_security_group_ids": [
              "sg-062d40a6600b93931"
            ]
          },
          "sensitive_attributes": [],
          "private": "eyJlMmJmYjczMC1lY2FhLTExZTYtOGY4OC0zNDM2M2JjN2M0YzAiOnsiY3JlYXRlIjo2MDAwMDAwMDAwMDAsImRlbGV0ZSI6MTIwMDAwMDAwMDAwMCwidXBkYXRlIjo2MDAwMDAwMDAwMDB9LCJzY2hlbWFfdmVyc2lvbiI6IjEifQ==",
          "dependencies": [
            "aws_key_pair.aws_key",
            "aws_security_group.sg-all",
            "data.aws_ami_ids.ami",
            "data.aws_availability_zones.available",
            "module.vpc.aws_subnet.public",
            "module.vpc.aws_vpc.this",
            "module.vpc.aws_vpc_ipv4_cidr_block_association.this",
            "tls_private_key.key"
          ]
        },
        {
          "index_key": 1,
          "schema_version": 1,
          "attributes": {
            "ami": "ami-036d0684fc96830ca",
            "arn": "arn:aws:ec2:ap-northeast-1:067494042988:instance/i-04a76d62066e03c4b",
            "associate_public_ip_address": true,
            "availability_zone": "ap-northeast-1a",
            "capacity_reservation_specification": [
              {
                "capacity_reservation_preference": "open",
                "capacity_reservation_target": []
              }
            ],
            "cpu_core_count": 1,
            "cpu_threads_per_core": 2,
            "credit_specification": [
              {
                "cpu_credits": "unlimited"
              }
            ],
            "disable_api_stop": false,
            "disable_api_termination": false,
            "ebs_block_device": [],
            "ebs_optimized": false,
            "enclave_options": [
              {
                "enabled": false
              }
            ],
            "ephemeral_block_device": [],
            "get_password_data": false,
            "hibernation": false,
            "host_id": null,
            "host_resource_group_arn": null,
            "iam_instance_profile": "",
            "id": "i-04a76d62066e03c4b",
            "instance_initiated_shutdown_behavior": "stop",
            "instance_state": "running",
            "instance_type": "t3.medium",
            "ipv6_address_count": 0,
            "ipv6_addresses": [],
            "key_name": "bd",
            "launch_template": [],
            "maintenance_options": [
              {
                "auto_recovery": "default"
              }
            ],
            "metadata_options": [
              {
                "http_endpoint": "enabled",
                "http_put_response_hop_limit": 1,
                "http_tokens": "optional",
                "instance_metadata_tags": "disabled"
              }
            ],
            "monitoring": false,
            "network_interface": [],
            "outpost_arn": "",
            "password_data": "",
            "placement_group": "",
            "placement_partition_number": null,
            "primary_network_interface_id": "eni-09293024318f4f372",
            "private_dns": "ip-10-0-0-21.ap-northeast-1.compute.internal",
            "private_dns_name_options": [
              {
                "enable_resource_name_dns_a_record": false,
                "enable_resource_name_dns_aaaa_record": false,
                "hostname_type": "ip-name"
              }
            ],
            "private_ip": "10.0.0.21",
            "public_dns": "",
            "public_ip": "54.238.67.119",
            "root_block_device": [
              {
                "delete_on_termination": true,
                "device_name": "/dev/sda1",
                "encrypted": false,
                "iops": 100,
                "kms_key_id": "",
                "tags": {
                  "Author": "Jason.SC.Cheng",
                  "Name": "bd-wrk2-ebs",
                  "Team": "COD",
                  "terraform": "true"
                },
                "throughput": 0,
                "volume_id": "vol-061d2c4b3925d2bf8",
                "volume_size": 24,
                "volume_type": "gp2"
              }
            ],
            "secondary_private_ips": [],
            "security_groups": [],
            "source_dest_check": true,
            "subnet_id": "subnet-093aac2450bf9be44",
            "tags": {
              "Author": "Jason.SC.Cheng",
              "Name": "bd2",
              "Team": "COD",
              "terraform": "true"
            },
            "tags_all": {
              "Author": "Jason.SC.Cheng",
              "Name": "bd2",
              "Team": "COD",
              "terraform": "true"
            },
            "tenancy": "default",
            "timeouts": null,
            "user_data": null,
            "user_data_base64": null,
            "user_data_replace_on_change": false,
            "volume_tags": null,
            "vpc_security_group_ids": [
              "sg-062d40a6600b93931"
            ]
          },
          "sensitive_attributes": [],
          "private": "eyJlMmJmYjczMC1lY2FhLTExZTYtOGY4OC0zNDM2M2JjN2M0YzAiOnsiY3JlYXRlIjo2MDAwMDAwMDAwMDAsImRlbGV0ZSI6MTIwMDAwMDAwMDAwMCwidXBkYXRlIjo2MDAwMDAwMDAwMDB9LCJzY2hlbWFfdmVyc2lvbiI6IjEifQ==",
          "dependencies": [
            "aws_key_pair.aws_key",
            "aws_security_group.sg-all",
            "data.aws_ami_ids.ami",
            "data.aws_availability_zones.available",
            "module.vpc.aws_subnet.public",
            "module.vpc.aws_vpc.this",
            "module.vpc.aws_vpc_ipv4_cidr_block_association.this",
            "tls_private_key.key"
          ]
        },
        {
          "index_key": 2,
          "schema_version": 1,
          "attributes": {
            "ami": "ami-036d0684fc96830ca",
            "arn": "arn:aws:ec2:ap-northeast-1:067494042988:instance/i-04e6bcd7272bdd50d",
            "associate_public_ip_address": true,
            "availability_zone": "ap-northeast-1a",
            "capacity_reservation_specification": [
              {
                "capacity_reservation_preference": "open",
                "capacity_reservation_target": []
              }
            ],
            "cpu_core_count": 1,
            "cpu_threads_per_core": 2,
            "credit_specification": [
              {
                "cpu_credits": "unlimited"
              }
            ],
            "disable_api_stop": false,
            "disable_api_termination": false,
            "ebs_block_device": [],
            "ebs_optimized": false,
            "enclave_options": [
              {
                "enabled": false
              }
            ],
            "ephemeral_block_device": [],
            "get_password_data": false,
            "hibernation": false,
            "host_id": null,
            "host_resource_group_arn": null,
            "iam_instance_profile": "",
            "id": "i-04e6bcd7272bdd50d",
            "instance_initiated_shutdown_behavior": "stop",
            "instance_state": "running",
            "instance_type": "t3.medium",
            "ipv6_address_count": 0,
            "ipv6_addresses": [],
            "key_name": "bd",
            "launch_template": [],
            "maintenance_options": [
              {
                "auto_recovery": "default"
              }
            ],
            "metadata_options": [
              {
                "http_endpoint": "enabled",
                "http_put_response_hop_limit": 1,
                "http_tokens": "optional",
                "instance_metadata_tags": "disabled"
              }
            ],
            "monitoring": false,
            "network_interface": [],
            "outpost_arn": "",
            "password_data": "",
            "placement_group": "",
            "placement_partition_number": null,
            "primary_network_interface_id": "eni-0e4210fc601d368d8",
            "private_dns": "ip-10-0-0-25.ap-northeast-1.compute.internal",
            "private_dns_name_options": [
              {
                "enable_resource_name_dns_a_record": false,
                "enable_resource_name_dns_aaaa_record": false,
                "hostname_type": "ip-name"
              }
            ],
            "private_ip": "10.0.0.25",
            "public_dns": "",
            "public_ip": "13.114.92.247",
            "root_block_device": [
              {
                "delete_on_termination": true,
                "device_name": "/dev/sda1",
                "encrypted": false,
                "iops": 100,
                "kms_key_id": "",
                "tags": {
                  "Author": "Jason.SC.Cheng",
                  "Name": "bd-wrk3-ebs",
                  "Team": "COD",
                  "terraform": "true"
                },
                "throughput": 0,
                "volume_id": "vol-0e9460406e5c8b0c0",
                "volume_size": 24,
                "volume_type": "gp2"
              }
            ],
            "secondary_private_ips": [],
            "security_groups": [],
            "source_dest_check": true,
            "subnet_id": "subnet-093aac2450bf9be44",
            "tags": {
              "Author": "Jason.SC.Cheng",
              "Name": "bd3",
              "Team": "COD",
              "terraform": "true"
            },
            "tags_all": {
              "Author": "Jason.SC.Cheng",
              "Name": "bd3",
              "Team": "COD",
              "terraform": "true"
            },
            "tenancy": "default",
            "timeouts": null,
            "user_data": null,
            "user_data_base64": null,
            "user_data_replace_on_change": false,
            "volume_tags": null,
            "vpc_security_group_ids": [
              "sg-062d40a6600b93931"
            ]
          },
          "sensitive_attributes": [],
          "private": "eyJlMmJmYjczMC1lY2FhLTExZTYtOGY4OC0zNDM2M2JjN2M0YzAiOnsiY3JlYXRlIjo2MDAwMDAwMDAwMDAsImRlbGV0ZSI6MTIwMDAwMDAwMDAwMCwidXBkYXRlIjo2MDAwMDAwMDAwMDB9LCJzY2hlbWFfdmVyc2lvbiI6IjEifQ==",
          "dependencies": [
            "aws_key_pair.aws_key",
            "aws_security_group.sg-all",
            "data.aws_ami_ids.ami",
            "data.aws_availability_zones.available",
            "module.vpc.aws_subnet.public",
            "module.vpc.aws_vpc.this",
            "module.vpc.aws_vpc_ipv4_cidr_block_association.this",
            "tls_private_key.key"
          ]
        }
      ]
    },
    {
      "mode": "managed",
      "type": "aws_key_pair",
      "name": "aws_key",
      "provider": "provider[\"registry.terraform.io/hashicorp/aws\"]",
      "instances": [
        {
          "schema_version": 1,
          "attributes": {
            "arn": "arn:aws:ec2:ap-northeast-1:067494042988:key-pair/bd",
            "fingerprint": "1c:2e:9d:8a:80:62:2e:69:aa:f0:71:21:ad:e3:1a:60",
            "id": "bd",
            "key_name": "bd",
            "key_name_prefix": "",
            "key_pair_id": "key-03b67bca781e795f3",
            "key_type": "rsa",
            "public_key": "ssh-rsa AAAAB3NzaC1yc2EAAAADAQABAAACAQC0tk1zGajjtQ72bF7ikxezbG1dgQSDYJIXSY4bh/7tX056AXJWTxdlO48ULO/SRH+V1HohiWwVEk88iLmlCuudV/cEfvGtwDSwrfm63bZdMEEUS3+JOB8b7OGsVl9Gm7oye9KN7wWsQq5pvpdDnMAV5AArIZVRqplQMre8z/Tge21k8Jo203it+XYLjjmmgnIhwYBlJTo76gsUjLGweyK4zg9ZIUEDzr2VU+oX4Vyoj5GMHeVPdzobA4UYwqxNz13pyhcC/KajemhL/UZC0AuxqtDMfYNM3NJjjSnzntqWhEwxaeoZcggdT6gqpsDfCVxoBm5ck5MZZFiLz3pN5G2RL45Yfst1yv+iqNYKLK6Xv3YKKy5HR/Tkk0kGtlZFaAwS5RNDEJ2w5/AftviiP+7EpeLPd961eINil+cctYNpPvgl5IYSvqlDUoVBF54AeFxF2SjBdi48Pm0y0Iobj730+RT+iVcWu+0BC3rwDY4Prmg9dWQE+JH0yOiUwUJaznPSNOz4JB+D9ytwy/72HxSVRtEcuv4LX0zU8t/m8s0EF4kyQguJeTu7McpT0elsHPYBbtAnMzbYrQprWIq3p1Kcj/i2ZgAPlKqDJh2Q6/2t848ZpagTyf2BQg+ns6+yGeNvjX9DoolCGRTp+fkG66goJItJp5RC8/Jg2rxo5zJm0w==",
            "tags": {
              "Author": "Jason.SC.Cheng",
              "Team": "COD",
              "terraform": "true"
            },
            "tags_all": {
              "Author": "Jason.SC.Cheng",
              "Team": "COD",
              "terraform": "true"
            }
          },
          "sensitive_attributes": [],
          "private": "eyJzY2hlbWFfdmVyc2lvbiI6IjEifQ==",
          "dependencies": [
            "tls_private_key.key"
          ]
        }
      ]
    },
    {
      "mode": "managed",
      "type": "aws_security_group",
      "name": "sg-all",
      "provider": "provider[\"registry.terraform.io/hashicorp/aws\"]",
      "instances": [
        {
          "schema_version": 1,
          "attributes": {
            "arn": "arn:aws:ec2:ap-northeast-1:067494042988:security-group/sg-062d40a6600b93931",
            "description": "Managed by Terraform",
            "egress": [
              {
                "cidr_blocks": [
                  "0.0.0.0/0"
                ],
                "description": "outbound",
                "from_port": 0,
                "ipv6_cidr_blocks": [
                  "::/0"
                ],
                "prefix_list_ids": [],
                "protocol": "-1",
                "security_groups": [],
                "self": false,
                "to_port": 0
              }
            ],
            "id": "sg-062d40a6600b93931",
            "ingress": [
              {
                "cidr_blocks": [
                  "10.0.0.0/26",
                  "10.0.0.64/26"
                ],
                "description": "internal",
                "from_port": 0,
                "ipv6_cidr_blocks": [],
                "prefix_list_ids": [],
                "protocol": "tcp",
                "security_groups": [],
                "self": false,
                "to_port": 65535
              },
              {
                "cidr_blocks": [
                  "118.163.108.246/32",
                  "220.130.164.120/32",
                  "61.216.155.110/32",
                  "118.163.58.7/32",
                  "61.216.155.110/32",
                  "123.194.138.73/32",
                  "3.73.140.118/32",
                  "59.124.119.126/32",
                  "220.130.164.120/32"
                ],
                "description": "all public",
                "from_port": 0,
                "ipv6_cidr_blocks": [],
                "prefix_list_ids": [],
                "protocol": "-1",
                "security_groups": [],
                "self": false,
                "to_port": 65535
              }
            ],
            "name": "bd-sg",
            "name_prefix": "",
            "owner_id": "067494042988",
            "revoke_rules_on_delete": false,
            "tags": {
              "Author": "Jason.SC.Cheng",
              "Name": "bd-sg",
              "Team": "COD",
              "terraform": "true"
            },
            "tags_all": {
              "Author": "Jason.SC.Cheng",
              "Name": "bd-sg",
              "Team": "COD",
              "terraform": "true"
            },
            "timeouts": null,
            "vpc_id": "vpc-0ccda6d597e913915"
          },
          "sensitive_attributes": [],
          "private": "eyJlMmJmYjczMC1lY2FhLTExZTYtOGY4OC0zNDM2M2JjN2M0YzAiOnsiY3JlYXRlIjo2MDAwMDAwMDAwMDAsImRlbGV0ZSI6OTAwMDAwMDAwMDAwfSwic2NoZW1hX3ZlcnNpb24iOiIxIn0=",
          "dependencies": [
            "data.aws_availability_zones.available",
            "module.vpc.aws_subnet.public",
            "module.vpc.aws_vpc.this",
            "module.vpc.aws_vpc_ipv4_cidr_block_association.this"
          ]
        }
      ]
    },
    {
      "mode": "managed",
      "type": "aws_volume_attachment",
      "name": "ebs_att",
      "provider": "provider[\"registry.terraform.io/hashicorp/aws\"]",
      "instances": [
        {
          "index_key": 0,
          "schema_version": 0,
          "attributes": {
            "device_name": "/dev/sdh",
            "force_detach": true,
            "id": "vai-3724486972",
            "instance_id": "i-0fa5594662688aab4",
            "skip_destroy": null,
            "stop_instance_before_detaching": null,
            "timeouts": null,
            "volume_id": "vol-0f8be201908cf9eac"
          },
          "sensitive_attributes": [],
          "private": "eyJlMmJmYjczMC1lY2FhLTExZTYtOGY4OC0zNDM2M2JjN2M0YzAiOnsiY3JlYXRlIjozMDAwMDAwMDAwMDAsImRlbGV0ZSI6MzAwMDAwMDAwMDAwfX0=",
          "dependencies": [
            "aws_ebs_volume.ebs",
            "aws_instance.instances",
            "aws_key_pair.aws_key",
            "aws_security_group.sg-all",
            "data.aws_ami_ids.ami",
            "data.aws_availability_zones.available",
            "module.vpc.aws_subnet.public",
            "module.vpc.aws_vpc.this",
            "module.vpc.aws_vpc_ipv4_cidr_block_association.this",
            "tls_private_key.key"
          ]
        },
        {
          "index_key": 1,
          "schema_version": 0,
          "attributes": {
            "device_name": "/dev/sdh",
            "force_detach": true,
            "id": "vai-1906553076",
            "instance_id": "i-04a76d62066e03c4b",
            "skip_destroy": null,
            "stop_instance_before_detaching": null,
            "timeouts": null,
            "volume_id": "vol-0ddadf31da33ea049"
          },
          "sensitive_attributes": [],
          "private": "eyJlMmJmYjczMC1lY2FhLTExZTYtOGY4OC0zNDM2M2JjN2M0YzAiOnsiY3JlYXRlIjozMDAwMDAwMDAwMDAsImRlbGV0ZSI6MzAwMDAwMDAwMDAwfX0=",
          "dependencies": [
            "aws_ebs_volume.ebs",
            "aws_instance.instances",
            "aws_key_pair.aws_key",
            "aws_security_group.sg-all",
            "data.aws_ami_ids.ami",
            "data.aws_availability_zones.available",
            "module.vpc.aws_subnet.public",
            "module.vpc.aws_vpc.this",
            "module.vpc.aws_vpc_ipv4_cidr_block_association.this",
            "tls_private_key.key"
          ]
        },
        {
          "index_key": 2,
          "schema_version": 0,
          "attributes": {
            "device_name": "/dev/sdh",
            "force_detach": true,
            "id": "vai-2725010352",
            "instance_id": "i-04e6bcd7272bdd50d",
            "skip_destroy": null,
            "stop_instance_before_detaching": null,
            "timeouts": null,
            "volume_id": "vol-065efd54c465a74c0"
          },
          "sensitive_attributes": [],
          "private": "eyJlMmJmYjczMC1lY2FhLTExZTYtOGY4OC0zNDM2M2JjN2M0YzAiOnsiY3JlYXRlIjozMDAwMDAwMDAwMDAsImRlbGV0ZSI6MzAwMDAwMDAwMDAwfX0=",
          "dependencies": [
            "aws_ebs_volume.ebs",
            "aws_instance.instances",
            "aws_key_pair.aws_key",
            "aws_security_group.sg-all",
            "data.aws_ami_ids.ami",
            "data.aws_availability_zones.available",
            "module.vpc.aws_subnet.public",
            "module.vpc.aws_vpc.this",
            "module.vpc.aws_vpc_ipv4_cidr_block_association.this",
            "tls_private_key.key"
          ]
        }
      ]
    },
    {
      "mode": "managed",
      "type": "local_file",
      "name": "ansible_cfg",
      "provider": "provider[\"registry.terraform.io/hashicorp/local\"]",
      "instances": [
        {
          "schema_version": 0,
          "attributes": {
            "content": "[defaults]\nprivate_key_file = ../terraform/bd.pem\ninventory = inventory/bd.inv\nhost_key_checking = False\nremote_User = ubuntu\npipelining = true\n\n[privilege_escalation]\nbecome_ask_pass = false\ntimeout = 30",
            "content_base64": null,
            "directory_permission": "0777",
            "file_permission": "0777",
            "filename": "../ansible/ansible.cfg",
            "id": "d8ceea0900b3be4a6a01cbadbcc7ec3c93c99565",
            "sensitive_content": null,
            "source": null
          },
          "sensitive_attributes": [],
          "private": "bnVsbA==",
          "dependencies": [
            "aws_instance.instances",
            "aws_key_pair.aws_key",
            "aws_security_group.sg-all",
            "data.aws_ami_ids.ami",
            "data.aws_availability_zones.available",
            "module.vpc.aws_subnet.public",
            "module.vpc.aws_vpc.this",
            "module.vpc.aws_vpc_ipv4_cidr_block_association.this",
            "tls_private_key.key"
          ]
        }
      ]
    },
    {
      "mode": "managed",
      "type": "local_file",
      "name": "ansible_inventory",
      "provider": "provider[\"registry.terraform.io/hashicorp/local\"]",
      "instances": [
        {
          "schema_version": 0,
          "attributes": {
            "content": "[bd:children]\nnamenode\ndatanode\nexternal\nceph\nceph_adm\nceph_osd\nceph_mon\n\n[nodes]\nbd1 ansible_host=54.95.217.24 hostname='bd1'\nbd2 ansible_host=54.238.67.119 hostname='bd2'\nbd3 ansible_host=13.114.92.247 hostname='bd3'\n\n[external]\n\n[namenode]\nbd1\n\n[datanode]\nbd1\nbd2\nbd3\n\n[regionservers]\nbd[1:3]\n\n[k8sM]\nbd[1:1]\n\n[k8sS]\n\nbd[2:3]\n\n\n[kafkaBroker]\nbd[1:3]\n\n[zk]\nbd[1:3]\n\n[builder]\nbd3\n\n[ceph]\nbd[1:3]\n\n[ceph_adm]\nbd1\n\n[ceph_mon]\nbd[1:3]\n\n[ceph_osd]\nbd[1:3]",
            "content_base64": null,
            "directory_permission": "0777",
            "file_permission": "0777",
            "filename": "../ansible/inventory/bd.inv",
            "id": "19d7c41f4cb8510c8dc4e59efb1248a25877c815",
            "sensitive_content": null,
            "source": null
          },
          "sensitive_attributes": [],
          "private": "bnVsbA==",
          "dependencies": [
            "aws_instance.instances",
            "aws_key_pair.aws_key",
            "aws_security_group.sg-all",
            "data.aws_ami_ids.ami",
            "data.aws_availability_zones.available",
            "module.vpc.aws_subnet.public",
            "module.vpc.aws_vpc.this",
            "module.vpc.aws_vpc_ipv4_cidr_block_association.this",
            "tls_private_key.key"
          ]
        }
      ]
    },
    {
      "mode": "managed",
      "type": "local_file",
      "name": "pemFile",
      "provider": "provider[\"registry.terraform.io/hashicorp/local\"]",
      "instances": [
        {
          "schema_version": 0,
          "attributes": {
            "content": "-----BEGIN RSA PRIVATE KEY-----\nMIIJKAIBAAKCAgEAtLZNcxmo47UO9mxe4pMXs2xtXYEEg2CSF0mOG4f+7V9OegFy\nVk8XZTuPFCzv0kR/ldR6IYlsFRJPPIi5pQrrnVf3BH7xrcA0sK35ut22XTBBFEt/\niTgfG+zhrFZfRpu6MnvSje8FrEKuab6XQ5zAFeQAKyGVUaqZUDK3vM/04HttZPCa\nNtN4rfl2C445poJyIcGAZSU6O+oLFIyxsHsiuM4PWSFBA869lVPqF+FcqI+RjB3l\nT3c6GwOFGMKsTc9d6coXAvymo3poS/1GQtALsarQzH2DTNzSY40p857aloRMMWnq\nGXIIHU+oKqbA3wlcaAZuXJOTGWRYi896TeRtkS+OWH7Ldcr/oqjWCiyul792Cisu\nR0f05JNJBrZWRWgMEuUTQxCdsOfwH7b4oj/uxKXiz3fetXiDYpfnHLWDaT74JeSG\nEr6pQ1KFQReeAHhcRdkowXYuPD5tMtCKG4+99PkU/olXFrvtAQt68A2OD65oPXVk\nBPiR9MjolMFCWs5z0jTs+CQfg/crcMv+9h8UlUbRHLr+C19M1PLf5vLNBBeJMkIL\niXk7uzHKU9HpbBz2AW7QJzM22K0Ka1iKt6dSnI/4tmYAD5SqgyYdkOv9rfOPGaWo\nE8n9gUIPp7Ovshnjb41/Q6KJQhkU6fn5BuuoKCSLSaeUQvPyYNq8aOcyZtMCAwEA\nAQKCAgAGnAhXJmAb+/pRHwOVa+XZBSU230on9/c/7MvKy/2R9wNqyPTCnV/wru37\nwez/lsvH0h6pbVpLpwDI6QNJOw4FEjuRqYbzYO1MbQCOSh+qZuJqeJxwi2Hv5okW\ngY44ieeUgxzfXheqBkJU0ci8i1YnNtCewzqv4vp6iXBY8o41S65jm704NiHa0x3z\nLD+FjI3aGDa2/FaV7Gh9VuwE1WwesEK1ctbq6bvbY1dTikWWULH1Gv7RGj5A0K8k\nibI9olEABQk0bcM2hXqdFOVl+jADTokWgZy0yfrT80zOgUfja3FR+Vq7lYUgdVJk\nRPcW8UO09k9BCZC+xAHNE0iY4rrzHbtMBNaQd7L+WBHl5+Jmhs+SWGJZ654gnaB2\nQ/WzcXMKaadQeYnWwZ5Zwzj66+VmRsql4sGYAx17SSVerw4STUZdgMiizhmRhOxa\nYN7ZEmAaJqpqEGSjqL3KZse9FO+IuMPqrmy2Wmyd/e5V3Sq1rbbAsbLwnK0aw26o\nRt9yYXenzCnhi81/WAu8DurXQw8NPKXsp4Kwf6VAemaTC0p+/qq5IIXhCWx+0Ocp\neaJZz+47HLaqKvYWPTVhPijfQELQmO9uEGmd58z63yG+sU2KC2sjoJqqWhlUV4iy\nrSRGvQSb9B5+uwCbQH6R4p4F3PhOBAzU9LIGmORYiS8+xJhLwQKCAQEA1/NBlPrR\ncs7ueL7jF6Ezldakg8/1SQLlFEUccZlmbQdpMD3IMdHKju+9WbHlmbXhi7VwE5TY\nuAtqSIsN/I5KO12dCtyep1EtH6DrmSDZdPXL56fNOCzcXaDhvyiSQjRhMoUDucmo\nB5jkXYj/g/ieWqWvop+xgtLY8+kuaqlixbFIBnOD0equ01XfTbKYYYYYvCp61rLw\njE1iHwcBUjNsuX9NjhsGltcwf55rqNYAxouVCrBqSsToYccuX6QO37qwpgDx748g\nc33m8V6etEE8iiufg2fY5XQ71+0KqiurWi8sxLLNKsvmgJn+XbnOQDi7iOssSEty\nwx/gP4WXfuNeYQKCAQEA1joI6HibIaxEXH5TABY2N0hWmYRPAkBB871U6rV1cifQ\nnUKds++leJpZcFBwukQwgxAk0nSAFJMN7GSDTYrsdepWiA0/rjZ8P0tdKOry+k2/\n0MMy9FhN5SD+c01CUMhON30inFpn2segF4kVb8id0U+X68wW1qUApb8+cffHxQt0\nu+mEzVeiPr1QRo80NLZKl1fIFGxs6vKei8BkadxPlIlvTZ/RPkp0+RbTrTTM0Okw\nzXPovGqMTChiFMN6ageK91CgD4UV2nwawJaYLhltyPSBvnfgq/dVxQSUgqHWH5LV\n4JE0aX/QUUNzVVdp58Jo1P5P1RZD+ItvP38FHaYJswKCAQEAh+pyvHGgocHcFeMO\nyzCKZyRRJyUcHHfV9owI+vaxoK2pZtN7zN9dvdjmNC3jdHslGel4QNrODAgjPMVI\naEymK/cfgFabBHPzEpUVs6sZMqQBUiwq3dBeYg+ABfBjHYgaJNHTJnvlZeK02KoB\nJ+6yvBrMEG6yKsTKB7obnMY/hG2wB19s+BHdNuY1RZHClp7vsn6KEddNzwBlYWHn\nUvVK2PVmuqoH26hUvf3XhMwscMopZDDktWp5WBEk/s0jD21RASpXG4/ZvNbhI8mJ\n2am1kMEkBHC38rLVd3GZ5MDXeEt4wdRHjUgIK6jAj/0B8ynB3sslc9sIwAav/Ur3\nrsUsAQKCAQBsWBOTRxPmNtKoGLdvjsxCr1Ik+BZhZBA27mVZAwbwAhTuw/cwPp5o\nXV+ofvZULhJ+5pZI3eS9AxaCnN8PQ5iNlkPHMTQorqOt+zaVcCYM02+UbHSDwXk7\nzbECrWtBodx1EdOEUfC+ZEGiRZFS5Jp0dpW2CpTuX6rxKMSzLQaasE2Mj/C7TXvf\n0S0dUmWr1xnoatvlAGUhei0XLulZ5LNWwx9ImfBgWZXJOHM74T1I1vb4oYtuZ1Cn\nX7EjIS3zG/d7Vwpsbvl7c1KwXjl+7xtoC8jmhIhbUI7PQp69Zo39j+ydU7K3PI4l\n20AkRD5qmRcdybSkZ0tfE13jNiFnOkcjAoIBAGz6AONMzoedhMCfUZyIXF8d3IAg\n/dA6aXM+AO/ddseFyuml5bBYnfYlK5kmzjzuQ+Jf0j/1bMKGpcdt+VO7WskfT0zG\nxpAPq/zpnLxvvWT6xzlNbbNROUsZIqZm82UwVd1+qXpAcwpk48JasbAf7phDLh1g\n9950qoMnIEV7HWZnCoXIOxQHHy84FdWGWQNDn08uLJPYBL5zmBhD6M3kex3+Mw0U\n7wKCEfTlWRTdC8MXZ9S6s2Y41LvclwP93uRq9KQMVDIhQ/i3kpsWZ2FXnWeE/3W6\nRWcU56iXNMZKrG6MLqJi2B6by/EMLCgDgwGwwAY6UQpill5GepjaaIib5Jo=\n-----END RSA PRIVATE KEY-----\n",
            "content_base64": null,
            "directory_permission": "0777",
            "file_permission": "600",
            "filename": "bd.pem",
            "id": "d8cce98df964a61cc56e7f8081dc3bcadf7bd78a",
            "sensitive_content": null,
            "source": null
          },
          "sensitive_attributes": [
            [
              {
                "type": "get_attr",
                "value": "content"
              }
            ]
          ],
          "private": "bnVsbA==",
          "dependencies": [
            "tls_private_key.key"
          ]
        }
      ]
    },
    {
      "mode": "managed",
      "type": "local_file",
      "name": "publicKey",
      "provider": "provider[\"registry.terraform.io/hashicorp/local\"]",
      "instances": [
        {
          "schema_version": 0,
          "attributes": {
            "content": "ssh-rsa AAAAB3NzaC1yc2EAAAADAQABAAACAQC0tk1zGajjtQ72bF7ikxezbG1dgQSDYJIXSY4bh/7tX056AXJWTxdlO48ULO/SRH+V1HohiWwVEk88iLmlCuudV/cEfvGtwDSwrfm63bZdMEEUS3+JOB8b7OGsVl9Gm7oye9KN7wWsQq5pvpdDnMAV5AArIZVRqplQMre8z/Tge21k8Jo203it+XYLjjmmgnIhwYBlJTo76gsUjLGweyK4zg9ZIUEDzr2VU+oX4Vyoj5GMHeVPdzobA4UYwqxNz13pyhcC/KajemhL/UZC0AuxqtDMfYNM3NJjjSnzntqWhEwxaeoZcggdT6gqpsDfCVxoBm5ck5MZZFiLz3pN5G2RL45Yfst1yv+iqNYKLK6Xv3YKKy5HR/Tkk0kGtlZFaAwS5RNDEJ2w5/AftviiP+7EpeLPd961eINil+cctYNpPvgl5IYSvqlDUoVBF54AeFxF2SjBdi48Pm0y0Iobj730+RT+iVcWu+0BC3rwDY4Prmg9dWQE+JH0yOiUwUJaznPSNOz4JB+D9ytwy/72HxSVRtEcuv4LX0zU8t/m8s0EF4kyQguJeTu7McpT0elsHPYBbtAnMzbYrQprWIq3p1Kcj/i2ZgAPlKqDJh2Q6/2t848ZpagTyf2BQg+ns6+yGeNvjX9DoolCGRTp+fkG66goJItJp5RC8/Jg2rxo5zJm0w==\n",
            "content_base64": null,
            "directory_permission": "0777",
            "file_permission": "600",
            "filename": "bd.pub",
            "id": "b412db1345b771d76a01cb56c9479df26336134c",
            "sensitive_content": null,
            "source": null
          },
          "sensitive_attributes": [],
          "private": "bnVsbA==",
          "dependencies": [
            "tls_private_key.key"
          ]
        }
      ]
    },
    {
      "mode": "managed",
      "type": "tls_private_key",
      "name": "key",
      "provider": "provider[\"registry.terraform.io/hashicorp/tls\"]",
      "instances": [
        {
          "schema_version": 1,
          "attributes": {
            "algorithm": "RSA",
            "ecdsa_curve": "P224",
            "id": "9032aeac0d0a45d7f15bf3031c053bcd6134fc2b",
            "private_key_openssh": "-----BEGIN OPENSSH PRIVATE KEY-----\nb3BlbnNzaC1rZXktdjEAAAAABG5vbmUAAAAEbm9uZQAAAAAAAAABAAACFwAAAAdz\nc2gtcnNhAAAAAwEAAQAAAgEAtLZNcxmo47UO9mxe4pMXs2xtXYEEg2CSF0mOG4f+\n7V9OegFyVk8XZTuPFCzv0kR/ldR6IYlsFRJPPIi5pQrrnVf3BH7xrcA0sK35ut22\nXTBBFEt/iTgfG+zhrFZfRpu6MnvSje8FrEKuab6XQ5zAFeQAKyGVUaqZUDK3vM/0\n4HttZPCaNtN4rfl2C445poJyIcGAZSU6O+oLFIyxsHsiuM4PWSFBA869lVPqF+Fc\nqI+RjB3lT3c6GwOFGMKsTc9d6coXAvymo3poS/1GQtALsarQzH2DTNzSY40p857a\nloRMMWnqGXIIHU+oKqbA3wlcaAZuXJOTGWRYi896TeRtkS+OWH7Ldcr/oqjWCiyu\nl792CisuR0f05JNJBrZWRWgMEuUTQxCdsOfwH7b4oj/uxKXiz3fetXiDYpfnHLWD\naT74JeSGEr6pQ1KFQReeAHhcRdkowXYuPD5tMtCKG4+99PkU/olXFrvtAQt68A2O\nD65oPXVkBPiR9MjolMFCWs5z0jTs+CQfg/crcMv+9h8UlUbRHLr+C19M1PLf5vLN\nBBeJMkILiXk7uzHKU9HpbBz2AW7QJzM22K0Ka1iKt6dSnI/4tmYAD5SqgyYdkOv9\nrfOPGaWoE8n9gUIPp7Ovshnjb41/Q6KJQhkU6fn5BuuoKCSLSaeUQvPyYNq8aOcy\nZtMAAAc48Y2hR/GNoUcAAAAHc3NoLXJzYQAAAgEAtLZNcxmo47UO9mxe4pMXs2xt\nXYEEg2CSF0mOG4f+7V9OegFyVk8XZTuPFCzv0kR/ldR6IYlsFRJPPIi5pQrrnVf3\nBH7xrcA0sK35ut22XTBBFEt/iTgfG+zhrFZfRpu6MnvSje8FrEKuab6XQ5zAFeQA\nKyGVUaqZUDK3vM/04HttZPCaNtN4rfl2C445poJyIcGAZSU6O+oLFIyxsHsiuM4P\nWSFBA869lVPqF+FcqI+RjB3lT3c6GwOFGMKsTc9d6coXAvymo3poS/1GQtALsarQ\nzH2DTNzSY40p857aloRMMWnqGXIIHU+oKqbA3wlcaAZuXJOTGWRYi896TeRtkS+O\nWH7Ldcr/oqjWCiyul792CisuR0f05JNJBrZWRWgMEuUTQxCdsOfwH7b4oj/uxKXi\nz3fetXiDYpfnHLWDaT74JeSGEr6pQ1KFQReeAHhcRdkowXYuPD5tMtCKG4+99PkU\n/olXFrvtAQt68A2OD65oPXVkBPiR9MjolMFCWs5z0jTs+CQfg/crcMv+9h8UlUbR\nHLr+C19M1PLf5vLNBBeJMkILiXk7uzHKU9HpbBz2AW7QJzM22K0Ka1iKt6dSnI/4\ntmYAD5SqgyYdkOv9rfOPGaWoE8n9gUIPp7Ovshnjb41/Q6KJQhkU6fn5BuuoKCSL\nSaeUQvPyYNq8aOcyZtMAAAADAQABAAACAAacCFcmYBv7+lEfA5Vr5dkFJTbfSif3\n9z/sy8rL/ZH3A2rI9MKdX/Cu7fvB7P+Wy8fSHqltWkunAMjpA0k7DgUSO5GphvNg\n7UxtAI5KH6pm4mp4nHCLYe/miRaBjjiJ55SDHN9eF6oGQlTRyLyLVic20J7DOq/i\n+nqJcFjyjjVLrmObvTg2IdrTHfMsP4WMjdoYNrb8VpXsaH1W7ATVbB6wQrVy1urp\nu9tjV1OKRZZQsfUa/tEaPkDQrySJsj2iUQAFCTRtwzaFep0U5WX6MANOiRaBnLTJ\n+tPzTM6BR+NrcVH5WruVhSB1UmRE9xbxQ7T2T0EJkL7EAc0TSJjiuvMdu0wE1pB3\nsv5YEeXn4maGz5JYYlnrniCdoHZD9bNxcwppp1B5idbBnlnDOPrr5WZGyqXiwZgD\nHXtJJV6vDhJNRl2AyKLOGZGE7Fpg3tkSYBomqmoQZKOovcpmx70U74i4w+qubLZa\nbJ397lXdKrWttsCxsvCcrRrDbqhG33Jhd6fMKeGLzX9YC7wO6tdDDw08peyngrB/\npUB6ZpMLSn7+qrkgheEJbH7Q5yl5olnP7jsctqoq9hY9NWE+KN9AQtCY724QaZ3n\nzPrfIb6xTYoLayOgmqpaGVRXiLKtJEa9BJv0Hn67AJtAfpHingXc+E4EDNT0sgaY\n5FiJLz7EmEvBAAABAGz6AONMzoedhMCfUZyIXF8d3IAg/dA6aXM+AO/ddseFyuml\n5bBYnfYlK5kmzjzuQ+Jf0j/1bMKGpcdt+VO7WskfT0zGxpAPq/zpnLxvvWT6xzlN\nbbNROUsZIqZm82UwVd1+qXpAcwpk48JasbAf7phDLh1g9950qoMnIEV7HWZnCoXI\nOxQHHy84FdWGWQNDn08uLJPYBL5zmBhD6M3kex3+Mw0U7wKCEfTlWRTdC8MXZ9S6\ns2Y41LvclwP93uRq9KQMVDIhQ/i3kpsWZ2FXnWeE/3W6RWcU56iXNMZKrG6MLqJi\n2B6by/EMLCgDgwGwwAY6UQpill5GepjaaIib5JoAAAEBANfzQZT60XLO7ni+4xeh\nM5XWpIPP9UkC5RRFHHGZZm0HaTA9yDHRyo7vvVmx5Zm14Yu1cBOU2LgLakiLDfyO\nSjtdnQrcnqdRLR+g65kg2XT1y+enzTgs3F2g4b8okkI0YTKFA7nJqAeY5F2I/4P4\nnlqlr6KfsYLS2PPpLmqpYsWxSAZzg9HqrtNV302ymGGGGLwqetay8IxNYh8HAVIz\nbLl/TY4bBpbXMH+ea6jWAMaLlQqwakrE6GHHLl+kDt+6sKYA8e+PIHN95vFenrRB\nPIorn4Nn2OV0O9ftCqorq1ovLMSyzSrL5oCZ/l25zkA4u4jrLEhLcsMf4D+Fl37j\nXmEAAAEBANY6COh4myGsRFx+UwAWNjdIVpmETwJAQfO9VOq1dXIn0J1CnbPvpXia\nWXBQcLpEMIMQJNJ0gBSTDexkg02K7HXqVogNP642fD9LXSjq8vpNv9DDMvRYTeUg\n/nNNQlDITjd9IpxaZ9rHoBeJFW/IndFPl+vMFtalAKW/PnH3x8ULdLvphM1Xoj69\nUEaPNDS2SpdXyBRsbOrynovAZGncT5SJb02f0T5KdPkW0600zNDpMM1z6LxqjEwo\nYhTDemoHivdQoA+FFdp8GsCWmC4Zbcj0gb534Kv3VcUElIKh1h+S1eCRNGl/0FFD\nc1VXaefCaNT+T9UWQ/iLbz9/BR2mCbMAAAAAAQID\n-----END OPENSSH PRIVATE KEY-----\n",
            "private_key_pem": "-----BEGIN RSA PRIVATE KEY-----\nMIIJKAIBAAKCAgEAtLZNcxmo47UO9mxe4pMXs2xtXYEEg2CSF0mOG4f+7V9OegFy\nVk8XZTuPFCzv0kR/ldR6IYlsFRJPPIi5pQrrnVf3BH7xrcA0sK35ut22XTBBFEt/\niTgfG+zhrFZfRpu6MnvSje8FrEKuab6XQ5zAFeQAKyGVUaqZUDK3vM/04HttZPCa\nNtN4rfl2C445poJyIcGAZSU6O+oLFIyxsHsiuM4PWSFBA869lVPqF+FcqI+RjB3l\nT3c6GwOFGMKsTc9d6coXAvymo3poS/1GQtALsarQzH2DTNzSY40p857aloRMMWnq\nGXIIHU+oKqbA3wlcaAZuXJOTGWRYi896TeRtkS+OWH7Ldcr/oqjWCiyul792Cisu\nR0f05JNJBrZWRWgMEuUTQxCdsOfwH7b4oj/uxKXiz3fetXiDYpfnHLWDaT74JeSG\nEr6pQ1KFQReeAHhcRdkowXYuPD5tMtCKG4+99PkU/olXFrvtAQt68A2OD65oPXVk\nBPiR9MjolMFCWs5z0jTs+CQfg/crcMv+9h8UlUbRHLr+C19M1PLf5vLNBBeJMkIL\niXk7uzHKU9HpbBz2AW7QJzM22K0Ka1iKt6dSnI/4tmYAD5SqgyYdkOv9rfOPGaWo\nE8n9gUIPp7Ovshnjb41/Q6KJQhkU6fn5BuuoKCSLSaeUQvPyYNq8aOcyZtMCAwEA\nAQKCAgAGnAhXJmAb+/pRHwOVa+XZBSU230on9/c/7MvKy/2R9wNqyPTCnV/wru37\nwez/lsvH0h6pbVpLpwDI6QNJOw4FEjuRqYbzYO1MbQCOSh+qZuJqeJxwi2Hv5okW\ngY44ieeUgxzfXheqBkJU0ci8i1YnNtCewzqv4vp6iXBY8o41S65jm704NiHa0x3z\nLD+FjI3aGDa2/FaV7Gh9VuwE1WwesEK1ctbq6bvbY1dTikWWULH1Gv7RGj5A0K8k\nibI9olEABQk0bcM2hXqdFOVl+jADTokWgZy0yfrT80zOgUfja3FR+Vq7lYUgdVJk\nRPcW8UO09k9BCZC+xAHNE0iY4rrzHbtMBNaQd7L+WBHl5+Jmhs+SWGJZ654gnaB2\nQ/WzcXMKaadQeYnWwZ5Zwzj66+VmRsql4sGYAx17SSVerw4STUZdgMiizhmRhOxa\nYN7ZEmAaJqpqEGSjqL3KZse9FO+IuMPqrmy2Wmyd/e5V3Sq1rbbAsbLwnK0aw26o\nRt9yYXenzCnhi81/WAu8DurXQw8NPKXsp4Kwf6VAemaTC0p+/qq5IIXhCWx+0Ocp\neaJZz+47HLaqKvYWPTVhPijfQELQmO9uEGmd58z63yG+sU2KC2sjoJqqWhlUV4iy\nrSRGvQSb9B5+uwCbQH6R4p4F3PhOBAzU9LIGmORYiS8+xJhLwQKCAQEA1/NBlPrR\ncs7ueL7jF6Ezldakg8/1SQLlFEUccZlmbQdpMD3IMdHKju+9WbHlmbXhi7VwE5TY\nuAtqSIsN/I5KO12dCtyep1EtH6DrmSDZdPXL56fNOCzcXaDhvyiSQjRhMoUDucmo\nB5jkXYj/g/ieWqWvop+xgtLY8+kuaqlixbFIBnOD0equ01XfTbKYYYYYvCp61rLw\njE1iHwcBUjNsuX9NjhsGltcwf55rqNYAxouVCrBqSsToYccuX6QO37qwpgDx748g\nc33m8V6etEE8iiufg2fY5XQ71+0KqiurWi8sxLLNKsvmgJn+XbnOQDi7iOssSEty\nwx/gP4WXfuNeYQKCAQEA1joI6HibIaxEXH5TABY2N0hWmYRPAkBB871U6rV1cifQ\nnUKds++leJpZcFBwukQwgxAk0nSAFJMN7GSDTYrsdepWiA0/rjZ8P0tdKOry+k2/\n0MMy9FhN5SD+c01CUMhON30inFpn2segF4kVb8id0U+X68wW1qUApb8+cffHxQt0\nu+mEzVeiPr1QRo80NLZKl1fIFGxs6vKei8BkadxPlIlvTZ/RPkp0+RbTrTTM0Okw\nzXPovGqMTChiFMN6ageK91CgD4UV2nwawJaYLhltyPSBvnfgq/dVxQSUgqHWH5LV\n4JE0aX/QUUNzVVdp58Jo1P5P1RZD+ItvP38FHaYJswKCAQEAh+pyvHGgocHcFeMO\nyzCKZyRRJyUcHHfV9owI+vaxoK2pZtN7zN9dvdjmNC3jdHslGel4QNrODAgjPMVI\naEymK/cfgFabBHPzEpUVs6sZMqQBUiwq3dBeYg+ABfBjHYgaJNHTJnvlZeK02KoB\nJ+6yvBrMEG6yKsTKB7obnMY/hG2wB19s+BHdNuY1RZHClp7vsn6KEddNzwBlYWHn\nUvVK2PVmuqoH26hUvf3XhMwscMopZDDktWp5WBEk/s0jD21RASpXG4/ZvNbhI8mJ\n2am1kMEkBHC38rLVd3GZ5MDXeEt4wdRHjUgIK6jAj/0B8ynB3sslc9sIwAav/Ur3\nrsUsAQKCAQBsWBOTRxPmNtKoGLdvjsxCr1Ik+BZhZBA27mVZAwbwAhTuw/cwPp5o\nXV+ofvZULhJ+5pZI3eS9AxaCnN8PQ5iNlkPHMTQorqOt+zaVcCYM02+UbHSDwXk7\nzbECrWtBodx1EdOEUfC+ZEGiRZFS5Jp0dpW2CpTuX6rxKMSzLQaasE2Mj/C7TXvf\n0S0dUmWr1xnoatvlAGUhei0XLulZ5LNWwx9ImfBgWZXJOHM74T1I1vb4oYtuZ1Cn\nX7EjIS3zG/d7Vwpsbvl7c1KwXjl+7xtoC8jmhIhbUI7PQp69Zo39j+ydU7K3PI4l\n20AkRD5qmRcdybSkZ0tfE13jNiFnOkcjAoIBAGz6AONMzoedhMCfUZyIXF8d3IAg\n/dA6aXM+AO/ddseFyuml5bBYnfYlK5kmzjzuQ+Jf0j/1bMKGpcdt+VO7WskfT0zG\nxpAPq/zpnLxvvWT6xzlNbbNROUsZIqZm82UwVd1+qXpAcwpk48JasbAf7phDLh1g\n9950qoMnIEV7HWZnCoXIOxQHHy84FdWGWQNDn08uLJPYBL5zmBhD6M3kex3+Mw0U\n7wKCEfTlWRTdC8MXZ9S6s2Y41LvclwP93uRq9KQMVDIhQ/i3kpsWZ2FXnWeE/3W6\nRWcU56iXNMZKrG6MLqJi2B6by/EMLCgDgwGwwAY6UQpill5GepjaaIib5Jo=\n-----END RSA PRIVATE KEY-----\n",
            "private_key_pem_pkcs8": "-----BEGIN PRIVATE KEY-----\nMIIJQgIBADANBgkqhkiG9w0BAQEFAASCCSwwggkoAgEAAoICAQC0tk1zGajjtQ72\nbF7ikxezbG1dgQSDYJIXSY4bh/7tX056AXJWTxdlO48ULO/SRH+V1HohiWwVEk88\niLmlCuudV/cEfvGtwDSwrfm63bZdMEEUS3+JOB8b7OGsVl9Gm7oye9KN7wWsQq5p\nvpdDnMAV5AArIZVRqplQMre8z/Tge21k8Jo203it+XYLjjmmgnIhwYBlJTo76gsU\njLGweyK4zg9ZIUEDzr2VU+oX4Vyoj5GMHeVPdzobA4UYwqxNz13pyhcC/KajemhL\n/UZC0AuxqtDMfYNM3NJjjSnzntqWhEwxaeoZcggdT6gqpsDfCVxoBm5ck5MZZFiL\nz3pN5G2RL45Yfst1yv+iqNYKLK6Xv3YKKy5HR/Tkk0kGtlZFaAwS5RNDEJ2w5/Af\ntviiP+7EpeLPd961eINil+cctYNpPvgl5IYSvqlDUoVBF54AeFxF2SjBdi48Pm0y\n0Iobj730+RT+iVcWu+0BC3rwDY4Prmg9dWQE+JH0yOiUwUJaznPSNOz4JB+D9ytw\ny/72HxSVRtEcuv4LX0zU8t/m8s0EF4kyQguJeTu7McpT0elsHPYBbtAnMzbYrQpr\nWIq3p1Kcj/i2ZgAPlKqDJh2Q6/2t848ZpagTyf2BQg+ns6+yGeNvjX9DoolCGRTp\n+fkG66goJItJp5RC8/Jg2rxo5zJm0wIDAQABAoICAAacCFcmYBv7+lEfA5Vr5dkF\nJTbfSif39z/sy8rL/ZH3A2rI9MKdX/Cu7fvB7P+Wy8fSHqltWkunAMjpA0k7DgUS\nO5GphvNg7UxtAI5KH6pm4mp4nHCLYe/miRaBjjiJ55SDHN9eF6oGQlTRyLyLVic2\n0J7DOq/i+nqJcFjyjjVLrmObvTg2IdrTHfMsP4WMjdoYNrb8VpXsaH1W7ATVbB6w\nQrVy1urpu9tjV1OKRZZQsfUa/tEaPkDQrySJsj2iUQAFCTRtwzaFep0U5WX6MANO\niRaBnLTJ+tPzTM6BR+NrcVH5WruVhSB1UmRE9xbxQ7T2T0EJkL7EAc0TSJjiuvMd\nu0wE1pB3sv5YEeXn4maGz5JYYlnrniCdoHZD9bNxcwppp1B5idbBnlnDOPrr5WZG\nyqXiwZgDHXtJJV6vDhJNRl2AyKLOGZGE7Fpg3tkSYBomqmoQZKOovcpmx70U74i4\nw+qubLZabJ397lXdKrWttsCxsvCcrRrDbqhG33Jhd6fMKeGLzX9YC7wO6tdDDw08\npeyngrB/pUB6ZpMLSn7+qrkgheEJbH7Q5yl5olnP7jsctqoq9hY9NWE+KN9AQtCY\n724QaZ3nzPrfIb6xTYoLayOgmqpaGVRXiLKtJEa9BJv0Hn67AJtAfpHingXc+E4E\nDNT0sgaY5FiJLz7EmEvBAoIBAQDX80GU+tFyzu54vuMXoTOV1qSDz/VJAuUURRxx\nmWZtB2kwPcgx0cqO771ZseWZteGLtXATlNi4C2pIiw38jko7XZ0K3J6nUS0foOuZ\nINl09cvnp804LNxdoOG/KJJCNGEyhQO5yagHmORdiP+D+J5apa+in7GC0tjz6S5q\nqWLFsUgGc4PR6q7TVd9Nsphhhhi8KnrWsvCMTWIfBwFSM2y5f02OGwaW1zB/nmuo\n1gDGi5UKsGpKxOhhxy5fpA7furCmAPHvjyBzfebxXp60QTyKK5+DZ9jldDvX7Qqq\nK6taLyzEss0qy+aAmf5duc5AOLuI6yxIS3LDH+A/hZd+415hAoIBAQDWOgjoeJsh\nrERcflMAFjY3SFaZhE8CQEHzvVTqtXVyJ9CdQp2z76V4mllwUHC6RDCDECTSdIAU\nkw3sZINNiux16laIDT+uNnw/S10o6vL6Tb/QwzL0WE3lIP5zTUJQyE43fSKcWmfa\nx6AXiRVvyJ3RT5frzBbWpQClvz5x98fFC3S76YTNV6I+vVBGjzQ0tkqXV8gUbGzq\n8p6LwGRp3E+UiW9Nn9E+SnT5FtOtNMzQ6TDNc+i8aoxMKGIUw3pqB4r3UKAPhRXa\nfBrAlpguGW3I9IG+d+Cr91XFBJSCodYfktXgkTRpf9BRQ3NVV2nnwmjU/k/VFkP4\ni28/fwUdpgmzAoIBAQCH6nK8caChwdwV4w7LMIpnJFEnJRwcd9X2jAj69rGgralm\n03vM31292OY0LeN0eyUZ6XhA2s4MCCM8xUhoTKYr9x+AVpsEc/MSlRWzqxkypAFS\nLCrd0F5iD4AF8GMdiBok0dMme+Vl4rTYqgEn7rK8GswQbrIqxMoHuhucxj+EbbAH\nX2z4Ed025jVFkcKWnu+yfooR103PAGVhYedS9UrY9Wa6qgfbqFS9/deEzCxwyilk\nMOS1anlYEST+zSMPbVEBKlcbj9m81uEjyYnZqbWQwSQEcLfystV3cZnkwNd4S3jB\n1EeNSAgrqMCP/QHzKcHeyyVz2wjABq/9SveuxSwBAoIBAGxYE5NHE+Y20qgYt2+O\nzEKvUiT4FmFkEDbuZVkDBvACFO7D9zA+nmhdX6h+9lQuEn7mlkjd5L0DFoKc3w9D\nmI2WQ8cxNCiuo637NpVwJgzTb5RsdIPBeTvNsQKta0Gh3HUR04RR8L5kQaJFkVLk\nmnR2lbYKlO5fqvEoxLMtBpqwTYyP8LtNe9/RLR1SZavXGehq2+UAZSF6LRcu6Vnk\ns1bDH0iZ8GBZlck4czvhPUjW9vihi25nUKdfsSMhLfMb93tXCmxu+XtzUrBeOX7v\nG2gLyOaEiFtQjs9Cnr1mjf2P7J1Tsrc8jiXbQCREPmqZFx3JtKRnS18TXeM2IWc6\nRyMCggEAbPoA40zOh52EwJ9RnIhcXx3cgCD90Dppcz4A7912x4XK6aXlsFid9iUr\nmSbOPO5D4l/SP/Vswoalx235U7tayR9PTMbGkA+r/OmcvG+9ZPrHOU1ts1E5Sxki\npmbzZTBV3X6pekBzCmTjwlqxsB/umEMuHWD33nSqgycgRXsdZmcKhcg7FAcfLzgV\n1YZZA0OfTy4sk9gEvnOYGEPozeR7Hf4zDRTvAoIR9OVZFN0Lwxdn1LqzZjjUu9yX\nA/3e5Gr0pAxUMiFD+LeSmxZnYVedZ4T/dbpFZxTnqJc0xkqsbowuomLYHpvL8Qws\nKAODAbDABjpRCmKWXkZ6mNpoiJvkmg==\n-----END PRIVATE KEY-----\n",
            "public_key_fingerprint_md5": "3b:85:19:45:0f:6a:93:96:20:fc:94:ba:d4:31:da:f4",
            "public_key_fingerprint_sha256": "SHA256:PvI2JtLdk40eea0GTphZG/gfwl0lJ11v7JWiT6O7Tx4",
            "public_key_openssh": "ssh-rsa AAAAB3NzaC1yc2EAAAADAQABAAACAQC0tk1zGajjtQ72bF7ikxezbG1dgQSDYJIXSY4bh/7tX056AXJWTxdlO48ULO/SRH+V1HohiWwVEk88iLmlCuudV/cEfvGtwDSwrfm63bZdMEEUS3+JOB8b7OGsVl9Gm7oye9KN7wWsQq5pvpdDnMAV5AArIZVRqplQMre8z/Tge21k8Jo203it+XYLjjmmgnIhwYBlJTo76gsUjLGweyK4zg9ZIUEDzr2VU+oX4Vyoj5GMHeVPdzobA4UYwqxNz13pyhcC/KajemhL/UZC0AuxqtDMfYNM3NJjjSnzntqWhEwxaeoZcggdT6gqpsDfCVxoBm5ck5MZZFiLz3pN5G2RL45Yfst1yv+iqNYKLK6Xv3YKKy5HR/Tkk0kGtlZFaAwS5RNDEJ2w5/AftviiP+7EpeLPd961eINil+cctYNpPvgl5IYSvqlDUoVBF54AeFxF2SjBdi48Pm0y0Iobj730+RT+iVcWu+0BC3rwDY4Prmg9dWQE+JH0yOiUwUJaznPSNOz4JB+D9ytwy/72HxSVRtEcuv4LX0zU8t/m8s0EF4kyQguJeTu7McpT0elsHPYBbtAnMzbYrQprWIq3p1Kcj/i2ZgAPlKqDJh2Q6/2t848ZpagTyf2BQg+ns6+yGeNvjX9DoolCGRTp+fkG66goJItJp5RC8/Jg2rxo5zJm0w==\n",
            "public_key_pem": "-----BEGIN PUBLIC KEY-----\nMIICIjANBgkqhkiG9w0BAQEFAAOCAg8AMIICCgKCAgEAtLZNcxmo47UO9mxe4pMX\ns2xtXYEEg2CSF0mOG4f+7V9OegFyVk8XZTuPFCzv0kR/ldR6IYlsFRJPPIi5pQrr\nnVf3BH7xrcA0sK35ut22XTBBFEt/iTgfG+zhrFZfRpu6MnvSje8FrEKuab6XQ5zA\nFeQAKyGVUaqZUDK3vM/04HttZPCaNtN4rfl2C445poJyIcGAZSU6O+oLFIyxsHsi\nuM4PWSFBA869lVPqF+FcqI+RjB3lT3c6GwOFGMKsTc9d6coXAvymo3poS/1GQtAL\nsarQzH2DTNzSY40p857aloRMMWnqGXIIHU+oKqbA3wlcaAZuXJOTGWRYi896TeRt\nkS+OWH7Ldcr/oqjWCiyul792CisuR0f05JNJBrZWRWgMEuUTQxCdsOfwH7b4oj/u\nxKXiz3fetXiDYpfnHLWDaT74JeSGEr6pQ1KFQReeAHhcRdkowXYuPD5tMtCKG4+9\n9PkU/olXFrvtAQt68A2OD65oPXVkBPiR9MjolMFCWs5z0jTs+CQfg/crcMv+9h8U\nlUbRHLr+C19M1PLf5vLNBBeJMkILiXk7uzHKU9HpbBz2AW7QJzM22K0Ka1iKt6dS\nnI/4tmYAD5SqgyYdkOv9rfOPGaWoE8n9gUIPp7Ovshnjb41/Q6KJQhkU6fn5Buuo\nKCSLSaeUQvPyYNq8aOcyZtMCAwEAAQ==\n-----END PUBLIC KEY-----\n",
            "rsa_bits": 4096
          },
          "sensitive_attributes": []
        }
      ]
    },
    {
      "module": "module.vpc",
      "mode": "managed",
      "type": "aws_internet_gateway",
      "name": "this",
      "provider": "provider[\"registry.terraform.io/hashicorp/aws\"]",
      "instances": [
        {
          "index_key": 0,
          "schema_version": 0,
          "attributes": {
            "arn": "arn:aws:ec2:ap-northeast-1:067494042988:internet-gateway/igw-0a9522f1778925044",
            "id": "igw-0a9522f1778925044",
            "owner_id": "067494042988",
            "tags": {
              "Name": "bd-vpc"
            },
            "tags_all": {
              "Name": "bd-vpc"
            },
            "timeouts": null,
            "vpc_id": "vpc-0ccda6d597e913915"
          },
          "sensitive_attributes": [],
          "private": "eyJlMmJmYjczMC1lY2FhLTExZTYtOGY4OC0zNDM2M2JjN2M0YzAiOnsiY3JlYXRlIjoxMjAwMDAwMDAwMDAwLCJkZWxldGUiOjEyMDAwMDAwMDAwMDAsInVwZGF0ZSI6MTIwMDAwMDAwMDAwMH19",
          "dependencies": [
            "module.vpc.aws_vpc.this",
            "module.vpc.aws_vpc_ipv4_cidr_block_association.this"
          ]
        }
      ]
    },
    {
      "module": "module.vpc",
      "mode": "managed",
      "type": "aws_route",
      "name": "public_internet_gateway",
      "provider": "provider[\"registry.terraform.io/hashicorp/aws\"]",
      "instances": [
        {
          "index_key": 0,
          "schema_version": 0,
          "attributes": {
            "carrier_gateway_id": "",
            "core_network_arn": "",
            "destination_cidr_block": "0.0.0.0/0",
            "destination_ipv6_cidr_block": "",
            "destination_prefix_list_id": "",
            "egress_only_gateway_id": "",
            "gateway_id": "igw-0a9522f1778925044",
            "id": "r-rtb-018ff4281c45c512c1080289494",
            "instance_id": "",
            "instance_owner_id": "",
            "local_gateway_id": "",
            "nat_gateway_id": "",
            "network_interface_id": "",
            "origin": "CreateRoute",
            "route_table_id": "rtb-018ff4281c45c512c",
            "state": "active",
            "timeouts": {
              "create": "5m",
              "delete": null,
              "update": null
            },
            "transit_gateway_id": "",
            "vpc_endpoint_id": "",
            "vpc_peering_connection_id": ""
          },
          "sensitive_attributes": [],
          "private": "eyJlMmJmYjczMC1lY2FhLTExZTYtOGY4OC0zNDM2M2JjN2M0YzAiOnsiY3JlYXRlIjozMDAwMDAwMDAwMDAsImRlbGV0ZSI6MzAwMDAwMDAwMDAwLCJ1cGRhdGUiOjEyMDAwMDAwMDAwMH19",
          "dependencies": [
            "module.vpc.aws_internet_gateway.this",
            "module.vpc.aws_route_table.public",
            "module.vpc.aws_vpc.this",
            "module.vpc.aws_vpc_ipv4_cidr_block_association.this"
          ]
        }
      ]
    },
    {
      "module": "module.vpc",
      "mode": "managed",
      "type": "aws_route_table",
      "name": "private",
      "provider": "provider[\"registry.terraform.io/hashicorp/aws\"]",
      "instances": [
        {
          "index_key": 0,
          "schema_version": 0,
          "attributes": {
            "arn": "arn:aws:ec2:ap-northeast-1:067494042988:route-table/rtb-09a1cc4db6dc3f10f",
            "id": "rtb-09a1cc4db6dc3f10f",
            "owner_id": "067494042988",
            "propagating_vgws": [],
            "route": [],
            "tags": {
              "Name": "bd-vpc-private-ap-northeast-1a"
            },
            "tags_all": {
              "Name": "bd-vpc-private-ap-northeast-1a"
            },
            "timeouts": null,
            "vpc_id": "vpc-0ccda6d597e913915"
          },
          "sensitive_attributes": [],
          "private": "eyJlMmJmYjczMC1lY2FhLTExZTYtOGY4OC0zNDM2M2JjN2M0YzAiOnsiY3JlYXRlIjozMDAwMDAwMDAwMDAsImRlbGV0ZSI6MzAwMDAwMDAwMDAwLCJ1cGRhdGUiOjEyMDAwMDAwMDAwMH19",
          "dependencies": [
            "data.aws_availability_zones.available",
            "module.vpc.aws_vpc.this",
            "module.vpc.aws_vpc_ipv4_cidr_block_association.this"
          ]
        },
        {
          "index_key": 1,
          "schema_version": 0,
          "attributes": {
            "arn": "arn:aws:ec2:ap-northeast-1:067494042988:route-table/rtb-07df59a43e1cb1115",
            "id": "rtb-07df59a43e1cb1115",
            "owner_id": "067494042988",
            "propagating_vgws": [],
            "route": [],
            "tags": {
              "Name": "bd-vpc-private-ap-northeast-1c"
            },
            "tags_all": {
              "Name": "bd-vpc-private-ap-northeast-1c"
            },
            "timeouts": null,
            "vpc_id": "vpc-0ccda6d597e913915"
          },
          "sensitive_attributes": [],
          "private": "eyJlMmJmYjczMC1lY2FhLTExZTYtOGY4OC0zNDM2M2JjN2M0YzAiOnsiY3JlYXRlIjozMDAwMDAwMDAwMDAsImRlbGV0ZSI6MzAwMDAwMDAwMDAwLCJ1cGRhdGUiOjEyMDAwMDAwMDAwMH19",
          "dependencies": [
            "data.aws_availability_zones.available",
            "module.vpc.aws_vpc.this",
            "module.vpc.aws_vpc_ipv4_cidr_block_association.this"
          ]
        }
      ]
    },
    {
      "module": "module.vpc",
      "mode": "managed",
      "type": "aws_route_table",
      "name": "public",
      "provider": "provider[\"registry.terraform.io/hashicorp/aws\"]",
      "instances": [
        {
          "index_key": 0,
          "schema_version": 0,
          "attributes": {
            "arn": "arn:aws:ec2:ap-northeast-1:067494042988:route-table/rtb-018ff4281c45c512c",
            "id": "rtb-018ff4281c45c512c",
            "owner_id": "067494042988",
            "propagating_vgws": [],
            "route": [],
            "tags": {
              "Name": "bd-vpc-public"
            },
            "tags_all": {
              "Name": "bd-vpc-public"
            },
            "timeouts": null,
            "vpc_id": "vpc-0ccda6d597e913915"
          },
          "sensitive_attributes": [],
          "private": "eyJlMmJmYjczMC1lY2FhLTExZTYtOGY4OC0zNDM2M2JjN2M0YzAiOnsiY3JlYXRlIjozMDAwMDAwMDAwMDAsImRlbGV0ZSI6MzAwMDAwMDAwMDAwLCJ1cGRhdGUiOjEyMDAwMDAwMDAwMH19",
          "dependencies": [
            "module.vpc.aws_vpc.this",
            "module.vpc.aws_vpc_ipv4_cidr_block_association.this"
          ]
        }
      ]
    },
    {
      "module": "module.vpc",
      "mode": "managed",
      "type": "aws_route_table_association",
      "name": "private",
      "provider": "provider[\"registry.terraform.io/hashicorp/aws\"]",
      "instances": [
        {
          "index_key": 0,
          "schema_version": 0,
          "attributes": {
            "gateway_id": "",
            "id": "rtbassoc-063f5ed60cfb8a40f",
            "route_table_id": "rtb-09a1cc4db6dc3f10f",
            "subnet_id": "subnet-01744914e37b7f530"
          },
          "sensitive_attributes": [],
          "private": "bnVsbA==",
          "dependencies": [
            "data.aws_availability_zones.available",
            "module.vpc.aws_route_table.private",
            "module.vpc.aws_subnet.private",
            "module.vpc.aws_vpc.this",
            "module.vpc.aws_vpc_ipv4_cidr_block_association.this"
          ]
        },
        {
          "index_key": 1,
          "schema_version": 0,
          "attributes": {
            "gateway_id": "",
            "id": "rtbassoc-00985ccf4e645efca",
            "route_table_id": "rtb-07df59a43e1cb1115",
            "subnet_id": "subnet-06b0ca4cb93e763f5"
          },
          "sensitive_attributes": [],
          "private": "bnVsbA==",
          "dependencies": [
            "data.aws_availability_zones.available",
            "module.vpc.aws_route_table.private",
            "module.vpc.aws_subnet.private",
            "module.vpc.aws_vpc.this",
            "module.vpc.aws_vpc_ipv4_cidr_block_association.this"
          ]
        }
      ]
    },
    {
      "module": "module.vpc",
      "mode": "managed",
      "type": "aws_route_table_association",
      "name": "public",
      "provider": "provider[\"registry.terraform.io/hashicorp/aws\"]",
      "instances": [
        {
          "index_key": 0,
          "schema_version": 0,
          "attributes": {
            "gateway_id": "",
            "id": "rtbassoc-027379c2242a32135",
            "route_table_id": "rtb-018ff4281c45c512c",
            "subnet_id": "subnet-093aac2450bf9be44"
          },
          "sensitive_attributes": [],
          "private": "bnVsbA==",
          "dependencies": [
            "data.aws_availability_zones.available",
            "module.vpc.aws_route_table.public",
            "module.vpc.aws_subnet.public",
            "module.vpc.aws_vpc.this",
            "module.vpc.aws_vpc_ipv4_cidr_block_association.this"
          ]
        },
        {
          "index_key": 1,
          "schema_version": 0,
          "attributes": {
            "gateway_id": "",
            "id": "rtbassoc-06e470a37bbcda6b3",
            "route_table_id": "rtb-018ff4281c45c512c",
            "subnet_id": "subnet-0ac983dcba49eeee7"
          },
          "sensitive_attributes": [],
          "private": "bnVsbA==",
          "dependencies": [
            "data.aws_availability_zones.available",
            "module.vpc.aws_route_table.public",
            "module.vpc.aws_subnet.public",
            "module.vpc.aws_vpc.this",
            "module.vpc.aws_vpc_ipv4_cidr_block_association.this"
          ]
        }
      ]
    },
    {
      "module": "module.vpc",
      "mode": "managed",
      "type": "aws_subnet",
      "name": "private",
      "provider": "provider[\"registry.terraform.io/hashicorp/aws\"]",
      "instances": [
        {
          "index_key": 0,
          "schema_version": 1,
          "attributes": {
            "arn": "arn:aws:ec2:ap-northeast-1:067494042988:subnet/subnet-01744914e37b7f530",
            "assign_ipv6_address_on_creation": false,
            "availability_zone": "ap-northeast-1a",
            "availability_zone_id": "apne1-az4",
            "cidr_block": "10.0.0.128/26",
            "customer_owned_ipv4_pool": "",
            "enable_dns64": false,
            "enable_resource_name_dns_a_record_on_launch": false,
            "enable_resource_name_dns_aaaa_record_on_launch": false,
            "id": "subnet-01744914e37b7f530",
            "ipv6_cidr_block": "",
            "ipv6_cidr_block_association_id": "",
            "ipv6_native": false,
            "map_customer_owned_ip_on_launch": false,
            "map_public_ip_on_launch": false,
            "outpost_arn": "",
            "owner_id": "067494042988",
            "private_dns_hostname_type_on_launch": "ip-name",
            "tags": {
              "Name": "bd-vpc-private-ap-northeast-1a"
            },
            "tags_all": {
              "Name": "bd-vpc-private-ap-northeast-1a"
            },
            "timeouts": null,
            "vpc_id": "vpc-0ccda6d597e913915"
          },
          "sensitive_attributes": [],
          "private": "eyJlMmJmYjczMC1lY2FhLTExZTYtOGY4OC0zNDM2M2JjN2M0YzAiOnsiY3JlYXRlIjo2MDAwMDAwMDAwMDAsImRlbGV0ZSI6MTIwMDAwMDAwMDAwMH0sInNjaGVtYV92ZXJzaW9uIjoiMSJ9",
          "dependencies": [
            "data.aws_availability_zones.available",
            "module.vpc.aws_vpc.this",
            "module.vpc.aws_vpc_ipv4_cidr_block_association.this"
          ]
        },
        {
          "index_key": 1,
          "schema_version": 1,
          "attributes": {
            "arn": "arn:aws:ec2:ap-northeast-1:067494042988:subnet/subnet-06b0ca4cb93e763f5",
            "assign_ipv6_address_on_creation": false,
            "availability_zone": "ap-northeast-1c",
            "availability_zone_id": "apne1-az1",
            "cidr_block": "10.0.0.192/26",
            "customer_owned_ipv4_pool": "",
            "enable_dns64": false,
            "enable_resource_name_dns_a_record_on_launch": false,
            "enable_resource_name_dns_aaaa_record_on_launch": false,
            "id": "subnet-06b0ca4cb93e763f5",
            "ipv6_cidr_block": "",
            "ipv6_cidr_block_association_id": "",
            "ipv6_native": false,
            "map_customer_owned_ip_on_launch": false,
            "map_public_ip_on_launch": false,
            "outpost_arn": "",
            "owner_id": "067494042988",
            "private_dns_hostname_type_on_launch": "ip-name",
            "tags": {
              "Name": "bd-vpc-private-ap-northeast-1c"
            },
            "tags_all": {
              "Name": "bd-vpc-private-ap-northeast-1c"
            },
            "timeouts": null,
            "vpc_id": "vpc-0ccda6d597e913915"
          },
          "sensitive_attributes": [],
          "private": "eyJlMmJmYjczMC1lY2FhLTExZTYtOGY4OC0zNDM2M2JjN2M0YzAiOnsiY3JlYXRlIjo2MDAwMDAwMDAwMDAsImRlbGV0ZSI6MTIwMDAwMDAwMDAwMH0sInNjaGVtYV92ZXJzaW9uIjoiMSJ9",
          "dependencies": [
            "data.aws_availability_zones.available",
            "module.vpc.aws_vpc.this",
            "module.vpc.aws_vpc_ipv4_cidr_block_association.this"
          ]
        }
      ]
    },
    {
      "module": "module.vpc",
      "mode": "managed",
      "type": "aws_subnet",
      "name": "public",
      "provider": "provider[\"registry.terraform.io/hashicorp/aws\"]",
      "instances": [
        {
          "index_key": 0,
          "schema_version": 1,
          "attributes": {
            "arn": "arn:aws:ec2:ap-northeast-1:067494042988:subnet/subnet-093aac2450bf9be44",
            "assign_ipv6_address_on_creation": false,
            "availability_zone": "ap-northeast-1a",
            "availability_zone_id": "apne1-az4",
            "cidr_block": "10.0.0.0/26",
            "customer_owned_ipv4_pool": "",
            "enable_dns64": false,
            "enable_resource_name_dns_a_record_on_launch": false,
            "enable_resource_name_dns_aaaa_record_on_launch": false,
            "id": "subnet-093aac2450bf9be44",
            "ipv6_cidr_block": "",
            "ipv6_cidr_block_association_id": "",
            "ipv6_native": false,
            "map_customer_owned_ip_on_launch": false,
            "map_public_ip_on_launch": true,
            "outpost_arn": "",
            "owner_id": "067494042988",
            "private_dns_hostname_type_on_launch": "ip-name",
            "tags": {
              "Name": "bd-vpc-public-ap-northeast-1a"
            },
            "tags_all": {
              "Name": "bd-vpc-public-ap-northeast-1a"
            },
            "timeouts": null,
            "vpc_id": "vpc-0ccda6d597e913915"
          },
          "sensitive_attributes": [],
          "private": "eyJlMmJmYjczMC1lY2FhLTExZTYtOGY4OC0zNDM2M2JjN2M0YzAiOnsiY3JlYXRlIjo2MDAwMDAwMDAwMDAsImRlbGV0ZSI6MTIwMDAwMDAwMDAwMH0sInNjaGVtYV92ZXJzaW9uIjoiMSJ9",
          "dependencies": [
            "data.aws_availability_zones.available",
            "module.vpc.aws_vpc.this",
            "module.vpc.aws_vpc_ipv4_cidr_block_association.this"
          ]
        },
        {
          "index_key": 1,
          "schema_version": 1,
          "attributes": {
            "arn": "arn:aws:ec2:ap-northeast-1:067494042988:subnet/subnet-0ac983dcba49eeee7",
            "assign_ipv6_address_on_creation": false,
            "availability_zone": "ap-northeast-1c",
            "availability_zone_id": "apne1-az1",
            "cidr_block": "10.0.0.64/26",
            "customer_owned_ipv4_pool": "",
            "enable_dns64": false,
            "enable_resource_name_dns_a_record_on_launch": false,
            "enable_resource_name_dns_aaaa_record_on_launch": false,
            "id": "subnet-0ac983dcba49eeee7",
            "ipv6_cidr_block": "",
            "ipv6_cidr_block_association_id": "",
            "ipv6_native": false,
            "map_customer_owned_ip_on_launch": false,
            "map_public_ip_on_launch": true,
            "outpost_arn": "",
            "owner_id": "067494042988",
            "private_dns_hostname_type_on_launch": "ip-name",
            "tags": {
              "Name": "bd-vpc-public-ap-northeast-1c"
            },
            "tags_all": {
              "Name": "bd-vpc-public-ap-northeast-1c"
            },
            "timeouts": null,
            "vpc_id": "vpc-0ccda6d597e913915"
          },
          "sensitive_attributes": [],
          "private": "eyJlMmJmYjczMC1lY2FhLTExZTYtOGY4OC0zNDM2M2JjN2M0YzAiOnsiY3JlYXRlIjo2MDAwMDAwMDAwMDAsImRlbGV0ZSI6MTIwMDAwMDAwMDAwMH0sInNjaGVtYV92ZXJzaW9uIjoiMSJ9",
          "dependencies": [
            "data.aws_availability_zones.available",
            "module.vpc.aws_vpc.this",
            "module.vpc.aws_vpc_ipv4_cidr_block_association.this"
          ]
        }
      ]
    },
    {
      "module": "module.vpc",
      "mode": "managed",
      "type": "aws_vpc",
      "name": "this",
      "provider": "provider[\"registry.terraform.io/hashicorp/aws\"]",
      "instances": [
        {
          "index_key": 0,
          "schema_version": 1,
          "attributes": {
            "arn": "arn:aws:ec2:ap-northeast-1:067494042988:vpc/vpc-0ccda6d597e913915",
            "assign_generated_ipv6_cidr_block": false,
            "cidr_block": "10.0.0.0/16",
            "default_network_acl_id": "acl-06bbb9ddaf70af573",
            "default_route_table_id": "rtb-055364684ddf1fbfd",
            "default_security_group_id": "sg-07414d970a1e9ec70",
            "dhcp_options_id": "dopt-820244e5",
            "enable_classiclink": false,
            "enable_classiclink_dns_support": false,
            "enable_dns_hostnames": false,
            "enable_dns_support": true,
            "enable_network_address_usage_metrics": false,
            "id": "vpc-0ccda6d597e913915",
            "instance_tenancy": "default",
            "ipv4_ipam_pool_id": null,
            "ipv4_netmask_length": null,
            "ipv6_association_id": "",
            "ipv6_cidr_block": "",
            "ipv6_cidr_block_network_border_group": "",
            "ipv6_ipam_pool_id": "",
            "ipv6_netmask_length": 0,
            "main_route_table_id": "rtb-055364684ddf1fbfd",
            "owner_id": "067494042988",
            "tags": {
              "Name": "bd-vpc"
            },
            "tags_all": {
              "Name": "bd-vpc"
            }
          },
          "sensitive_attributes": [],
          "private": "eyJzY2hlbWFfdmVyc2lvbiI6IjEifQ=="
        }
      ]
    }
  ],
  "check_results": null
}
